{
  "version": 4,
  "terraform_version": "1.11.1",
  "serial": 1857,
  "lineage": "48725e73-be13-3264-c1a4-cc3f5bcbf4c8",
  "outputs": {
    "backend_url": {
      "value": "https://4wsto8g9ri.execute-api.us-west-2.amazonaws.com",
      "type": "string"
    }
  },
  "resources": [
    {
      "module": "module.backend.module.api_gateway",
      "mode": "data",
      "type": "aws_route53_zone",
      "name": "this",
      "provider": "provider[\"registry.terraform.io/hashicorp/aws\"]",
      "instances": []
    },
    {
      "module": "module.backend.module.api_gateway",
      "mode": "managed",
      "type": "aws_apigatewayv2_api",
      "name": "this",
      "provider": "provider[\"registry.terraform.io/hashicorp/aws\"]",
      "instances": [
        {
          "index_key": 0,
          "schema_version": 0,
          "attributes": {
            "api_endpoint": "https://4wsto8g9ri.execute-api.us-west-2.amazonaws.com",
            "api_key_selection_expression": "$request.header.x-api-key",
            "arn": "arn:aws:apigateway:us-west-2::/apis/4wsto8g9ri",
            "body": null,
            "cors_configuration": [
              {
                "allow_credentials": false,
                "allow_headers": [
                  "authorization",
                  "content-type",
                  "x-amz-date",
                  "x-amz-security-token",
                  "x-amz-user-agent",
                  "x-api-key"
                ],
                "allow_methods": [
                  "*"
                ],
                "allow_origins": [
                  "*"
                ],
                "expose_headers": [],
                "max_age": 0
              }
            ],
            "credentials_arn": null,
            "description": "Backend API",
            "disable_execute_api_endpoint": false,
            "execution_arn": "arn:aws:execute-api:us-west-2:958948421283:4wsto8g9ri",
            "fail_on_warnings": null,
            "id": "4wsto8g9ri",
            "ip_address_type": "ipv4",
            "name": "serverless-todo-dev-http",
            "protocol_type": "HTTP",
            "region": "us-west-2",
            "route_key": null,
            "route_selection_expression": "$request.method $request.path",
            "tags": {
              "terraform-aws-modules": "apigateway-v2"
            },
            "tags_all": {
              "Environment": "dev",
              "Project": "serverless-todo",
              "terraform-aws-modules": "apigateway-v2"
            },
            "target": null,
            "version": ""
          },
          "sensitive_attributes": [],
          "private": "bnVsbA==",
          "create_before_destroy": true
        }
      ]
    },
    {
      "module": "module.backend.module.api_gateway",
      "mode": "managed",
      "type": "aws_apigatewayv2_authorizer",
      "name": "this",
      "provider": "provider[\"registry.terraform.io/hashicorp/aws\"]",
      "instances": []
    },
    {
      "module": "module.backend.module.api_gateway",
      "mode": "managed",
      "type": "aws_apigatewayv2_domain_name",
      "name": "this",
      "provider": "provider[\"registry.terraform.io/hashicorp/aws\"]",
      "instances": []
    },
    {
      "module": "module.backend.module.api_gateway",
      "mode": "managed",
      "type": "aws_apigatewayv2_integration",
      "name": "this",
      "provider": "provider[\"registry.terraform.io/hashicorp/aws\"]",
      "instances": [
        {
          "index_key": "DELETE /todos/{id}",
          "schema_version": 0,
          "attributes": {
            "api_id": "4wsto8g9ri",
            "connection_id": "",
            "connection_type": "INTERNET",
            "content_handling_strategy": "",
            "credentials_arn": "",
            "description": "",
            "id": "4vzf32u",
            "integration_method": "POST",
            "integration_response_selection_expression": "",
            "integration_subtype": "",
            "integration_type": "AWS_PROXY",
            "integration_uri": "arn:aws:apigateway:us-west-2:lambda:path/2015-03-31/functions/arn:aws:lambda:us-west-2:958948421283:function:serverless-todo-dev-delete/invocations",
            "passthrough_behavior": "",
            "payload_format_version": "2.0",
            "region": "us-west-2",
            "request_parameters": {},
            "request_templates": {},
            "response_parameters": [],
            "template_selection_expression": "",
            "timeout_milliseconds": 30000,
            "tls_config": []
          },
          "sensitive_attributes": [],
          "private": "bnVsbA==",
          "dependencies": [
            "module.backend.module.api_gateway.aws_apigatewayv2_api.this",
            "module.backend.module.api_gateway.aws_apigatewayv2_vpc_link.this",
            "module.backend.module.lambda_functions.aws_cloudwatch_log_group.lambda",
            "module.backend.module.lambda_functions.aws_iam_role.lambda",
            "module.backend.module.lambda_functions.aws_iam_role_policy.additional_inline",
            "module.backend.module.lambda_functions.aws_iam_role_policy.additional_json",
            "module.backend.module.lambda_functions.aws_iam_role_policy.additional_jsons",
            "module.backend.module.lambda_functions.aws_iam_role_policy.async",
            "module.backend.module.lambda_functions.aws_iam_role_policy.dead_letter",
            "module.backend.module.lambda_functions.aws_iam_role_policy.logs",
            "module.backend.module.lambda_functions.aws_iam_role_policy.tracing",
            "module.backend.module.lambda_functions.aws_iam_role_policy.vpc",
            "module.backend.module.lambda_functions.aws_iam_role_policy_attachment.additional_many",
            "module.backend.module.lambda_functions.aws_iam_role_policy_attachment.additional_one",
            "module.backend.module.lambda_functions.aws_lambda_event_source_mapping.this",
            "module.backend.module.lambda_functions.aws_lambda_function.this",
            "module.backend.module.lambda_functions.aws_lambda_function_event_invoke_config.this",
            "module.backend.module.lambda_functions.aws_lambda_function_recursion_config.this",
            "module.backend.module.lambda_functions.aws_lambda_function_url.this",
            "module.backend.module.lambda_functions.aws_lambda_layer_version.this",
            "module.backend.module.lambda_functions.aws_lambda_permission.current_version_triggers",
            "module.backend.module.lambda_functions.aws_lambda_permission.unqualified_alias_triggers",
            "module.backend.module.lambda_functions.aws_lambda_provisioned_concurrency_config.current_version",
            "module.backend.module.lambda_functions.aws_s3_object.lambda_package",
            "module.backend.module.lambda_functions.data.aws_arn.log_group_arn",
            "module.backend.module.lambda_functions.data.aws_caller_identity.current",
            "module.backend.module.lambda_functions.data.aws_cloudwatch_log_group.lambda",
            "module.backend.module.lambda_functions.data.aws_iam_policy.tracing",
            "module.backend.module.lambda_functions.data.aws_iam_policy.vpc",
            "module.backend.module.lambda_functions.data.aws_iam_policy_document.additional_inline",
            "module.backend.module.lambda_functions.data.aws_iam_policy_document.assume_role",
            "module.backend.module.lambda_functions.data.aws_iam_policy_document.async",
            "module.backend.module.lambda_functions.data.aws_iam_policy_document.dead_letter",
            "module.backend.module.lambda_functions.data.aws_iam_policy_document.logs",
            "module.backend.module.lambda_functions.data.aws_partition.current",
            "module.backend.module.lambda_functions.data.aws_region.current",
            "module.backend.module.lambda_functions.data.external.archive_prepare",
            "module.backend.module.lambda_functions.local_file.archive_plan",
            "module.backend.module.lambda_functions.null_resource.archive",
            "module.backend.module.lambda_functions.null_resource.sam_metadata_aws_lambda_function",
            "module.backend.module.lambda_functions.null_resource.sam_metadata_aws_lambda_layer_version",
            "module.dynamodb_table.aws_dynamodb_table.autoscaled",
            "module.dynamodb_table.aws_dynamodb_table.autoscaled_gsi_ignore",
            "module.dynamodb_table.aws_dynamodb_table.this"
          ],
          "create_before_destroy": true
        },
        {
          "index_key": "GET /todos",
          "schema_version": 0,
          "attributes": {
            "api_id": "4wsto8g9ri",
            "connection_id": "",
            "connection_type": "INTERNET",
            "content_handling_strategy": "",
            "credentials_arn": "",
            "description": "",
            "id": "49571e2",
            "integration_method": "POST",
            "integration_response_selection_expression": "",
            "integration_subtype": "",
            "integration_type": "AWS_PROXY",
            "integration_uri": "arn:aws:apigateway:us-west-2:lambda:path/2015-03-31/functions/arn:aws:lambda:us-west-2:958948421283:function:serverless-todo-dev-list/invocations",
            "passthrough_behavior": "",
            "payload_format_version": "2.0",
            "region": "us-west-2",
            "request_parameters": {},
            "request_templates": {},
            "response_parameters": [],
            "template_selection_expression": "",
            "timeout_milliseconds": 30000,
            "tls_config": []
          },
          "sensitive_attributes": [],
          "private": "bnVsbA==",
          "dependencies": [
            "module.backend.module.api_gateway.aws_apigatewayv2_api.this",
            "module.backend.module.api_gateway.aws_apigatewayv2_vpc_link.this",
            "module.backend.module.lambda_functions.aws_cloudwatch_log_group.lambda",
            "module.backend.module.lambda_functions.aws_iam_role.lambda",
            "module.backend.module.lambda_functions.aws_iam_role_policy.additional_inline",
            "module.backend.module.lambda_functions.aws_iam_role_policy.additional_json",
            "module.backend.module.lambda_functions.aws_iam_role_policy.additional_jsons",
            "module.backend.module.lambda_functions.aws_iam_role_policy.async",
            "module.backend.module.lambda_functions.aws_iam_role_policy.dead_letter",
            "module.backend.module.lambda_functions.aws_iam_role_policy.logs",
            "module.backend.module.lambda_functions.aws_iam_role_policy.tracing",
            "module.backend.module.lambda_functions.aws_iam_role_policy.vpc",
            "module.backend.module.lambda_functions.aws_iam_role_policy_attachment.additional_many",
            "module.backend.module.lambda_functions.aws_iam_role_policy_attachment.additional_one",
            "module.backend.module.lambda_functions.aws_lambda_event_source_mapping.this",
            "module.backend.module.lambda_functions.aws_lambda_function.this",
            "module.backend.module.lambda_functions.aws_lambda_function_event_invoke_config.this",
            "module.backend.module.lambda_functions.aws_lambda_function_recursion_config.this",
            "module.backend.module.lambda_functions.aws_lambda_function_url.this",
            "module.backend.module.lambda_functions.aws_lambda_layer_version.this",
            "module.backend.module.lambda_functions.aws_lambda_permission.current_version_triggers",
            "module.backend.module.lambda_functions.aws_lambda_permission.unqualified_alias_triggers",
            "module.backend.module.lambda_functions.aws_lambda_provisioned_concurrency_config.current_version",
            "module.backend.module.lambda_functions.aws_s3_object.lambda_package",
            "module.backend.module.lambda_functions.data.aws_arn.log_group_arn",
            "module.backend.module.lambda_functions.data.aws_caller_identity.current",
            "module.backend.module.lambda_functions.data.aws_cloudwatch_log_group.lambda",
            "module.backend.module.lambda_functions.data.aws_iam_policy.tracing",
            "module.backend.module.lambda_functions.data.aws_iam_policy.vpc",
            "module.backend.module.lambda_functions.data.aws_iam_policy_document.additional_inline",
            "module.backend.module.lambda_functions.data.aws_iam_policy_document.assume_role",
            "module.backend.module.lambda_functions.data.aws_iam_policy_document.async",
            "module.backend.module.lambda_functions.data.aws_iam_policy_document.dead_letter",
            "module.backend.module.lambda_functions.data.aws_iam_policy_document.logs",
            "module.backend.module.lambda_functions.data.aws_partition.current",
            "module.backend.module.lambda_functions.data.aws_region.current",
            "module.backend.module.lambda_functions.data.external.archive_prepare",
            "module.backend.module.lambda_functions.local_file.archive_plan",
            "module.backend.module.lambda_functions.null_resource.archive",
            "module.backend.module.lambda_functions.null_resource.sam_metadata_aws_lambda_function",
            "module.backend.module.lambda_functions.null_resource.sam_metadata_aws_lambda_layer_version",
            "module.dynamodb_table.aws_dynamodb_table.autoscaled",
            "module.dynamodb_table.aws_dynamodb_table.autoscaled_gsi_ignore",
            "module.dynamodb_table.aws_dynamodb_table.this"
          ],
          "create_before_destroy": true
        },
        {
          "index_key": "GET /todos/{id}",
          "schema_version": 0,
          "attributes": {
            "api_id": "4wsto8g9ri",
            "connection_id": "",
            "connection_type": "INTERNET",
            "content_handling_strategy": "",
            "credentials_arn": "",
            "description": "",
            "id": "dywblq8",
            "integration_method": "POST",
            "integration_response_selection_expression": "",
            "integration_subtype": "",
            "integration_type": "AWS_PROXY",
            "integration_uri": "arn:aws:apigateway:us-west-2:lambda:path/2015-03-31/functions/arn:aws:lambda:us-west-2:958948421283:function:serverless-todo-dev-get/invocations",
            "passthrough_behavior": "",
            "payload_format_version": "2.0",
            "region": "us-west-2",
            "request_parameters": {},
            "request_templates": {},
            "response_parameters": [],
            "template_selection_expression": "",
            "timeout_milliseconds": 30000,
            "tls_config": []
          },
          "sensitive_attributes": [],
          "private": "bnVsbA==",
          "dependencies": [
            "module.backend.module.api_gateway.aws_apigatewayv2_api.this",
            "module.backend.module.api_gateway.aws_apigatewayv2_vpc_link.this",
            "module.backend.module.lambda_functions.aws_cloudwatch_log_group.lambda",
            "module.backend.module.lambda_functions.aws_iam_role.lambda",
            "module.backend.module.lambda_functions.aws_iam_role_policy.additional_inline",
            "module.backend.module.lambda_functions.aws_iam_role_policy.additional_json",
            "module.backend.module.lambda_functions.aws_iam_role_policy.additional_jsons",
            "module.backend.module.lambda_functions.aws_iam_role_policy.async",
            "module.backend.module.lambda_functions.aws_iam_role_policy.dead_letter",
            "module.backend.module.lambda_functions.aws_iam_role_policy.logs",
            "module.backend.module.lambda_functions.aws_iam_role_policy.tracing",
            "module.backend.module.lambda_functions.aws_iam_role_policy.vpc",
            "module.backend.module.lambda_functions.aws_iam_role_policy_attachment.additional_many",
            "module.backend.module.lambda_functions.aws_iam_role_policy_attachment.additional_one",
            "module.backend.module.lambda_functions.aws_lambda_event_source_mapping.this",
            "module.backend.module.lambda_functions.aws_lambda_function.this",
            "module.backend.module.lambda_functions.aws_lambda_function_event_invoke_config.this",
            "module.backend.module.lambda_functions.aws_lambda_function_recursion_config.this",
            "module.backend.module.lambda_functions.aws_lambda_function_url.this",
            "module.backend.module.lambda_functions.aws_lambda_layer_version.this",
            "module.backend.module.lambda_functions.aws_lambda_permission.current_version_triggers",
            "module.backend.module.lambda_functions.aws_lambda_permission.unqualified_alias_triggers",
            "module.backend.module.lambda_functions.aws_lambda_provisioned_concurrency_config.current_version",
            "module.backend.module.lambda_functions.aws_s3_object.lambda_package",
            "module.backend.module.lambda_functions.data.aws_arn.log_group_arn",
            "module.backend.module.lambda_functions.data.aws_caller_identity.current",
            "module.backend.module.lambda_functions.data.aws_cloudwatch_log_group.lambda",
            "module.backend.module.lambda_functions.data.aws_iam_policy.tracing",
            "module.backend.module.lambda_functions.data.aws_iam_policy.vpc",
            "module.backend.module.lambda_functions.data.aws_iam_policy_document.additional_inline",
            "module.backend.module.lambda_functions.data.aws_iam_policy_document.assume_role",
            "module.backend.module.lambda_functions.data.aws_iam_policy_document.async",
            "module.backend.module.lambda_functions.data.aws_iam_policy_document.dead_letter",
            "module.backend.module.lambda_functions.data.aws_iam_policy_document.logs",
            "module.backend.module.lambda_functions.data.aws_partition.current",
            "module.backend.module.lambda_functions.data.aws_region.current",
            "module.backend.module.lambda_functions.data.external.archive_prepare",
            "module.backend.module.lambda_functions.local_file.archive_plan",
            "module.backend.module.lambda_functions.null_resource.archive",
            "module.backend.module.lambda_functions.null_resource.sam_metadata_aws_lambda_function",
            "module.backend.module.lambda_functions.null_resource.sam_metadata_aws_lambda_layer_version",
            "module.dynamodb_table.aws_dynamodb_table.autoscaled",
            "module.dynamodb_table.aws_dynamodb_table.autoscaled_gsi_ignore",
            "module.dynamodb_table.aws_dynamodb_table.this"
          ],
          "create_before_destroy": true
        },
        {
          "index_key": "POST /todos",
          "schema_version": 0,
          "attributes": {
            "api_id": "4wsto8g9ri",
            "connection_id": "",
            "connection_type": "INTERNET",
            "content_handling_strategy": "",
            "credentials_arn": "",
            "description": "",
            "id": "qn3fzjp",
            "integration_method": "POST",
            "integration_response_selection_expression": "",
            "integration_subtype": "",
            "integration_type": "AWS_PROXY",
            "integration_uri": "arn:aws:apigateway:us-west-2:lambda:path/2015-03-31/functions/arn:aws:lambda:us-west-2:958948421283:function:serverless-todo-dev-create/invocations",
            "passthrough_behavior": "",
            "payload_format_version": "2.0",
            "region": "us-west-2",
            "request_parameters": {},
            "request_templates": {},
            "response_parameters": [],
            "template_selection_expression": "",
            "timeout_milliseconds": 30000,
            "tls_config": []
          },
          "sensitive_attributes": [],
          "private": "bnVsbA==",
          "dependencies": [
            "module.backend.module.api_gateway.aws_apigatewayv2_api.this",
            "module.backend.module.api_gateway.aws_apigatewayv2_vpc_link.this",
            "module.backend.module.lambda_functions.aws_cloudwatch_log_group.lambda",
            "module.backend.module.lambda_functions.aws_iam_role.lambda",
            "module.backend.module.lambda_functions.aws_iam_role_policy.additional_inline",
            "module.backend.module.lambda_functions.aws_iam_role_policy.additional_json",
            "module.backend.module.lambda_functions.aws_iam_role_policy.additional_jsons",
            "module.backend.module.lambda_functions.aws_iam_role_policy.async",
            "module.backend.module.lambda_functions.aws_iam_role_policy.dead_letter",
            "module.backend.module.lambda_functions.aws_iam_role_policy.logs",
            "module.backend.module.lambda_functions.aws_iam_role_policy.tracing",
            "module.backend.module.lambda_functions.aws_iam_role_policy.vpc",
            "module.backend.module.lambda_functions.aws_iam_role_policy_attachment.additional_many",
            "module.backend.module.lambda_functions.aws_iam_role_policy_attachment.additional_one",
            "module.backend.module.lambda_functions.aws_lambda_event_source_mapping.this",
            "module.backend.module.lambda_functions.aws_lambda_function.this",
            "module.backend.module.lambda_functions.aws_lambda_function_event_invoke_config.this",
            "module.backend.module.lambda_functions.aws_lambda_function_recursion_config.this",
            "module.backend.module.lambda_functions.aws_lambda_function_url.this",
            "module.backend.module.lambda_functions.aws_lambda_layer_version.this",
            "module.backend.module.lambda_functions.aws_lambda_permission.current_version_triggers",
            "module.backend.module.lambda_functions.aws_lambda_permission.unqualified_alias_triggers",
            "module.backend.module.lambda_functions.aws_lambda_provisioned_concurrency_config.current_version",
            "module.backend.module.lambda_functions.aws_s3_object.lambda_package",
            "module.backend.module.lambda_functions.data.aws_arn.log_group_arn",
            "module.backend.module.lambda_functions.data.aws_caller_identity.current",
            "module.backend.module.lambda_functions.data.aws_cloudwatch_log_group.lambda",
            "module.backend.module.lambda_functions.data.aws_iam_policy.tracing",
            "module.backend.module.lambda_functions.data.aws_iam_policy.vpc",
            "module.backend.module.lambda_functions.data.aws_iam_policy_document.additional_inline",
            "module.backend.module.lambda_functions.data.aws_iam_policy_document.assume_role",
            "module.backend.module.lambda_functions.data.aws_iam_policy_document.async",
            "module.backend.module.lambda_functions.data.aws_iam_policy_document.dead_letter",
            "module.backend.module.lambda_functions.data.aws_iam_policy_document.logs",
            "module.backend.module.lambda_functions.data.aws_partition.current",
            "module.backend.module.lambda_functions.data.aws_region.current",
            "module.backend.module.lambda_functions.data.external.archive_prepare",
            "module.backend.module.lambda_functions.local_file.archive_plan",
            "module.backend.module.lambda_functions.null_resource.archive",
            "module.backend.module.lambda_functions.null_resource.sam_metadata_aws_lambda_function",
            "module.backend.module.lambda_functions.null_resource.sam_metadata_aws_lambda_layer_version",
            "module.dynamodb_table.aws_dynamodb_table.autoscaled",
            "module.dynamodb_table.aws_dynamodb_table.autoscaled_gsi_ignore",
            "module.dynamodb_table.aws_dynamodb_table.this"
          ],
          "create_before_destroy": true
        },
        {
          "index_key": "PUT /todos/{id}",
          "schema_version": 0,
          "attributes": {
            "api_id": "4wsto8g9ri",
            "connection_id": "",
            "connection_type": "INTERNET",
            "content_handling_strategy": "",
            "credentials_arn": "",
            "description": "",
            "id": "09nv4wj",
            "integration_method": "POST",
            "integration_response_selection_expression": "",
            "integration_subtype": "",
            "integration_type": "AWS_PROXY",
            "integration_uri": "arn:aws:apigateway:us-west-2:lambda:path/2015-03-31/functions/arn:aws:lambda:us-west-2:958948421283:function:serverless-todo-dev-update/invocations",
            "passthrough_behavior": "",
            "payload_format_version": "2.0",
            "region": "us-west-2",
            "request_parameters": {},
            "request_templates": {},
            "response_parameters": [],
            "template_selection_expression": "",
            "timeout_milliseconds": 30000,
            "tls_config": []
          },
          "sensitive_attributes": [],
          "private": "bnVsbA==",
          "dependencies": [
            "module.backend.module.api_gateway.aws_apigatewayv2_api.this",
            "module.backend.module.api_gateway.aws_apigatewayv2_vpc_link.this",
            "module.backend.module.lambda_functions.aws_cloudwatch_log_group.lambda",
            "module.backend.module.lambda_functions.aws_iam_role.lambda",
            "module.backend.module.lambda_functions.aws_iam_role_policy.additional_inline",
            "module.backend.module.lambda_functions.aws_iam_role_policy.additional_json",
            "module.backend.module.lambda_functions.aws_iam_role_policy.additional_jsons",
            "module.backend.module.lambda_functions.aws_iam_role_policy.async",
            "module.backend.module.lambda_functions.aws_iam_role_policy.dead_letter",
            "module.backend.module.lambda_functions.aws_iam_role_policy.logs",
            "module.backend.module.lambda_functions.aws_iam_role_policy.tracing",
            "module.backend.module.lambda_functions.aws_iam_role_policy.vpc",
            "module.backend.module.lambda_functions.aws_iam_role_policy_attachment.additional_many",
            "module.backend.module.lambda_functions.aws_iam_role_policy_attachment.additional_one",
            "module.backend.module.lambda_functions.aws_lambda_event_source_mapping.this",
            "module.backend.module.lambda_functions.aws_lambda_function.this",
            "module.backend.module.lambda_functions.aws_lambda_function_event_invoke_config.this",
            "module.backend.module.lambda_functions.aws_lambda_function_recursion_config.this",
            "module.backend.module.lambda_functions.aws_lambda_function_url.this",
            "module.backend.module.lambda_functions.aws_lambda_layer_version.this",
            "module.backend.module.lambda_functions.aws_lambda_permission.current_version_triggers",
            "module.backend.module.lambda_functions.aws_lambda_permission.unqualified_alias_triggers",
            "module.backend.module.lambda_functions.aws_lambda_provisioned_concurrency_config.current_version",
            "module.backend.module.lambda_functions.aws_s3_object.lambda_package",
            "module.backend.module.lambda_functions.data.aws_arn.log_group_arn",
            "module.backend.module.lambda_functions.data.aws_caller_identity.current",
            "module.backend.module.lambda_functions.data.aws_cloudwatch_log_group.lambda",
            "module.backend.module.lambda_functions.data.aws_iam_policy.tracing",
            "module.backend.module.lambda_functions.data.aws_iam_policy.vpc",
            "module.backend.module.lambda_functions.data.aws_iam_policy_document.additional_inline",
            "module.backend.module.lambda_functions.data.aws_iam_policy_document.assume_role",
            "module.backend.module.lambda_functions.data.aws_iam_policy_document.async",
            "module.backend.module.lambda_functions.data.aws_iam_policy_document.dead_letter",
            "module.backend.module.lambda_functions.data.aws_iam_policy_document.logs",
            "module.backend.module.lambda_functions.data.aws_partition.current",
            "module.backend.module.lambda_functions.data.aws_region.current",
            "module.backend.module.lambda_functions.data.external.archive_prepare",
            "module.backend.module.lambda_functions.local_file.archive_plan",
            "module.backend.module.lambda_functions.null_resource.archive",
            "module.backend.module.lambda_functions.null_resource.sam_metadata_aws_lambda_function",
            "module.backend.module.lambda_functions.null_resource.sam_metadata_aws_lambda_layer_version",
            "module.dynamodb_table.aws_dynamodb_table.autoscaled",
            "module.dynamodb_table.aws_dynamodb_table.autoscaled_gsi_ignore",
            "module.dynamodb_table.aws_dynamodb_table.this"
          ],
          "create_before_destroy": true
        }
      ]
    },
    {
      "module": "module.backend.module.api_gateway",
      "mode": "managed",
      "type": "aws_apigatewayv2_route",
      "name": "this",
      "provider": "provider[\"registry.terraform.io/hashicorp/aws\"]",
      "instances": [
        {
          "index_key": "DELETE /todos/{id}",
          "schema_version": 0,
          "attributes": {
            "api_id": "4wsto8g9ri",
            "api_key_required": false,
            "authorization_scopes": [],
            "authorization_type": "NONE",
            "authorizer_id": "",
            "id": "nwfhfel",
            "model_selection_expression": "",
            "operation_name": "",
            "region": "us-west-2",
            "request_models": {},
            "request_parameter": [],
            "route_key": "DELETE /todos/{id}",
            "route_response_selection_expression": "",
            "target": "integrations/4vzf32u"
          },
          "sensitive_attributes": [],
          "private": "bnVsbA==",
          "dependencies": [
            "module.backend.module.api_gateway.aws_apigatewayv2_api.this",
            "module.backend.module.api_gateway.aws_apigatewayv2_authorizer.this",
            "module.backend.module.api_gateway.aws_apigatewayv2_integration.this",
            "module.backend.module.api_gateway.aws_apigatewayv2_vpc_link.this",
            "module.backend.module.lambda_functions.aws_cloudwatch_log_group.lambda",
            "module.backend.module.lambda_functions.aws_iam_role.lambda",
            "module.backend.module.lambda_functions.aws_iam_role_policy.additional_inline",
            "module.backend.module.lambda_functions.aws_iam_role_policy.additional_json",
            "module.backend.module.lambda_functions.aws_iam_role_policy.additional_jsons",
            "module.backend.module.lambda_functions.aws_iam_role_policy.async",
            "module.backend.module.lambda_functions.aws_iam_role_policy.dead_letter",
            "module.backend.module.lambda_functions.aws_iam_role_policy.logs",
            "module.backend.module.lambda_functions.aws_iam_role_policy.tracing",
            "module.backend.module.lambda_functions.aws_iam_role_policy.vpc",
            "module.backend.module.lambda_functions.aws_iam_role_policy_attachment.additional_many",
            "module.backend.module.lambda_functions.aws_iam_role_policy_attachment.additional_one",
            "module.backend.module.lambda_functions.aws_lambda_event_source_mapping.this",
            "module.backend.module.lambda_functions.aws_lambda_function.this",
            "module.backend.module.lambda_functions.aws_lambda_function_event_invoke_config.this",
            "module.backend.module.lambda_functions.aws_lambda_function_recursion_config.this",
            "module.backend.module.lambda_functions.aws_lambda_function_url.this",
            "module.backend.module.lambda_functions.aws_lambda_layer_version.this",
            "module.backend.module.lambda_functions.aws_lambda_permission.current_version_triggers",
            "module.backend.module.lambda_functions.aws_lambda_permission.unqualified_alias_triggers",
            "module.backend.module.lambda_functions.aws_lambda_provisioned_concurrency_config.current_version",
            "module.backend.module.lambda_functions.aws_s3_object.lambda_package",
            "module.backend.module.lambda_functions.data.aws_arn.log_group_arn",
            "module.backend.module.lambda_functions.data.aws_caller_identity.current",
            "module.backend.module.lambda_functions.data.aws_cloudwatch_log_group.lambda",
            "module.backend.module.lambda_functions.data.aws_iam_policy.tracing",
            "module.backend.module.lambda_functions.data.aws_iam_policy.vpc",
            "module.backend.module.lambda_functions.data.aws_iam_policy_document.additional_inline",
            "module.backend.module.lambda_functions.data.aws_iam_policy_document.assume_role",
            "module.backend.module.lambda_functions.data.aws_iam_policy_document.async",
            "module.backend.module.lambda_functions.data.aws_iam_policy_document.dead_letter",
            "module.backend.module.lambda_functions.data.aws_iam_policy_document.logs",
            "module.backend.module.lambda_functions.data.aws_partition.current",
            "module.backend.module.lambda_functions.data.aws_region.current",
            "module.backend.module.lambda_functions.data.external.archive_prepare",
            "module.backend.module.lambda_functions.local_file.archive_plan",
            "module.backend.module.lambda_functions.null_resource.archive",
            "module.backend.module.lambda_functions.null_resource.sam_metadata_aws_lambda_function",
            "module.backend.module.lambda_functions.null_resource.sam_metadata_aws_lambda_layer_version",
            "module.dynamodb_table.aws_dynamodb_table.autoscaled",
            "module.dynamodb_table.aws_dynamodb_table.autoscaled_gsi_ignore",
            "module.dynamodb_table.aws_dynamodb_table.this"
          ],
          "create_before_destroy": true
        },
        {
          "index_key": "GET /todos",
          "schema_version": 0,
          "attributes": {
            "api_id": "4wsto8g9ri",
            "api_key_required": false,
            "authorization_scopes": [],
            "authorization_type": "NONE",
            "authorizer_id": "",
            "id": "eygejh2",
            "model_selection_expression": "",
            "operation_name": "",
            "region": "us-west-2",
            "request_models": {},
            "request_parameter": [],
            "route_key": "GET /todos",
            "route_response_selection_expression": "",
            "target": "integrations/49571e2"
          },
          "sensitive_attributes": [],
          "private": "bnVsbA==",
          "dependencies": [
            "module.backend.module.api_gateway.aws_apigatewayv2_api.this",
            "module.backend.module.api_gateway.aws_apigatewayv2_authorizer.this",
            "module.backend.module.api_gateway.aws_apigatewayv2_integration.this",
            "module.backend.module.api_gateway.aws_apigatewayv2_vpc_link.this",
            "module.backend.module.lambda_functions.aws_cloudwatch_log_group.lambda",
            "module.backend.module.lambda_functions.aws_iam_role.lambda",
            "module.backend.module.lambda_functions.aws_iam_role_policy.additional_inline",
            "module.backend.module.lambda_functions.aws_iam_role_policy.additional_json",
            "module.backend.module.lambda_functions.aws_iam_role_policy.additional_jsons",
            "module.backend.module.lambda_functions.aws_iam_role_policy.async",
            "module.backend.module.lambda_functions.aws_iam_role_policy.dead_letter",
            "module.backend.module.lambda_functions.aws_iam_role_policy.logs",
            "module.backend.module.lambda_functions.aws_iam_role_policy.tracing",
            "module.backend.module.lambda_functions.aws_iam_role_policy.vpc",
            "module.backend.module.lambda_functions.aws_iam_role_policy_attachment.additional_many",
            "module.backend.module.lambda_functions.aws_iam_role_policy_attachment.additional_one",
            "module.backend.module.lambda_functions.aws_lambda_event_source_mapping.this",
            "module.backend.module.lambda_functions.aws_lambda_function.this",
            "module.backend.module.lambda_functions.aws_lambda_function_event_invoke_config.this",
            "module.backend.module.lambda_functions.aws_lambda_function_recursion_config.this",
            "module.backend.module.lambda_functions.aws_lambda_function_url.this",
            "module.backend.module.lambda_functions.aws_lambda_layer_version.this",
            "module.backend.module.lambda_functions.aws_lambda_permission.current_version_triggers",
            "module.backend.module.lambda_functions.aws_lambda_permission.unqualified_alias_triggers",
            "module.backend.module.lambda_functions.aws_lambda_provisioned_concurrency_config.current_version",
            "module.backend.module.lambda_functions.aws_s3_object.lambda_package",
            "module.backend.module.lambda_functions.data.aws_arn.log_group_arn",
            "module.backend.module.lambda_functions.data.aws_caller_identity.current",
            "module.backend.module.lambda_functions.data.aws_cloudwatch_log_group.lambda",
            "module.backend.module.lambda_functions.data.aws_iam_policy.tracing",
            "module.backend.module.lambda_functions.data.aws_iam_policy.vpc",
            "module.backend.module.lambda_functions.data.aws_iam_policy_document.additional_inline",
            "module.backend.module.lambda_functions.data.aws_iam_policy_document.assume_role",
            "module.backend.module.lambda_functions.data.aws_iam_policy_document.async",
            "module.backend.module.lambda_functions.data.aws_iam_policy_document.dead_letter",
            "module.backend.module.lambda_functions.data.aws_iam_policy_document.logs",
            "module.backend.module.lambda_functions.data.aws_partition.current",
            "module.backend.module.lambda_functions.data.aws_region.current",
            "module.backend.module.lambda_functions.data.external.archive_prepare",
            "module.backend.module.lambda_functions.local_file.archive_plan",
            "module.backend.module.lambda_functions.null_resource.archive",
            "module.backend.module.lambda_functions.null_resource.sam_metadata_aws_lambda_function",
            "module.backend.module.lambda_functions.null_resource.sam_metadata_aws_lambda_layer_version",
            "module.dynamodb_table.aws_dynamodb_table.autoscaled",
            "module.dynamodb_table.aws_dynamodb_table.autoscaled_gsi_ignore",
            "module.dynamodb_table.aws_dynamodb_table.this"
          ],
          "create_before_destroy": true
        },
        {
          "index_key": "GET /todos/{id}",
          "schema_version": 0,
          "attributes": {
            "api_id": "4wsto8g9ri",
            "api_key_required": false,
            "authorization_scopes": [],
            "authorization_type": "NONE",
            "authorizer_id": "",
            "id": "8u9t36u",
            "model_selection_expression": "",
            "operation_name": "",
            "region": "us-west-2",
            "request_models": {},
            "request_parameter": [],
            "route_key": "GET /todos/{id}",
            "route_response_selection_expression": "",
            "target": "integrations/dywblq8"
          },
          "sensitive_attributes": [],
          "private": "bnVsbA==",
          "dependencies": [
            "module.backend.module.api_gateway.aws_apigatewayv2_api.this",
            "module.backend.module.api_gateway.aws_apigatewayv2_authorizer.this",
            "module.backend.module.api_gateway.aws_apigatewayv2_integration.this",
            "module.backend.module.api_gateway.aws_apigatewayv2_vpc_link.this",
            "module.backend.module.lambda_functions.aws_cloudwatch_log_group.lambda",
            "module.backend.module.lambda_functions.aws_iam_role.lambda",
            "module.backend.module.lambda_functions.aws_iam_role_policy.additional_inline",
            "module.backend.module.lambda_functions.aws_iam_role_policy.additional_json",
            "module.backend.module.lambda_functions.aws_iam_role_policy.additional_jsons",
            "module.backend.module.lambda_functions.aws_iam_role_policy.async",
            "module.backend.module.lambda_functions.aws_iam_role_policy.dead_letter",
            "module.backend.module.lambda_functions.aws_iam_role_policy.logs",
            "module.backend.module.lambda_functions.aws_iam_role_policy.tracing",
            "module.backend.module.lambda_functions.aws_iam_role_policy.vpc",
            "module.backend.module.lambda_functions.aws_iam_role_policy_attachment.additional_many",
            "module.backend.module.lambda_functions.aws_iam_role_policy_attachment.additional_one",
            "module.backend.module.lambda_functions.aws_lambda_event_source_mapping.this",
            "module.backend.module.lambda_functions.aws_lambda_function.this",
            "module.backend.module.lambda_functions.aws_lambda_function_event_invoke_config.this",
            "module.backend.module.lambda_functions.aws_lambda_function_recursion_config.this",
            "module.backend.module.lambda_functions.aws_lambda_function_url.this",
            "module.backend.module.lambda_functions.aws_lambda_layer_version.this",
            "module.backend.module.lambda_functions.aws_lambda_permission.current_version_triggers",
            "module.backend.module.lambda_functions.aws_lambda_permission.unqualified_alias_triggers",
            "module.backend.module.lambda_functions.aws_lambda_provisioned_concurrency_config.current_version",
            "module.backend.module.lambda_functions.aws_s3_object.lambda_package",
            "module.backend.module.lambda_functions.data.aws_arn.log_group_arn",
            "module.backend.module.lambda_functions.data.aws_caller_identity.current",
            "module.backend.module.lambda_functions.data.aws_cloudwatch_log_group.lambda",
            "module.backend.module.lambda_functions.data.aws_iam_policy.tracing",
            "module.backend.module.lambda_functions.data.aws_iam_policy.vpc",
            "module.backend.module.lambda_functions.data.aws_iam_policy_document.additional_inline",
            "module.backend.module.lambda_functions.data.aws_iam_policy_document.assume_role",
            "module.backend.module.lambda_functions.data.aws_iam_policy_document.async",
            "module.backend.module.lambda_functions.data.aws_iam_policy_document.dead_letter",
            "module.backend.module.lambda_functions.data.aws_iam_policy_document.logs",
            "module.backend.module.lambda_functions.data.aws_partition.current",
            "module.backend.module.lambda_functions.data.aws_region.current",
            "module.backend.module.lambda_functions.data.external.archive_prepare",
            "module.backend.module.lambda_functions.local_file.archive_plan",
            "module.backend.module.lambda_functions.null_resource.archive",
            "module.backend.module.lambda_functions.null_resource.sam_metadata_aws_lambda_function",
            "module.backend.module.lambda_functions.null_resource.sam_metadata_aws_lambda_layer_version",
            "module.dynamodb_table.aws_dynamodb_table.autoscaled",
            "module.dynamodb_table.aws_dynamodb_table.autoscaled_gsi_ignore",
            "module.dynamodb_table.aws_dynamodb_table.this"
          ],
          "create_before_destroy": true
        },
        {
          "index_key": "POST /todos",
          "schema_version": 0,
          "attributes": {
            "api_id": "4wsto8g9ri",
            "api_key_required": false,
            "authorization_scopes": [],
            "authorization_type": "NONE",
            "authorizer_id": "",
            "id": "zpj5q4j",
            "model_selection_expression": "",
            "operation_name": "",
            "region": "us-west-2",
            "request_models": {},
            "request_parameter": [],
            "route_key": "POST /todos",
            "route_response_selection_expression": "",
            "target": "integrations/qn3fzjp"
          },
          "sensitive_attributes": [],
          "private": "bnVsbA==",
          "dependencies": [
            "module.backend.module.api_gateway.aws_apigatewayv2_api.this",
            "module.backend.module.api_gateway.aws_apigatewayv2_authorizer.this",
            "module.backend.module.api_gateway.aws_apigatewayv2_integration.this",
            "module.backend.module.api_gateway.aws_apigatewayv2_vpc_link.this",
            "module.backend.module.lambda_functions.aws_cloudwatch_log_group.lambda",
            "module.backend.module.lambda_functions.aws_iam_role.lambda",
            "module.backend.module.lambda_functions.aws_iam_role_policy.additional_inline",
            "module.backend.module.lambda_functions.aws_iam_role_policy.additional_json",
            "module.backend.module.lambda_functions.aws_iam_role_policy.additional_jsons",
            "module.backend.module.lambda_functions.aws_iam_role_policy.async",
            "module.backend.module.lambda_functions.aws_iam_role_policy.dead_letter",
            "module.backend.module.lambda_functions.aws_iam_role_policy.logs",
            "module.backend.module.lambda_functions.aws_iam_role_policy.tracing",
            "module.backend.module.lambda_functions.aws_iam_role_policy.vpc",
            "module.backend.module.lambda_functions.aws_iam_role_policy_attachment.additional_many",
            "module.backend.module.lambda_functions.aws_iam_role_policy_attachment.additional_one",
            "module.backend.module.lambda_functions.aws_lambda_event_source_mapping.this",
            "module.backend.module.lambda_functions.aws_lambda_function.this",
            "module.backend.module.lambda_functions.aws_lambda_function_event_invoke_config.this",
            "module.backend.module.lambda_functions.aws_lambda_function_recursion_config.this",
            "module.backend.module.lambda_functions.aws_lambda_function_url.this",
            "module.backend.module.lambda_functions.aws_lambda_layer_version.this",
            "module.backend.module.lambda_functions.aws_lambda_permission.current_version_triggers",
            "module.backend.module.lambda_functions.aws_lambda_permission.unqualified_alias_triggers",
            "module.backend.module.lambda_functions.aws_lambda_provisioned_concurrency_config.current_version",
            "module.backend.module.lambda_functions.aws_s3_object.lambda_package",
            "module.backend.module.lambda_functions.data.aws_arn.log_group_arn",
            "module.backend.module.lambda_functions.data.aws_caller_identity.current",
            "module.backend.module.lambda_functions.data.aws_cloudwatch_log_group.lambda",
            "module.backend.module.lambda_functions.data.aws_iam_policy.tracing",
            "module.backend.module.lambda_functions.data.aws_iam_policy.vpc",
            "module.backend.module.lambda_functions.data.aws_iam_policy_document.additional_inline",
            "module.backend.module.lambda_functions.data.aws_iam_policy_document.assume_role",
            "module.backend.module.lambda_functions.data.aws_iam_policy_document.async",
            "module.backend.module.lambda_functions.data.aws_iam_policy_document.dead_letter",
            "module.backend.module.lambda_functions.data.aws_iam_policy_document.logs",
            "module.backend.module.lambda_functions.data.aws_partition.current",
            "module.backend.module.lambda_functions.data.aws_region.current",
            "module.backend.module.lambda_functions.data.external.archive_prepare",
            "module.backend.module.lambda_functions.local_file.archive_plan",
            "module.backend.module.lambda_functions.null_resource.archive",
            "module.backend.module.lambda_functions.null_resource.sam_metadata_aws_lambda_function",
            "module.backend.module.lambda_functions.null_resource.sam_metadata_aws_lambda_layer_version",
            "module.dynamodb_table.aws_dynamodb_table.autoscaled",
            "module.dynamodb_table.aws_dynamodb_table.autoscaled_gsi_ignore",
            "module.dynamodb_table.aws_dynamodb_table.this"
          ],
          "create_before_destroy": true
        },
        {
          "index_key": "PUT /todos/{id}",
          "schema_version": 0,
          "attributes": {
            "api_id": "4wsto8g9ri",
            "api_key_required": false,
            "authorization_scopes": [],
            "authorization_type": "NONE",
            "authorizer_id": "",
            "id": "tceik91",
            "model_selection_expression": "",
            "operation_name": "",
            "region": "us-west-2",
            "request_models": {},
            "request_parameter": [],
            "route_key": "PUT /todos/{id}",
            "route_response_selection_expression": "",
            "target": "integrations/09nv4wj"
          },
          "sensitive_attributes": [],
          "private": "bnVsbA==",
          "dependencies": [
            "module.backend.module.api_gateway.aws_apigatewayv2_api.this",
            "module.backend.module.api_gateway.aws_apigatewayv2_authorizer.this",
            "module.backend.module.api_gateway.aws_apigatewayv2_integration.this",
            "module.backend.module.api_gateway.aws_apigatewayv2_vpc_link.this",
            "module.backend.module.lambda_functions.aws_cloudwatch_log_group.lambda",
            "module.backend.module.lambda_functions.aws_iam_role.lambda",
            "module.backend.module.lambda_functions.aws_iam_role_policy.additional_inline",
            "module.backend.module.lambda_functions.aws_iam_role_policy.additional_json",
            "module.backend.module.lambda_functions.aws_iam_role_policy.additional_jsons",
            "module.backend.module.lambda_functions.aws_iam_role_policy.async",
            "module.backend.module.lambda_functions.aws_iam_role_policy.dead_letter",
            "module.backend.module.lambda_functions.aws_iam_role_policy.logs",
            "module.backend.module.lambda_functions.aws_iam_role_policy.tracing",
            "module.backend.module.lambda_functions.aws_iam_role_policy.vpc",
            "module.backend.module.lambda_functions.aws_iam_role_policy_attachment.additional_many",
            "module.backend.module.lambda_functions.aws_iam_role_policy_attachment.additional_one",
            "module.backend.module.lambda_functions.aws_lambda_event_source_mapping.this",
            "module.backend.module.lambda_functions.aws_lambda_function.this",
            "module.backend.module.lambda_functions.aws_lambda_function_event_invoke_config.this",
            "module.backend.module.lambda_functions.aws_lambda_function_recursion_config.this",
            "module.backend.module.lambda_functions.aws_lambda_function_url.this",
            "module.backend.module.lambda_functions.aws_lambda_layer_version.this",
            "module.backend.module.lambda_functions.aws_lambda_permission.current_version_triggers",
            "module.backend.module.lambda_functions.aws_lambda_permission.unqualified_alias_triggers",
            "module.backend.module.lambda_functions.aws_lambda_provisioned_concurrency_config.current_version",
            "module.backend.module.lambda_functions.aws_s3_object.lambda_package",
            "module.backend.module.lambda_functions.data.aws_arn.log_group_arn",
            "module.backend.module.lambda_functions.data.aws_caller_identity.current",
            "module.backend.module.lambda_functions.data.aws_cloudwatch_log_group.lambda",
            "module.backend.module.lambda_functions.data.aws_iam_policy.tracing",
            "module.backend.module.lambda_functions.data.aws_iam_policy.vpc",
            "module.backend.module.lambda_functions.data.aws_iam_policy_document.additional_inline",
            "module.backend.module.lambda_functions.data.aws_iam_policy_document.assume_role",
            "module.backend.module.lambda_functions.data.aws_iam_policy_document.async",
            "module.backend.module.lambda_functions.data.aws_iam_policy_document.dead_letter",
            "module.backend.module.lambda_functions.data.aws_iam_policy_document.logs",
            "module.backend.module.lambda_functions.data.aws_partition.current",
            "module.backend.module.lambda_functions.data.aws_region.current",
            "module.backend.module.lambda_functions.data.external.archive_prepare",
            "module.backend.module.lambda_functions.local_file.archive_plan",
            "module.backend.module.lambda_functions.null_resource.archive",
            "module.backend.module.lambda_functions.null_resource.sam_metadata_aws_lambda_function",
            "module.backend.module.lambda_functions.null_resource.sam_metadata_aws_lambda_layer_version",
            "module.dynamodb_table.aws_dynamodb_table.autoscaled",
            "module.dynamodb_table.aws_dynamodb_table.autoscaled_gsi_ignore",
            "module.dynamodb_table.aws_dynamodb_table.this"
          ],
          "create_before_destroy": true
        }
      ]
    },
    {
      "module": "module.backend.module.api_gateway",
      "mode": "managed",
      "type": "aws_apigatewayv2_stage",
      "name": "this",
      "provider": "provider[\"registry.terraform.io/hashicorp/aws\"]",
      "instances": [
        {
          "index_key": 0,
          "schema_version": 0,
          "attributes": {
            "access_log_settings": [
              {
                "destination_arn": "arn:aws:logs:us-west-2:958948421283:log-group:/aws/apigateway/serverless-todo-dev-http/default",
                "format": "{\"context\":{\"domainName\":\"$context.domainName\",\"error\":{\"message\":\"$context.error.message\",\"responseType\":\"$context.error.responseType\"},\"identity\":{\"sourceIP\":\"$context.identity.sourceIp\"},\"integration\":{\"error\":\"$context.integration.error\",\"integrationStatus\":\"$context.integration.integrationStatus\"},\"integrationErrorMessage\":\"$context.integrationErrorMessage\",\"protocol\":\"$context.protocol\",\"requestId\":\"$context.requestId\",\"requestTime\":\"$context.requestTime\",\"responseLength\":\"$context.responseLength\",\"routeKey\":\"$context.routeKey\",\"stage\":\"$context.stage\",\"status\":\"$context.status\"}}"
              }
            ],
            "api_id": "4wsto8g9ri",
            "arn": "arn:aws:apigateway:us-west-2::/apis/4wsto8g9ri/stages/$default",
            "auto_deploy": true,
            "client_certificate_id": "",
            "default_route_settings": [
              {
                "data_trace_enabled": false,
                "detailed_metrics_enabled": true,
                "logging_level": "",
                "throttling_burst_limit": 500,
                "throttling_rate_limit": 1000
              }
            ],
            "deployment_id": "azjif7",
            "description": "",
            "execution_arn": "arn:aws:execute-api:us-west-2:958948421283:4wsto8g9ri/$default",
            "id": "$default",
            "invoke_url": "https://4wsto8g9ri.execute-api.us-west-2.amazonaws.com/",
            "name": "$default",
            "region": "us-west-2",
            "route_settings": [
              {
                "data_trace_enabled": false,
                "detailed_metrics_enabled": true,
                "logging_level": "",
                "route_key": "DELETE /todos/{id}",
                "throttling_burst_limit": 500,
                "throttling_rate_limit": 1000
              },
              {
                "data_trace_enabled": false,
                "detailed_metrics_enabled": true,
                "logging_level": "",
                "route_key": "GET /todos",
                "throttling_burst_limit": 500,
                "throttling_rate_limit": 1000
              },
              {
                "data_trace_enabled": false,
                "detailed_metrics_enabled": true,
                "logging_level": "",
                "route_key": "GET /todos/{id}",
                "throttling_burst_limit": 500,
                "throttling_rate_limit": 1000
              },
              {
                "data_trace_enabled": false,
                "detailed_metrics_enabled": true,
                "logging_level": "",
                "route_key": "POST /todos",
                "throttling_burst_limit": 500,
                "throttling_rate_limit": 1000
              },
              {
                "data_trace_enabled": false,
                "detailed_metrics_enabled": true,
                "logging_level": "",
                "route_key": "PUT /todos/{id}",
                "throttling_burst_limit": 500,
                "throttling_rate_limit": 1000
              }
            ],
            "stage_variables": {},
            "tags": {},
            "tags_all": {
              "Environment": "dev",
              "Project": "serverless-todo"
            }
          },
          "sensitive_attributes": [],
          "private": "bnVsbA==",
          "dependencies": [
            "module.backend.module.api_gateway.aws_apigatewayv2_api.this",
            "module.backend.module.api_gateway.aws_apigatewayv2_authorizer.this",
            "module.backend.module.api_gateway.aws_apigatewayv2_deployment.this",
            "module.backend.module.api_gateway.aws_apigatewayv2_integration.this",
            "module.backend.module.api_gateway.aws_apigatewayv2_route.this",
            "module.backend.module.api_gateway.aws_apigatewayv2_route_response.this",
            "module.backend.module.api_gateway.aws_apigatewayv2_vpc_link.this",
            "module.backend.module.api_gateway.aws_cloudwatch_log_group.this",
            "module.backend.module.lambda_functions.aws_cloudwatch_log_group.lambda",
            "module.backend.module.lambda_functions.aws_iam_role.lambda",
            "module.backend.module.lambda_functions.aws_iam_role_policy.additional_inline",
            "module.backend.module.lambda_functions.aws_iam_role_policy.additional_json",
            "module.backend.module.lambda_functions.aws_iam_role_policy.additional_jsons",
            "module.backend.module.lambda_functions.aws_iam_role_policy.async",
            "module.backend.module.lambda_functions.aws_iam_role_policy.dead_letter",
            "module.backend.module.lambda_functions.aws_iam_role_policy.logs",
            "module.backend.module.lambda_functions.aws_iam_role_policy.tracing",
            "module.backend.module.lambda_functions.aws_iam_role_policy.vpc",
            "module.backend.module.lambda_functions.aws_iam_role_policy_attachment.additional_many",
            "module.backend.module.lambda_functions.aws_iam_role_policy_attachment.additional_one",
            "module.backend.module.lambda_functions.aws_lambda_event_source_mapping.this",
            "module.backend.module.lambda_functions.aws_lambda_function.this",
            "module.backend.module.lambda_functions.aws_lambda_function_event_invoke_config.this",
            "module.backend.module.lambda_functions.aws_lambda_function_recursion_config.this",
            "module.backend.module.lambda_functions.aws_lambda_function_url.this",
            "module.backend.module.lambda_functions.aws_lambda_layer_version.this",
            "module.backend.module.lambda_functions.aws_lambda_permission.current_version_triggers",
            "module.backend.module.lambda_functions.aws_lambda_permission.unqualified_alias_triggers",
            "module.backend.module.lambda_functions.aws_lambda_provisioned_concurrency_config.current_version",
            "module.backend.module.lambda_functions.aws_s3_object.lambda_package",
            "module.backend.module.lambda_functions.data.aws_arn.log_group_arn",
            "module.backend.module.lambda_functions.data.aws_caller_identity.current",
            "module.backend.module.lambda_functions.data.aws_cloudwatch_log_group.lambda",
            "module.backend.module.lambda_functions.data.aws_iam_policy.tracing",
            "module.backend.module.lambda_functions.data.aws_iam_policy.vpc",
            "module.backend.module.lambda_functions.data.aws_iam_policy_document.additional_inline",
            "module.backend.module.lambda_functions.data.aws_iam_policy_document.assume_role",
            "module.backend.module.lambda_functions.data.aws_iam_policy_document.async",
            "module.backend.module.lambda_functions.data.aws_iam_policy_document.dead_letter",
            "module.backend.module.lambda_functions.data.aws_iam_policy_document.logs",
            "module.backend.module.lambda_functions.data.aws_partition.current",
            "module.backend.module.lambda_functions.data.aws_region.current",
            "module.backend.module.lambda_functions.data.external.archive_prepare",
            "module.backend.module.lambda_functions.local_file.archive_plan",
            "module.backend.module.lambda_functions.null_resource.archive",
            "module.backend.module.lambda_functions.null_resource.sam_metadata_aws_lambda_function",
            "module.backend.module.lambda_functions.null_resource.sam_metadata_aws_lambda_layer_version",
            "module.dynamodb_table.aws_dynamodb_table.autoscaled",
            "module.dynamodb_table.aws_dynamodb_table.autoscaled_gsi_ignore",
            "module.dynamodb_table.aws_dynamodb_table.this"
          ]
        }
      ]
    },
    {
      "module": "module.backend.module.api_gateway",
      "mode": "managed",
      "type": "aws_apigatewayv2_vpc_link",
      "name": "this",
      "provider": "provider[\"registry.terraform.io/hashicorp/aws\"]",
      "instances": []
    },
    {
      "module": "module.backend.module.api_gateway",
      "mode": "managed",
      "type": "aws_cloudwatch_log_group",
      "name": "this",
      "provider": "provider[\"registry.terraform.io/hashicorp/aws\"]",
      "instances": [
        {
          "index_key": "this",
          "schema_version": 0,
          "attributes": {
            "arn": "arn:aws:logs:us-west-2:958948421283:log-group:/aws/apigateway/serverless-todo-dev-http/default",
            "id": "/aws/apigateway/serverless-todo-dev-http/default",
            "kms_key_id": "",
            "log_group_class": "STANDARD",
            "name": "/aws/apigateway/serverless-todo-dev-http/default",
            "name_prefix": "",
            "region": "us-west-2",
            "retention_in_days": 30,
            "skip_destroy": false,
            "tags": {},
            "tags_all": {
              "Environment": "dev",
              "Project": "serverless-todo"
            }
          },
          "sensitive_attributes": [],
          "private": "bnVsbA=="
        }
      ]
    },
    {
      "module": "module.backend.module.api_gateway",
      "mode": "managed",
      "type": "aws_route53_record",
      "name": "this",
      "provider": "provider[\"registry.terraform.io/hashicorp/aws\"]",
      "instances": []
    },
    {
      "module": "module.backend.module.api_gateway.module.acm",
      "mode": "managed",
      "type": "aws_acm_certificate",
      "name": "this",
      "provider": "provider[\"registry.terraform.io/hashicorp/aws\"]",
      "instances": []
    },
    {
      "module": "module.backend.module.api_gateway.module.acm",
      "mode": "managed",
      "type": "aws_acm_certificate_validation",
      "name": "this",
      "provider": "provider[\"registry.terraform.io/hashicorp/aws\"]",
      "instances": []
    },
    {
      "module": "module.backend.module.api_gateway.module.acm",
      "mode": "managed",
      "type": "aws_route53_record",
      "name": "validation",
      "provider": "provider[\"registry.terraform.io/hashicorp/aws\"]",
      "instances": []
    },
    {
      "module": "module.backend.module.lambda_functions[\"DELETE /todos/{id}\"]",
      "mode": "data",
      "type": "aws_arn",
      "name": "log_group_arn",
      "provider": "provider[\"registry.terraform.io/hashicorp/aws\"]",
      "instances": []
    },
    {
      "module": "module.backend.module.lambda_functions[\"DELETE /todos/{id}\"]",
      "mode": "data",
      "type": "aws_caller_identity",
      "name": "current",
      "provider": "provider[\"registry.terraform.io/hashicorp/aws\"]",
      "instances": [
        {
          "schema_version": 0,
          "attributes": {
            "account_id": "958948421283",
            "arn": "arn:aws:iam::958948421283:user/cli-user",
            "id": "958948421283",
            "user_id": "AIDA56ROHV2RRL33TY4LX"
          },
          "sensitive_attributes": []
        }
      ]
    },
    {
      "module": "module.backend.module.lambda_functions[\"DELETE /todos/{id}\"]",
      "mode": "data",
      "type": "aws_cloudwatch_log_group",
      "name": "lambda",
      "provider": "provider[\"registry.terraform.io/hashicorp/aws\"]",
      "instances": []
    },
    {
      "module": "module.backend.module.lambda_functions[\"DELETE /todos/{id}\"]",
      "mode": "data",
      "type": "aws_iam_policy",
      "name": "tracing",
      "provider": "provider[\"registry.terraform.io/hashicorp/aws\"]",
      "instances": []
    },
    {
      "module": "module.backend.module.lambda_functions[\"DELETE /todos/{id}\"]",
      "mode": "data",
      "type": "aws_iam_policy",
      "name": "vpc",
      "provider": "provider[\"registry.terraform.io/hashicorp/aws\"]",
      "instances": []
    },
    {
      "module": "module.backend.module.lambda_functions[\"DELETE /todos/{id}\"]",
      "mode": "data",
      "type": "aws_iam_policy_document",
      "name": "additional_inline",
      "provider": "provider[\"registry.terraform.io/hashicorp/aws\"]",
      "instances": []
    },
    {
      "module": "module.backend.module.lambda_functions[\"DELETE /todos/{id}\"]",
      "mode": "data",
      "type": "aws_iam_policy_document",
      "name": "assume_role",
      "provider": "provider[\"registry.terraform.io/hashicorp/aws\"]",
      "instances": [
        {
          "index_key": 0,
          "schema_version": 0,
          "attributes": {
            "id": "1604711841",
            "json": "{\n  \"Version\": \"2012-10-17\",\n  \"Statement\": [\n    {\n      \"Effect\": \"Allow\",\n      \"Action\": \"sts:AssumeRole\",\n      \"Principal\": {\n        \"Service\": \"lambda.amazonaws.com\"\n      }\n    }\n  ]\n}",
            "minified_json": "{\"Version\":\"2012-10-17\",\"Statement\":[{\"Effect\":\"Allow\",\"Action\":\"sts:AssumeRole\",\"Principal\":{\"Service\":\"lambda.amazonaws.com\"}}]}",
            "override_json": null,
            "override_policy_documents": null,
            "policy_id": null,
            "source_json": null,
            "source_policy_documents": null,
            "statement": [
              {
                "actions": [
                  "sts:AssumeRole"
                ],
                "condition": [],
                "effect": "Allow",
                "not_actions": [],
                "not_principals": [],
                "not_resources": [],
                "principals": [
                  {
                    "identifiers": [
                      "lambda.amazonaws.com"
                    ],
                    "type": "Service"
                  }
                ],
                "resources": [],
                "sid": ""
              }
            ],
            "version": "2012-10-17"
          },
          "sensitive_attributes": []
        }
      ]
    },
    {
      "module": "module.backend.module.lambda_functions[\"DELETE /todos/{id}\"]",
      "mode": "data",
      "type": "aws_iam_policy_document",
      "name": "async",
      "provider": "provider[\"registry.terraform.io/hashicorp/aws\"]",
      "instances": []
    },
    {
      "module": "module.backend.module.lambda_functions[\"DELETE /todos/{id}\"]",
      "mode": "data",
      "type": "aws_iam_policy_document",
      "name": "dead_letter",
      "provider": "provider[\"registry.terraform.io/hashicorp/aws\"]",
      "instances": []
    },
    {
      "module": "module.backend.module.lambda_functions[\"DELETE /todos/{id}\"]",
      "mode": "data",
      "type": "aws_iam_policy_document",
      "name": "logs",
      "provider": "provider[\"registry.terraform.io/hashicorp/aws\"]",
      "instances": [
        {
          "index_key": 0,
          "schema_version": 0,
          "attributes": {
            "id": "1592862002",
            "json": "{\n  \"Version\": \"2012-10-17\",\n  \"Statement\": [\n    {\n      \"Effect\": \"Allow\",\n      \"Action\": [\n        \"logs:PutLogEvents\",\n        \"logs:CreateLogStream\",\n        \"logs:CreateLogGroup\"\n      ],\n      \"Resource\": [\n        \"arn:aws:logs:us-west-2:958948421283:log-group:/aws/lambda/serverless-todo-dev-delete:*:*\",\n        \"arn:aws:logs:us-west-2:958948421283:log-group:/aws/lambda/serverless-todo-dev-delete:*\"\n      ]\n    }\n  ]\n}",
            "minified_json": "{\"Version\":\"2012-10-17\",\"Statement\":[{\"Effect\":\"Allow\",\"Action\":[\"logs:PutLogEvents\",\"logs:CreateLogStream\",\"logs:CreateLogGroup\"],\"Resource\":[\"arn:aws:logs:us-west-2:958948421283:log-group:/aws/lambda/serverless-todo-dev-delete:*:*\",\"arn:aws:logs:us-west-2:958948421283:log-group:/aws/lambda/serverless-todo-dev-delete:*\"]}]}",
            "override_json": null,
            "override_policy_documents": null,
            "policy_id": null,
            "source_json": null,
            "source_policy_documents": null,
            "statement": [
              {
                "actions": [
                  "logs:CreateLogGroup",
                  "logs:CreateLogStream",
                  "logs:PutLogEvents"
                ],
                "condition": [],
                "effect": "Allow",
                "not_actions": [],
                "not_principals": [],
                "not_resources": [],
                "principals": [],
                "resources": [
                  "arn:aws:logs:us-west-2:958948421283:log-group:/aws/lambda/serverless-todo-dev-delete:*",
                  "arn:aws:logs:us-west-2:958948421283:log-group:/aws/lambda/serverless-todo-dev-delete:*:*"
                ],
                "sid": ""
              }
            ],
            "version": "2012-10-17"
          },
          "sensitive_attributes": []
        }
      ]
    },
    {
      "module": "module.backend.module.lambda_functions[\"DELETE /todos/{id}\"]",
      "mode": "data",
      "type": "aws_partition",
      "name": "current",
      "provider": "provider[\"registry.terraform.io/hashicorp/aws\"]",
      "instances": [
        {
          "schema_version": 0,
          "attributes": {
            "dns_suffix": "amazonaws.com",
            "id": "aws",
            "partition": "aws",
            "reverse_dns_prefix": "com.amazonaws"
          },
          "sensitive_attributes": []
        }
      ]
    },
    {
      "module": "module.backend.module.lambda_functions[\"DELETE /todos/{id}\"]",
      "mode": "data",
      "type": "aws_region",
      "name": "current",
      "provider": "provider[\"registry.terraform.io/hashicorp/aws\"]",
      "instances": [
        {
          "schema_version": 0,
          "attributes": {
            "description": "US West (Oregon)",
            "endpoint": "ec2.us-west-2.amazonaws.com",
            "id": "us-west-2",
            "name": "us-west-2",
            "region": "us-west-2"
          },
          "sensitive_attributes": []
        }
      ]
    },
    {
      "module": "module.backend.module.lambda_functions[\"DELETE /todos/{id}\"]",
      "mode": "data",
      "type": "external",
      "name": "archive_prepare",
      "provider": "provider[\"registry.terraform.io/hashicorp/external\"]",
      "instances": [
        {
          "index_key": 0,
          "schema_version": 0,
          "attributes": {
            "id": "-",
            "program": [
              "python.exe",
              ".terraform/modules/backend.lambda_functions/package.py",
              "prepare"
            ],
            "query": {
              "artifacts_dir": "./.terraform/lambda-builds/",
              "docker": null,
              "hash_extra": "",
              "hash_extra_paths": "[]",
              "paths": "{\"cwd\":\"E:/Internal/Desktop/devops/serverless-todo-app/infra\",\"module\":\".terraform/modules/backend.lambda_functions\",\"root\":\".\"}",
              "recreate_missing_package": "true",
              "runtime": "nodejs18.x",
              "source_path": "[\"./../src/backend/functions/delete.mjs\",{\"npm_requirements\":\"./../src/backend/package.json\"}]"
            },
            "result": {
              "build_plan": "{\"filename\": \"./.terraform/lambda-builds/4e2b3c15f087dbd5b477208d1fd4d6be2242ff91e6973e24a01527cc59fa8ffa.zip\", \"runtime\": \"nodejs18.x\", \"artifacts_dir\": \"./.terraform/lambda-builds/\", \"build_plan\": [[[\"zip\", \"./../src/backend/functions/delete.mjs\", null]], [[\"npm\", \"nodejs18.x\", \"./../src/backend/package.json\", null, null]]]}",
              "build_plan_filename": "./.terraform/lambda-builds/4e2b3c15f087dbd5b477208d1fd4d6be2242ff91e6973e24a01527cc59fa8ffa.plan.json",
              "filename": "./.terraform/lambda-builds/4e2b3c15f087dbd5b477208d1fd4d6be2242ff91e6973e24a01527cc59fa8ffa.zip",
              "timestamp": "1758362606794309000",
              "was_missing": "false"
            },
            "working_dir": null
          },
          "sensitive_attributes": []
        }
      ]
    },
    {
      "module": "module.backend.module.lambda_functions[\"DELETE /todos/{id}\"]",
      "mode": "managed",
      "type": "aws_cloudwatch_log_group",
      "name": "lambda",
      "provider": "provider[\"registry.terraform.io/hashicorp/aws\"]",
      "instances": [
        {
          "index_key": 0,
          "schema_version": 0,
          "attributes": {
            "arn": "arn:aws:logs:us-west-2:958948421283:log-group:/aws/lambda/serverless-todo-dev-delete",
            "id": "/aws/lambda/serverless-todo-dev-delete",
            "kms_key_id": "",
            "log_group_class": "STANDARD",
            "name": "/aws/lambda/serverless-todo-dev-delete",
            "name_prefix": "",
            "region": "us-west-2",
            "retention_in_days": 0,
            "skip_destroy": false,
            "tags": {},
            "tags_all": {
              "Environment": "dev",
              "Project": "serverless-todo"
            }
          },
          "sensitive_attributes": [],
          "private": "bnVsbA==",
          "create_before_destroy": true
        }
      ]
    },
    {
      "module": "module.backend.module.lambda_functions[\"DELETE /todos/{id}\"]",
      "mode": "managed",
      "type": "aws_iam_role",
      "name": "lambda",
      "provider": "provider[\"registry.terraform.io/hashicorp/aws\"]",
      "instances": [
        {
          "index_key": 0,
          "schema_version": 0,
          "attributes": {
            "arn": "arn:aws:iam::958948421283:role/serverless-todo-dev-delete",
            "assume_role_policy": "{\"Statement\":[{\"Action\":\"sts:AssumeRole\",\"Effect\":\"Allow\",\"Principal\":{\"Service\":\"lambda.amazonaws.com\"}}],\"Version\":\"2012-10-17\"}",
            "create_date": "2025-09-20T10:02:02Z",
            "description": "",
            "force_detach_policies": true,
            "id": "serverless-todo-dev-delete",
            "inline_policy": [
              {
                "name": "serverless-todo-dev-delete",
                "policy": "{\"Id\":\"PolicyForDynamoDB\",\"Statement\":[{\"Action\":[\"dynamodb:GetItem\",\"dynamodb:PutItem\",\"dynamodb:UpdateItem\",\"dynamodb:DeleteItem\",\"dynamodb:Query\",\"dynamodb:Scan\"],\"Effect\":\"Allow\",\"Resource\":\"arn:aws:dynamodb:us-west-2:958948421283:table/serverless-todo-dynamodb-dev\",\"Sid\":\"AllowDynamoDBAccess\"}],\"Version\":\"2008-10-17\"}"
              },
              {
                "name": "serverless-todo-dev-delete-logs",
                "policy": "{\"Version\":\"2012-10-17\",\"Statement\":[{\"Action\":[\"logs:PutLogEvents\",\"logs:CreateLogStream\",\"logs:CreateLogGroup\"],\"Effect\":\"Allow\",\"Resource\":[\"arn:aws:logs:us-west-2:958948421283:log-group:/aws/lambda/serverless-todo-dev-delete:*:*\",\"arn:aws:logs:us-west-2:958948421283:log-group:/aws/lambda/serverless-todo-dev-delete:*\"]}]}"
              }
            ],
            "managed_policy_arns": [],
            "max_session_duration": 3600,
            "name": "serverless-todo-dev-delete",
            "name_prefix": "",
            "path": "/",
            "permissions_boundary": "",
            "tags": {},
            "tags_all": {
              "Environment": "dev",
              "Project": "serverless-todo"
            },
            "unique_id": "AROA56ROHV2RUCKTYABKN"
          },
          "sensitive_attributes": [],
          "private": "bnVsbA==",
          "dependencies": [
            "module.backend.module.lambda_functions.data.aws_iam_policy_document.assume_role"
          ],
          "create_before_destroy": true
        }
      ]
    },
    {
      "module": "module.backend.module.lambda_functions[\"DELETE /todos/{id}\"]",
      "mode": "managed",
      "type": "aws_iam_role_policy",
      "name": "additional_inline",
      "provider": "provider[\"registry.terraform.io/hashicorp/aws\"]",
      "instances": []
    },
    {
      "module": "module.backend.module.lambda_functions[\"DELETE /todos/{id}\"]",
      "mode": "managed",
      "type": "aws_iam_role_policy",
      "name": "additional_json",
      "provider": "provider[\"registry.terraform.io/hashicorp/aws\"]",
      "instances": [
        {
          "index_key": 0,
          "schema_version": 0,
          "attributes": {
            "id": "serverless-todo-dev-delete:serverless-todo-dev-delete",
            "name": "serverless-todo-dev-delete",
            "name_prefix": "",
            "policy": "{\"Id\":\"PolicyForDynamoDB\",\"Statement\":[{\"Action\":[\"dynamodb:GetItem\",\"dynamodb:PutItem\",\"dynamodb:UpdateItem\",\"dynamodb:DeleteItem\",\"dynamodb:Query\",\"dynamodb:Scan\"],\"Effect\":\"Allow\",\"Resource\":\"arn:aws:dynamodb:us-west-2:958948421283:table/serverless-todo-dynamodb-dev\",\"Sid\":\"AllowDynamoDBAccess\"}],\"Version\":\"2008-10-17\"}",
            "role": "serverless-todo-dev-delete"
          },
          "sensitive_attributes": [],
          "private": "bnVsbA==",
          "dependencies": [
            "module.backend.module.lambda_functions.aws_iam_role.lambda",
            "module.backend.module.lambda_functions.data.aws_iam_policy_document.assume_role",
            "module.dynamodb_table.aws_dynamodb_table.autoscaled",
            "module.dynamodb_table.aws_dynamodb_table.autoscaled_gsi_ignore",
            "module.dynamodb_table.aws_dynamodb_table.this"
          ],
          "create_before_destroy": true
        }
      ]
    },
    {
      "module": "module.backend.module.lambda_functions[\"DELETE /todos/{id}\"]",
      "mode": "managed",
      "type": "aws_iam_role_policy",
      "name": "additional_jsons",
      "provider": "provider[\"registry.terraform.io/hashicorp/aws\"]",
      "instances": []
    },
    {
      "module": "module.backend.module.lambda_functions[\"DELETE /todos/{id}\"]",
      "mode": "managed",
      "type": "aws_iam_role_policy",
      "name": "async",
      "provider": "provider[\"registry.terraform.io/hashicorp/aws\"]",
      "instances": []
    },
    {
      "module": "module.backend.module.lambda_functions[\"DELETE /todos/{id}\"]",
      "mode": "managed",
      "type": "aws_iam_role_policy",
      "name": "dead_letter",
      "provider": "provider[\"registry.terraform.io/hashicorp/aws\"]",
      "instances": []
    },
    {
      "module": "module.backend.module.lambda_functions[\"DELETE /todos/{id}\"]",
      "mode": "managed",
      "type": "aws_iam_role_policy",
      "name": "logs",
      "provider": "provider[\"registry.terraform.io/hashicorp/aws\"]",
      "instances": [
        {
          "index_key": 0,
          "schema_version": 0,
          "attributes": {
            "id": "serverless-todo-dev-delete:serverless-todo-dev-delete-logs",
            "name": "serverless-todo-dev-delete-logs",
            "name_prefix": "",
            "policy": "{\"Version\":\"2012-10-17\",\"Statement\":[{\"Action\":[\"logs:PutLogEvents\",\"logs:CreateLogStream\",\"logs:CreateLogGroup\"],\"Effect\":\"Allow\",\"Resource\":[\"arn:aws:logs:us-west-2:958948421283:log-group:/aws/lambda/serverless-todo-dev-delete:*:*\",\"arn:aws:logs:us-west-2:958948421283:log-group:/aws/lambda/serverless-todo-dev-delete:*\"]}]}",
            "role": "serverless-todo-dev-delete"
          },
          "sensitive_attributes": [],
          "private": "bnVsbA==",
          "dependencies": [
            "module.backend.module.lambda_functions.aws_cloudwatch_log_group.lambda",
            "module.backend.module.lambda_functions.aws_iam_role.lambda",
            "module.backend.module.lambda_functions.data.aws_arn.log_group_arn",
            "module.backend.module.lambda_functions.data.aws_cloudwatch_log_group.lambda",
            "module.backend.module.lambda_functions.data.aws_iam_policy_document.assume_role",
            "module.backend.module.lambda_functions.data.aws_iam_policy_document.logs"
          ],
          "create_before_destroy": true
        }
      ]
    },
    {
      "module": "module.backend.module.lambda_functions[\"DELETE /todos/{id}\"]",
      "mode": "managed",
      "type": "aws_iam_role_policy",
      "name": "tracing",
      "provider": "provider[\"registry.terraform.io/hashicorp/aws\"]",
      "instances": []
    },
    {
      "module": "module.backend.module.lambda_functions[\"DELETE /todos/{id}\"]",
      "mode": "managed",
      "type": "aws_iam_role_policy",
      "name": "vpc",
      "provider": "provider[\"registry.terraform.io/hashicorp/aws\"]",
      "instances": []
    },
    {
      "module": "module.backend.module.lambda_functions[\"DELETE /todos/{id}\"]",
      "mode": "managed",
      "type": "aws_iam_role_policy_attachment",
      "name": "additional_many",
      "provider": "provider[\"registry.terraform.io/hashicorp/aws\"]",
      "instances": []
    },
    {
      "module": "module.backend.module.lambda_functions[\"DELETE /todos/{id}\"]",
      "mode": "managed",
      "type": "aws_iam_role_policy_attachment",
      "name": "additional_one",
      "provider": "provider[\"registry.terraform.io/hashicorp/aws\"]",
      "instances": []
    },
    {
      "module": "module.backend.module.lambda_functions[\"DELETE /todos/{id}\"]",
      "mode": "managed",
      "type": "aws_lambda_function",
      "name": "this",
      "provider": "provider[\"registry.terraform.io/hashicorp/aws\"]",
      "instances": [
        {
          "index_key": 0,
          "schema_version": 0,
          "attributes": {
            "architectures": [
              "x86_64"
            ],
            "arn": "arn:aws:lambda:us-west-2:958948421283:function:serverless-todo-dev-delete",
            "code_sha256": "/m+gczTMuloulPcnSx+yq4EeInkprwv96Dy1DK9hDtA=",
            "code_signing_config_arn": "",
            "dead_letter_config": [],
            "description": "",
            "environment": [
              {
                "variables": {
                  "DYNAMODB_TABLE": "serverless-todo-dynamodb-dev",
                  "ENVIRONMENT": "dev"
                }
              }
            ],
            "ephemeral_storage": [
              {
                "size": 512
              }
            ],
            "file_system_config": [],
            "filename": "./.terraform/lambda-builds/4e2b3c15f087dbd5b477208d1fd4d6be2242ff91e6973e24a01527cc59fa8ffa.zip",
            "function_name": "serverless-todo-dev-delete",
            "handler": "delete.handler",
            "id": "serverless-todo-dev-delete",
            "image_config": [],
            "image_uri": "",
            "invoke_arn": "arn:aws:apigateway:us-west-2:lambda:path/2015-03-31/functions/arn:aws:lambda:us-west-2:958948421283:function:serverless-todo-dev-delete/invocations",
            "kms_key_arn": "",
            "last_modified": "2025-09-20T10:13:28.000+0000",
            "layers": [],
            "logging_config": [
              {
                "application_log_level": "",
                "log_format": "Text",
                "log_group": "/aws/lambda/serverless-todo-dev-delete",
                "system_log_level": ""
              }
            ],
            "memory_size": 128,
            "package_type": "Zip",
            "publish": true,
            "qualified_arn": "arn:aws:lambda:us-west-2:958948421283:function:serverless-todo-dev-delete:8",
            "qualified_invoke_arn": "arn:aws:apigateway:us-west-2:lambda:path/2015-03-31/functions/arn:aws:lambda:us-west-2:958948421283:function:serverless-todo-dev-delete:8/invocations",
            "region": "us-west-2",
            "replace_security_groups_on_destroy": null,
            "replacement_security_group_ids": null,
            "reserved_concurrent_executions": -1,
            "role": "arn:aws:iam::958948421283:role/serverless-todo-dev-delete",
            "runtime": "nodejs18.x",
            "s3_bucket": null,
            "s3_key": null,
            "s3_object_version": null,
            "signing_job_arn": "",
            "signing_profile_version_arn": "",
            "skip_destroy": false,
            "snap_start": [],
            "source_code_hash": "/m+gczTMuloulPcnSx+yq4EeInkprwv96Dy1DK9hDtA=",
            "source_code_size": 82060,
            "source_kms_key_arn": "",
            "tags": {
              "terraform-aws-modules": "lambda"
            },
            "tags_all": {
              "Environment": "dev",
              "Project": "serverless-todo",
              "terraform-aws-modules": "lambda"
            },
            "timeout": 3,
            "timeouts": null,
            "tracing_config": [
              {
                "mode": "PassThrough"
              }
            ],
            "version": "8",
            "vpc_config": []
          },
          "sensitive_attributes": [],
          "private": "eyJlMmJmYjczMC1lY2FhLTExZTYtOGY4OC0zNDM2M2JjN2M0YzAiOnsiY3JlYXRlIjo2MDAwMDAwMDAwMDAsImRlbGV0ZSI6NjAwMDAwMDAwMDAwLCJ1cGRhdGUiOjYwMDAwMDAwMDAwMH19",
          "dependencies": [
            "module.backend.module.lambda_functions.aws_cloudwatch_log_group.lambda",
            "module.backend.module.lambda_functions.aws_iam_role.lambda",
            "module.backend.module.lambda_functions.aws_iam_role_policy.additional_inline",
            "module.backend.module.lambda_functions.aws_iam_role_policy.additional_json",
            "module.backend.module.lambda_functions.aws_iam_role_policy.additional_jsons",
            "module.backend.module.lambda_functions.aws_iam_role_policy.async",
            "module.backend.module.lambda_functions.aws_iam_role_policy.dead_letter",
            "module.backend.module.lambda_functions.aws_iam_role_policy.logs",
            "module.backend.module.lambda_functions.aws_iam_role_policy.tracing",
            "module.backend.module.lambda_functions.aws_iam_role_policy.vpc",
            "module.backend.module.lambda_functions.aws_iam_role_policy_attachment.additional_many",
            "module.backend.module.lambda_functions.aws_iam_role_policy_attachment.additional_one",
            "module.backend.module.lambda_functions.aws_s3_object.lambda_package",
            "module.backend.module.lambda_functions.data.aws_arn.log_group_arn",
            "module.backend.module.lambda_functions.data.aws_cloudwatch_log_group.lambda",
            "module.backend.module.lambda_functions.data.aws_iam_policy.tracing",
            "module.backend.module.lambda_functions.data.aws_iam_policy.vpc",
            "module.backend.module.lambda_functions.data.aws_iam_policy_document.additional_inline",
            "module.backend.module.lambda_functions.data.aws_iam_policy_document.assume_role",
            "module.backend.module.lambda_functions.data.aws_iam_policy_document.async",
            "module.backend.module.lambda_functions.data.aws_iam_policy_document.dead_letter",
            "module.backend.module.lambda_functions.data.aws_iam_policy_document.logs",
            "module.backend.module.lambda_functions.data.aws_partition.current",
            "module.backend.module.lambda_functions.data.external.archive_prepare",
            "module.backend.module.lambda_functions.local_file.archive_plan",
            "module.backend.module.lambda_functions.null_resource.archive",
            "module.dynamodb_table.aws_dynamodb_table.autoscaled",
            "module.dynamodb_table.aws_dynamodb_table.autoscaled_gsi_ignore",
            "module.dynamodb_table.aws_dynamodb_table.this"
          ],
          "create_before_destroy": true
        }
      ]
    },
    {
      "module": "module.backend.module.lambda_functions[\"DELETE /todos/{id}\"]",
      "mode": "managed",
      "type": "aws_lambda_layer_version",
      "name": "this",
      "provider": "provider[\"registry.terraform.io/hashicorp/aws\"]",
      "instances": []
    },
    {
      "module": "module.backend.module.lambda_functions[\"DELETE /todos/{id}\"]",
      "mode": "managed",
      "type": "aws_lambda_permission",
      "name": "current_version_triggers",
      "provider": "provider[\"registry.terraform.io/hashicorp/aws\"]",
      "instances": [
        {
          "index_key": "apigw",
          "schema_version": 0,
          "attributes": {
            "action": "lambda:InvokeFunction",
            "event_source_token": null,
            "function_name": "serverless-todo-dev-delete",
            "function_url_auth_type": null,
            "id": "apigw20250920100416317700000007",
            "principal": "apigateway.amazonaws.com",
            "principal_org_id": null,
            "qualifier": "7",
            "region": "us-west-2",
            "source_account": null,
            "source_arn": "arn:aws:execute-api:us-west-2:958948421283:4wsto8g9ri/*/*",
            "statement_id": "apigw20250920100416317700000007",
            "statement_id_prefix": "apigw"
          },
          "sensitive_attributes": [],
          "private": "bnVsbA==",
          "dependencies": [
            "module.backend.module.api_gateway.aws_apigatewayv2_api.this",
            "module.backend.module.lambda_functions.aws_cloudwatch_log_group.lambda",
            "module.backend.module.lambda_functions.aws_iam_role.lambda",
            "module.backend.module.lambda_functions.aws_iam_role_policy.additional_inline",
            "module.backend.module.lambda_functions.aws_iam_role_policy.additional_json",
            "module.backend.module.lambda_functions.aws_iam_role_policy.additional_jsons",
            "module.backend.module.lambda_functions.aws_iam_role_policy.async",
            "module.backend.module.lambda_functions.aws_iam_role_policy.dead_letter",
            "module.backend.module.lambda_functions.aws_iam_role_policy.logs",
            "module.backend.module.lambda_functions.aws_iam_role_policy.tracing",
            "module.backend.module.lambda_functions.aws_iam_role_policy.vpc",
            "module.backend.module.lambda_functions.aws_iam_role_policy_attachment.additional_many",
            "module.backend.module.lambda_functions.aws_iam_role_policy_attachment.additional_one",
            "module.backend.module.lambda_functions.aws_lambda_function.this",
            "module.backend.module.lambda_functions.aws_s3_object.lambda_package",
            "module.backend.module.lambda_functions.data.aws_arn.log_group_arn",
            "module.backend.module.lambda_functions.data.aws_cloudwatch_log_group.lambda",
            "module.backend.module.lambda_functions.data.aws_iam_policy.tracing",
            "module.backend.module.lambda_functions.data.aws_iam_policy.vpc",
            "module.backend.module.lambda_functions.data.aws_iam_policy_document.additional_inline",
            "module.backend.module.lambda_functions.data.aws_iam_policy_document.assume_role",
            "module.backend.module.lambda_functions.data.aws_iam_policy_document.async",
            "module.backend.module.lambda_functions.data.aws_iam_policy_document.dead_letter",
            "module.backend.module.lambda_functions.data.aws_iam_policy_document.logs",
            "module.backend.module.lambda_functions.data.aws_partition.current",
            "module.backend.module.lambda_functions.data.external.archive_prepare",
            "module.backend.module.lambda_functions.local_file.archive_plan",
            "module.backend.module.lambda_functions.null_resource.archive",
            "module.dynamodb_table.aws_dynamodb_table.autoscaled",
            "module.dynamodb_table.aws_dynamodb_table.autoscaled_gsi_ignore",
            "module.dynamodb_table.aws_dynamodb_table.this"
          ],
          "create_before_destroy": true
        }
      ]
    },
    {
      "module": "module.backend.module.lambda_functions[\"DELETE /todos/{id}\"]",
      "mode": "managed",
      "type": "aws_lambda_permission",
      "name": "unqualified_alias_triggers",
      "provider": "provider[\"registry.terraform.io/hashicorp/aws\"]",
      "instances": [
        {
          "index_key": "apigw",
          "schema_version": 0,
          "attributes": {
            "action": "lambda:InvokeFunction",
            "event_source_token": null,
            "function_name": "serverless-todo-dev-delete",
            "function_url_auth_type": null,
            "id": "apigw20250920100416317200000003",
            "principal": "apigateway.amazonaws.com",
            "principal_org_id": null,
            "qualifier": "",
            "region": "us-west-2",
            "source_account": null,
            "source_arn": "arn:aws:execute-api:us-west-2:958948421283:4wsto8g9ri/*/*",
            "statement_id": "apigw20250920100416317200000003",
            "statement_id_prefix": "apigw"
          },
          "sensitive_attributes": [],
          "private": "bnVsbA==",
          "dependencies": [
            "module.backend.module.api_gateway.aws_apigatewayv2_api.this",
            "module.backend.module.lambda_functions.aws_cloudwatch_log_group.lambda",
            "module.backend.module.lambda_functions.aws_iam_role.lambda",
            "module.backend.module.lambda_functions.aws_iam_role_policy.additional_inline",
            "module.backend.module.lambda_functions.aws_iam_role_policy.additional_json",
            "module.backend.module.lambda_functions.aws_iam_role_policy.additional_jsons",
            "module.backend.module.lambda_functions.aws_iam_role_policy.async",
            "module.backend.module.lambda_functions.aws_iam_role_policy.dead_letter",
            "module.backend.module.lambda_functions.aws_iam_role_policy.logs",
            "module.backend.module.lambda_functions.aws_iam_role_policy.tracing",
            "module.backend.module.lambda_functions.aws_iam_role_policy.vpc",
            "module.backend.module.lambda_functions.aws_iam_role_policy_attachment.additional_many",
            "module.backend.module.lambda_functions.aws_iam_role_policy_attachment.additional_one",
            "module.backend.module.lambda_functions.aws_lambda_function.this",
            "module.backend.module.lambda_functions.aws_s3_object.lambda_package",
            "module.backend.module.lambda_functions.data.aws_arn.log_group_arn",
            "module.backend.module.lambda_functions.data.aws_cloudwatch_log_group.lambda",
            "module.backend.module.lambda_functions.data.aws_iam_policy.tracing",
            "module.backend.module.lambda_functions.data.aws_iam_policy.vpc",
            "module.backend.module.lambda_functions.data.aws_iam_policy_document.additional_inline",
            "module.backend.module.lambda_functions.data.aws_iam_policy_document.assume_role",
            "module.backend.module.lambda_functions.data.aws_iam_policy_document.async",
            "module.backend.module.lambda_functions.data.aws_iam_policy_document.dead_letter",
            "module.backend.module.lambda_functions.data.aws_iam_policy_document.logs",
            "module.backend.module.lambda_functions.data.aws_partition.current",
            "module.backend.module.lambda_functions.data.external.archive_prepare",
            "module.backend.module.lambda_functions.local_file.archive_plan",
            "module.backend.module.lambda_functions.null_resource.archive",
            "module.dynamodb_table.aws_dynamodb_table.autoscaled",
            "module.dynamodb_table.aws_dynamodb_table.autoscaled_gsi_ignore",
            "module.dynamodb_table.aws_dynamodb_table.this"
          ],
          "create_before_destroy": true
        }
      ]
    },
    {
      "module": "module.backend.module.lambda_functions[\"DELETE /todos/{id}\"]",
      "mode": "managed",
      "type": "aws_s3_object",
      "name": "lambda_package",
      "provider": "provider[\"registry.terraform.io/hashicorp/aws\"]",
      "instances": []
    },
    {
      "module": "module.backend.module.lambda_functions[\"DELETE /todos/{id}\"]",
      "mode": "managed",
      "type": "local_file",
      "name": "archive_plan",
      "provider": "provider[\"registry.terraform.io/hashicorp/local\"]",
      "instances": [
        {
          "index_key": 0,
          "schema_version": 0,
          "attributes": {
            "content": "{\"filename\": \"./.terraform/lambda-builds/4e2b3c15f087dbd5b477208d1fd4d6be2242ff91e6973e24a01527cc59fa8ffa.zip\", \"runtime\": \"nodejs18.x\", \"artifacts_dir\": \"./.terraform/lambda-builds/\", \"build_plan\": [[[\"zip\", \"./../src/backend/functions/delete.mjs\", null]], [[\"npm\", \"nodejs18.x\", \"./../src/backend/package.json\", null, null]]]}",
            "content_base64": null,
            "content_base64sha256": "eC8nGtvoZGa2ZdMYxL6huLHC4SuZWQsCAQqW2zygaO8=",
            "content_base64sha512": "BHzVEeXeUhF+EvyWTtysKifxL2s59btoBatcGX2TMCReaDgdyvQfIxFZ1cz5I4EFE16TCJ67ZhcK2NgfJbPLPA==",
            "content_md5": "868df65465e36e32130bc93bb6017b34",
            "content_sha1": "7f92296a31168d56eecd97cceefa3ed3e4fb09fc",
            "content_sha256": "782f271adbe86466b665d318c4bea1b8b1c2e12b99590b02010a96db3ca068ef",
            "content_sha512": "047cd511e5de52117e12fc964edcac2a27f12f6b39f5bb6805ab5c197d9330245e68381dcaf41f231159d5ccf9238105135e93089ebb66170ad8d81f25b3cb3c",
            "directory_permission": "0755",
            "file_permission": "0644",
            "filename": "./.terraform/lambda-builds/4e2b3c15f087dbd5b477208d1fd4d6be2242ff91e6973e24a01527cc59fa8ffa.plan.json",
            "id": "7f92296a31168d56eecd97cceefa3ed3e4fb09fc",
            "sensitive_content": null,
            "source": null
          },
          "sensitive_attributes": [
            [
              {
                "type": "get_attr",
                "value": "sensitive_content"
              }
            ],
            [
              {
                "type": "get_attr",
                "value": "content"
              }
            ]
          ],
          "dependencies": [
            "module.backend.module.lambda_functions.data.external.archive_prepare"
          ],
          "create_before_destroy": true
        }
      ]
    },
    {
      "module": "module.backend.module.lambda_functions[\"DELETE /todos/{id}\"]",
      "mode": "managed",
      "type": "null_resource",
      "name": "archive",
      "provider": "provider[\"registry.terraform.io/hashicorp/null\"]",
      "instances": [
        {
          "index_key": 0,
          "schema_version": 0,
          "attributes": {
            "id": "1943020905",
            "triggers": {
              "filename": "./.terraform/lambda-builds/4e2b3c15f087dbd5b477208d1fd4d6be2242ff91e6973e24a01527cc59fa8ffa.zip",
              "timestamp": "1758362606794309000"
            }
          },
          "sensitive_attributes": [],
          "dependencies": [
            "module.backend.module.lambda_functions.data.external.archive_prepare",
            "module.backend.module.lambda_functions.local_file.archive_plan"
          ],
          "create_before_destroy": true
        }
      ]
    },
    {
      "module": "module.backend.module.lambda_functions[\"DELETE /todos/{id}\"]",
      "mode": "managed",
      "type": "null_resource",
      "name": "sam_metadata_aws_lambda_function",
      "provider": "provider[\"registry.terraform.io/hashicorp/null\"]",
      "instances": []
    },
    {
      "module": "module.backend.module.lambda_functions[\"DELETE /todos/{id}\"]",
      "mode": "managed",
      "type": "null_resource",
      "name": "sam_metadata_aws_lambda_layer_version",
      "provider": "provider[\"registry.terraform.io/hashicorp/null\"]",
      "instances": []
    },
    {
      "module": "module.backend.module.lambda_functions[\"GET /todos\"]",
      "mode": "data",
      "type": "aws_arn",
      "name": "log_group_arn",
      "provider": "provider[\"registry.terraform.io/hashicorp/aws\"]",
      "instances": []
    },
    {
      "module": "module.backend.module.lambda_functions[\"GET /todos\"]",
      "mode": "data",
      "type": "aws_caller_identity",
      "name": "current",
      "provider": "provider[\"registry.terraform.io/hashicorp/aws\"]",
      "instances": [
        {
          "schema_version": 0,
          "attributes": {
            "account_id": "958948421283",
            "arn": "arn:aws:iam::958948421283:user/cli-user",
            "id": "958948421283",
            "user_id": "AIDA56ROHV2RRL33TY4LX"
          },
          "sensitive_attributes": []
        }
      ]
    },
    {
      "module": "module.backend.module.lambda_functions[\"GET /todos\"]",
      "mode": "data",
      "type": "aws_cloudwatch_log_group",
      "name": "lambda",
      "provider": "provider[\"registry.terraform.io/hashicorp/aws\"]",
      "instances": []
    },
    {
      "module": "module.backend.module.lambda_functions[\"GET /todos\"]",
      "mode": "data",
      "type": "aws_iam_policy",
      "name": "tracing",
      "provider": "provider[\"registry.terraform.io/hashicorp/aws\"]",
      "instances": []
    },
    {
      "module": "module.backend.module.lambda_functions[\"GET /todos\"]",
      "mode": "data",
      "type": "aws_iam_policy",
      "name": "vpc",
      "provider": "provider[\"registry.terraform.io/hashicorp/aws\"]",
      "instances": []
    },
    {
      "module": "module.backend.module.lambda_functions[\"GET /todos\"]",
      "mode": "data",
      "type": "aws_iam_policy_document",
      "name": "additional_inline",
      "provider": "provider[\"registry.terraform.io/hashicorp/aws\"]",
      "instances": []
    },
    {
      "module": "module.backend.module.lambda_functions[\"GET /todos\"]",
      "mode": "data",
      "type": "aws_iam_policy_document",
      "name": "assume_role",
      "provider": "provider[\"registry.terraform.io/hashicorp/aws\"]",
      "instances": [
        {
          "index_key": 0,
          "schema_version": 0,
          "attributes": {
            "id": "1604711841",
            "json": "{\n  \"Version\": \"2012-10-17\",\n  \"Statement\": [\n    {\n      \"Effect\": \"Allow\",\n      \"Action\": \"sts:AssumeRole\",\n      \"Principal\": {\n        \"Service\": \"lambda.amazonaws.com\"\n      }\n    }\n  ]\n}",
            "minified_json": "{\"Version\":\"2012-10-17\",\"Statement\":[{\"Effect\":\"Allow\",\"Action\":\"sts:AssumeRole\",\"Principal\":{\"Service\":\"lambda.amazonaws.com\"}}]}",
            "override_json": null,
            "override_policy_documents": null,
            "policy_id": null,
            "source_json": null,
            "source_policy_documents": null,
            "statement": [
              {
                "actions": [
                  "sts:AssumeRole"
                ],
                "condition": [],
                "effect": "Allow",
                "not_actions": [],
                "not_principals": [],
                "not_resources": [],
                "principals": [
                  {
                    "identifiers": [
                      "lambda.amazonaws.com"
                    ],
                    "type": "Service"
                  }
                ],
                "resources": [],
                "sid": ""
              }
            ],
            "version": "2012-10-17"
          },
          "sensitive_attributes": []
        }
      ]
    },
    {
      "module": "module.backend.module.lambda_functions[\"GET /todos\"]",
      "mode": "data",
      "type": "aws_iam_policy_document",
      "name": "async",
      "provider": "provider[\"registry.terraform.io/hashicorp/aws\"]",
      "instances": []
    },
    {
      "module": "module.backend.module.lambda_functions[\"GET /todos\"]",
      "mode": "data",
      "type": "aws_iam_policy_document",
      "name": "dead_letter",
      "provider": "provider[\"registry.terraform.io/hashicorp/aws\"]",
      "instances": []
    },
    {
      "module": "module.backend.module.lambda_functions[\"GET /todos\"]",
      "mode": "data",
      "type": "aws_iam_policy_document",
      "name": "logs",
      "provider": "provider[\"registry.terraform.io/hashicorp/aws\"]",
      "instances": [
        {
          "index_key": 0,
          "schema_version": 0,
          "attributes": {
            "id": "958291073",
            "json": "{\n  \"Version\": \"2012-10-17\",\n  \"Statement\": [\n    {\n      \"Effect\": \"Allow\",\n      \"Action\": [\n        \"logs:PutLogEvents\",\n        \"logs:CreateLogStream\",\n        \"logs:CreateLogGroup\"\n      ],\n      \"Resource\": [\n        \"arn:aws:logs:us-west-2:958948421283:log-group:/aws/lambda/serverless-todo-dev-list:*:*\",\n        \"arn:aws:logs:us-west-2:958948421283:log-group:/aws/lambda/serverless-todo-dev-list:*\"\n      ]\n    }\n  ]\n}",
            "minified_json": "{\"Version\":\"2012-10-17\",\"Statement\":[{\"Effect\":\"Allow\",\"Action\":[\"logs:PutLogEvents\",\"logs:CreateLogStream\",\"logs:CreateLogGroup\"],\"Resource\":[\"arn:aws:logs:us-west-2:958948421283:log-group:/aws/lambda/serverless-todo-dev-list:*:*\",\"arn:aws:logs:us-west-2:958948421283:log-group:/aws/lambda/serverless-todo-dev-list:*\"]}]}",
            "override_json": null,
            "override_policy_documents": null,
            "policy_id": null,
            "source_json": null,
            "source_policy_documents": null,
            "statement": [
              {
                "actions": [
                  "logs:CreateLogGroup",
                  "logs:CreateLogStream",
                  "logs:PutLogEvents"
                ],
                "condition": [],
                "effect": "Allow",
                "not_actions": [],
                "not_principals": [],
                "not_resources": [],
                "principals": [],
                "resources": [
                  "arn:aws:logs:us-west-2:958948421283:log-group:/aws/lambda/serverless-todo-dev-list:*",
                  "arn:aws:logs:us-west-2:958948421283:log-group:/aws/lambda/serverless-todo-dev-list:*:*"
                ],
                "sid": ""
              }
            ],
            "version": "2012-10-17"
          },
          "sensitive_attributes": []
        }
      ]
    },
    {
      "module": "module.backend.module.lambda_functions[\"GET /todos\"]",
      "mode": "data",
      "type": "aws_partition",
      "name": "current",
      "provider": "provider[\"registry.terraform.io/hashicorp/aws\"]",
      "instances": [
        {
          "schema_version": 0,
          "attributes": {
            "dns_suffix": "amazonaws.com",
            "id": "aws",
            "partition": "aws",
            "reverse_dns_prefix": "com.amazonaws"
          },
          "sensitive_attributes": []
        }
      ]
    },
    {
      "module": "module.backend.module.lambda_functions[\"GET /todos\"]",
      "mode": "data",
      "type": "aws_region",
      "name": "current",
      "provider": "provider[\"registry.terraform.io/hashicorp/aws\"]",
      "instances": [
        {
          "schema_version": 0,
          "attributes": {
            "description": "US West (Oregon)",
            "endpoint": "ec2.us-west-2.amazonaws.com",
            "id": "us-west-2",
            "name": "us-west-2",
            "region": "us-west-2"
          },
          "sensitive_attributes": []
        }
      ]
    },
    {
      "module": "module.backend.module.lambda_functions[\"GET /todos\"]",
      "mode": "data",
      "type": "external",
      "name": "archive_prepare",
      "provider": "provider[\"registry.terraform.io/hashicorp/external\"]",
      "instances": [
        {
          "index_key": 0,
          "schema_version": 0,
          "attributes": {
            "id": "-",
            "program": [
              "python.exe",
              ".terraform/modules/backend.lambda_functions/package.py",
              "prepare"
            ],
            "query": {
              "artifacts_dir": "./.terraform/lambda-builds/",
              "docker": null,
              "hash_extra": "",
              "hash_extra_paths": "[]",
              "paths": "{\"cwd\":\"E:/Internal/Desktop/devops/serverless-todo-app/infra\",\"module\":\".terraform/modules/backend.lambda_functions\",\"root\":\".\"}",
              "recreate_missing_package": "true",
              "runtime": "nodejs18.x",
              "source_path": "[\"./../src/backend/functions/list.mjs\",{\"npm_requirements\":\"./../src/backend/package.json\"}]"
            },
            "result": {
              "build_plan": "{\"filename\": \"./.terraform/lambda-builds/f10812278528db7fa7995086dc87c74e345dbcb1aab83bbae3b4f4bcdb2caa87.zip\", \"runtime\": \"nodejs18.x\", \"artifacts_dir\": \"./.terraform/lambda-builds/\", \"build_plan\": [[[\"zip\", \"./../src/backend/functions/list.mjs\", null]], [[\"npm\", \"nodejs18.x\", \"./../src/backend/package.json\", null, null]]]}",
              "build_plan_filename": "./.terraform/lambda-builds/f10812278528db7fa7995086dc87c74e345dbcb1aab83bbae3b4f4bcdb2caa87.plan.json",
              "filename": "./.terraform/lambda-builds/f10812278528db7fa7995086dc87c74e345dbcb1aab83bbae3b4f4bcdb2caa87.zip",
              "timestamp": "1758362606792687800",
              "was_missing": "false"
            },
            "working_dir": null
          },
          "sensitive_attributes": []
        }
      ]
    },
    {
      "module": "module.backend.module.lambda_functions[\"GET /todos\"]",
      "mode": "managed",
      "type": "aws_cloudwatch_log_group",
      "name": "lambda",
      "provider": "provider[\"registry.terraform.io/hashicorp/aws\"]",
      "instances": [
        {
          "index_key": 0,
          "schema_version": 0,
          "attributes": {
            "arn": "arn:aws:logs:us-west-2:958948421283:log-group:/aws/lambda/serverless-todo-dev-list",
            "id": "/aws/lambda/serverless-todo-dev-list",
            "kms_key_id": "",
            "log_group_class": "STANDARD",
            "name": "/aws/lambda/serverless-todo-dev-list",
            "name_prefix": "",
            "region": "us-west-2",
            "retention_in_days": 0,
            "skip_destroy": false,
            "tags": {},
            "tags_all": {
              "Environment": "dev",
              "Project": "serverless-todo"
            }
          },
          "sensitive_attributes": [],
          "private": "bnVsbA==",
          "create_before_destroy": true
        }
      ]
    },
    {
      "module": "module.backend.module.lambda_functions[\"GET /todos\"]",
      "mode": "managed",
      "type": "aws_iam_role",
      "name": "lambda",
      "provider": "provider[\"registry.terraform.io/hashicorp/aws\"]",
      "instances": [
        {
          "index_key": 0,
          "schema_version": 0,
          "attributes": {
            "arn": "arn:aws:iam::958948421283:role/serverless-todo-dev-list",
            "assume_role_policy": "{\"Statement\":[{\"Action\":\"sts:AssumeRole\",\"Effect\":\"Allow\",\"Principal\":{\"Service\":\"lambda.amazonaws.com\"}}],\"Version\":\"2012-10-17\"}",
            "create_date": "2025-09-20T10:02:02Z",
            "description": "",
            "force_detach_policies": true,
            "id": "serverless-todo-dev-list",
            "inline_policy": [
              {
                "name": "serverless-todo-dev-list",
                "policy": "{\"Id\":\"PolicyForDynamoDB\",\"Statement\":[{\"Action\":[\"dynamodb:GetItem\",\"dynamodb:PutItem\",\"dynamodb:UpdateItem\",\"dynamodb:DeleteItem\",\"dynamodb:Query\",\"dynamodb:Scan\"],\"Effect\":\"Allow\",\"Resource\":\"arn:aws:dynamodb:us-west-2:958948421283:table/serverless-todo-dynamodb-dev\",\"Sid\":\"AllowDynamoDBAccess\"}],\"Version\":\"2008-10-17\"}"
              },
              {
                "name": "serverless-todo-dev-list-logs",
                "policy": "{\"Version\":\"2012-10-17\",\"Statement\":[{\"Action\":[\"logs:PutLogEvents\",\"logs:CreateLogStream\",\"logs:CreateLogGroup\"],\"Effect\":\"Allow\",\"Resource\":[\"arn:aws:logs:us-west-2:958948421283:log-group:/aws/lambda/serverless-todo-dev-list:*:*\",\"arn:aws:logs:us-west-2:958948421283:log-group:/aws/lambda/serverless-todo-dev-list:*\"]}]}"
              }
            ],
            "managed_policy_arns": [],
            "max_session_duration": 3600,
            "name": "serverless-todo-dev-list",
            "name_prefix": "",
            "path": "/",
            "permissions_boundary": "",
            "tags": {},
            "tags_all": {
              "Environment": "dev",
              "Project": "serverless-todo"
            },
            "unique_id": "AROA56ROHV2RRK2MEWWJJ"
          },
          "sensitive_attributes": [],
          "private": "bnVsbA==",
          "dependencies": [
            "module.backend.module.lambda_functions.data.aws_iam_policy_document.assume_role"
          ],
          "create_before_destroy": true
        }
      ]
    },
    {
      "module": "module.backend.module.lambda_functions[\"GET /todos\"]",
      "mode": "managed",
      "type": "aws_iam_role_policy",
      "name": "additional_inline",
      "provider": "provider[\"registry.terraform.io/hashicorp/aws\"]",
      "instances": []
    },
    {
      "module": "module.backend.module.lambda_functions[\"GET /todos\"]",
      "mode": "managed",
      "type": "aws_iam_role_policy",
      "name": "additional_json",
      "provider": "provider[\"registry.terraform.io/hashicorp/aws\"]",
      "instances": [
        {
          "index_key": 0,
          "schema_version": 0,
          "attributes": {
            "id": "serverless-todo-dev-list:serverless-todo-dev-list",
            "name": "serverless-todo-dev-list",
            "name_prefix": "",
            "policy": "{\"Id\":\"PolicyForDynamoDB\",\"Statement\":[{\"Action\":[\"dynamodb:GetItem\",\"dynamodb:PutItem\",\"dynamodb:UpdateItem\",\"dynamodb:DeleteItem\",\"dynamodb:Query\",\"dynamodb:Scan\"],\"Effect\":\"Allow\",\"Resource\":\"arn:aws:dynamodb:us-west-2:958948421283:table/serverless-todo-dynamodb-dev\",\"Sid\":\"AllowDynamoDBAccess\"}],\"Version\":\"2008-10-17\"}",
            "role": "serverless-todo-dev-list"
          },
          "sensitive_attributes": [],
          "private": "bnVsbA==",
          "dependencies": [
            "module.backend.module.lambda_functions.aws_iam_role.lambda",
            "module.backend.module.lambda_functions.data.aws_iam_policy_document.assume_role",
            "module.dynamodb_table.aws_dynamodb_table.autoscaled",
            "module.dynamodb_table.aws_dynamodb_table.autoscaled_gsi_ignore",
            "module.dynamodb_table.aws_dynamodb_table.this"
          ],
          "create_before_destroy": true
        }
      ]
    },
    {
      "module": "module.backend.module.lambda_functions[\"GET /todos\"]",
      "mode": "managed",
      "type": "aws_iam_role_policy",
      "name": "additional_jsons",
      "provider": "provider[\"registry.terraform.io/hashicorp/aws\"]",
      "instances": []
    },
    {
      "module": "module.backend.module.lambda_functions[\"GET /todos\"]",
      "mode": "managed",
      "type": "aws_iam_role_policy",
      "name": "async",
      "provider": "provider[\"registry.terraform.io/hashicorp/aws\"]",
      "instances": []
    },
    {
      "module": "module.backend.module.lambda_functions[\"GET /todos\"]",
      "mode": "managed",
      "type": "aws_iam_role_policy",
      "name": "dead_letter",
      "provider": "provider[\"registry.terraform.io/hashicorp/aws\"]",
      "instances": []
    },
    {
      "module": "module.backend.module.lambda_functions[\"GET /todos\"]",
      "mode": "managed",
      "type": "aws_iam_role_policy",
      "name": "logs",
      "provider": "provider[\"registry.terraform.io/hashicorp/aws\"]",
      "instances": [
        {
          "index_key": 0,
          "schema_version": 0,
          "attributes": {
            "id": "serverless-todo-dev-list:serverless-todo-dev-list-logs",
            "name": "serverless-todo-dev-list-logs",
            "name_prefix": "",
            "policy": "{\"Version\":\"2012-10-17\",\"Statement\":[{\"Action\":[\"logs:PutLogEvents\",\"logs:CreateLogStream\",\"logs:CreateLogGroup\"],\"Effect\":\"Allow\",\"Resource\":[\"arn:aws:logs:us-west-2:958948421283:log-group:/aws/lambda/serverless-todo-dev-list:*:*\",\"arn:aws:logs:us-west-2:958948421283:log-group:/aws/lambda/serverless-todo-dev-list:*\"]}]}",
            "role": "serverless-todo-dev-list"
          },
          "sensitive_attributes": [],
          "private": "bnVsbA==",
          "dependencies": [
            "module.backend.module.lambda_functions.aws_cloudwatch_log_group.lambda",
            "module.backend.module.lambda_functions.aws_iam_role.lambda",
            "module.backend.module.lambda_functions.data.aws_arn.log_group_arn",
            "module.backend.module.lambda_functions.data.aws_cloudwatch_log_group.lambda",
            "module.backend.module.lambda_functions.data.aws_iam_policy_document.assume_role",
            "module.backend.module.lambda_functions.data.aws_iam_policy_document.logs"
          ],
          "create_before_destroy": true
        }
      ]
    },
    {
      "module": "module.backend.module.lambda_functions[\"GET /todos\"]",
      "mode": "managed",
      "type": "aws_iam_role_policy",
      "name": "tracing",
      "provider": "provider[\"registry.terraform.io/hashicorp/aws\"]",
      "instances": []
    },
    {
      "module": "module.backend.module.lambda_functions[\"GET /todos\"]",
      "mode": "managed",
      "type": "aws_iam_role_policy",
      "name": "vpc",
      "provider": "provider[\"registry.terraform.io/hashicorp/aws\"]",
      "instances": []
    },
    {
      "module": "module.backend.module.lambda_functions[\"GET /todos\"]",
      "mode": "managed",
      "type": "aws_iam_role_policy_attachment",
      "name": "additional_many",
      "provider": "provider[\"registry.terraform.io/hashicorp/aws\"]",
      "instances": []
    },
    {
      "module": "module.backend.module.lambda_functions[\"GET /todos\"]",
      "mode": "managed",
      "type": "aws_iam_role_policy_attachment",
      "name": "additional_one",
      "provider": "provider[\"registry.terraform.io/hashicorp/aws\"]",
      "instances": []
    },
    {
      "module": "module.backend.module.lambda_functions[\"GET /todos\"]",
      "mode": "managed",
      "type": "aws_lambda_function",
      "name": "this",
      "provider": "provider[\"registry.terraform.io/hashicorp/aws\"]",
      "instances": [
        {
          "index_key": 0,
          "schema_version": 0,
          "attributes": {
            "architectures": [
              "x86_64"
            ],
            "arn": "arn:aws:lambda:us-west-2:958948421283:function:serverless-todo-dev-list",
            "code_sha256": "kqDNhBA2I+GvHVIuF8FM4o4ejg8+GUWAhYLt4VkpydI=",
            "code_signing_config_arn": "",
            "dead_letter_config": [],
            "description": "",
            "environment": [
              {
                "variables": {
                  "DYNAMODB_TABLE": "serverless-todo-dynamodb-dev",
                  "ENVIRONMENT": "dev"
                }
              }
            ],
            "ephemeral_storage": [
              {
                "size": 512
              }
            ],
            "file_system_config": [],
            "filename": "./.terraform/lambda-builds/f10812278528db7fa7995086dc87c74e345dbcb1aab83bbae3b4f4bcdb2caa87.zip",
            "function_name": "serverless-todo-dev-list",
            "handler": "list.handler",
            "id": "serverless-todo-dev-list",
            "image_config": [],
            "image_uri": "",
            "invoke_arn": "arn:aws:apigateway:us-west-2:lambda:path/2015-03-31/functions/arn:aws:lambda:us-west-2:958948421283:function:serverless-todo-dev-list/invocations",
            "kms_key_arn": "",
            "last_modified": "2025-09-20T10:14:20.000+0000",
            "layers": [],
            "logging_config": [
              {
                "application_log_level": "",
                "log_format": "Text",
                "log_group": "/aws/lambda/serverless-todo-dev-list",
                "system_log_level": ""
              }
            ],
            "memory_size": 128,
            "package_type": "Zip",
            "publish": true,
            "qualified_arn": "arn:aws:lambda:us-west-2:958948421283:function:serverless-todo-dev-list:8",
            "qualified_invoke_arn": "arn:aws:apigateway:us-west-2:lambda:path/2015-03-31/functions/arn:aws:lambda:us-west-2:958948421283:function:serverless-todo-dev-list:8/invocations",
            "region": "us-west-2",
            "replace_security_groups_on_destroy": null,
            "replacement_security_group_ids": null,
            "reserved_concurrent_executions": -1,
            "role": "arn:aws:iam::958948421283:role/serverless-todo-dev-list",
            "runtime": "nodejs18.x",
            "s3_bucket": null,
            "s3_key": null,
            "s3_object_version": null,
            "signing_job_arn": "",
            "signing_profile_version_arn": "",
            "skip_destroy": false,
            "snap_start": [],
            "source_code_hash": "kqDNhBA2I+GvHVIuF8FM4o4ejg8+GUWAhYLt4VkpydI=",
            "source_code_size": 82039,
            "source_kms_key_arn": "",
            "tags": {
              "terraform-aws-modules": "lambda"
            },
            "tags_all": {
              "Environment": "dev",
              "Project": "serverless-todo",
              "terraform-aws-modules": "lambda"
            },
            "timeout": 3,
            "timeouts": null,
            "tracing_config": [
              {
                "mode": "PassThrough"
              }
            ],
            "version": "8",
            "vpc_config": []
          },
          "sensitive_attributes": [],
          "private": "eyJlMmJmYjczMC1lY2FhLTExZTYtOGY4OC0zNDM2M2JjN2M0YzAiOnsiY3JlYXRlIjo2MDAwMDAwMDAwMDAsImRlbGV0ZSI6NjAwMDAwMDAwMDAwLCJ1cGRhdGUiOjYwMDAwMDAwMDAwMH19",
          "dependencies": [
            "module.backend.module.lambda_functions.aws_cloudwatch_log_group.lambda",
            "module.backend.module.lambda_functions.aws_iam_role.lambda",
            "module.backend.module.lambda_functions.aws_iam_role_policy.additional_inline",
            "module.backend.module.lambda_functions.aws_iam_role_policy.additional_json",
            "module.backend.module.lambda_functions.aws_iam_role_policy.additional_jsons",
            "module.backend.module.lambda_functions.aws_iam_role_policy.async",
            "module.backend.module.lambda_functions.aws_iam_role_policy.dead_letter",
            "module.backend.module.lambda_functions.aws_iam_role_policy.logs",
            "module.backend.module.lambda_functions.aws_iam_role_policy.tracing",
            "module.backend.module.lambda_functions.aws_iam_role_policy.vpc",
            "module.backend.module.lambda_functions.aws_iam_role_policy_attachment.additional_many",
            "module.backend.module.lambda_functions.aws_iam_role_policy_attachment.additional_one",
            "module.backend.module.lambda_functions.aws_s3_object.lambda_package",
            "module.backend.module.lambda_functions.data.aws_arn.log_group_arn",
            "module.backend.module.lambda_functions.data.aws_cloudwatch_log_group.lambda",
            "module.backend.module.lambda_functions.data.aws_iam_policy.tracing",
            "module.backend.module.lambda_functions.data.aws_iam_policy.vpc",
            "module.backend.module.lambda_functions.data.aws_iam_policy_document.additional_inline",
            "module.backend.module.lambda_functions.data.aws_iam_policy_document.assume_role",
            "module.backend.module.lambda_functions.data.aws_iam_policy_document.async",
            "module.backend.module.lambda_functions.data.aws_iam_policy_document.dead_letter",
            "module.backend.module.lambda_functions.data.aws_iam_policy_document.logs",
            "module.backend.module.lambda_functions.data.aws_partition.current",
            "module.backend.module.lambda_functions.data.external.archive_prepare",
            "module.backend.module.lambda_functions.local_file.archive_plan",
            "module.backend.module.lambda_functions.null_resource.archive",
            "module.dynamodb_table.aws_dynamodb_table.autoscaled",
            "module.dynamodb_table.aws_dynamodb_table.autoscaled_gsi_ignore",
            "module.dynamodb_table.aws_dynamodb_table.this"
          ],
          "create_before_destroy": true
        }
      ]
    },
    {
      "module": "module.backend.module.lambda_functions[\"GET /todos\"]",
      "mode": "managed",
      "type": "aws_lambda_layer_version",
      "name": "this",
      "provider": "provider[\"registry.terraform.io/hashicorp/aws\"]",
      "instances": []
    },
    {
      "module": "module.backend.module.lambda_functions[\"GET /todos\"]",
      "mode": "managed",
      "type": "aws_lambda_permission",
      "name": "current_version_triggers",
      "provider": "provider[\"registry.terraform.io/hashicorp/aws\"]",
      "instances": [
        {
          "index_key": "apigw",
          "schema_version": 0,
          "attributes": {
            "action": "lambda:InvokeFunction",
            "event_source_token": null,
            "function_name": "serverless-todo-dev-list",
            "function_url_auth_type": null,
            "id": "apigw20250920100416318300000009",
            "principal": "apigateway.amazonaws.com",
            "principal_org_id": null,
            "qualifier": "7",
            "region": "us-west-2",
            "source_account": null,
            "source_arn": "arn:aws:execute-api:us-west-2:958948421283:4wsto8g9ri/*/*",
            "statement_id": "apigw20250920100416318300000009",
            "statement_id_prefix": "apigw"
          },
          "sensitive_attributes": [],
          "private": "bnVsbA==",
          "dependencies": [
            "module.backend.module.api_gateway.aws_apigatewayv2_api.this",
            "module.backend.module.lambda_functions.aws_cloudwatch_log_group.lambda",
            "module.backend.module.lambda_functions.aws_iam_role.lambda",
            "module.backend.module.lambda_functions.aws_iam_role_policy.additional_inline",
            "module.backend.module.lambda_functions.aws_iam_role_policy.additional_json",
            "module.backend.module.lambda_functions.aws_iam_role_policy.additional_jsons",
            "module.backend.module.lambda_functions.aws_iam_role_policy.async",
            "module.backend.module.lambda_functions.aws_iam_role_policy.dead_letter",
            "module.backend.module.lambda_functions.aws_iam_role_policy.logs",
            "module.backend.module.lambda_functions.aws_iam_role_policy.tracing",
            "module.backend.module.lambda_functions.aws_iam_role_policy.vpc",
            "module.backend.module.lambda_functions.aws_iam_role_policy_attachment.additional_many",
            "module.backend.module.lambda_functions.aws_iam_role_policy_attachment.additional_one",
            "module.backend.module.lambda_functions.aws_lambda_function.this",
            "module.backend.module.lambda_functions.aws_s3_object.lambda_package",
            "module.backend.module.lambda_functions.data.aws_arn.log_group_arn",
            "module.backend.module.lambda_functions.data.aws_cloudwatch_log_group.lambda",
            "module.backend.module.lambda_functions.data.aws_iam_policy.tracing",
            "module.backend.module.lambda_functions.data.aws_iam_policy.vpc",
            "module.backend.module.lambda_functions.data.aws_iam_policy_document.additional_inline",
            "module.backend.module.lambda_functions.data.aws_iam_policy_document.assume_role",
            "module.backend.module.lambda_functions.data.aws_iam_policy_document.async",
            "module.backend.module.lambda_functions.data.aws_iam_policy_document.dead_letter",
            "module.backend.module.lambda_functions.data.aws_iam_policy_document.logs",
            "module.backend.module.lambda_functions.data.aws_partition.current",
            "module.backend.module.lambda_functions.data.external.archive_prepare",
            "module.backend.module.lambda_functions.local_file.archive_plan",
            "module.backend.module.lambda_functions.null_resource.archive",
            "module.dynamodb_table.aws_dynamodb_table.autoscaled",
            "module.dynamodb_table.aws_dynamodb_table.autoscaled_gsi_ignore",
            "module.dynamodb_table.aws_dynamodb_table.this"
          ],
          "create_before_destroy": true
        }
      ]
    },
    {
      "module": "module.backend.module.lambda_functions[\"GET /todos\"]",
      "mode": "managed",
      "type": "aws_lambda_permission",
      "name": "unqualified_alias_triggers",
      "provider": "provider[\"registry.terraform.io/hashicorp/aws\"]",
      "instances": [
        {
          "index_key": "apigw",
          "schema_version": 0,
          "attributes": {
            "action": "lambda:InvokeFunction",
            "event_source_token": null,
            "function_name": "serverless-todo-dev-list",
            "function_url_auth_type": null,
            "id": "apigw20250920100416317200000002",
            "principal": "apigateway.amazonaws.com",
            "principal_org_id": null,
            "qualifier": "",
            "region": "us-west-2",
            "source_account": null,
            "source_arn": "arn:aws:execute-api:us-west-2:958948421283:4wsto8g9ri/*/*",
            "statement_id": "apigw20250920100416317200000002",
            "statement_id_prefix": "apigw"
          },
          "sensitive_attributes": [],
          "private": "bnVsbA==",
          "dependencies": [
            "module.backend.module.api_gateway.aws_apigatewayv2_api.this",
            "module.backend.module.lambda_functions.aws_cloudwatch_log_group.lambda",
            "module.backend.module.lambda_functions.aws_iam_role.lambda",
            "module.backend.module.lambda_functions.aws_iam_role_policy.additional_inline",
            "module.backend.module.lambda_functions.aws_iam_role_policy.additional_json",
            "module.backend.module.lambda_functions.aws_iam_role_policy.additional_jsons",
            "module.backend.module.lambda_functions.aws_iam_role_policy.async",
            "module.backend.module.lambda_functions.aws_iam_role_policy.dead_letter",
            "module.backend.module.lambda_functions.aws_iam_role_policy.logs",
            "module.backend.module.lambda_functions.aws_iam_role_policy.tracing",
            "module.backend.module.lambda_functions.aws_iam_role_policy.vpc",
            "module.backend.module.lambda_functions.aws_iam_role_policy_attachment.additional_many",
            "module.backend.module.lambda_functions.aws_iam_role_policy_attachment.additional_one",
            "module.backend.module.lambda_functions.aws_lambda_function.this",
            "module.backend.module.lambda_functions.aws_s3_object.lambda_package",
            "module.backend.module.lambda_functions.data.aws_arn.log_group_arn",
            "module.backend.module.lambda_functions.data.aws_cloudwatch_log_group.lambda",
            "module.backend.module.lambda_functions.data.aws_iam_policy.tracing",
            "module.backend.module.lambda_functions.data.aws_iam_policy.vpc",
            "module.backend.module.lambda_functions.data.aws_iam_policy_document.additional_inline",
            "module.backend.module.lambda_functions.data.aws_iam_policy_document.assume_role",
            "module.backend.module.lambda_functions.data.aws_iam_policy_document.async",
            "module.backend.module.lambda_functions.data.aws_iam_policy_document.dead_letter",
            "module.backend.module.lambda_functions.data.aws_iam_policy_document.logs",
            "module.backend.module.lambda_functions.data.aws_partition.current",
            "module.backend.module.lambda_functions.data.external.archive_prepare",
            "module.backend.module.lambda_functions.local_file.archive_plan",
            "module.backend.module.lambda_functions.null_resource.archive",
            "module.dynamodb_table.aws_dynamodb_table.autoscaled",
            "module.dynamodb_table.aws_dynamodb_table.autoscaled_gsi_ignore",
            "module.dynamodb_table.aws_dynamodb_table.this"
          ],
          "create_before_destroy": true
        }
      ]
    },
    {
      "module": "module.backend.module.lambda_functions[\"GET /todos\"]",
      "mode": "managed",
      "type": "aws_s3_object",
      "name": "lambda_package",
      "provider": "provider[\"registry.terraform.io/hashicorp/aws\"]",
      "instances": []
    },
    {
      "module": "module.backend.module.lambda_functions[\"GET /todos\"]",
      "mode": "managed",
      "type": "local_file",
      "name": "archive_plan",
      "provider": "provider[\"registry.terraform.io/hashicorp/local\"]",
      "instances": [
        {
          "index_key": 0,
          "schema_version": 0,
          "attributes": {
            "content": "{\"filename\": \"./.terraform/lambda-builds/f10812278528db7fa7995086dc87c74e345dbcb1aab83bbae3b4f4bcdb2caa87.zip\", \"runtime\": \"nodejs18.x\", \"artifacts_dir\": \"./.terraform/lambda-builds/\", \"build_plan\": [[[\"zip\", \"./../src/backend/functions/list.mjs\", null]], [[\"npm\", \"nodejs18.x\", \"./../src/backend/package.json\", null, null]]]}",
            "content_base64": null,
            "content_base64sha256": "f7zXaZYDGd5B9zwKpCSXICogrp/2DH3K34ewwD2mjQg=",
            "content_base64sha512": "fRfHMIUeZ4VYFBcHElXSrOOUaQWEGYxjni485EL6MafLYiFS/vKUN1/8yaDOChTlMUsyvfFRVNMqDhxiOn45fw==",
            "content_md5": "e5b3e7f792c93e495cf9e02e2b802b19",
            "content_sha1": "e222b555db6c222aaaba40d0ba7780d98a4f4ceb",
            "content_sha256": "7fbcd769960319de41f73c0aa42497202a20ae9ff60c7dcadf87b0c03da68d08",
            "content_sha512": "7d17c730851e6785581417071255d2ace394690584198c639e2e3ce442fa31a7cb622152fef294375ffcc9a0ce0a14e5314b32bdf15154d32a0e1c623a7e397f",
            "directory_permission": "0755",
            "file_permission": "0644",
            "filename": "./.terraform/lambda-builds/f10812278528db7fa7995086dc87c74e345dbcb1aab83bbae3b4f4bcdb2caa87.plan.json",
            "id": "e222b555db6c222aaaba40d0ba7780d98a4f4ceb",
            "sensitive_content": null,
            "source": null
          },
          "sensitive_attributes": [
            [
              {
                "type": "get_attr",
                "value": "sensitive_content"
              }
            ],
            [
              {
                "type": "get_attr",
                "value": "content"
              }
            ]
          ],
          "dependencies": [
            "module.backend.module.lambda_functions.data.external.archive_prepare"
          ],
          "create_before_destroy": true
        }
      ]
    },
    {
      "module": "module.backend.module.lambda_functions[\"GET /todos\"]",
      "mode": "managed",
      "type": "null_resource",
      "name": "archive",
      "provider": "provider[\"registry.terraform.io/hashicorp/null\"]",
      "instances": [
        {
          "index_key": 0,
          "schema_version": 0,
          "attributes": {
            "id": "359450969",
            "triggers": {
              "filename": "./.terraform/lambda-builds/f10812278528db7fa7995086dc87c74e345dbcb1aab83bbae3b4f4bcdb2caa87.zip",
              "timestamp": "1758362606792687800"
            }
          },
          "sensitive_attributes": [],
          "dependencies": [
            "module.backend.module.lambda_functions.data.external.archive_prepare",
            "module.backend.module.lambda_functions.local_file.archive_plan"
          ],
          "create_before_destroy": true
        }
      ]
    },
    {
      "module": "module.backend.module.lambda_functions[\"GET /todos\"]",
      "mode": "managed",
      "type": "null_resource",
      "name": "sam_metadata_aws_lambda_function",
      "provider": "provider[\"registry.terraform.io/hashicorp/null\"]",
      "instances": []
    },
    {
      "module": "module.backend.module.lambda_functions[\"GET /todos\"]",
      "mode": "managed",
      "type": "null_resource",
      "name": "sam_metadata_aws_lambda_layer_version",
      "provider": "provider[\"registry.terraform.io/hashicorp/null\"]",
      "instances": []
    },
    {
      "module": "module.backend.module.lambda_functions[\"GET /todos/{id}\"]",
      "mode": "data",
      "type": "aws_arn",
      "name": "log_group_arn",
      "provider": "provider[\"registry.terraform.io/hashicorp/aws\"]",
      "instances": []
    },
    {
      "module": "module.backend.module.lambda_functions[\"GET /todos/{id}\"]",
      "mode": "data",
      "type": "aws_caller_identity",
      "name": "current",
      "provider": "provider[\"registry.terraform.io/hashicorp/aws\"]",
      "instances": [
        {
          "schema_version": 0,
          "attributes": {
            "account_id": "958948421283",
            "arn": "arn:aws:iam::958948421283:user/cli-user",
            "id": "958948421283",
            "user_id": "AIDA56ROHV2RRL33TY4LX"
          },
          "sensitive_attributes": []
        }
      ]
    },
    {
      "module": "module.backend.module.lambda_functions[\"GET /todos/{id}\"]",
      "mode": "data",
      "type": "aws_cloudwatch_log_group",
      "name": "lambda",
      "provider": "provider[\"registry.terraform.io/hashicorp/aws\"]",
      "instances": []
    },
    {
      "module": "module.backend.module.lambda_functions[\"GET /todos/{id}\"]",
      "mode": "data",
      "type": "aws_iam_policy",
      "name": "tracing",
      "provider": "provider[\"registry.terraform.io/hashicorp/aws\"]",
      "instances": []
    },
    {
      "module": "module.backend.module.lambda_functions[\"GET /todos/{id}\"]",
      "mode": "data",
      "type": "aws_iam_policy",
      "name": "vpc",
      "provider": "provider[\"registry.terraform.io/hashicorp/aws\"]",
      "instances": []
    },
    {
      "module": "module.backend.module.lambda_functions[\"GET /todos/{id}\"]",
      "mode": "data",
      "type": "aws_iam_policy_document",
      "name": "additional_inline",
      "provider": "provider[\"registry.terraform.io/hashicorp/aws\"]",
      "instances": []
    },
    {
      "module": "module.backend.module.lambda_functions[\"GET /todos/{id}\"]",
      "mode": "data",
      "type": "aws_iam_policy_document",
      "name": "assume_role",
      "provider": "provider[\"registry.terraform.io/hashicorp/aws\"]",
      "instances": [
        {
          "index_key": 0,
          "schema_version": 0,
          "attributes": {
            "id": "1604711841",
            "json": "{\n  \"Version\": \"2012-10-17\",\n  \"Statement\": [\n    {\n      \"Effect\": \"Allow\",\n      \"Action\": \"sts:AssumeRole\",\n      \"Principal\": {\n        \"Service\": \"lambda.amazonaws.com\"\n      }\n    }\n  ]\n}",
            "minified_json": "{\"Version\":\"2012-10-17\",\"Statement\":[{\"Effect\":\"Allow\",\"Action\":\"sts:AssumeRole\",\"Principal\":{\"Service\":\"lambda.amazonaws.com\"}}]}",
            "override_json": null,
            "override_policy_documents": null,
            "policy_id": null,
            "source_json": null,
            "source_policy_documents": null,
            "statement": [
              {
                "actions": [
                  "sts:AssumeRole"
                ],
                "condition": [],
                "effect": "Allow",
                "not_actions": [],
                "not_principals": [],
                "not_resources": [],
                "principals": [
                  {
                    "identifiers": [
                      "lambda.amazonaws.com"
                    ],
                    "type": "Service"
                  }
                ],
                "resources": [],
                "sid": ""
              }
            ],
            "version": "2012-10-17"
          },
          "sensitive_attributes": []
        }
      ]
    },
    {
      "module": "module.backend.module.lambda_functions[\"GET /todos/{id}\"]",
      "mode": "data",
      "type": "aws_iam_policy_document",
      "name": "async",
      "provider": "provider[\"registry.terraform.io/hashicorp/aws\"]",
      "instances": []
    },
    {
      "module": "module.backend.module.lambda_functions[\"GET /todos/{id}\"]",
      "mode": "data",
      "type": "aws_iam_policy_document",
      "name": "dead_letter",
      "provider": "provider[\"registry.terraform.io/hashicorp/aws\"]",
      "instances": []
    },
    {
      "module": "module.backend.module.lambda_functions[\"GET /todos/{id}\"]",
      "mode": "data",
      "type": "aws_iam_policy_document",
      "name": "logs",
      "provider": "provider[\"registry.terraform.io/hashicorp/aws\"]",
      "instances": [
        {
          "index_key": 0,
          "schema_version": 0,
          "attributes": {
            "id": "865913414",
            "json": "{\n  \"Version\": \"2012-10-17\",\n  \"Statement\": [\n    {\n      \"Effect\": \"Allow\",\n      \"Action\": [\n        \"logs:PutLogEvents\",\n        \"logs:CreateLogStream\",\n        \"logs:CreateLogGroup\"\n      ],\n      \"Resource\": [\n        \"arn:aws:logs:us-west-2:958948421283:log-group:/aws/lambda/serverless-todo-dev-get:*:*\",\n        \"arn:aws:logs:us-west-2:958948421283:log-group:/aws/lambda/serverless-todo-dev-get:*\"\n      ]\n    }\n  ]\n}",
            "minified_json": "{\"Version\":\"2012-10-17\",\"Statement\":[{\"Effect\":\"Allow\",\"Action\":[\"logs:PutLogEvents\",\"logs:CreateLogStream\",\"logs:CreateLogGroup\"],\"Resource\":[\"arn:aws:logs:us-west-2:958948421283:log-group:/aws/lambda/serverless-todo-dev-get:*:*\",\"arn:aws:logs:us-west-2:958948421283:log-group:/aws/lambda/serverless-todo-dev-get:*\"]}]}",
            "override_json": null,
            "override_policy_documents": null,
            "policy_id": null,
            "source_json": null,
            "source_policy_documents": null,
            "statement": [
              {
                "actions": [
                  "logs:CreateLogGroup",
                  "logs:CreateLogStream",
                  "logs:PutLogEvents"
                ],
                "condition": [],
                "effect": "Allow",
                "not_actions": [],
                "not_principals": [],
                "not_resources": [],
                "principals": [],
                "resources": [
                  "arn:aws:logs:us-west-2:958948421283:log-group:/aws/lambda/serverless-todo-dev-get:*",
                  "arn:aws:logs:us-west-2:958948421283:log-group:/aws/lambda/serverless-todo-dev-get:*:*"
                ],
                "sid": ""
              }
            ],
            "version": "2012-10-17"
          },
          "sensitive_attributes": []
        }
      ]
    },
    {
      "module": "module.backend.module.lambda_functions[\"GET /todos/{id}\"]",
      "mode": "data",
      "type": "aws_partition",
      "name": "current",
      "provider": "provider[\"registry.terraform.io/hashicorp/aws\"]",
      "instances": [
        {
          "schema_version": 0,
          "attributes": {
            "dns_suffix": "amazonaws.com",
            "id": "aws",
            "partition": "aws",
            "reverse_dns_prefix": "com.amazonaws"
          },
          "sensitive_attributes": []
        }
      ]
    },
    {
      "module": "module.backend.module.lambda_functions[\"GET /todos/{id}\"]",
      "mode": "data",
      "type": "aws_region",
      "name": "current",
      "provider": "provider[\"registry.terraform.io/hashicorp/aws\"]",
      "instances": [
        {
          "schema_version": 0,
          "attributes": {
            "description": "US West (Oregon)",
            "endpoint": "ec2.us-west-2.amazonaws.com",
            "id": "us-west-2",
            "name": "us-west-2",
            "region": "us-west-2"
          },
          "sensitive_attributes": []
        }
      ]
    },
    {
      "module": "module.backend.module.lambda_functions[\"GET /todos/{id}\"]",
      "mode": "data",
      "type": "external",
      "name": "archive_prepare",
      "provider": "provider[\"registry.terraform.io/hashicorp/external\"]",
      "instances": [
        {
          "index_key": 0,
          "schema_version": 0,
          "attributes": {
            "id": "-",
            "program": [
              "python.exe",
              ".terraform/modules/backend.lambda_functions/package.py",
              "prepare"
            ],
            "query": {
              "artifacts_dir": "./.terraform/lambda-builds/",
              "docker": null,
              "hash_extra": "",
              "hash_extra_paths": "[]",
              "paths": "{\"cwd\":\"E:/Internal/Desktop/devops/serverless-todo-app/infra\",\"module\":\".terraform/modules/backend.lambda_functions\",\"root\":\".\"}",
              "recreate_missing_package": "true",
              "runtime": "nodejs18.x",
              "source_path": "[\"./../src/backend/functions/get.mjs\",{\"npm_requirements\":\"./../src/backend/package.json\"}]"
            },
            "result": {
              "build_plan": "{\"filename\": \"./.terraform/lambda-builds/e024e44be69e452adee71490221ed33b2e111fda17d6527413be569cabbd3910.zip\", \"runtime\": \"nodejs18.x\", \"artifacts_dir\": \"./.terraform/lambda-builds/\", \"build_plan\": [[[\"zip\", \"./../src/backend/functions/get.mjs\", null]], [[\"npm\", \"nodejs18.x\", \"./../src/backend/package.json\", null, null]]]}",
              "build_plan_filename": "./.terraform/lambda-builds/e024e44be69e452adee71490221ed33b2e111fda17d6527413be569cabbd3910.plan.json",
              "filename": "./.terraform/lambda-builds/e024e44be69e452adee71490221ed33b2e111fda17d6527413be569cabbd3910.zip",
              "timestamp": "1758362606792723000",
              "was_missing": "false"
            },
            "working_dir": null
          },
          "sensitive_attributes": []
        }
      ]
    },
    {
      "module": "module.backend.module.lambda_functions[\"GET /todos/{id}\"]",
      "mode": "managed",
      "type": "aws_cloudwatch_log_group",
      "name": "lambda",
      "provider": "provider[\"registry.terraform.io/hashicorp/aws\"]",
      "instances": [
        {
          "index_key": 0,
          "schema_version": 0,
          "attributes": {
            "arn": "arn:aws:logs:us-west-2:958948421283:log-group:/aws/lambda/serverless-todo-dev-get",
            "id": "/aws/lambda/serverless-todo-dev-get",
            "kms_key_id": "",
            "log_group_class": "STANDARD",
            "name": "/aws/lambda/serverless-todo-dev-get",
            "name_prefix": "",
            "region": "us-west-2",
            "retention_in_days": 0,
            "skip_destroy": false,
            "tags": {},
            "tags_all": {
              "Environment": "dev",
              "Project": "serverless-todo"
            }
          },
          "sensitive_attributes": [],
          "private": "bnVsbA==",
          "create_before_destroy": true
        }
      ]
    },
    {
      "module": "module.backend.module.lambda_functions[\"GET /todos/{id}\"]",
      "mode": "managed",
      "type": "aws_iam_role",
      "name": "lambda",
      "provider": "provider[\"registry.terraform.io/hashicorp/aws\"]",
      "instances": [
        {
          "index_key": 0,
          "schema_version": 0,
          "attributes": {
            "arn": "arn:aws:iam::958948421283:role/serverless-todo-dev-get",
            "assume_role_policy": "{\"Statement\":[{\"Action\":\"sts:AssumeRole\",\"Effect\":\"Allow\",\"Principal\":{\"Service\":\"lambda.amazonaws.com\"}}],\"Version\":\"2012-10-17\"}",
            "create_date": "2025-09-20T10:02:02Z",
            "description": "",
            "force_detach_policies": true,
            "id": "serverless-todo-dev-get",
            "inline_policy": [
              {
                "name": "serverless-todo-dev-get",
                "policy": "{\"Id\":\"PolicyForDynamoDB\",\"Statement\":[{\"Action\":[\"dynamodb:GetItem\",\"dynamodb:PutItem\",\"dynamodb:UpdateItem\",\"dynamodb:DeleteItem\",\"dynamodb:Query\",\"dynamodb:Scan\"],\"Effect\":\"Allow\",\"Resource\":\"arn:aws:dynamodb:us-west-2:958948421283:table/serverless-todo-dynamodb-dev\",\"Sid\":\"AllowDynamoDBAccess\"}],\"Version\":\"2008-10-17\"}"
              },
              {
                "name": "serverless-todo-dev-get-logs",
                "policy": "{\"Version\":\"2012-10-17\",\"Statement\":[{\"Action\":[\"logs:PutLogEvents\",\"logs:CreateLogStream\",\"logs:CreateLogGroup\"],\"Effect\":\"Allow\",\"Resource\":[\"arn:aws:logs:us-west-2:958948421283:log-group:/aws/lambda/serverless-todo-dev-get:*:*\",\"arn:aws:logs:us-west-2:958948421283:log-group:/aws/lambda/serverless-todo-dev-get:*\"]}]}"
              }
            ],
            "managed_policy_arns": [],
            "max_session_duration": 3600,
            "name": "serverless-todo-dev-get",
            "name_prefix": "",
            "path": "/",
            "permissions_boundary": "",
            "tags": {},
            "tags_all": {
              "Environment": "dev",
              "Project": "serverless-todo"
            },
            "unique_id": "AROA56ROHV2RQ7L2SVMR6"
          },
          "sensitive_attributes": [],
          "private": "bnVsbA==",
          "dependencies": [
            "module.backend.module.lambda_functions.data.aws_iam_policy_document.assume_role"
          ],
          "create_before_destroy": true
        }
      ]
    },
    {
      "module": "module.backend.module.lambda_functions[\"GET /todos/{id}\"]",
      "mode": "managed",
      "type": "aws_iam_role_policy",
      "name": "additional_inline",
      "provider": "provider[\"registry.terraform.io/hashicorp/aws\"]",
      "instances": []
    },
    {
      "module": "module.backend.module.lambda_functions[\"GET /todos/{id}\"]",
      "mode": "managed",
      "type": "aws_iam_role_policy",
      "name": "additional_json",
      "provider": "provider[\"registry.terraform.io/hashicorp/aws\"]",
      "instances": [
        {
          "index_key": 0,
          "schema_version": 0,
          "attributes": {
            "id": "serverless-todo-dev-get:serverless-todo-dev-get",
            "name": "serverless-todo-dev-get",
            "name_prefix": "",
            "policy": "{\"Id\":\"PolicyForDynamoDB\",\"Statement\":[{\"Action\":[\"dynamodb:GetItem\",\"dynamodb:PutItem\",\"dynamodb:UpdateItem\",\"dynamodb:DeleteItem\",\"dynamodb:Query\",\"dynamodb:Scan\"],\"Effect\":\"Allow\",\"Resource\":\"arn:aws:dynamodb:us-west-2:958948421283:table/serverless-todo-dynamodb-dev\",\"Sid\":\"AllowDynamoDBAccess\"}],\"Version\":\"2008-10-17\"}",
            "role": "serverless-todo-dev-get"
          },
          "sensitive_attributes": [],
          "private": "bnVsbA==",
          "dependencies": [
            "module.backend.module.lambda_functions.aws_iam_role.lambda",
            "module.backend.module.lambda_functions.data.aws_iam_policy_document.assume_role",
            "module.dynamodb_table.aws_dynamodb_table.autoscaled",
            "module.dynamodb_table.aws_dynamodb_table.autoscaled_gsi_ignore",
            "module.dynamodb_table.aws_dynamodb_table.this"
          ],
          "create_before_destroy": true
        }
      ]
    },
    {
      "module": "module.backend.module.lambda_functions[\"GET /todos/{id}\"]",
      "mode": "managed",
      "type": "aws_iam_role_policy",
      "name": "additional_jsons",
      "provider": "provider[\"registry.terraform.io/hashicorp/aws\"]",
      "instances": []
    },
    {
      "module": "module.backend.module.lambda_functions[\"GET /todos/{id}\"]",
      "mode": "managed",
      "type": "aws_iam_role_policy",
      "name": "async",
      "provider": "provider[\"registry.terraform.io/hashicorp/aws\"]",
      "instances": []
    },
    {
      "module": "module.backend.module.lambda_functions[\"GET /todos/{id}\"]",
      "mode": "managed",
      "type": "aws_iam_role_policy",
      "name": "dead_letter",
      "provider": "provider[\"registry.terraform.io/hashicorp/aws\"]",
      "instances": []
    },
    {
      "module": "module.backend.module.lambda_functions[\"GET /todos/{id}\"]",
      "mode": "managed",
      "type": "aws_iam_role_policy",
      "name": "logs",
      "provider": "provider[\"registry.terraform.io/hashicorp/aws\"]",
      "instances": [
        {
          "index_key": 0,
          "schema_version": 0,
          "attributes": {
            "id": "serverless-todo-dev-get:serverless-todo-dev-get-logs",
            "name": "serverless-todo-dev-get-logs",
            "name_prefix": "",
            "policy": "{\"Version\":\"2012-10-17\",\"Statement\":[{\"Action\":[\"logs:PutLogEvents\",\"logs:CreateLogStream\",\"logs:CreateLogGroup\"],\"Effect\":\"Allow\",\"Resource\":[\"arn:aws:logs:us-west-2:958948421283:log-group:/aws/lambda/serverless-todo-dev-get:*:*\",\"arn:aws:logs:us-west-2:958948421283:log-group:/aws/lambda/serverless-todo-dev-get:*\"]}]}",
            "role": "serverless-todo-dev-get"
          },
          "sensitive_attributes": [],
          "private": "bnVsbA==",
          "dependencies": [
            "module.backend.module.lambda_functions.aws_cloudwatch_log_group.lambda",
            "module.backend.module.lambda_functions.aws_iam_role.lambda",
            "module.backend.module.lambda_functions.data.aws_arn.log_group_arn",
            "module.backend.module.lambda_functions.data.aws_cloudwatch_log_group.lambda",
            "module.backend.module.lambda_functions.data.aws_iam_policy_document.assume_role",
            "module.backend.module.lambda_functions.data.aws_iam_policy_document.logs"
          ],
          "create_before_destroy": true
        }
      ]
    },
    {
      "module": "module.backend.module.lambda_functions[\"GET /todos/{id}\"]",
      "mode": "managed",
      "type": "aws_iam_role_policy",
      "name": "tracing",
      "provider": "provider[\"registry.terraform.io/hashicorp/aws\"]",
      "instances": []
    },
    {
      "module": "module.backend.module.lambda_functions[\"GET /todos/{id}\"]",
      "mode": "managed",
      "type": "aws_iam_role_policy",
      "name": "vpc",
      "provider": "provider[\"registry.terraform.io/hashicorp/aws\"]",
      "instances": []
    },
    {
      "module": "module.backend.module.lambda_functions[\"GET /todos/{id}\"]",
      "mode": "managed",
      "type": "aws_iam_role_policy_attachment",
      "name": "additional_many",
      "provider": "provider[\"registry.terraform.io/hashicorp/aws\"]",
      "instances": []
    },
    {
      "module": "module.backend.module.lambda_functions[\"GET /todos/{id}\"]",
      "mode": "managed",
      "type": "aws_iam_role_policy_attachment",
      "name": "additional_one",
      "provider": "provider[\"registry.terraform.io/hashicorp/aws\"]",
      "instances": []
    },
    {
      "module": "module.backend.module.lambda_functions[\"GET /todos/{id}\"]",
      "mode": "managed",
      "type": "aws_lambda_function",
      "name": "this",
      "provider": "provider[\"registry.terraform.io/hashicorp/aws\"]",
      "instances": [
        {
          "index_key": 0,
          "schema_version": 0,
          "attributes": {
            "architectures": [
              "x86_64"
            ],
            "arn": "arn:aws:lambda:us-west-2:958948421283:function:serverless-todo-dev-get",
            "code_sha256": "Eyeg7jrJIM1kQGxAXOyKxeSUDUdb1fivzSj3oG7/wD4=",
            "code_signing_config_arn": "",
            "dead_letter_config": [],
            "description": "",
            "environment": [
              {
                "variables": {
                  "DYNAMODB_TABLE": "serverless-todo-dynamodb-dev",
                  "ENVIRONMENT": "dev"
                }
              }
            ],
            "ephemeral_storage": [
              {
                "size": 512
              }
            ],
            "file_system_config": [],
            "filename": "./.terraform/lambda-builds/e024e44be69e452adee71490221ed33b2e111fda17d6527413be569cabbd3910.zip",
            "function_name": "serverless-todo-dev-get",
            "handler": "get.handler",
            "id": "serverless-todo-dev-get",
            "image_config": [],
            "image_uri": "",
            "invoke_arn": "arn:aws:apigateway:us-west-2:lambda:path/2015-03-31/functions/arn:aws:lambda:us-west-2:958948421283:function:serverless-todo-dev-get/invocations",
            "kms_key_arn": "",
            "last_modified": "2025-09-20T10:13:54.000+0000",
            "layers": [],
            "logging_config": [
              {
                "application_log_level": "",
                "log_format": "Text",
                "log_group": "/aws/lambda/serverless-todo-dev-get",
                "system_log_level": ""
              }
            ],
            "memory_size": 128,
            "package_type": "Zip",
            "publish": true,
            "qualified_arn": "arn:aws:lambda:us-west-2:958948421283:function:serverless-todo-dev-get:8",
            "qualified_invoke_arn": "arn:aws:apigateway:us-west-2:lambda:path/2015-03-31/functions/arn:aws:lambda:us-west-2:958948421283:function:serverless-todo-dev-get:8/invocations",
            "region": "us-west-2",
            "replace_security_groups_on_destroy": null,
            "replacement_security_group_ids": null,
            "reserved_concurrent_executions": -1,
            "role": "arn:aws:iam::958948421283:role/serverless-todo-dev-get",
            "runtime": "nodejs18.x",
            "s3_bucket": null,
            "s3_key": null,
            "s3_object_version": null,
            "signing_job_arn": "",
            "signing_profile_version_arn": "",
            "skip_destroy": false,
            "snap_start": [],
            "source_code_hash": "Eyeg7jrJIM1kQGxAXOyKxeSUDUdb1fivzSj3oG7/wD4=",
            "source_code_size": 82067,
            "source_kms_key_arn": "",
            "tags": {
              "terraform-aws-modules": "lambda"
            },
            "tags_all": {
              "Environment": "dev",
              "Project": "serverless-todo",
              "terraform-aws-modules": "lambda"
            },
            "timeout": 3,
            "timeouts": null,
            "tracing_config": [
              {
                "mode": "PassThrough"
              }
            ],
            "version": "8",
            "vpc_config": []
          },
          "sensitive_attributes": [],
          "private": "eyJlMmJmYjczMC1lY2FhLTExZTYtOGY4OC0zNDM2M2JjN2M0YzAiOnsiY3JlYXRlIjo2MDAwMDAwMDAwMDAsImRlbGV0ZSI6NjAwMDAwMDAwMDAwLCJ1cGRhdGUiOjYwMDAwMDAwMDAwMH19",
          "dependencies": [
            "module.backend.module.lambda_functions.aws_cloudwatch_log_group.lambda",
            "module.backend.module.lambda_functions.aws_iam_role.lambda",
            "module.backend.module.lambda_functions.aws_iam_role_policy.additional_inline",
            "module.backend.module.lambda_functions.aws_iam_role_policy.additional_json",
            "module.backend.module.lambda_functions.aws_iam_role_policy.additional_jsons",
            "module.backend.module.lambda_functions.aws_iam_role_policy.async",
            "module.backend.module.lambda_functions.aws_iam_role_policy.dead_letter",
            "module.backend.module.lambda_functions.aws_iam_role_policy.logs",
            "module.backend.module.lambda_functions.aws_iam_role_policy.tracing",
            "module.backend.module.lambda_functions.aws_iam_role_policy.vpc",
            "module.backend.module.lambda_functions.aws_iam_role_policy_attachment.additional_many",
            "module.backend.module.lambda_functions.aws_iam_role_policy_attachment.additional_one",
            "module.backend.module.lambda_functions.aws_s3_object.lambda_package",
            "module.backend.module.lambda_functions.data.aws_arn.log_group_arn",
            "module.backend.module.lambda_functions.data.aws_cloudwatch_log_group.lambda",
            "module.backend.module.lambda_functions.data.aws_iam_policy.tracing",
            "module.backend.module.lambda_functions.data.aws_iam_policy.vpc",
            "module.backend.module.lambda_functions.data.aws_iam_policy_document.additional_inline",
            "module.backend.module.lambda_functions.data.aws_iam_policy_document.assume_role",
            "module.backend.module.lambda_functions.data.aws_iam_policy_document.async",
            "module.backend.module.lambda_functions.data.aws_iam_policy_document.dead_letter",
            "module.backend.module.lambda_functions.data.aws_iam_policy_document.logs",
            "module.backend.module.lambda_functions.data.aws_partition.current",
            "module.backend.module.lambda_functions.data.external.archive_prepare",
            "module.backend.module.lambda_functions.local_file.archive_plan",
            "module.backend.module.lambda_functions.null_resource.archive",
            "module.dynamodb_table.aws_dynamodb_table.autoscaled",
            "module.dynamodb_table.aws_dynamodb_table.autoscaled_gsi_ignore",
            "module.dynamodb_table.aws_dynamodb_table.this"
          ],
          "create_before_destroy": true
        }
      ]
    },
    {
      "module": "module.backend.module.lambda_functions[\"GET /todos/{id}\"]",
      "mode": "managed",
      "type": "aws_lambda_layer_version",
      "name": "this",
      "provider": "provider[\"registry.terraform.io/hashicorp/aws\"]",
      "instances": []
    },
    {
      "module": "module.backend.module.lambda_functions[\"GET /todos/{id}\"]",
      "mode": "managed",
      "type": "aws_lambda_permission",
      "name": "current_version_triggers",
      "provider": "provider[\"registry.terraform.io/hashicorp/aws\"]",
      "instances": [
        {
          "index_key": "apigw",
          "schema_version": 0,
          "attributes": {
            "action": "lambda:InvokeFunction",
            "event_source_token": null,
            "function_name": "serverless-todo-dev-get",
            "function_url_auth_type": null,
            "id": "apigw20250920100416317700000008",
            "principal": "apigateway.amazonaws.com",
            "principal_org_id": null,
            "qualifier": "7",
            "region": "us-west-2",
            "source_account": null,
            "source_arn": "arn:aws:execute-api:us-west-2:958948421283:4wsto8g9ri/*/*",
            "statement_id": "apigw20250920100416317700000008",
            "statement_id_prefix": "apigw"
          },
          "sensitive_attributes": [],
          "private": "bnVsbA==",
          "dependencies": [
            "module.backend.module.api_gateway.aws_apigatewayv2_api.this",
            "module.backend.module.lambda_functions.aws_cloudwatch_log_group.lambda",
            "module.backend.module.lambda_functions.aws_iam_role.lambda",
            "module.backend.module.lambda_functions.aws_iam_role_policy.additional_inline",
            "module.backend.module.lambda_functions.aws_iam_role_policy.additional_json",
            "module.backend.module.lambda_functions.aws_iam_role_policy.additional_jsons",
            "module.backend.module.lambda_functions.aws_iam_role_policy.async",
            "module.backend.module.lambda_functions.aws_iam_role_policy.dead_letter",
            "module.backend.module.lambda_functions.aws_iam_role_policy.logs",
            "module.backend.module.lambda_functions.aws_iam_role_policy.tracing",
            "module.backend.module.lambda_functions.aws_iam_role_policy.vpc",
            "module.backend.module.lambda_functions.aws_iam_role_policy_attachment.additional_many",
            "module.backend.module.lambda_functions.aws_iam_role_policy_attachment.additional_one",
            "module.backend.module.lambda_functions.aws_lambda_function.this",
            "module.backend.module.lambda_functions.aws_s3_object.lambda_package",
            "module.backend.module.lambda_functions.data.aws_arn.log_group_arn",
            "module.backend.module.lambda_functions.data.aws_cloudwatch_log_group.lambda",
            "module.backend.module.lambda_functions.data.aws_iam_policy.tracing",
            "module.backend.module.lambda_functions.data.aws_iam_policy.vpc",
            "module.backend.module.lambda_functions.data.aws_iam_policy_document.additional_inline",
            "module.backend.module.lambda_functions.data.aws_iam_policy_document.assume_role",
            "module.backend.module.lambda_functions.data.aws_iam_policy_document.async",
            "module.backend.module.lambda_functions.data.aws_iam_policy_document.dead_letter",
            "module.backend.module.lambda_functions.data.aws_iam_policy_document.logs",
            "module.backend.module.lambda_functions.data.aws_partition.current",
            "module.backend.module.lambda_functions.data.external.archive_prepare",
            "module.backend.module.lambda_functions.local_file.archive_plan",
            "module.backend.module.lambda_functions.null_resource.archive",
            "module.dynamodb_table.aws_dynamodb_table.autoscaled",
            "module.dynamodb_table.aws_dynamodb_table.autoscaled_gsi_ignore",
            "module.dynamodb_table.aws_dynamodb_table.this"
          ],
          "create_before_destroy": true
        }
      ]
    },
    {
      "module": "module.backend.module.lambda_functions[\"GET /todos/{id}\"]",
      "mode": "managed",
      "type": "aws_lambda_permission",
      "name": "unqualified_alias_triggers",
      "provider": "provider[\"registry.terraform.io/hashicorp/aws\"]",
      "instances": [
        {
          "index_key": "apigw",
          "schema_version": 0,
          "attributes": {
            "action": "lambda:InvokeFunction",
            "event_source_token": null,
            "function_name": "serverless-todo-dev-get",
            "function_url_auth_type": null,
            "id": "apigw20250920100416317700000006",
            "principal": "apigateway.amazonaws.com",
            "principal_org_id": null,
            "qualifier": "",
            "region": "us-west-2",
            "source_account": null,
            "source_arn": "arn:aws:execute-api:us-west-2:958948421283:4wsto8g9ri/*/*",
            "statement_id": "apigw20250920100416317700000006",
            "statement_id_prefix": "apigw"
          },
          "sensitive_attributes": [],
          "private": "bnVsbA==",
          "dependencies": [
            "module.backend.module.api_gateway.aws_apigatewayv2_api.this",
            "module.backend.module.lambda_functions.aws_cloudwatch_log_group.lambda",
            "module.backend.module.lambda_functions.aws_iam_role.lambda",
            "module.backend.module.lambda_functions.aws_iam_role_policy.additional_inline",
            "module.backend.module.lambda_functions.aws_iam_role_policy.additional_json",
            "module.backend.module.lambda_functions.aws_iam_role_policy.additional_jsons",
            "module.backend.module.lambda_functions.aws_iam_role_policy.async",
            "module.backend.module.lambda_functions.aws_iam_role_policy.dead_letter",
            "module.backend.module.lambda_functions.aws_iam_role_policy.logs",
            "module.backend.module.lambda_functions.aws_iam_role_policy.tracing",
            "module.backend.module.lambda_functions.aws_iam_role_policy.vpc",
            "module.backend.module.lambda_functions.aws_iam_role_policy_attachment.additional_many",
            "module.backend.module.lambda_functions.aws_iam_role_policy_attachment.additional_one",
            "module.backend.module.lambda_functions.aws_lambda_function.this",
            "module.backend.module.lambda_functions.aws_s3_object.lambda_package",
            "module.backend.module.lambda_functions.data.aws_arn.log_group_arn",
            "module.backend.module.lambda_functions.data.aws_cloudwatch_log_group.lambda",
            "module.backend.module.lambda_functions.data.aws_iam_policy.tracing",
            "module.backend.module.lambda_functions.data.aws_iam_policy.vpc",
            "module.backend.module.lambda_functions.data.aws_iam_policy_document.additional_inline",
            "module.backend.module.lambda_functions.data.aws_iam_policy_document.assume_role",
            "module.backend.module.lambda_functions.data.aws_iam_policy_document.async",
            "module.backend.module.lambda_functions.data.aws_iam_policy_document.dead_letter",
            "module.backend.module.lambda_functions.data.aws_iam_policy_document.logs",
            "module.backend.module.lambda_functions.data.aws_partition.current",
            "module.backend.module.lambda_functions.data.external.archive_prepare",
            "module.backend.module.lambda_functions.local_file.archive_plan",
            "module.backend.module.lambda_functions.null_resource.archive",
            "module.dynamodb_table.aws_dynamodb_table.autoscaled",
            "module.dynamodb_table.aws_dynamodb_table.autoscaled_gsi_ignore",
            "module.dynamodb_table.aws_dynamodb_table.this"
          ],
          "create_before_destroy": true
        }
      ]
    },
    {
      "module": "module.backend.module.lambda_functions[\"GET /todos/{id}\"]",
      "mode": "managed",
      "type": "aws_s3_object",
      "name": "lambda_package",
      "provider": "provider[\"registry.terraform.io/hashicorp/aws\"]",
      "instances": []
    },
    {
      "module": "module.backend.module.lambda_functions[\"GET /todos/{id}\"]",
      "mode": "managed",
      "type": "local_file",
      "name": "archive_plan",
      "provider": "provider[\"registry.terraform.io/hashicorp/local\"]",
      "instances": [
        {
          "index_key": 0,
          "schema_version": 0,
          "attributes": {
            "content": "{\"filename\": \"./.terraform/lambda-builds/e024e44be69e452adee71490221ed33b2e111fda17d6527413be569cabbd3910.zip\", \"runtime\": \"nodejs18.x\", \"artifacts_dir\": \"./.terraform/lambda-builds/\", \"build_plan\": [[[\"zip\", \"./../src/backend/functions/get.mjs\", null]], [[\"npm\", \"nodejs18.x\", \"./../src/backend/package.json\", null, null]]]}",
            "content_base64": null,
            "content_base64sha256": "iRM8QfUTC4Slst223Z7dfGcQ6ZdF/wQzL6nvyEcPNDg=",
            "content_base64sha512": "oaSfjPSQTuQdq7v/oGbyhxRm3legdjJn8RxVNHyvpRQAoMuonwuqxx5DOr+TOGC+kO7tRUUPpdY1X+mPWVohZw==",
            "content_md5": "7ad56ee2e8a352691ce42c078b125038",
            "content_sha1": "2be081e0c30f5f60fc337b2e6dd39f1af578f8ed",
            "content_sha256": "89133c41f5130b84a5b2ddb6dd9edd7c6710e99745ff04332fa9efc8470f3438",
            "content_sha512": "a1a49f8cf4904ee41dabbbffa066f2871466de57a0763267f11c55347cafa51400a0cba89f0baac71e433abf933860be90eeed45450fa5d6355fe98f595a2167",
            "directory_permission": "0755",
            "file_permission": "0644",
            "filename": "./.terraform/lambda-builds/e024e44be69e452adee71490221ed33b2e111fda17d6527413be569cabbd3910.plan.json",
            "id": "2be081e0c30f5f60fc337b2e6dd39f1af578f8ed",
            "sensitive_content": null,
            "source": null
          },
          "sensitive_attributes": [
            [
              {
                "type": "get_attr",
                "value": "sensitive_content"
              }
            ],
            [
              {
                "type": "get_attr",
                "value": "content"
              }
            ]
          ],
          "dependencies": [
            "module.backend.module.lambda_functions.data.external.archive_prepare"
          ],
          "create_before_destroy": true
        }
      ]
    },
    {
      "module": "module.backend.module.lambda_functions[\"GET /todos/{id}\"]",
      "mode": "managed",
      "type": "null_resource",
      "name": "archive",
      "provider": "provider[\"registry.terraform.io/hashicorp/null\"]",
      "instances": [
        {
          "index_key": 0,
          "schema_version": 0,
          "attributes": {
            "id": "236494079",
            "triggers": {
              "filename": "./.terraform/lambda-builds/e024e44be69e452adee71490221ed33b2e111fda17d6527413be569cabbd3910.zip",
              "timestamp": "1758362606792723000"
            }
          },
          "sensitive_attributes": [],
          "dependencies": [
            "module.backend.module.lambda_functions.data.external.archive_prepare",
            "module.backend.module.lambda_functions.local_file.archive_plan"
          ],
          "create_before_destroy": true
        }
      ]
    },
    {
      "module": "module.backend.module.lambda_functions[\"GET /todos/{id}\"]",
      "mode": "managed",
      "type": "null_resource",
      "name": "sam_metadata_aws_lambda_function",
      "provider": "provider[\"registry.terraform.io/hashicorp/null\"]",
      "instances": []
    },
    {
      "module": "module.backend.module.lambda_functions[\"GET /todos/{id}\"]",
      "mode": "managed",
      "type": "null_resource",
      "name": "sam_metadata_aws_lambda_layer_version",
      "provider": "provider[\"registry.terraform.io/hashicorp/null\"]",
      "instances": []
    },
    {
      "module": "module.backend.module.lambda_functions[\"POST /todos\"]",
      "mode": "data",
      "type": "aws_arn",
      "name": "log_group_arn",
      "provider": "provider[\"registry.terraform.io/hashicorp/aws\"]",
      "instances": []
    },
    {
      "module": "module.backend.module.lambda_functions[\"POST /todos\"]",
      "mode": "data",
      "type": "aws_caller_identity",
      "name": "current",
      "provider": "provider[\"registry.terraform.io/hashicorp/aws\"]",
      "instances": [
        {
          "schema_version": 0,
          "attributes": {
            "account_id": "958948421283",
            "arn": "arn:aws:iam::958948421283:user/cli-user",
            "id": "958948421283",
            "user_id": "AIDA56ROHV2RRL33TY4LX"
          },
          "sensitive_attributes": []
        }
      ]
    },
    {
      "module": "module.backend.module.lambda_functions[\"POST /todos\"]",
      "mode": "data",
      "type": "aws_cloudwatch_log_group",
      "name": "lambda",
      "provider": "provider[\"registry.terraform.io/hashicorp/aws\"]",
      "instances": []
    },
    {
      "module": "module.backend.module.lambda_functions[\"POST /todos\"]",
      "mode": "data",
      "type": "aws_iam_policy",
      "name": "tracing",
      "provider": "provider[\"registry.terraform.io/hashicorp/aws\"]",
      "instances": []
    },
    {
      "module": "module.backend.module.lambda_functions[\"POST /todos\"]",
      "mode": "data",
      "type": "aws_iam_policy",
      "name": "vpc",
      "provider": "provider[\"registry.terraform.io/hashicorp/aws\"]",
      "instances": []
    },
    {
      "module": "module.backend.module.lambda_functions[\"POST /todos\"]",
      "mode": "data",
      "type": "aws_iam_policy_document",
      "name": "additional_inline",
      "provider": "provider[\"registry.terraform.io/hashicorp/aws\"]",
      "instances": []
    },
    {
      "module": "module.backend.module.lambda_functions[\"POST /todos\"]",
      "mode": "data",
      "type": "aws_iam_policy_document",
      "name": "assume_role",
      "provider": "provider[\"registry.terraform.io/hashicorp/aws\"]",
      "instances": [
        {
          "index_key": 0,
          "schema_version": 0,
          "attributes": {
            "id": "1604711841",
            "json": "{\n  \"Version\": \"2012-10-17\",\n  \"Statement\": [\n    {\n      \"Effect\": \"Allow\",\n      \"Action\": \"sts:AssumeRole\",\n      \"Principal\": {\n        \"Service\": \"lambda.amazonaws.com\"\n      }\n    }\n  ]\n}",
            "minified_json": "{\"Version\":\"2012-10-17\",\"Statement\":[{\"Effect\":\"Allow\",\"Action\":\"sts:AssumeRole\",\"Principal\":{\"Service\":\"lambda.amazonaws.com\"}}]}",
            "override_json": null,
            "override_policy_documents": null,
            "policy_id": null,
            "source_json": null,
            "source_policy_documents": null,
            "statement": [
              {
                "actions": [
                  "sts:AssumeRole"
                ],
                "condition": [],
                "effect": "Allow",
                "not_actions": [],
                "not_principals": [],
                "not_resources": [],
                "principals": [
                  {
                    "identifiers": [
                      "lambda.amazonaws.com"
                    ],
                    "type": "Service"
                  }
                ],
                "resources": [],
                "sid": ""
              }
            ],
            "version": "2012-10-17"
          },
          "sensitive_attributes": []
        }
      ]
    },
    {
      "module": "module.backend.module.lambda_functions[\"POST /todos\"]",
      "mode": "data",
      "type": "aws_iam_policy_document",
      "name": "async",
      "provider": "provider[\"registry.terraform.io/hashicorp/aws\"]",
      "instances": []
    },
    {
      "module": "module.backend.module.lambda_functions[\"POST /todos\"]",
      "mode": "data",
      "type": "aws_iam_policy_document",
      "name": "dead_letter",
      "provider": "provider[\"registry.terraform.io/hashicorp/aws\"]",
      "instances": []
    },
    {
      "module": "module.backend.module.lambda_functions[\"POST /todos\"]",
      "mode": "data",
      "type": "aws_iam_policy_document",
      "name": "logs",
      "provider": "provider[\"registry.terraform.io/hashicorp/aws\"]",
      "instances": [
        {
          "index_key": 0,
          "schema_version": 0,
          "attributes": {
            "id": "1183984181",
            "json": "{\n  \"Version\": \"2012-10-17\",\n  \"Statement\": [\n    {\n      \"Effect\": \"Allow\",\n      \"Action\": [\n        \"logs:PutLogEvents\",\n        \"logs:CreateLogStream\",\n        \"logs:CreateLogGroup\"\n      ],\n      \"Resource\": [\n        \"arn:aws:logs:us-west-2:958948421283:log-group:/aws/lambda/serverless-todo-dev-create:*:*\",\n        \"arn:aws:logs:us-west-2:958948421283:log-group:/aws/lambda/serverless-todo-dev-create:*\"\n      ]\n    }\n  ]\n}",
            "minified_json": "{\"Version\":\"2012-10-17\",\"Statement\":[{\"Effect\":\"Allow\",\"Action\":[\"logs:PutLogEvents\",\"logs:CreateLogStream\",\"logs:CreateLogGroup\"],\"Resource\":[\"arn:aws:logs:us-west-2:958948421283:log-group:/aws/lambda/serverless-todo-dev-create:*:*\",\"arn:aws:logs:us-west-2:958948421283:log-group:/aws/lambda/serverless-todo-dev-create:*\"]}]}",
            "override_json": null,
            "override_policy_documents": null,
            "policy_id": null,
            "source_json": null,
            "source_policy_documents": null,
            "statement": [
              {
                "actions": [
                  "logs:CreateLogGroup",
                  "logs:CreateLogStream",
                  "logs:PutLogEvents"
                ],
                "condition": [],
                "effect": "Allow",
                "not_actions": [],
                "not_principals": [],
                "not_resources": [],
                "principals": [],
                "resources": [
                  "arn:aws:logs:us-west-2:958948421283:log-group:/aws/lambda/serverless-todo-dev-create:*",
                  "arn:aws:logs:us-west-2:958948421283:log-group:/aws/lambda/serverless-todo-dev-create:*:*"
                ],
                "sid": ""
              }
            ],
            "version": "2012-10-17"
          },
          "sensitive_attributes": []
        }
      ]
    },
    {
      "module": "module.backend.module.lambda_functions[\"POST /todos\"]",
      "mode": "data",
      "type": "aws_partition",
      "name": "current",
      "provider": "provider[\"registry.terraform.io/hashicorp/aws\"]",
      "instances": [
        {
          "schema_version": 0,
          "attributes": {
            "dns_suffix": "amazonaws.com",
            "id": "aws",
            "partition": "aws",
            "reverse_dns_prefix": "com.amazonaws"
          },
          "sensitive_attributes": []
        }
      ]
    },
    {
      "module": "module.backend.module.lambda_functions[\"POST /todos\"]",
      "mode": "data",
      "type": "aws_region",
      "name": "current",
      "provider": "provider[\"registry.terraform.io/hashicorp/aws\"]",
      "instances": [
        {
          "schema_version": 0,
          "attributes": {
            "description": "US West (Oregon)",
            "endpoint": "ec2.us-west-2.amazonaws.com",
            "id": "us-west-2",
            "name": "us-west-2",
            "region": "us-west-2"
          },
          "sensitive_attributes": []
        }
      ]
    },
    {
      "module": "module.backend.module.lambda_functions[\"POST /todos\"]",
      "mode": "data",
      "type": "external",
      "name": "archive_prepare",
      "provider": "provider[\"registry.terraform.io/hashicorp/external\"]",
      "instances": [
        {
          "index_key": 0,
          "schema_version": 0,
          "attributes": {
            "id": "-",
            "program": [
              "python.exe",
              ".terraform/modules/backend.lambda_functions/package.py",
              "prepare"
            ],
            "query": {
              "artifacts_dir": "./.terraform/lambda-builds/",
              "docker": null,
              "hash_extra": "",
              "hash_extra_paths": "[]",
              "paths": "{\"cwd\":\"E:/Internal/Desktop/devops/serverless-todo-app/infra\",\"module\":\".terraform/modules/backend.lambda_functions\",\"root\":\".\"}",
              "recreate_missing_package": "true",
              "runtime": "nodejs18.x",
              "source_path": "[\"./../src/backend/functions/create.mjs\",{\"npm_requirements\":\"./../src/backend/package.json\"}]"
            },
            "result": {
              "build_plan": "{\"filename\": \"./.terraform/lambda-builds/088e5041d991495f2f255311820df704d2615206ff4e4a39e732c6db4ce06ddc.zip\", \"runtime\": \"nodejs18.x\", \"artifacts_dir\": \"./.terraform/lambda-builds/\", \"build_plan\": [[[\"zip\", \"./../src/backend/functions/create.mjs\", null]], [[\"npm\", \"nodejs18.x\", \"./../src/backend/package.json\", null, null]]]}",
              "build_plan_filename": "./.terraform/lambda-builds/088e5041d991495f2f255311820df704d2615206ff4e4a39e732c6db4ce06ddc.plan.json",
              "filename": "./.terraform/lambda-builds/088e5041d991495f2f255311820df704d2615206ff4e4a39e732c6db4ce06ddc.zip",
              "timestamp": "1758362606794535000",
              "was_missing": "false"
            },
            "working_dir": null
          },
          "sensitive_attributes": []
        }
      ]
    },
    {
      "module": "module.backend.module.lambda_functions[\"POST /todos\"]",
      "mode": "managed",
      "type": "aws_cloudwatch_log_group",
      "name": "lambda",
      "provider": "provider[\"registry.terraform.io/hashicorp/aws\"]",
      "instances": [
        {
          "index_key": 0,
          "schema_version": 0,
          "attributes": {
            "arn": "arn:aws:logs:us-west-2:958948421283:log-group:/aws/lambda/serverless-todo-dev-create",
            "id": "/aws/lambda/serverless-todo-dev-create",
            "kms_key_id": "",
            "log_group_class": "STANDARD",
            "name": "/aws/lambda/serverless-todo-dev-create",
            "name_prefix": "",
            "region": "us-west-2",
            "retention_in_days": 0,
            "skip_destroy": false,
            "tags": {},
            "tags_all": {
              "Environment": "dev",
              "Project": "serverless-todo"
            }
          },
          "sensitive_attributes": [],
          "private": "bnVsbA==",
          "create_before_destroy": true
        }
      ]
    },
    {
      "module": "module.backend.module.lambda_functions[\"POST /todos\"]",
      "mode": "managed",
      "type": "aws_iam_role",
      "name": "lambda",
      "provider": "provider[\"registry.terraform.io/hashicorp/aws\"]",
      "instances": [
        {
          "index_key": 0,
          "schema_version": 0,
          "attributes": {
            "arn": "arn:aws:iam::958948421283:role/serverless-todo-dev-create",
            "assume_role_policy": "{\"Statement\":[{\"Action\":\"sts:AssumeRole\",\"Effect\":\"Allow\",\"Principal\":{\"Service\":\"lambda.amazonaws.com\"}}],\"Version\":\"2012-10-17\"}",
            "create_date": "2025-09-20T10:02:01Z",
            "description": "",
            "force_detach_policies": true,
            "id": "serverless-todo-dev-create",
            "inline_policy": [
              {
                "name": "serverless-todo-dev-create",
                "policy": "{\"Id\":\"PolicyForDynamoDB\",\"Statement\":[{\"Action\":[\"dynamodb:GetItem\",\"dynamodb:PutItem\",\"dynamodb:UpdateItem\",\"dynamodb:DeleteItem\",\"dynamodb:Query\",\"dynamodb:Scan\"],\"Effect\":\"Allow\",\"Resource\":\"arn:aws:dynamodb:us-west-2:958948421283:table/serverless-todo-dynamodb-dev\",\"Sid\":\"AllowDynamoDBAccess\"}],\"Version\":\"2008-10-17\"}"
              },
              {
                "name": "serverless-todo-dev-create-logs",
                "policy": "{\"Version\":\"2012-10-17\",\"Statement\":[{\"Action\":[\"logs:PutLogEvents\",\"logs:CreateLogStream\",\"logs:CreateLogGroup\"],\"Effect\":\"Allow\",\"Resource\":[\"arn:aws:logs:us-west-2:958948421283:log-group:/aws/lambda/serverless-todo-dev-create:*:*\",\"arn:aws:logs:us-west-2:958948421283:log-group:/aws/lambda/serverless-todo-dev-create:*\"]}]}"
              }
            ],
            "managed_policy_arns": [],
            "max_session_duration": 3600,
            "name": "serverless-todo-dev-create",
            "name_prefix": "",
            "path": "/",
            "permissions_boundary": "",
            "tags": {},
            "tags_all": {
              "Environment": "dev",
              "Project": "serverless-todo"
            },
            "unique_id": "AROA56ROHV2R5S6A22ROY"
          },
          "sensitive_attributes": [],
          "private": "bnVsbA==",
          "dependencies": [
            "module.backend.module.lambda_functions.data.aws_iam_policy_document.assume_role"
          ],
          "create_before_destroy": true
        }
      ]
    },
    {
      "module": "module.backend.module.lambda_functions[\"POST /todos\"]",
      "mode": "managed",
      "type": "aws_iam_role_policy",
      "name": "additional_inline",
      "provider": "provider[\"registry.terraform.io/hashicorp/aws\"]",
      "instances": []
    },
    {
      "module": "module.backend.module.lambda_functions[\"POST /todos\"]",
      "mode": "managed",
      "type": "aws_iam_role_policy",
      "name": "additional_json",
      "provider": "provider[\"registry.terraform.io/hashicorp/aws\"]",
      "instances": [
        {
          "index_key": 0,
          "schema_version": 0,
          "attributes": {
            "id": "serverless-todo-dev-create:serverless-todo-dev-create",
            "name": "serverless-todo-dev-create",
            "name_prefix": "",
            "policy": "{\"Id\":\"PolicyForDynamoDB\",\"Statement\":[{\"Action\":[\"dynamodb:GetItem\",\"dynamodb:PutItem\",\"dynamodb:UpdateItem\",\"dynamodb:DeleteItem\",\"dynamodb:Query\",\"dynamodb:Scan\"],\"Effect\":\"Allow\",\"Resource\":\"arn:aws:dynamodb:us-west-2:958948421283:table/serverless-todo-dynamodb-dev\",\"Sid\":\"AllowDynamoDBAccess\"}],\"Version\":\"2008-10-17\"}",
            "role": "serverless-todo-dev-create"
          },
          "sensitive_attributes": [],
          "private": "bnVsbA==",
          "dependencies": [
            "module.backend.module.lambda_functions.aws_iam_role.lambda",
            "module.backend.module.lambda_functions.data.aws_iam_policy_document.assume_role",
            "module.dynamodb_table.aws_dynamodb_table.autoscaled",
            "module.dynamodb_table.aws_dynamodb_table.autoscaled_gsi_ignore",
            "module.dynamodb_table.aws_dynamodb_table.this"
          ],
          "create_before_destroy": true
        }
      ]
    },
    {
      "module": "module.backend.module.lambda_functions[\"POST /todos\"]",
      "mode": "managed",
      "type": "aws_iam_role_policy",
      "name": "additional_jsons",
      "provider": "provider[\"registry.terraform.io/hashicorp/aws\"]",
      "instances": []
    },
    {
      "module": "module.backend.module.lambda_functions[\"POST /todos\"]",
      "mode": "managed",
      "type": "aws_iam_role_policy",
      "name": "async",
      "provider": "provider[\"registry.terraform.io/hashicorp/aws\"]",
      "instances": []
    },
    {
      "module": "module.backend.module.lambda_functions[\"POST /todos\"]",
      "mode": "managed",
      "type": "aws_iam_role_policy",
      "name": "dead_letter",
      "provider": "provider[\"registry.terraform.io/hashicorp/aws\"]",
      "instances": []
    },
    {
      "module": "module.backend.module.lambda_functions[\"POST /todos\"]",
      "mode": "managed",
      "type": "aws_iam_role_policy",
      "name": "logs",
      "provider": "provider[\"registry.terraform.io/hashicorp/aws\"]",
      "instances": [
        {
          "index_key": 0,
          "schema_version": 0,
          "attributes": {
            "id": "serverless-todo-dev-create:serverless-todo-dev-create-logs",
            "name": "serverless-todo-dev-create-logs",
            "name_prefix": "",
            "policy": "{\"Version\":\"2012-10-17\",\"Statement\":[{\"Action\":[\"logs:PutLogEvents\",\"logs:CreateLogStream\",\"logs:CreateLogGroup\"],\"Effect\":\"Allow\",\"Resource\":[\"arn:aws:logs:us-west-2:958948421283:log-group:/aws/lambda/serverless-todo-dev-create:*:*\",\"arn:aws:logs:us-west-2:958948421283:log-group:/aws/lambda/serverless-todo-dev-create:*\"]}]}",
            "role": "serverless-todo-dev-create"
          },
          "sensitive_attributes": [],
          "private": "bnVsbA==",
          "dependencies": [
            "module.backend.module.lambda_functions.aws_cloudwatch_log_group.lambda",
            "module.backend.module.lambda_functions.aws_iam_role.lambda",
            "module.backend.module.lambda_functions.data.aws_arn.log_group_arn",
            "module.backend.module.lambda_functions.data.aws_cloudwatch_log_group.lambda",
            "module.backend.module.lambda_functions.data.aws_iam_policy_document.assume_role",
            "module.backend.module.lambda_functions.data.aws_iam_policy_document.logs"
          ],
          "create_before_destroy": true
        }
      ]
    },
    {
      "module": "module.backend.module.lambda_functions[\"POST /todos\"]",
      "mode": "managed",
      "type": "aws_iam_role_policy",
      "name": "tracing",
      "provider": "provider[\"registry.terraform.io/hashicorp/aws\"]",
      "instances": []
    },
    {
      "module": "module.backend.module.lambda_functions[\"POST /todos\"]",
      "mode": "managed",
      "type": "aws_iam_role_policy",
      "name": "vpc",
      "provider": "provider[\"registry.terraform.io/hashicorp/aws\"]",
      "instances": []
    },
    {
      "module": "module.backend.module.lambda_functions[\"POST /todos\"]",
      "mode": "managed",
      "type": "aws_iam_role_policy_attachment",
      "name": "additional_many",
      "provider": "provider[\"registry.terraform.io/hashicorp/aws\"]",
      "instances": []
    },
    {
      "module": "module.backend.module.lambda_functions[\"POST /todos\"]",
      "mode": "managed",
      "type": "aws_iam_role_policy_attachment",
      "name": "additional_one",
      "provider": "provider[\"registry.terraform.io/hashicorp/aws\"]",
      "instances": []
    },
    {
      "module": "module.backend.module.lambda_functions[\"POST /todos\"]",
      "mode": "managed",
      "type": "aws_lambda_function",
      "name": "this",
      "provider": "provider[\"registry.terraform.io/hashicorp/aws\"]",
      "instances": [
        {
          "index_key": 0,
          "schema_version": 0,
          "attributes": {
            "architectures": [
              "x86_64"
            ],
            "arn": "arn:aws:lambda:us-west-2:958948421283:function:serverless-todo-dev-create",
            "code_sha256": "HdsV+f+ieavqoPYQmSkIOMNxFXac/ADqQX+50XtHhSQ=",
            "code_signing_config_arn": "",
            "dead_letter_config": [],
            "description": "",
            "environment": [
              {
                "variables": {
                  "DYNAMODB_TABLE": "serverless-todo-dynamodb-dev",
                  "ENVIRONMENT": "dev"
                }
              }
            ],
            "ephemeral_storage": [
              {
                "size": 512
              }
            ],
            "file_system_config": [],
            "filename": "./.terraform/lambda-builds/088e5041d991495f2f255311820df704d2615206ff4e4a39e732c6db4ce06ddc.zip",
            "function_name": "serverless-todo-dev-create",
            "handler": "create.handler",
            "id": "serverless-todo-dev-create",
            "image_config": [],
            "image_uri": "",
            "invoke_arn": "arn:aws:apigateway:us-west-2:lambda:path/2015-03-31/functions/arn:aws:lambda:us-west-2:958948421283:function:serverless-todo-dev-create/invocations",
            "kms_key_arn": "",
            "last_modified": "2025-09-20T10:14:07.000+0000",
            "layers": [],
            "logging_config": [
              {
                "application_log_level": "",
                "log_format": "Text",
                "log_group": "/aws/lambda/serverless-todo-dev-create",
                "system_log_level": ""
              }
            ],
            "memory_size": 128,
            "package_type": "Zip",
            "publish": true,
            "qualified_arn": "arn:aws:lambda:us-west-2:958948421283:function:serverless-todo-dev-create:8",
            "qualified_invoke_arn": "arn:aws:apigateway:us-west-2:lambda:path/2015-03-31/functions/arn:aws:lambda:us-west-2:958948421283:function:serverless-todo-dev-create:8/invocations",
            "region": "us-west-2",
            "replace_security_groups_on_destroy": null,
            "replacement_security_group_ids": null,
            "reserved_concurrent_executions": -1,
            "role": "arn:aws:iam::958948421283:role/serverless-todo-dev-create",
            "runtime": "nodejs18.x",
            "s3_bucket": null,
            "s3_key": null,
            "s3_object_version": null,
            "signing_job_arn": "",
            "signing_profile_version_arn": "",
            "skip_destroy": false,
            "snap_start": [],
            "source_code_hash": "HdsV+f+ieavqoPYQmSkIOMNxFXac/ADqQX+50XtHhSQ=",
            "source_code_size": 82188,
            "source_kms_key_arn": "",
            "tags": {
              "terraform-aws-modules": "lambda"
            },
            "tags_all": {
              "Environment": "dev",
              "Project": "serverless-todo",
              "terraform-aws-modules": "lambda"
            },
            "timeout": 3,
            "timeouts": null,
            "tracing_config": [
              {
                "mode": "PassThrough"
              }
            ],
            "version": "8",
            "vpc_config": []
          },
          "sensitive_attributes": [],
          "private": "eyJlMmJmYjczMC1lY2FhLTExZTYtOGY4OC0zNDM2M2JjN2M0YzAiOnsiY3JlYXRlIjo2MDAwMDAwMDAwMDAsImRlbGV0ZSI6NjAwMDAwMDAwMDAwLCJ1cGRhdGUiOjYwMDAwMDAwMDAwMH19",
          "dependencies": [
            "module.backend.module.lambda_functions.aws_cloudwatch_log_group.lambda",
            "module.backend.module.lambda_functions.aws_iam_role.lambda",
            "module.backend.module.lambda_functions.aws_iam_role_policy.additional_inline",
            "module.backend.module.lambda_functions.aws_iam_role_policy.additional_json",
            "module.backend.module.lambda_functions.aws_iam_role_policy.additional_jsons",
            "module.backend.module.lambda_functions.aws_iam_role_policy.async",
            "module.backend.module.lambda_functions.aws_iam_role_policy.dead_letter",
            "module.backend.module.lambda_functions.aws_iam_role_policy.logs",
            "module.backend.module.lambda_functions.aws_iam_role_policy.tracing",
            "module.backend.module.lambda_functions.aws_iam_role_policy.vpc",
            "module.backend.module.lambda_functions.aws_iam_role_policy_attachment.additional_many",
            "module.backend.module.lambda_functions.aws_iam_role_policy_attachment.additional_one",
            "module.backend.module.lambda_functions.aws_s3_object.lambda_package",
            "module.backend.module.lambda_functions.data.aws_arn.log_group_arn",
            "module.backend.module.lambda_functions.data.aws_cloudwatch_log_group.lambda",
            "module.backend.module.lambda_functions.data.aws_iam_policy.tracing",
            "module.backend.module.lambda_functions.data.aws_iam_policy.vpc",
            "module.backend.module.lambda_functions.data.aws_iam_policy_document.additional_inline",
            "module.backend.module.lambda_functions.data.aws_iam_policy_document.assume_role",
            "module.backend.module.lambda_functions.data.aws_iam_policy_document.async",
            "module.backend.module.lambda_functions.data.aws_iam_policy_document.dead_letter",
            "module.backend.module.lambda_functions.data.aws_iam_policy_document.logs",
            "module.backend.module.lambda_functions.data.aws_partition.current",
            "module.backend.module.lambda_functions.data.external.archive_prepare",
            "module.backend.module.lambda_functions.local_file.archive_plan",
            "module.backend.module.lambda_functions.null_resource.archive",
            "module.dynamodb_table.aws_dynamodb_table.autoscaled",
            "module.dynamodb_table.aws_dynamodb_table.autoscaled_gsi_ignore",
            "module.dynamodb_table.aws_dynamodb_table.this"
          ],
          "create_before_destroy": true
        }
      ]
    },
    {
      "module": "module.backend.module.lambda_functions[\"POST /todos\"]",
      "mode": "managed",
      "type": "aws_lambda_layer_version",
      "name": "this",
      "provider": "provider[\"registry.terraform.io/hashicorp/aws\"]",
      "instances": []
    },
    {
      "module": "module.backend.module.lambda_functions[\"POST /todos\"]",
      "mode": "managed",
      "type": "aws_lambda_permission",
      "name": "current_version_triggers",
      "provider": "provider[\"registry.terraform.io/hashicorp/aws\"]",
      "instances": [
        {
          "index_key": "apigw",
          "schema_version": 0,
          "attributes": {
            "action": "lambda:InvokeFunction",
            "event_source_token": null,
            "function_name": "serverless-todo-dev-create",
            "function_url_auth_type": null,
            "id": "apigw20250920100416317200000005",
            "principal": "apigateway.amazonaws.com",
            "principal_org_id": null,
            "qualifier": "7",
            "region": "us-west-2",
            "source_account": null,
            "source_arn": "arn:aws:execute-api:us-west-2:958948421283:4wsto8g9ri/*/*",
            "statement_id": "apigw20250920100416317200000005",
            "statement_id_prefix": "apigw"
          },
          "sensitive_attributes": [],
          "private": "bnVsbA==",
          "dependencies": [
            "module.backend.module.api_gateway.aws_apigatewayv2_api.this",
            "module.backend.module.lambda_functions.aws_cloudwatch_log_group.lambda",
            "module.backend.module.lambda_functions.aws_iam_role.lambda",
            "module.backend.module.lambda_functions.aws_iam_role_policy.additional_inline",
            "module.backend.module.lambda_functions.aws_iam_role_policy.additional_json",
            "module.backend.module.lambda_functions.aws_iam_role_policy.additional_jsons",
            "module.backend.module.lambda_functions.aws_iam_role_policy.async",
            "module.backend.module.lambda_functions.aws_iam_role_policy.dead_letter",
            "module.backend.module.lambda_functions.aws_iam_role_policy.logs",
            "module.backend.module.lambda_functions.aws_iam_role_policy.tracing",
            "module.backend.module.lambda_functions.aws_iam_role_policy.vpc",
            "module.backend.module.lambda_functions.aws_iam_role_policy_attachment.additional_many",
            "module.backend.module.lambda_functions.aws_iam_role_policy_attachment.additional_one",
            "module.backend.module.lambda_functions.aws_lambda_function.this",
            "module.backend.module.lambda_functions.aws_s3_object.lambda_package",
            "module.backend.module.lambda_functions.data.aws_arn.log_group_arn",
            "module.backend.module.lambda_functions.data.aws_cloudwatch_log_group.lambda",
            "module.backend.module.lambda_functions.data.aws_iam_policy.tracing",
            "module.backend.module.lambda_functions.data.aws_iam_policy.vpc",
            "module.backend.module.lambda_functions.data.aws_iam_policy_document.additional_inline",
            "module.backend.module.lambda_functions.data.aws_iam_policy_document.assume_role",
            "module.backend.module.lambda_functions.data.aws_iam_policy_document.async",
            "module.backend.module.lambda_functions.data.aws_iam_policy_document.dead_letter",
            "module.backend.module.lambda_functions.data.aws_iam_policy_document.logs",
            "module.backend.module.lambda_functions.data.aws_partition.current",
            "module.backend.module.lambda_functions.data.external.archive_prepare",
            "module.backend.module.lambda_functions.local_file.archive_plan",
            "module.backend.module.lambda_functions.null_resource.archive",
            "module.dynamodb_table.aws_dynamodb_table.autoscaled",
            "module.dynamodb_table.aws_dynamodb_table.autoscaled_gsi_ignore",
            "module.dynamodb_table.aws_dynamodb_table.this"
          ],
          "create_before_destroy": true
        }
      ]
    },
    {
      "module": "module.backend.module.lambda_functions[\"POST /todos\"]",
      "mode": "managed",
      "type": "aws_lambda_permission",
      "name": "unqualified_alias_triggers",
      "provider": "provider[\"registry.terraform.io/hashicorp/aws\"]",
      "instances": [
        {
          "index_key": "apigw",
          "schema_version": 0,
          "attributes": {
            "action": "lambda:InvokeFunction",
            "event_source_token": null,
            "function_name": "serverless-todo-dev-create",
            "function_url_auth_type": null,
            "id": "apigw2025092010041631830000000a",
            "principal": "apigateway.amazonaws.com",
            "principal_org_id": null,
            "qualifier": "",
            "region": "us-west-2",
            "source_account": null,
            "source_arn": "arn:aws:execute-api:us-west-2:958948421283:4wsto8g9ri/*/*",
            "statement_id": "apigw2025092010041631830000000a",
            "statement_id_prefix": "apigw"
          },
          "sensitive_attributes": [],
          "private": "bnVsbA==",
          "dependencies": [
            "module.backend.module.api_gateway.aws_apigatewayv2_api.this",
            "module.backend.module.lambda_functions.aws_cloudwatch_log_group.lambda",
            "module.backend.module.lambda_functions.aws_iam_role.lambda",
            "module.backend.module.lambda_functions.aws_iam_role_policy.additional_inline",
            "module.backend.module.lambda_functions.aws_iam_role_policy.additional_json",
            "module.backend.module.lambda_functions.aws_iam_role_policy.additional_jsons",
            "module.backend.module.lambda_functions.aws_iam_role_policy.async",
            "module.backend.module.lambda_functions.aws_iam_role_policy.dead_letter",
            "module.backend.module.lambda_functions.aws_iam_role_policy.logs",
            "module.backend.module.lambda_functions.aws_iam_role_policy.tracing",
            "module.backend.module.lambda_functions.aws_iam_role_policy.vpc",
            "module.backend.module.lambda_functions.aws_iam_role_policy_attachment.additional_many",
            "module.backend.module.lambda_functions.aws_iam_role_policy_attachment.additional_one",
            "module.backend.module.lambda_functions.aws_lambda_function.this",
            "module.backend.module.lambda_functions.aws_s3_object.lambda_package",
            "module.backend.module.lambda_functions.data.aws_arn.log_group_arn",
            "module.backend.module.lambda_functions.data.aws_cloudwatch_log_group.lambda",
            "module.backend.module.lambda_functions.data.aws_iam_policy.tracing",
            "module.backend.module.lambda_functions.data.aws_iam_policy.vpc",
            "module.backend.module.lambda_functions.data.aws_iam_policy_document.additional_inline",
            "module.backend.module.lambda_functions.data.aws_iam_policy_document.assume_role",
            "module.backend.module.lambda_functions.data.aws_iam_policy_document.async",
            "module.backend.module.lambda_functions.data.aws_iam_policy_document.dead_letter",
            "module.backend.module.lambda_functions.data.aws_iam_policy_document.logs",
            "module.backend.module.lambda_functions.data.aws_partition.current",
            "module.backend.module.lambda_functions.data.external.archive_prepare",
            "module.backend.module.lambda_functions.local_file.archive_plan",
            "module.backend.module.lambda_functions.null_resource.archive",
            "module.dynamodb_table.aws_dynamodb_table.autoscaled",
            "module.dynamodb_table.aws_dynamodb_table.autoscaled_gsi_ignore",
            "module.dynamodb_table.aws_dynamodb_table.this"
          ],
          "create_before_destroy": true
        }
      ]
    },
    {
      "module": "module.backend.module.lambda_functions[\"POST /todos\"]",
      "mode": "managed",
      "type": "aws_s3_object",
      "name": "lambda_package",
      "provider": "provider[\"registry.terraform.io/hashicorp/aws\"]",
      "instances": []
    },
    {
      "module": "module.backend.module.lambda_functions[\"POST /todos\"]",
      "mode": "managed",
      "type": "local_file",
      "name": "archive_plan",
      "provider": "provider[\"registry.terraform.io/hashicorp/local\"]",
      "instances": [
        {
          "index_key": 0,
          "schema_version": 0,
          "attributes": {
            "content": "{\"filename\": \"./.terraform/lambda-builds/088e5041d991495f2f255311820df704d2615206ff4e4a39e732c6db4ce06ddc.zip\", \"runtime\": \"nodejs18.x\", \"artifacts_dir\": \"./.terraform/lambda-builds/\", \"build_plan\": [[[\"zip\", \"./../src/backend/functions/create.mjs\", null]], [[\"npm\", \"nodejs18.x\", \"./../src/backend/package.json\", null, null]]]}",
            "content_base64": null,
            "content_base64sha256": "PxniKK+CwG6TAiOcxTboBj2LjFEKBdglOYwYjRTk7eM=",
            "content_base64sha512": "Ho2uWg7aOxM4aFkwdKl2rRTcTm7lg2yMcOu18GGZUUjW7fq6TWjlSWgP9GPe7ro0UBiYZY/llIMGd6pqFEwO+w==",
            "content_md5": "ab0a6dc7aece310bd058126aacd9a20a",
            "content_sha1": "bb77666ab8d1c780a2f241397e353b8e81478db6",
            "content_sha256": "3f19e228af82c06e9302239cc536e8063d8b8c510a05d825398c188d14e4ede3",
            "content_sha512": "1e8dae5a0eda3b133868593074a976ad14dc4e6ee5836c8c70ebb5f061995148d6edfaba4d68e549680ff463deeeba34501898658fe594830677aa6a144c0efb",
            "directory_permission": "0755",
            "file_permission": "0644",
            "filename": "./.terraform/lambda-builds/088e5041d991495f2f255311820df704d2615206ff4e4a39e732c6db4ce06ddc.plan.json",
            "id": "bb77666ab8d1c780a2f241397e353b8e81478db6",
            "sensitive_content": null,
            "source": null
          },
          "sensitive_attributes": [
            [
              {
                "type": "get_attr",
                "value": "content"
              }
            ],
            [
              {
                "type": "get_attr",
                "value": "sensitive_content"
              }
            ]
          ],
          "dependencies": [
            "module.backend.module.lambda_functions.data.external.archive_prepare"
          ],
          "create_before_destroy": true
        }
      ]
    },
    {
      "module": "module.backend.module.lambda_functions[\"POST /todos\"]",
      "mode": "managed",
      "type": "null_resource",
      "name": "archive",
      "provider": "provider[\"registry.terraform.io/hashicorp/null\"]",
      "instances": [
        {
          "index_key": 0,
          "schema_version": 0,
          "attributes": {
            "id": "1277929351",
            "triggers": {
              "filename": "./.terraform/lambda-builds/088e5041d991495f2f255311820df704d2615206ff4e4a39e732c6db4ce06ddc.zip",
              "timestamp": "1758362606794535000"
            }
          },
          "sensitive_attributes": [],
          "dependencies": [
            "module.backend.module.lambda_functions.data.external.archive_prepare",
            "module.backend.module.lambda_functions.local_file.archive_plan"
          ],
          "create_before_destroy": true
        }
      ]
    },
    {
      "module": "module.backend.module.lambda_functions[\"POST /todos\"]",
      "mode": "managed",
      "type": "null_resource",
      "name": "sam_metadata_aws_lambda_function",
      "provider": "provider[\"registry.terraform.io/hashicorp/null\"]",
      "instances": []
    },
    {
      "module": "module.backend.module.lambda_functions[\"POST /todos\"]",
      "mode": "managed",
      "type": "null_resource",
      "name": "sam_metadata_aws_lambda_layer_version",
      "provider": "provider[\"registry.terraform.io/hashicorp/null\"]",
      "instances": []
    },
    {
      "module": "module.backend.module.lambda_functions[\"PUT /todos/{id}\"]",
      "mode": "data",
      "type": "aws_arn",
      "name": "log_group_arn",
      "provider": "provider[\"registry.terraform.io/hashicorp/aws\"]",
      "instances": []
    },
    {
      "module": "module.backend.module.lambda_functions[\"PUT /todos/{id}\"]",
      "mode": "data",
      "type": "aws_caller_identity",
      "name": "current",
      "provider": "provider[\"registry.terraform.io/hashicorp/aws\"]",
      "instances": [
        {
          "schema_version": 0,
          "attributes": {
            "account_id": "958948421283",
            "arn": "arn:aws:iam::958948421283:user/cli-user",
            "id": "958948421283",
            "user_id": "AIDA56ROHV2RRL33TY4LX"
          },
          "sensitive_attributes": []
        }
      ]
    },
    {
      "module": "module.backend.module.lambda_functions[\"PUT /todos/{id}\"]",
      "mode": "data",
      "type": "aws_cloudwatch_log_group",
      "name": "lambda",
      "provider": "provider[\"registry.terraform.io/hashicorp/aws\"]",
      "instances": []
    },
    {
      "module": "module.backend.module.lambda_functions[\"PUT /todos/{id}\"]",
      "mode": "data",
      "type": "aws_iam_policy",
      "name": "tracing",
      "provider": "provider[\"registry.terraform.io/hashicorp/aws\"]",
      "instances": []
    },
    {
      "module": "module.backend.module.lambda_functions[\"PUT /todos/{id}\"]",
      "mode": "data",
      "type": "aws_iam_policy",
      "name": "vpc",
      "provider": "provider[\"registry.terraform.io/hashicorp/aws\"]",
      "instances": []
    },
    {
      "module": "module.backend.module.lambda_functions[\"PUT /todos/{id}\"]",
      "mode": "data",
      "type": "aws_iam_policy_document",
      "name": "additional_inline",
      "provider": "provider[\"registry.terraform.io/hashicorp/aws\"]",
      "instances": []
    },
    {
      "module": "module.backend.module.lambda_functions[\"PUT /todos/{id}\"]",
      "mode": "data",
      "type": "aws_iam_policy_document",
      "name": "assume_role",
      "provider": "provider[\"registry.terraform.io/hashicorp/aws\"]",
      "instances": [
        {
          "index_key": 0,
          "schema_version": 0,
          "attributes": {
            "id": "1604711841",
            "json": "{\n  \"Version\": \"2012-10-17\",\n  \"Statement\": [\n    {\n      \"Effect\": \"Allow\",\n      \"Action\": \"sts:AssumeRole\",\n      \"Principal\": {\n        \"Service\": \"lambda.amazonaws.com\"\n      }\n    }\n  ]\n}",
            "minified_json": "{\"Version\":\"2012-10-17\",\"Statement\":[{\"Effect\":\"Allow\",\"Action\":\"sts:AssumeRole\",\"Principal\":{\"Service\":\"lambda.amazonaws.com\"}}]}",
            "override_json": null,
            "override_policy_documents": null,
            "policy_id": null,
            "source_json": null,
            "source_policy_documents": null,
            "statement": [
              {
                "actions": [
                  "sts:AssumeRole"
                ],
                "condition": [],
                "effect": "Allow",
                "not_actions": [],
                "not_principals": [],
                "not_resources": [],
                "principals": [
                  {
                    "identifiers": [
                      "lambda.amazonaws.com"
                    ],
                    "type": "Service"
                  }
                ],
                "resources": [],
                "sid": ""
              }
            ],
            "version": "2012-10-17"
          },
          "sensitive_attributes": []
        }
      ]
    },
    {
      "module": "module.backend.module.lambda_functions[\"PUT /todos/{id}\"]",
      "mode": "data",
      "type": "aws_iam_policy_document",
      "name": "async",
      "provider": "provider[\"registry.terraform.io/hashicorp/aws\"]",
      "instances": []
    },
    {
      "module": "module.backend.module.lambda_functions[\"PUT /todos/{id}\"]",
      "mode": "data",
      "type": "aws_iam_policy_document",
      "name": "dead_letter",
      "provider": "provider[\"registry.terraform.io/hashicorp/aws\"]",
      "instances": []
    },
    {
      "module": "module.backend.module.lambda_functions[\"PUT /todos/{id}\"]",
      "mode": "data",
      "type": "aws_iam_policy_document",
      "name": "logs",
      "provider": "provider[\"registry.terraform.io/hashicorp/aws\"]",
      "instances": [
        {
          "index_key": 0,
          "schema_version": 0,
          "attributes": {
            "id": "1266274322",
            "json": "{\n  \"Version\": \"2012-10-17\",\n  \"Statement\": [\n    {\n      \"Effect\": \"Allow\",\n      \"Action\": [\n        \"logs:PutLogEvents\",\n        \"logs:CreateLogStream\",\n        \"logs:CreateLogGroup\"\n      ],\n      \"Resource\": [\n        \"arn:aws:logs:us-west-2:958948421283:log-group:/aws/lambda/serverless-todo-dev-update:*:*\",\n        \"arn:aws:logs:us-west-2:958948421283:log-group:/aws/lambda/serverless-todo-dev-update:*\"\n      ]\n    }\n  ]\n}",
            "minified_json": "{\"Version\":\"2012-10-17\",\"Statement\":[{\"Effect\":\"Allow\",\"Action\":[\"logs:PutLogEvents\",\"logs:CreateLogStream\",\"logs:CreateLogGroup\"],\"Resource\":[\"arn:aws:logs:us-west-2:958948421283:log-group:/aws/lambda/serverless-todo-dev-update:*:*\",\"arn:aws:logs:us-west-2:958948421283:log-group:/aws/lambda/serverless-todo-dev-update:*\"]}]}",
            "override_json": null,
            "override_policy_documents": null,
            "policy_id": null,
            "source_json": null,
            "source_policy_documents": null,
            "statement": [
              {
                "actions": [
                  "logs:CreateLogGroup",
                  "logs:CreateLogStream",
                  "logs:PutLogEvents"
                ],
                "condition": [],
                "effect": "Allow",
                "not_actions": [],
                "not_principals": [],
                "not_resources": [],
                "principals": [],
                "resources": [
                  "arn:aws:logs:us-west-2:958948421283:log-group:/aws/lambda/serverless-todo-dev-update:*",
                  "arn:aws:logs:us-west-2:958948421283:log-group:/aws/lambda/serverless-todo-dev-update:*:*"
                ],
                "sid": ""
              }
            ],
            "version": "2012-10-17"
          },
          "sensitive_attributes": []
        }
      ]
    },
    {
      "module": "module.backend.module.lambda_functions[\"PUT /todos/{id}\"]",
      "mode": "data",
      "type": "aws_partition",
      "name": "current",
      "provider": "provider[\"registry.terraform.io/hashicorp/aws\"]",
      "instances": [
        {
          "schema_version": 0,
          "attributes": {
            "dns_suffix": "amazonaws.com",
            "id": "aws",
            "partition": "aws",
            "reverse_dns_prefix": "com.amazonaws"
          },
          "sensitive_attributes": []
        }
      ]
    },
    {
      "module": "module.backend.module.lambda_functions[\"PUT /todos/{id}\"]",
      "mode": "data",
      "type": "aws_region",
      "name": "current",
      "provider": "provider[\"registry.terraform.io/hashicorp/aws\"]",
      "instances": [
        {
          "schema_version": 0,
          "attributes": {
            "description": "US West (Oregon)",
            "endpoint": "ec2.us-west-2.amazonaws.com",
            "id": "us-west-2",
            "name": "us-west-2",
            "region": "us-west-2"
          },
          "sensitive_attributes": []
        }
      ]
    },
    {
      "module": "module.backend.module.lambda_functions[\"PUT /todos/{id}\"]",
      "mode": "data",
      "type": "external",
      "name": "archive_prepare",
      "provider": "provider[\"registry.terraform.io/hashicorp/external\"]",
      "instances": [
        {
          "index_key": 0,
          "schema_version": 0,
          "attributes": {
            "id": "-",
            "program": [
              "python.exe",
              ".terraform/modules/backend.lambda_functions/package.py",
              "prepare"
            ],
            "query": {
              "artifacts_dir": "./.terraform/lambda-builds/",
              "docker": null,
              "hash_extra": "",
              "hash_extra_paths": "[]",
              "paths": "{\"cwd\":\"E:/Internal/Desktop/devops/serverless-todo-app/infra\",\"module\":\".terraform/modules/backend.lambda_functions\",\"root\":\".\"}",
              "recreate_missing_package": "true",
              "runtime": "nodejs18.x",
              "source_path": "[\"./../src/backend/functions/update.mjs\",{\"npm_requirements\":\"./../src/backend/package.json\"}]"
            },
            "result": {
              "build_plan": "{\"filename\": \"./.terraform/lambda-builds/a348f685be3335e39bdfc2b8851c4fed42b93c07c030d15cc44602d1a46c30a4.zip\", \"runtime\": \"nodejs18.x\", \"artifacts_dir\": \"./.terraform/lambda-builds/\", \"build_plan\": [[[\"zip\", \"./../src/backend/functions/update.mjs\", null]], [[\"npm\", \"nodejs18.x\", \"./../src/backend/package.json\", null, null]]]}",
              "build_plan_filename": "./.terraform/lambda-builds/a348f685be3335e39bdfc2b8851c4fed42b93c07c030d15cc44602d1a46c30a4.plan.json",
              "filename": "./.terraform/lambda-builds/a348f685be3335e39bdfc2b8851c4fed42b93c07c030d15cc44602d1a46c30a4.zip",
              "timestamp": "1758362606792881000",
              "was_missing": "false"
            },
            "working_dir": null
          },
          "sensitive_attributes": []
        }
      ]
    },
    {
      "module": "module.backend.module.lambda_functions[\"PUT /todos/{id}\"]",
      "mode": "managed",
      "type": "aws_cloudwatch_log_group",
      "name": "lambda",
      "provider": "provider[\"registry.terraform.io/hashicorp/aws\"]",
      "instances": [
        {
          "index_key": 0,
          "schema_version": 0,
          "attributes": {
            "arn": "arn:aws:logs:us-west-2:958948421283:log-group:/aws/lambda/serverless-todo-dev-update",
            "id": "/aws/lambda/serverless-todo-dev-update",
            "kms_key_id": "",
            "log_group_class": "STANDARD",
            "name": "/aws/lambda/serverless-todo-dev-update",
            "name_prefix": "",
            "region": "us-west-2",
            "retention_in_days": 0,
            "skip_destroy": false,
            "tags": {},
            "tags_all": {
              "Environment": "dev",
              "Project": "serverless-todo"
            }
          },
          "sensitive_attributes": [],
          "private": "bnVsbA==",
          "create_before_destroy": true
        }
      ]
    },
    {
      "module": "module.backend.module.lambda_functions[\"PUT /todos/{id}\"]",
      "mode": "managed",
      "type": "aws_iam_role",
      "name": "lambda",
      "provider": "provider[\"registry.terraform.io/hashicorp/aws\"]",
      "instances": [
        {
          "index_key": 0,
          "schema_version": 0,
          "attributes": {
            "arn": "arn:aws:iam::958948421283:role/serverless-todo-dev-update",
            "assume_role_policy": "{\"Statement\":[{\"Action\":\"sts:AssumeRole\",\"Effect\":\"Allow\",\"Principal\":{\"Service\":\"lambda.amazonaws.com\"}}],\"Version\":\"2012-10-17\"}",
            "create_date": "2025-09-20T10:02:03Z",
            "description": "",
            "force_detach_policies": true,
            "id": "serverless-todo-dev-update",
            "inline_policy": [
              {
                "name": "serverless-todo-dev-update",
                "policy": "{\"Id\":\"PolicyForDynamoDB\",\"Statement\":[{\"Action\":[\"dynamodb:GetItem\",\"dynamodb:PutItem\",\"dynamodb:UpdateItem\",\"dynamodb:DeleteItem\",\"dynamodb:Query\",\"dynamodb:Scan\"],\"Effect\":\"Allow\",\"Resource\":\"arn:aws:dynamodb:us-west-2:958948421283:table/serverless-todo-dynamodb-dev\",\"Sid\":\"AllowDynamoDBAccess\"}],\"Version\":\"2008-10-17\"}"
              },
              {
                "name": "serverless-todo-dev-update-logs",
                "policy": "{\"Version\":\"2012-10-17\",\"Statement\":[{\"Action\":[\"logs:PutLogEvents\",\"logs:CreateLogStream\",\"logs:CreateLogGroup\"],\"Effect\":\"Allow\",\"Resource\":[\"arn:aws:logs:us-west-2:958948421283:log-group:/aws/lambda/serverless-todo-dev-update:*:*\",\"arn:aws:logs:us-west-2:958948421283:log-group:/aws/lambda/serverless-todo-dev-update:*\"]}]}"
              }
            ],
            "managed_policy_arns": [],
            "max_session_duration": 3600,
            "name": "serverless-todo-dev-update",
            "name_prefix": "",
            "path": "/",
            "permissions_boundary": "",
            "tags": {},
            "tags_all": {
              "Environment": "dev",
              "Project": "serverless-todo"
            },
            "unique_id": "AROA56ROHV2RSLNSPTJC6"
          },
          "sensitive_attributes": [],
          "private": "bnVsbA==",
          "dependencies": [
            "module.backend.module.lambda_functions.data.aws_iam_policy_document.assume_role"
          ],
          "create_before_destroy": true
        }
      ]
    },
    {
      "module": "module.backend.module.lambda_functions[\"PUT /todos/{id}\"]",
      "mode": "managed",
      "type": "aws_iam_role_policy",
      "name": "additional_inline",
      "provider": "provider[\"registry.terraform.io/hashicorp/aws\"]",
      "instances": []
    },
    {
      "module": "module.backend.module.lambda_functions[\"PUT /todos/{id}\"]",
      "mode": "managed",
      "type": "aws_iam_role_policy",
      "name": "additional_json",
      "provider": "provider[\"registry.terraform.io/hashicorp/aws\"]",
      "instances": [
        {
          "index_key": 0,
          "schema_version": 0,
          "attributes": {
            "id": "serverless-todo-dev-update:serverless-todo-dev-update",
            "name": "serverless-todo-dev-update",
            "name_prefix": "",
            "policy": "{\"Id\":\"PolicyForDynamoDB\",\"Statement\":[{\"Action\":[\"dynamodb:GetItem\",\"dynamodb:PutItem\",\"dynamodb:UpdateItem\",\"dynamodb:DeleteItem\",\"dynamodb:Query\",\"dynamodb:Scan\"],\"Effect\":\"Allow\",\"Resource\":\"arn:aws:dynamodb:us-west-2:958948421283:table/serverless-todo-dynamodb-dev\",\"Sid\":\"AllowDynamoDBAccess\"}],\"Version\":\"2008-10-17\"}",
            "role": "serverless-todo-dev-update"
          },
          "sensitive_attributes": [],
          "private": "bnVsbA==",
          "dependencies": [
            "module.backend.module.lambda_functions.aws_iam_role.lambda",
            "module.backend.module.lambda_functions.data.aws_iam_policy_document.assume_role",
            "module.dynamodb_table.aws_dynamodb_table.autoscaled",
            "module.dynamodb_table.aws_dynamodb_table.autoscaled_gsi_ignore",
            "module.dynamodb_table.aws_dynamodb_table.this"
          ],
          "create_before_destroy": true
        }
      ]
    },
    {
      "module": "module.backend.module.lambda_functions[\"PUT /todos/{id}\"]",
      "mode": "managed",
      "type": "aws_iam_role_policy",
      "name": "additional_jsons",
      "provider": "provider[\"registry.terraform.io/hashicorp/aws\"]",
      "instances": []
    },
    {
      "module": "module.backend.module.lambda_functions[\"PUT /todos/{id}\"]",
      "mode": "managed",
      "type": "aws_iam_role_policy",
      "name": "async",
      "provider": "provider[\"registry.terraform.io/hashicorp/aws\"]",
      "instances": []
    },
    {
      "module": "module.backend.module.lambda_functions[\"PUT /todos/{id}\"]",
      "mode": "managed",
      "type": "aws_iam_role_policy",
      "name": "dead_letter",
      "provider": "provider[\"registry.terraform.io/hashicorp/aws\"]",
      "instances": []
    },
    {
      "module": "module.backend.module.lambda_functions[\"PUT /todos/{id}\"]",
      "mode": "managed",
      "type": "aws_iam_role_policy",
      "name": "logs",
      "provider": "provider[\"registry.terraform.io/hashicorp/aws\"]",
      "instances": [
        {
          "index_key": 0,
          "schema_version": 0,
          "attributes": {
            "id": "serverless-todo-dev-update:serverless-todo-dev-update-logs",
            "name": "serverless-todo-dev-update-logs",
            "name_prefix": "",
            "policy": "{\"Version\":\"2012-10-17\",\"Statement\":[{\"Action\":[\"logs:PutLogEvents\",\"logs:CreateLogStream\",\"logs:CreateLogGroup\"],\"Effect\":\"Allow\",\"Resource\":[\"arn:aws:logs:us-west-2:958948421283:log-group:/aws/lambda/serverless-todo-dev-update:*:*\",\"arn:aws:logs:us-west-2:958948421283:log-group:/aws/lambda/serverless-todo-dev-update:*\"]}]}",
            "role": "serverless-todo-dev-update"
          },
          "sensitive_attributes": [],
          "private": "bnVsbA==",
          "dependencies": [
            "module.backend.module.lambda_functions.aws_cloudwatch_log_group.lambda",
            "module.backend.module.lambda_functions.aws_iam_role.lambda",
            "module.backend.module.lambda_functions.data.aws_arn.log_group_arn",
            "module.backend.module.lambda_functions.data.aws_cloudwatch_log_group.lambda",
            "module.backend.module.lambda_functions.data.aws_iam_policy_document.assume_role",
            "module.backend.module.lambda_functions.data.aws_iam_policy_document.logs"
          ],
          "create_before_destroy": true
        }
      ]
    },
    {
      "module": "module.backend.module.lambda_functions[\"PUT /todos/{id}\"]",
      "mode": "managed",
      "type": "aws_iam_role_policy",
      "name": "tracing",
      "provider": "provider[\"registry.terraform.io/hashicorp/aws\"]",
      "instances": []
    },
    {
      "module": "module.backend.module.lambda_functions[\"PUT /todos/{id}\"]",
      "mode": "managed",
      "type": "aws_iam_role_policy",
      "name": "vpc",
      "provider": "provider[\"registry.terraform.io/hashicorp/aws\"]",
      "instances": []
    },
    {
      "module": "module.backend.module.lambda_functions[\"PUT /todos/{id}\"]",
      "mode": "managed",
      "type": "aws_iam_role_policy_attachment",
      "name": "additional_many",
      "provider": "provider[\"registry.terraform.io/hashicorp/aws\"]",
      "instances": []
    },
    {
      "module": "module.backend.module.lambda_functions[\"PUT /todos/{id}\"]",
      "mode": "managed",
      "type": "aws_iam_role_policy_attachment",
      "name": "additional_one",
      "provider": "provider[\"registry.terraform.io/hashicorp/aws\"]",
      "instances": []
    },
    {
      "module": "module.backend.module.lambda_functions[\"PUT /todos/{id}\"]",
      "mode": "managed",
      "type": "aws_lambda_function",
      "name": "this",
      "provider": "provider[\"registry.terraform.io/hashicorp/aws\"]",
      "instances": [
        {
          "index_key": 0,
          "schema_version": 0,
          "attributes": {
            "architectures": [
              "x86_64"
            ],
            "arn": "arn:aws:lambda:us-west-2:958948421283:function:serverless-todo-dev-update",
            "code_sha256": "4+v/GebpOduuUgNLBNQFf9jijH+Eb4arU8mamyNGg7c=",
            "code_signing_config_arn": "",
            "dead_letter_config": [],
            "description": "",
            "environment": [
              {
                "variables": {
                  "DYNAMODB_TABLE": "serverless-todo-dynamodb-dev",
                  "ENVIRONMENT": "dev"
                }
              }
            ],
            "ephemeral_storage": [
              {
                "size": 512
              }
            ],
            "file_system_config": [],
            "filename": "./.terraform/lambda-builds/a348f685be3335e39bdfc2b8851c4fed42b93c07c030d15cc44602d1a46c30a4.zip",
            "function_name": "serverless-todo-dev-update",
            "handler": "update.handler",
            "id": "serverless-todo-dev-update",
            "image_config": [],
            "image_uri": "",
            "invoke_arn": "arn:aws:apigateway:us-west-2:lambda:path/2015-03-31/functions/arn:aws:lambda:us-west-2:958948421283:function:serverless-todo-dev-update/invocations",
            "kms_key_arn": "",
            "last_modified": "2025-09-20T10:13:41.000+0000",
            "layers": [],
            "logging_config": [
              {
                "application_log_level": "",
                "log_format": "Text",
                "log_group": "/aws/lambda/serverless-todo-dev-update",
                "system_log_level": ""
              }
            ],
            "memory_size": 128,
            "package_type": "Zip",
            "publish": true,
            "qualified_arn": "arn:aws:lambda:us-west-2:958948421283:function:serverless-todo-dev-update:8",
            "qualified_invoke_arn": "arn:aws:apigateway:us-west-2:lambda:path/2015-03-31/functions/arn:aws:lambda:us-west-2:958948421283:function:serverless-todo-dev-update:8/invocations",
            "region": "us-west-2",
            "replace_security_groups_on_destroy": null,
            "replacement_security_group_ids": null,
            "reserved_concurrent_executions": -1,
            "role": "arn:aws:iam::958948421283:role/serverless-todo-dev-update",
            "runtime": "nodejs18.x",
            "s3_bucket": null,
            "s3_key": null,
            "s3_object_version": null,
            "signing_job_arn": "",
            "signing_profile_version_arn": "",
            "skip_destroy": false,
            "snap_start": [],
            "source_code_hash": "4+v/GebpOduuUgNLBNQFf9jijH+Eb4arU8mamyNGg7c=",
            "source_code_size": 82297,
            "source_kms_key_arn": "",
            "tags": {
              "terraform-aws-modules": "lambda"
            },
            "tags_all": {
              "Environment": "dev",
              "Project": "serverless-todo",
              "terraform-aws-modules": "lambda"
            },
            "timeout": 3,
            "timeouts": null,
            "tracing_config": [
              {
                "mode": "PassThrough"
              }
            ],
            "version": "8",
            "vpc_config": []
          },
          "sensitive_attributes": [],
          "private": "eyJlMmJmYjczMC1lY2FhLTExZTYtOGY4OC0zNDM2M2JjN2M0YzAiOnsiY3JlYXRlIjo2MDAwMDAwMDAwMDAsImRlbGV0ZSI6NjAwMDAwMDAwMDAwLCJ1cGRhdGUiOjYwMDAwMDAwMDAwMH19",
          "dependencies": [
            "module.backend.module.lambda_functions.aws_cloudwatch_log_group.lambda",
            "module.backend.module.lambda_functions.aws_iam_role.lambda",
            "module.backend.module.lambda_functions.aws_iam_role_policy.additional_inline",
            "module.backend.module.lambda_functions.aws_iam_role_policy.additional_json",
            "module.backend.module.lambda_functions.aws_iam_role_policy.additional_jsons",
            "module.backend.module.lambda_functions.aws_iam_role_policy.async",
            "module.backend.module.lambda_functions.aws_iam_role_policy.dead_letter",
            "module.backend.module.lambda_functions.aws_iam_role_policy.logs",
            "module.backend.module.lambda_functions.aws_iam_role_policy.tracing",
            "module.backend.module.lambda_functions.aws_iam_role_policy.vpc",
            "module.backend.module.lambda_functions.aws_iam_role_policy_attachment.additional_many",
            "module.backend.module.lambda_functions.aws_iam_role_policy_attachment.additional_one",
            "module.backend.module.lambda_functions.aws_s3_object.lambda_package",
            "module.backend.module.lambda_functions.data.aws_arn.log_group_arn",
            "module.backend.module.lambda_functions.data.aws_cloudwatch_log_group.lambda",
            "module.backend.module.lambda_functions.data.aws_iam_policy.tracing",
            "module.backend.module.lambda_functions.data.aws_iam_policy.vpc",
            "module.backend.module.lambda_functions.data.aws_iam_policy_document.additional_inline",
            "module.backend.module.lambda_functions.data.aws_iam_policy_document.assume_role",
            "module.backend.module.lambda_functions.data.aws_iam_policy_document.async",
            "module.backend.module.lambda_functions.data.aws_iam_policy_document.dead_letter",
            "module.backend.module.lambda_functions.data.aws_iam_policy_document.logs",
            "module.backend.module.lambda_functions.data.aws_partition.current",
            "module.backend.module.lambda_functions.data.external.archive_prepare",
            "module.backend.module.lambda_functions.local_file.archive_plan",
            "module.backend.module.lambda_functions.null_resource.archive",
            "module.dynamodb_table.aws_dynamodb_table.autoscaled",
            "module.dynamodb_table.aws_dynamodb_table.autoscaled_gsi_ignore",
            "module.dynamodb_table.aws_dynamodb_table.this"
          ],
          "create_before_destroy": true
        }
      ]
    },
    {
      "module": "module.backend.module.lambda_functions[\"PUT /todos/{id}\"]",
      "mode": "managed",
      "type": "aws_lambda_layer_version",
      "name": "this",
      "provider": "provider[\"registry.terraform.io/hashicorp/aws\"]",
      "instances": []
    },
    {
      "module": "module.backend.module.lambda_functions[\"PUT /todos/{id}\"]",
      "mode": "managed",
      "type": "aws_lambda_permission",
      "name": "current_version_triggers",
      "provider": "provider[\"registry.terraform.io/hashicorp/aws\"]",
      "instances": [
        {
          "index_key": "apigw",
          "schema_version": 0,
          "attributes": {
            "action": "lambda:InvokeFunction",
            "event_source_token": null,
            "function_name": "serverless-todo-dev-update",
            "function_url_auth_type": null,
            "id": "apigw20250920100416317200000001",
            "principal": "apigateway.amazonaws.com",
            "principal_org_id": null,
            "qualifier": "7",
            "region": "us-west-2",
            "source_account": null,
            "source_arn": "arn:aws:execute-api:us-west-2:958948421283:4wsto8g9ri/*/*",
            "statement_id": "apigw20250920100416317200000001",
            "statement_id_prefix": "apigw"
          },
          "sensitive_attributes": [],
          "private": "bnVsbA==",
          "dependencies": [
            "module.backend.module.api_gateway.aws_apigatewayv2_api.this",
            "module.backend.module.lambda_functions.aws_cloudwatch_log_group.lambda",
            "module.backend.module.lambda_functions.aws_iam_role.lambda",
            "module.backend.module.lambda_functions.aws_iam_role_policy.additional_inline",
            "module.backend.module.lambda_functions.aws_iam_role_policy.additional_json",
            "module.backend.module.lambda_functions.aws_iam_role_policy.additional_jsons",
            "module.backend.module.lambda_functions.aws_iam_role_policy.async",
            "module.backend.module.lambda_functions.aws_iam_role_policy.dead_letter",
            "module.backend.module.lambda_functions.aws_iam_role_policy.logs",
            "module.backend.module.lambda_functions.aws_iam_role_policy.tracing",
            "module.backend.module.lambda_functions.aws_iam_role_policy.vpc",
            "module.backend.module.lambda_functions.aws_iam_role_policy_attachment.additional_many",
            "module.backend.module.lambda_functions.aws_iam_role_policy_attachment.additional_one",
            "module.backend.module.lambda_functions.aws_lambda_function.this",
            "module.backend.module.lambda_functions.aws_s3_object.lambda_package",
            "module.backend.module.lambda_functions.data.aws_arn.log_group_arn",
            "module.backend.module.lambda_functions.data.aws_cloudwatch_log_group.lambda",
            "module.backend.module.lambda_functions.data.aws_iam_policy.tracing",
            "module.backend.module.lambda_functions.data.aws_iam_policy.vpc",
            "module.backend.module.lambda_functions.data.aws_iam_policy_document.additional_inline",
            "module.backend.module.lambda_functions.data.aws_iam_policy_document.assume_role",
            "module.backend.module.lambda_functions.data.aws_iam_policy_document.async",
            "module.backend.module.lambda_functions.data.aws_iam_policy_document.dead_letter",
            "module.backend.module.lambda_functions.data.aws_iam_policy_document.logs",
            "module.backend.module.lambda_functions.data.aws_partition.current",
            "module.backend.module.lambda_functions.data.external.archive_prepare",
            "module.backend.module.lambda_functions.local_file.archive_plan",
            "module.backend.module.lambda_functions.null_resource.archive",
            "module.dynamodb_table.aws_dynamodb_table.autoscaled",
            "module.dynamodb_table.aws_dynamodb_table.autoscaled_gsi_ignore",
            "module.dynamodb_table.aws_dynamodb_table.this"
          ],
          "create_before_destroy": true
        }
      ]
    },
    {
      "module": "module.backend.module.lambda_functions[\"PUT /todos/{id}\"]",
      "mode": "managed",
      "type": "aws_lambda_permission",
      "name": "unqualified_alias_triggers",
      "provider": "provider[\"registry.terraform.io/hashicorp/aws\"]",
      "instances": [
        {
          "index_key": "apigw",
          "schema_version": 0,
          "attributes": {
            "action": "lambda:InvokeFunction",
            "event_source_token": null,
            "function_name": "serverless-todo-dev-update",
            "function_url_auth_type": null,
            "id": "apigw20250920100416317200000004",
            "principal": "apigateway.amazonaws.com",
            "principal_org_id": null,
            "qualifier": "",
            "region": "us-west-2",
            "source_account": null,
            "source_arn": "arn:aws:execute-api:us-west-2:958948421283:4wsto8g9ri/*/*",
            "statement_id": "apigw20250920100416317200000004",
            "statement_id_prefix": "apigw"
          },
          "sensitive_attributes": [],
          "private": "bnVsbA==",
          "dependencies": [
            "module.backend.module.api_gateway.aws_apigatewayv2_api.this",
            "module.backend.module.lambda_functions.aws_cloudwatch_log_group.lambda",
            "module.backend.module.lambda_functions.aws_iam_role.lambda",
            "module.backend.module.lambda_functions.aws_iam_role_policy.additional_inline",
            "module.backend.module.lambda_functions.aws_iam_role_policy.additional_json",
            "module.backend.module.lambda_functions.aws_iam_role_policy.additional_jsons",
            "module.backend.module.lambda_functions.aws_iam_role_policy.async",
            "module.backend.module.lambda_functions.aws_iam_role_policy.dead_letter",
            "module.backend.module.lambda_functions.aws_iam_role_policy.logs",
            "module.backend.module.lambda_functions.aws_iam_role_policy.tracing",
            "module.backend.module.lambda_functions.aws_iam_role_policy.vpc",
            "module.backend.module.lambda_functions.aws_iam_role_policy_attachment.additional_many",
            "module.backend.module.lambda_functions.aws_iam_role_policy_attachment.additional_one",
            "module.backend.module.lambda_functions.aws_lambda_function.this",
            "module.backend.module.lambda_functions.aws_s3_object.lambda_package",
            "module.backend.module.lambda_functions.data.aws_arn.log_group_arn",
            "module.backend.module.lambda_functions.data.aws_cloudwatch_log_group.lambda",
            "module.backend.module.lambda_functions.data.aws_iam_policy.tracing",
            "module.backend.module.lambda_functions.data.aws_iam_policy.vpc",
            "module.backend.module.lambda_functions.data.aws_iam_policy_document.additional_inline",
            "module.backend.module.lambda_functions.data.aws_iam_policy_document.assume_role",
            "module.backend.module.lambda_functions.data.aws_iam_policy_document.async",
            "module.backend.module.lambda_functions.data.aws_iam_policy_document.dead_letter",
            "module.backend.module.lambda_functions.data.aws_iam_policy_document.logs",
            "module.backend.module.lambda_functions.data.aws_partition.current",
            "module.backend.module.lambda_functions.data.external.archive_prepare",
            "module.backend.module.lambda_functions.local_file.archive_plan",
            "module.backend.module.lambda_functions.null_resource.archive",
            "module.dynamodb_table.aws_dynamodb_table.autoscaled",
            "module.dynamodb_table.aws_dynamodb_table.autoscaled_gsi_ignore",
            "module.dynamodb_table.aws_dynamodb_table.this"
          ],
          "create_before_destroy": true
        }
      ]
    },
    {
      "module": "module.backend.module.lambda_functions[\"PUT /todos/{id}\"]",
      "mode": "managed",
      "type": "aws_s3_object",
      "name": "lambda_package",
      "provider": "provider[\"registry.terraform.io/hashicorp/aws\"]",
      "instances": []
    },
    {
      "module": "module.backend.module.lambda_functions[\"PUT /todos/{id}\"]",
      "mode": "managed",
      "type": "local_file",
      "name": "archive_plan",
      "provider": "provider[\"registry.terraform.io/hashicorp/local\"]",
      "instances": [
        {
          "index_key": 0,
          "schema_version": 0,
          "attributes": {
            "content": "{\"filename\": \"./.terraform/lambda-builds/a348f685be3335e39bdfc2b8851c4fed42b93c07c030d15cc44602d1a46c30a4.zip\", \"runtime\": \"nodejs18.x\", \"artifacts_dir\": \"./.terraform/lambda-builds/\", \"build_plan\": [[[\"zip\", \"./../src/backend/functions/update.mjs\", null]], [[\"npm\", \"nodejs18.x\", \"./../src/backend/package.json\", null, null]]]}",
            "content_base64": null,
            "content_base64sha256": "RuO4brXmxnsmCYchpo7KX/Nmj+GTGQKEc12RC6EvPPE=",
            "content_base64sha512": "xAiNz0twbd2lmHO0CKh1f3DkaGlpnluIpS9YKt8zM0Vl5i8s4XMH7du96OHNOh46ZIFOwRF8A+EuWO0BkAKkDw==",
            "content_md5": "4507150c78d5c70d658cc52b9d7a9d31",
            "content_sha1": "3a3ed9c25bd1766ad4630b59d9c78393b5ef543d",
            "content_sha256": "46e3b86eb5e6c67b26098721a68eca5ff3668fe193190284735d910ba12f3cf1",
            "content_sha512": "c4088dcf4b706ddda59873b408a8757f70e46869699e5b88a52f582adf33334565e62f2ce17307eddbbde8e1cd3a1e3a64814ec1117c03e12e58ed019002a40f",
            "directory_permission": "0755",
            "file_permission": "0644",
            "filename": "./.terraform/lambda-builds/a348f685be3335e39bdfc2b8851c4fed42b93c07c030d15cc44602d1a46c30a4.plan.json",
            "id": "3a3ed9c25bd1766ad4630b59d9c78393b5ef543d",
            "sensitive_content": null,
            "source": null
          },
          "sensitive_attributes": [
            [
              {
                "type": "get_attr",
                "value": "content"
              }
            ],
            [
              {
                "type": "get_attr",
                "value": "sensitive_content"
              }
            ]
          ],
          "dependencies": [
            "module.backend.module.lambda_functions.data.external.archive_prepare"
          ],
          "create_before_destroy": true
        }
      ]
    },
    {
      "module": "module.backend.module.lambda_functions[\"PUT /todos/{id}\"]",
      "mode": "managed",
      "type": "null_resource",
      "name": "archive",
      "provider": "provider[\"registry.terraform.io/hashicorp/null\"]",
      "instances": [
        {
          "index_key": 0,
          "schema_version": 0,
          "attributes": {
            "id": "1598412199",
            "triggers": {
              "filename": "./.terraform/lambda-builds/a348f685be3335e39bdfc2b8851c4fed42b93c07c030d15cc44602d1a46c30a4.zip",
              "timestamp": "1758362606792881000"
            }
          },
          "sensitive_attributes": [],
          "dependencies": [
            "module.backend.module.lambda_functions.data.external.archive_prepare",
            "module.backend.module.lambda_functions.local_file.archive_plan"
          ],
          "create_before_destroy": true
        }
      ]
    },
    {
      "module": "module.backend.module.lambda_functions[\"PUT /todos/{id}\"]",
      "mode": "managed",
      "type": "null_resource",
      "name": "sam_metadata_aws_lambda_function",
      "provider": "provider[\"registry.terraform.io/hashicorp/null\"]",
      "instances": []
    },
    {
      "module": "module.backend.module.lambda_functions[\"PUT /todos/{id}\"]",
      "mode": "managed",
      "type": "null_resource",
      "name": "sam_metadata_aws_lambda_layer_version",
      "provider": "provider[\"registry.terraform.io/hashicorp/null\"]",
      "instances": []
    },
    {
      "module": "module.dynamodb_table",
      "mode": "managed",
      "type": "aws_dynamodb_table",
      "name": "autoscaled",
      "provider": "provider[\"registry.terraform.io/hashicorp/aws\"]",
      "instances": []
    },
    {
      "module": "module.dynamodb_table",
      "mode": "managed",
      "type": "aws_dynamodb_table",
      "name": "autoscaled_gsi_ignore",
      "provider": "provider[\"registry.terraform.io/hashicorp/aws\"]",
      "instances": []
    },
    {
      "module": "module.dynamodb_table",
      "mode": "managed",
      "type": "aws_dynamodb_table",
      "name": "this",
      "provider": "provider[\"registry.terraform.io/hashicorp/aws\"]",
      "instances": [
        {
          "index_key": 0,
          "schema_version": 1,
          "attributes": {
            "arn": "arn:aws:dynamodb:us-west-2:958948421283:table/serverless-todo-dynamodb-dev",
            "attribute": [
              {
                "name": "id",
                "type": "S"
              }
            ],
            "billing_mode": "PAY_PER_REQUEST",
            "deletion_protection_enabled": false,
            "global_secondary_index": [],
            "hash_key": "id",
            "id": "serverless-todo-dynamodb-dev",
            "import_table": [],
            "local_secondary_index": [],
            "name": "serverless-todo-dynamodb-dev",
            "on_demand_throughput": [],
            "point_in_time_recovery": [
              {
                "enabled": false,
                "recovery_period_in_days": 0
              }
            ],
            "range_key": null,
            "read_capacity": 0,
            "region": "us-west-2",
            "replica": [],
            "restore_date_time": null,
            "restore_source_name": null,
            "restore_source_table_arn": null,
            "restore_to_latest_time": null,
            "server_side_encryption": [],
            "stream_arn": "",
            "stream_enabled": false,
            "stream_label": "",
            "stream_view_type": "",
            "table_class": "STANDARD",
            "tags": {
              "Name": "serverless-todo-dynamodb-dev"
            },
            "tags_all": {
              "Environment": "dev",
              "Name": "serverless-todo-dynamodb-dev",
              "Project": "serverless-todo"
            },
            "timeouts": {
              "create": "10m",
              "delete": "10m",
              "update": "60m"
            },
            "ttl": [
              {
                "attribute_name": "",
                "enabled": false
              }
            ],
            "warm_throughput": [],
            "write_capacity": 0
          },
          "sensitive_attributes": [],
          "private": "eyJlMmJmYjczMC1lY2FhLTExZTYtOGY4OC0zNDM2M2JjN2M0YzAiOnsiY3JlYXRlIjo2MDAwMDAwMDAwMDAsImRlbGV0ZSI6NjAwMDAwMDAwMDAwLCJ1cGRhdGUiOjM2MDAwMDAwMDAwMDB9LCJzY2hlbWFfdmVyc2lvbiI6IjEifQ==",
          "create_before_destroy": true
        }
      ]
    }
  ],
  "check_results": [
    {
      "object_kind": "var",
      "config_addr": "module.backend.module.api_gateway.module.acm.var.validation_method",
      "status": "pass",
      "objects": [
        {
          "object_addr": "module.backend.module.api_gateway.module.acm.var.validation_method",
          "status": "pass"
        }
      ]
    }
  ]
}
