{
  "version": 4,
  "terraform_version": "1.11.1",
  "serial": 220,
  "lineage": "8b267089-441c-8b58-48fc-d6bc44a915d3",
  "outputs": {
    "backend_url": {
      "value": "https://d5kuodgoui.execute-api.us-west-2.amazonaws.com",
      "type": "string"
    }
  },
  "resources": [
    {
      "module": "module.backend.module.api_gateway",
      "mode": "managed",
      "type": "aws_apigatewayv2_api",
      "name": "this",
      "provider": "provider[\"registry.terraform.io/hashicorp/aws\"]",
      "instances": [
        {
          "index_key": 0,
          "schema_version": 0,
          "attributes": {
            "api_endpoint": "https://d5kuodgoui.execute-api.us-west-2.amazonaws.com",
            "api_key_selection_expression": "$request.header.x-api-key",
            "arn": "arn:aws:apigateway:us-west-2::/apis/d5kuodgoui",
            "body": null,
            "cors_configuration": [
              {
                "allow_credentials": false,
                "allow_headers": [
                  "authorization",
                  "content-type",
                  "x-amz-date",
                  "x-amz-security-token",
                  "x-amz-user-agent",
                  "x-api-key"
                ],
                "allow_methods": [
                  "*"
                ],
                "allow_origins": [
                  "*"
                ],
                "expose_headers": null,
                "max_age": 0
              }
            ],
            "credentials_arn": null,
            "description": "Backend API",
            "disable_execute_api_endpoint": false,
            "execution_arn": "arn:aws:execute-api:us-west-2:958948421283:d5kuodgoui",
            "fail_on_warnings": null,
            "id": "d5kuodgoui",
            "ip_address_type": "ipv4",
            "name": "serverless-todo-prod-http",
            "protocol_type": "HTTP",
            "region": "us-west-2",
            "route_key": null,
            "route_selection_expression": "$request.method $request.path",
            "tags": {
              "terraform-aws-modules": "apigateway-v2"
            },
            "tags_all": {
              "Environment": "prod",
              "Project": "serverless-todo",
              "terraform-aws-modules": "apigateway-v2"
            },
            "target": null,
            "version": ""
          },
          "sensitive_attributes": [],
          "private": "bnVsbA==",
          "create_before_destroy": true
        }
      ]
    },
    {
      "module": "module.backend.module.api_gateway",
      "mode": "managed",
      "type": "aws_apigatewayv2_integration",
      "name": "this",
      "provider": "provider[\"registry.terraform.io/hashicorp/aws\"]",
      "instances": [
        {
          "index_key": "DELETE /todos/{id}",
          "schema_version": 0,
          "attributes": {
            "api_id": "d5kuodgoui",
            "connection_id": "",
            "connection_type": "INTERNET",
            "content_handling_strategy": "",
            "credentials_arn": "",
            "description": "",
            "id": "0srn325",
            "integration_method": "POST",
            "integration_response_selection_expression": "",
            "integration_subtype": "",
            "integration_type": "AWS_PROXY",
            "integration_uri": "arn:aws:apigateway:us-west-2:lambda:path/2015-03-31/functions/arn:aws:lambda:us-west-2:958948421283:function:serverless-todo-prod-delete/invocations",
            "passthrough_behavior": "",
            "payload_format_version": "2.0",
            "region": "us-west-2",
            "request_parameters": null,
            "request_templates": null,
            "response_parameters": [],
            "template_selection_expression": "",
            "timeout_milliseconds": 30000,
            "tls_config": []
          },
          "sensitive_attributes": [],
          "private": "bnVsbA==",
          "dependencies": [
            "module.backend.module.api_gateway.aws_apigatewayv2_api.this",
            "module.backend.module.api_gateway.aws_apigatewayv2_vpc_link.this",
            "module.backend.module.lambda_functions.aws_cloudwatch_log_group.lambda",
            "module.backend.module.lambda_functions.aws_iam_role.lambda",
            "module.backend.module.lambda_functions.aws_iam_role_policy.additional_inline",
            "module.backend.module.lambda_functions.aws_iam_role_policy.additional_json",
            "module.backend.module.lambda_functions.aws_iam_role_policy.additional_jsons",
            "module.backend.module.lambda_functions.aws_iam_role_policy.async",
            "module.backend.module.lambda_functions.aws_iam_role_policy.dead_letter",
            "module.backend.module.lambda_functions.aws_iam_role_policy.logs",
            "module.backend.module.lambda_functions.aws_iam_role_policy.tracing",
            "module.backend.module.lambda_functions.aws_iam_role_policy.vpc",
            "module.backend.module.lambda_functions.aws_iam_role_policy_attachment.additional_many",
            "module.backend.module.lambda_functions.aws_iam_role_policy_attachment.additional_one",
            "module.backend.module.lambda_functions.aws_lambda_event_source_mapping.this",
            "module.backend.module.lambda_functions.aws_lambda_function.this",
            "module.backend.module.lambda_functions.aws_lambda_function_event_invoke_config.this",
            "module.backend.module.lambda_functions.aws_lambda_function_recursion_config.this",
            "module.backend.module.lambda_functions.aws_lambda_function_url.this",
            "module.backend.module.lambda_functions.aws_lambda_layer_version.this",
            "module.backend.module.lambda_functions.aws_lambda_permission.current_version_triggers",
            "module.backend.module.lambda_functions.aws_lambda_permission.unqualified_alias_triggers",
            "module.backend.module.lambda_functions.aws_lambda_provisioned_concurrency_config.current_version",
            "module.backend.module.lambda_functions.aws_s3_object.lambda_package",
            "module.backend.module.lambda_functions.data.aws_arn.log_group_arn",
            "module.backend.module.lambda_functions.data.aws_caller_identity.current",
            "module.backend.module.lambda_functions.data.aws_cloudwatch_log_group.lambda",
            "module.backend.module.lambda_functions.data.aws_iam_policy.tracing",
            "module.backend.module.lambda_functions.data.aws_iam_policy.vpc",
            "module.backend.module.lambda_functions.data.aws_iam_policy_document.additional_inline",
            "module.backend.module.lambda_functions.data.aws_iam_policy_document.assume_role",
            "module.backend.module.lambda_functions.data.aws_iam_policy_document.async",
            "module.backend.module.lambda_functions.data.aws_iam_policy_document.dead_letter",
            "module.backend.module.lambda_functions.data.aws_iam_policy_document.logs",
            "module.backend.module.lambda_functions.data.aws_partition.current",
            "module.backend.module.lambda_functions.data.aws_region.current",
            "module.backend.module.lambda_functions.data.external.archive_prepare",
            "module.backend.module.lambda_functions.local_file.archive_plan",
            "module.backend.module.lambda_functions.null_resource.archive",
            "module.backend.module.lambda_functions.null_resource.sam_metadata_aws_lambda_function",
            "module.backend.module.lambda_functions.null_resource.sam_metadata_aws_lambda_layer_version",
            "module.dynamodb_table.aws_dynamodb_table.autoscaled",
            "module.dynamodb_table.aws_dynamodb_table.autoscaled_gsi_ignore",
            "module.dynamodb_table.aws_dynamodb_table.this"
          ],
          "create_before_destroy": true
        },
        {
          "index_key": "GET /todos",
          "schema_version": 0,
          "attributes": {
            "api_id": "d5kuodgoui",
            "connection_id": "",
            "connection_type": "INTERNET",
            "content_handling_strategy": "",
            "credentials_arn": "",
            "description": "",
            "id": "gyfnk3f",
            "integration_method": "POST",
            "integration_response_selection_expression": "",
            "integration_subtype": "",
            "integration_type": "AWS_PROXY",
            "integration_uri": "arn:aws:apigateway:us-west-2:lambda:path/2015-03-31/functions/arn:aws:lambda:us-west-2:958948421283:function:serverless-todo-prod-list/invocations",
            "passthrough_behavior": "",
            "payload_format_version": "2.0",
            "region": "us-west-2",
            "request_parameters": null,
            "request_templates": null,
            "response_parameters": [],
            "template_selection_expression": "",
            "timeout_milliseconds": 30000,
            "tls_config": []
          },
          "sensitive_attributes": [],
          "private": "bnVsbA==",
          "dependencies": [
            "module.backend.module.api_gateway.aws_apigatewayv2_api.this",
            "module.backend.module.api_gateway.aws_apigatewayv2_vpc_link.this",
            "module.backend.module.lambda_functions.aws_cloudwatch_log_group.lambda",
            "module.backend.module.lambda_functions.aws_iam_role.lambda",
            "module.backend.module.lambda_functions.aws_iam_role_policy.additional_inline",
            "module.backend.module.lambda_functions.aws_iam_role_policy.additional_json",
            "module.backend.module.lambda_functions.aws_iam_role_policy.additional_jsons",
            "module.backend.module.lambda_functions.aws_iam_role_policy.async",
            "module.backend.module.lambda_functions.aws_iam_role_policy.dead_letter",
            "module.backend.module.lambda_functions.aws_iam_role_policy.logs",
            "module.backend.module.lambda_functions.aws_iam_role_policy.tracing",
            "module.backend.module.lambda_functions.aws_iam_role_policy.vpc",
            "module.backend.module.lambda_functions.aws_iam_role_policy_attachment.additional_many",
            "module.backend.module.lambda_functions.aws_iam_role_policy_attachment.additional_one",
            "module.backend.module.lambda_functions.aws_lambda_event_source_mapping.this",
            "module.backend.module.lambda_functions.aws_lambda_function.this",
            "module.backend.module.lambda_functions.aws_lambda_function_event_invoke_config.this",
            "module.backend.module.lambda_functions.aws_lambda_function_recursion_config.this",
            "module.backend.module.lambda_functions.aws_lambda_function_url.this",
            "module.backend.module.lambda_functions.aws_lambda_layer_version.this",
            "module.backend.module.lambda_functions.aws_lambda_permission.current_version_triggers",
            "module.backend.module.lambda_functions.aws_lambda_permission.unqualified_alias_triggers",
            "module.backend.module.lambda_functions.aws_lambda_provisioned_concurrency_config.current_version",
            "module.backend.module.lambda_functions.aws_s3_object.lambda_package",
            "module.backend.module.lambda_functions.data.aws_arn.log_group_arn",
            "module.backend.module.lambda_functions.data.aws_caller_identity.current",
            "module.backend.module.lambda_functions.data.aws_cloudwatch_log_group.lambda",
            "module.backend.module.lambda_functions.data.aws_iam_policy.tracing",
            "module.backend.module.lambda_functions.data.aws_iam_policy.vpc",
            "module.backend.module.lambda_functions.data.aws_iam_policy_document.additional_inline",
            "module.backend.module.lambda_functions.data.aws_iam_policy_document.assume_role",
            "module.backend.module.lambda_functions.data.aws_iam_policy_document.async",
            "module.backend.module.lambda_functions.data.aws_iam_policy_document.dead_letter",
            "module.backend.module.lambda_functions.data.aws_iam_policy_document.logs",
            "module.backend.module.lambda_functions.data.aws_partition.current",
            "module.backend.module.lambda_functions.data.aws_region.current",
            "module.backend.module.lambda_functions.data.external.archive_prepare",
            "module.backend.module.lambda_functions.local_file.archive_plan",
            "module.backend.module.lambda_functions.null_resource.archive",
            "module.backend.module.lambda_functions.null_resource.sam_metadata_aws_lambda_function",
            "module.backend.module.lambda_functions.null_resource.sam_metadata_aws_lambda_layer_version",
            "module.dynamodb_table.aws_dynamodb_table.autoscaled",
            "module.dynamodb_table.aws_dynamodb_table.autoscaled_gsi_ignore",
            "module.dynamodb_table.aws_dynamodb_table.this"
          ],
          "create_before_destroy": true
        },
        {
          "index_key": "GET /todos/{id}",
          "schema_version": 0,
          "attributes": {
            "api_id": "d5kuodgoui",
            "connection_id": "",
            "connection_type": "INTERNET",
            "content_handling_strategy": "",
            "credentials_arn": "",
            "description": "",
            "id": "rj4e4kj",
            "integration_method": "POST",
            "integration_response_selection_expression": "",
            "integration_subtype": "",
            "integration_type": "AWS_PROXY",
            "integration_uri": "arn:aws:apigateway:us-west-2:lambda:path/2015-03-31/functions/arn:aws:lambda:us-west-2:958948421283:function:serverless-todo-prod-get/invocations",
            "passthrough_behavior": "",
            "payload_format_version": "2.0",
            "region": "us-west-2",
            "request_parameters": null,
            "request_templates": null,
            "response_parameters": [],
            "template_selection_expression": "",
            "timeout_milliseconds": 30000,
            "tls_config": []
          },
          "sensitive_attributes": [],
          "private": "bnVsbA==",
          "dependencies": [
            "module.backend.module.api_gateway.aws_apigatewayv2_api.this",
            "module.backend.module.api_gateway.aws_apigatewayv2_vpc_link.this",
            "module.backend.module.lambda_functions.aws_cloudwatch_log_group.lambda",
            "module.backend.module.lambda_functions.aws_iam_role.lambda",
            "module.backend.module.lambda_functions.aws_iam_role_policy.additional_inline",
            "module.backend.module.lambda_functions.aws_iam_role_policy.additional_json",
            "module.backend.module.lambda_functions.aws_iam_role_policy.additional_jsons",
            "module.backend.module.lambda_functions.aws_iam_role_policy.async",
            "module.backend.module.lambda_functions.aws_iam_role_policy.dead_letter",
            "module.backend.module.lambda_functions.aws_iam_role_policy.logs",
            "module.backend.module.lambda_functions.aws_iam_role_policy.tracing",
            "module.backend.module.lambda_functions.aws_iam_role_policy.vpc",
            "module.backend.module.lambda_functions.aws_iam_role_policy_attachment.additional_many",
            "module.backend.module.lambda_functions.aws_iam_role_policy_attachment.additional_one",
            "module.backend.module.lambda_functions.aws_lambda_event_source_mapping.this",
            "module.backend.module.lambda_functions.aws_lambda_function.this",
            "module.backend.module.lambda_functions.aws_lambda_function_event_invoke_config.this",
            "module.backend.module.lambda_functions.aws_lambda_function_recursion_config.this",
            "module.backend.module.lambda_functions.aws_lambda_function_url.this",
            "module.backend.module.lambda_functions.aws_lambda_layer_version.this",
            "module.backend.module.lambda_functions.aws_lambda_permission.current_version_triggers",
            "module.backend.module.lambda_functions.aws_lambda_permission.unqualified_alias_triggers",
            "module.backend.module.lambda_functions.aws_lambda_provisioned_concurrency_config.current_version",
            "module.backend.module.lambda_functions.aws_s3_object.lambda_package",
            "module.backend.module.lambda_functions.data.aws_arn.log_group_arn",
            "module.backend.module.lambda_functions.data.aws_caller_identity.current",
            "module.backend.module.lambda_functions.data.aws_cloudwatch_log_group.lambda",
            "module.backend.module.lambda_functions.data.aws_iam_policy.tracing",
            "module.backend.module.lambda_functions.data.aws_iam_policy.vpc",
            "module.backend.module.lambda_functions.data.aws_iam_policy_document.additional_inline",
            "module.backend.module.lambda_functions.data.aws_iam_policy_document.assume_role",
            "module.backend.module.lambda_functions.data.aws_iam_policy_document.async",
            "module.backend.module.lambda_functions.data.aws_iam_policy_document.dead_letter",
            "module.backend.module.lambda_functions.data.aws_iam_policy_document.logs",
            "module.backend.module.lambda_functions.data.aws_partition.current",
            "module.backend.module.lambda_functions.data.aws_region.current",
            "module.backend.module.lambda_functions.data.external.archive_prepare",
            "module.backend.module.lambda_functions.local_file.archive_plan",
            "module.backend.module.lambda_functions.null_resource.archive",
            "module.backend.module.lambda_functions.null_resource.sam_metadata_aws_lambda_function",
            "module.backend.module.lambda_functions.null_resource.sam_metadata_aws_lambda_layer_version",
            "module.dynamodb_table.aws_dynamodb_table.autoscaled",
            "module.dynamodb_table.aws_dynamodb_table.autoscaled_gsi_ignore",
            "module.dynamodb_table.aws_dynamodb_table.this"
          ],
          "create_before_destroy": true
        },
        {
          "index_key": "POST /todos",
          "schema_version": 0,
          "attributes": {
            "api_id": "d5kuodgoui",
            "connection_id": "",
            "connection_type": "INTERNET",
            "content_handling_strategy": "",
            "credentials_arn": "",
            "description": "",
            "id": "pdmk51o",
            "integration_method": "POST",
            "integration_response_selection_expression": "",
            "integration_subtype": "",
            "integration_type": "AWS_PROXY",
            "integration_uri": "arn:aws:apigateway:us-west-2:lambda:path/2015-03-31/functions/arn:aws:lambda:us-west-2:958948421283:function:serverless-todo-prod-create/invocations",
            "passthrough_behavior": "",
            "payload_format_version": "2.0",
            "region": "us-west-2",
            "request_parameters": null,
            "request_templates": null,
            "response_parameters": [],
            "template_selection_expression": "",
            "timeout_milliseconds": 30000,
            "tls_config": []
          },
          "sensitive_attributes": [],
          "private": "bnVsbA==",
          "dependencies": [
            "module.backend.module.api_gateway.aws_apigatewayv2_api.this",
            "module.backend.module.api_gateway.aws_apigatewayv2_vpc_link.this",
            "module.backend.module.lambda_functions.aws_cloudwatch_log_group.lambda",
            "module.backend.module.lambda_functions.aws_iam_role.lambda",
            "module.backend.module.lambda_functions.aws_iam_role_policy.additional_inline",
            "module.backend.module.lambda_functions.aws_iam_role_policy.additional_json",
            "module.backend.module.lambda_functions.aws_iam_role_policy.additional_jsons",
            "module.backend.module.lambda_functions.aws_iam_role_policy.async",
            "module.backend.module.lambda_functions.aws_iam_role_policy.dead_letter",
            "module.backend.module.lambda_functions.aws_iam_role_policy.logs",
            "module.backend.module.lambda_functions.aws_iam_role_policy.tracing",
            "module.backend.module.lambda_functions.aws_iam_role_policy.vpc",
            "module.backend.module.lambda_functions.aws_iam_role_policy_attachment.additional_many",
            "module.backend.module.lambda_functions.aws_iam_role_policy_attachment.additional_one",
            "module.backend.module.lambda_functions.aws_lambda_event_source_mapping.this",
            "module.backend.module.lambda_functions.aws_lambda_function.this",
            "module.backend.module.lambda_functions.aws_lambda_function_event_invoke_config.this",
            "module.backend.module.lambda_functions.aws_lambda_function_recursion_config.this",
            "module.backend.module.lambda_functions.aws_lambda_function_url.this",
            "module.backend.module.lambda_functions.aws_lambda_layer_version.this",
            "module.backend.module.lambda_functions.aws_lambda_permission.current_version_triggers",
            "module.backend.module.lambda_functions.aws_lambda_permission.unqualified_alias_triggers",
            "module.backend.module.lambda_functions.aws_lambda_provisioned_concurrency_config.current_version",
            "module.backend.module.lambda_functions.aws_s3_object.lambda_package",
            "module.backend.module.lambda_functions.data.aws_arn.log_group_arn",
            "module.backend.module.lambda_functions.data.aws_caller_identity.current",
            "module.backend.module.lambda_functions.data.aws_cloudwatch_log_group.lambda",
            "module.backend.module.lambda_functions.data.aws_iam_policy.tracing",
            "module.backend.module.lambda_functions.data.aws_iam_policy.vpc",
            "module.backend.module.lambda_functions.data.aws_iam_policy_document.additional_inline",
            "module.backend.module.lambda_functions.data.aws_iam_policy_document.assume_role",
            "module.backend.module.lambda_functions.data.aws_iam_policy_document.async",
            "module.backend.module.lambda_functions.data.aws_iam_policy_document.dead_letter",
            "module.backend.module.lambda_functions.data.aws_iam_policy_document.logs",
            "module.backend.module.lambda_functions.data.aws_partition.current",
            "module.backend.module.lambda_functions.data.aws_region.current",
            "module.backend.module.lambda_functions.data.external.archive_prepare",
            "module.backend.module.lambda_functions.local_file.archive_plan",
            "module.backend.module.lambda_functions.null_resource.archive",
            "module.backend.module.lambda_functions.null_resource.sam_metadata_aws_lambda_function",
            "module.backend.module.lambda_functions.null_resource.sam_metadata_aws_lambda_layer_version",
            "module.dynamodb_table.aws_dynamodb_table.autoscaled",
            "module.dynamodb_table.aws_dynamodb_table.autoscaled_gsi_ignore",
            "module.dynamodb_table.aws_dynamodb_table.this"
          ],
          "create_before_destroy": true
        },
        {
          "index_key": "PUT /todos/{id}",
          "schema_version": 0,
          "attributes": {
            "api_id": "d5kuodgoui",
            "connection_id": "",
            "connection_type": "INTERNET",
            "content_handling_strategy": "",
            "credentials_arn": "",
            "description": "",
            "id": "5uh5uu5",
            "integration_method": "POST",
            "integration_response_selection_expression": "",
            "integration_subtype": "",
            "integration_type": "AWS_PROXY",
            "integration_uri": "arn:aws:apigateway:us-west-2:lambda:path/2015-03-31/functions/arn:aws:lambda:us-west-2:958948421283:function:serverless-todo-prod-update/invocations",
            "passthrough_behavior": "",
            "payload_format_version": "2.0",
            "region": "us-west-2",
            "request_parameters": null,
            "request_templates": null,
            "response_parameters": [],
            "template_selection_expression": "",
            "timeout_milliseconds": 30000,
            "tls_config": []
          },
          "sensitive_attributes": [],
          "private": "bnVsbA==",
          "dependencies": [
            "module.backend.module.api_gateway.aws_apigatewayv2_api.this",
            "module.backend.module.api_gateway.aws_apigatewayv2_vpc_link.this",
            "module.backend.module.lambda_functions.aws_cloudwatch_log_group.lambda",
            "module.backend.module.lambda_functions.aws_iam_role.lambda",
            "module.backend.module.lambda_functions.aws_iam_role_policy.additional_inline",
            "module.backend.module.lambda_functions.aws_iam_role_policy.additional_json",
            "module.backend.module.lambda_functions.aws_iam_role_policy.additional_jsons",
            "module.backend.module.lambda_functions.aws_iam_role_policy.async",
            "module.backend.module.lambda_functions.aws_iam_role_policy.dead_letter",
            "module.backend.module.lambda_functions.aws_iam_role_policy.logs",
            "module.backend.module.lambda_functions.aws_iam_role_policy.tracing",
            "module.backend.module.lambda_functions.aws_iam_role_policy.vpc",
            "module.backend.module.lambda_functions.aws_iam_role_policy_attachment.additional_many",
            "module.backend.module.lambda_functions.aws_iam_role_policy_attachment.additional_one",
            "module.backend.module.lambda_functions.aws_lambda_event_source_mapping.this",
            "module.backend.module.lambda_functions.aws_lambda_function.this",
            "module.backend.module.lambda_functions.aws_lambda_function_event_invoke_config.this",
            "module.backend.module.lambda_functions.aws_lambda_function_recursion_config.this",
            "module.backend.module.lambda_functions.aws_lambda_function_url.this",
            "module.backend.module.lambda_functions.aws_lambda_layer_version.this",
            "module.backend.module.lambda_functions.aws_lambda_permission.current_version_triggers",
            "module.backend.module.lambda_functions.aws_lambda_permission.unqualified_alias_triggers",
            "module.backend.module.lambda_functions.aws_lambda_provisioned_concurrency_config.current_version",
            "module.backend.module.lambda_functions.aws_s3_object.lambda_package",
            "module.backend.module.lambda_functions.data.aws_arn.log_group_arn",
            "module.backend.module.lambda_functions.data.aws_caller_identity.current",
            "module.backend.module.lambda_functions.data.aws_cloudwatch_log_group.lambda",
            "module.backend.module.lambda_functions.data.aws_iam_policy.tracing",
            "module.backend.module.lambda_functions.data.aws_iam_policy.vpc",
            "module.backend.module.lambda_functions.data.aws_iam_policy_document.additional_inline",
            "module.backend.module.lambda_functions.data.aws_iam_policy_document.assume_role",
            "module.backend.module.lambda_functions.data.aws_iam_policy_document.async",
            "module.backend.module.lambda_functions.data.aws_iam_policy_document.dead_letter",
            "module.backend.module.lambda_functions.data.aws_iam_policy_document.logs",
            "module.backend.module.lambda_functions.data.aws_partition.current",
            "module.backend.module.lambda_functions.data.aws_region.current",
            "module.backend.module.lambda_functions.data.external.archive_prepare",
            "module.backend.module.lambda_functions.local_file.archive_plan",
            "module.backend.module.lambda_functions.null_resource.archive",
            "module.backend.module.lambda_functions.null_resource.sam_metadata_aws_lambda_function",
            "module.backend.module.lambda_functions.null_resource.sam_metadata_aws_lambda_layer_version",
            "module.dynamodb_table.aws_dynamodb_table.autoscaled",
            "module.dynamodb_table.aws_dynamodb_table.autoscaled_gsi_ignore",
            "module.dynamodb_table.aws_dynamodb_table.this"
          ],
          "create_before_destroy": true
        }
      ]
    },
    {
      "module": "module.backend.module.api_gateway",
      "mode": "managed",
      "type": "aws_apigatewayv2_route",
      "name": "this",
      "provider": "provider[\"registry.terraform.io/hashicorp/aws\"]",
      "instances": [
        {
          "index_key": "DELETE /todos/{id}",
          "schema_version": 0,
          "attributes": {
            "api_id": "d5kuodgoui",
            "api_key_required": false,
            "authorization_scopes": null,
            "authorization_type": "NONE",
            "authorizer_id": "",
            "id": "pw3j0ln",
            "model_selection_expression": "",
            "operation_name": "",
            "region": "us-west-2",
            "request_models": null,
            "request_parameter": [],
            "route_key": "DELETE /todos/{id}",
            "route_response_selection_expression": "",
            "target": "integrations/0srn325"
          },
          "sensitive_attributes": [],
          "private": "bnVsbA==",
          "dependencies": [
            "module.backend.module.api_gateway.aws_apigatewayv2_api.this",
            "module.backend.module.api_gateway.aws_apigatewayv2_authorizer.this",
            "module.backend.module.api_gateway.aws_apigatewayv2_integration.this",
            "module.backend.module.api_gateway.aws_apigatewayv2_vpc_link.this",
            "module.backend.module.lambda_functions.aws_cloudwatch_log_group.lambda",
            "module.backend.module.lambda_functions.aws_iam_role.lambda",
            "module.backend.module.lambda_functions.aws_iam_role_policy.additional_inline",
            "module.backend.module.lambda_functions.aws_iam_role_policy.additional_json",
            "module.backend.module.lambda_functions.aws_iam_role_policy.additional_jsons",
            "module.backend.module.lambda_functions.aws_iam_role_policy.async",
            "module.backend.module.lambda_functions.aws_iam_role_policy.dead_letter",
            "module.backend.module.lambda_functions.aws_iam_role_policy.logs",
            "module.backend.module.lambda_functions.aws_iam_role_policy.tracing",
            "module.backend.module.lambda_functions.aws_iam_role_policy.vpc",
            "module.backend.module.lambda_functions.aws_iam_role_policy_attachment.additional_many",
            "module.backend.module.lambda_functions.aws_iam_role_policy_attachment.additional_one",
            "module.backend.module.lambda_functions.aws_lambda_event_source_mapping.this",
            "module.backend.module.lambda_functions.aws_lambda_function.this",
            "module.backend.module.lambda_functions.aws_lambda_function_event_invoke_config.this",
            "module.backend.module.lambda_functions.aws_lambda_function_recursion_config.this",
            "module.backend.module.lambda_functions.aws_lambda_function_url.this",
            "module.backend.module.lambda_functions.aws_lambda_layer_version.this",
            "module.backend.module.lambda_functions.aws_lambda_permission.current_version_triggers",
            "module.backend.module.lambda_functions.aws_lambda_permission.unqualified_alias_triggers",
            "module.backend.module.lambda_functions.aws_lambda_provisioned_concurrency_config.current_version",
            "module.backend.module.lambda_functions.aws_s3_object.lambda_package",
            "module.backend.module.lambda_functions.data.aws_arn.log_group_arn",
            "module.backend.module.lambda_functions.data.aws_caller_identity.current",
            "module.backend.module.lambda_functions.data.aws_cloudwatch_log_group.lambda",
            "module.backend.module.lambda_functions.data.aws_iam_policy.tracing",
            "module.backend.module.lambda_functions.data.aws_iam_policy.vpc",
            "module.backend.module.lambda_functions.data.aws_iam_policy_document.additional_inline",
            "module.backend.module.lambda_functions.data.aws_iam_policy_document.assume_role",
            "module.backend.module.lambda_functions.data.aws_iam_policy_document.async",
            "module.backend.module.lambda_functions.data.aws_iam_policy_document.dead_letter",
            "module.backend.module.lambda_functions.data.aws_iam_policy_document.logs",
            "module.backend.module.lambda_functions.data.aws_partition.current",
            "module.backend.module.lambda_functions.data.aws_region.current",
            "module.backend.module.lambda_functions.data.external.archive_prepare",
            "module.backend.module.lambda_functions.local_file.archive_plan",
            "module.backend.module.lambda_functions.null_resource.archive",
            "module.backend.module.lambda_functions.null_resource.sam_metadata_aws_lambda_function",
            "module.backend.module.lambda_functions.null_resource.sam_metadata_aws_lambda_layer_version",
            "module.dynamodb_table.aws_dynamodb_table.autoscaled",
            "module.dynamodb_table.aws_dynamodb_table.autoscaled_gsi_ignore",
            "module.dynamodb_table.aws_dynamodb_table.this"
          ],
          "create_before_destroy": true
        },
        {
          "index_key": "GET /todos",
          "schema_version": 0,
          "attributes": {
            "api_id": "d5kuodgoui",
            "api_key_required": false,
            "authorization_scopes": null,
            "authorization_type": "NONE",
            "authorizer_id": "",
            "id": "idegxem",
            "model_selection_expression": "",
            "operation_name": "",
            "region": "us-west-2",
            "request_models": null,
            "request_parameter": [],
            "route_key": "GET /todos",
            "route_response_selection_expression": "",
            "target": "integrations/gyfnk3f"
          },
          "sensitive_attributes": [],
          "private": "bnVsbA==",
          "dependencies": [
            "module.backend.module.api_gateway.aws_apigatewayv2_api.this",
            "module.backend.module.api_gateway.aws_apigatewayv2_authorizer.this",
            "module.backend.module.api_gateway.aws_apigatewayv2_integration.this",
            "module.backend.module.api_gateway.aws_apigatewayv2_vpc_link.this",
            "module.backend.module.lambda_functions.aws_cloudwatch_log_group.lambda",
            "module.backend.module.lambda_functions.aws_iam_role.lambda",
            "module.backend.module.lambda_functions.aws_iam_role_policy.additional_inline",
            "module.backend.module.lambda_functions.aws_iam_role_policy.additional_json",
            "module.backend.module.lambda_functions.aws_iam_role_policy.additional_jsons",
            "module.backend.module.lambda_functions.aws_iam_role_policy.async",
            "module.backend.module.lambda_functions.aws_iam_role_policy.dead_letter",
            "module.backend.module.lambda_functions.aws_iam_role_policy.logs",
            "module.backend.module.lambda_functions.aws_iam_role_policy.tracing",
            "module.backend.module.lambda_functions.aws_iam_role_policy.vpc",
            "module.backend.module.lambda_functions.aws_iam_role_policy_attachment.additional_many",
            "module.backend.module.lambda_functions.aws_iam_role_policy_attachment.additional_one",
            "module.backend.module.lambda_functions.aws_lambda_event_source_mapping.this",
            "module.backend.module.lambda_functions.aws_lambda_function.this",
            "module.backend.module.lambda_functions.aws_lambda_function_event_invoke_config.this",
            "module.backend.module.lambda_functions.aws_lambda_function_recursion_config.this",
            "module.backend.module.lambda_functions.aws_lambda_function_url.this",
            "module.backend.module.lambda_functions.aws_lambda_layer_version.this",
            "module.backend.module.lambda_functions.aws_lambda_permission.current_version_triggers",
            "module.backend.module.lambda_functions.aws_lambda_permission.unqualified_alias_triggers",
            "module.backend.module.lambda_functions.aws_lambda_provisioned_concurrency_config.current_version",
            "module.backend.module.lambda_functions.aws_s3_object.lambda_package",
            "module.backend.module.lambda_functions.data.aws_arn.log_group_arn",
            "module.backend.module.lambda_functions.data.aws_caller_identity.current",
            "module.backend.module.lambda_functions.data.aws_cloudwatch_log_group.lambda",
            "module.backend.module.lambda_functions.data.aws_iam_policy.tracing",
            "module.backend.module.lambda_functions.data.aws_iam_policy.vpc",
            "module.backend.module.lambda_functions.data.aws_iam_policy_document.additional_inline",
            "module.backend.module.lambda_functions.data.aws_iam_policy_document.assume_role",
            "module.backend.module.lambda_functions.data.aws_iam_policy_document.async",
            "module.backend.module.lambda_functions.data.aws_iam_policy_document.dead_letter",
            "module.backend.module.lambda_functions.data.aws_iam_policy_document.logs",
            "module.backend.module.lambda_functions.data.aws_partition.current",
            "module.backend.module.lambda_functions.data.aws_region.current",
            "module.backend.module.lambda_functions.data.external.archive_prepare",
            "module.backend.module.lambda_functions.local_file.archive_plan",
            "module.backend.module.lambda_functions.null_resource.archive",
            "module.backend.module.lambda_functions.null_resource.sam_metadata_aws_lambda_function",
            "module.backend.module.lambda_functions.null_resource.sam_metadata_aws_lambda_layer_version",
            "module.dynamodb_table.aws_dynamodb_table.autoscaled",
            "module.dynamodb_table.aws_dynamodb_table.autoscaled_gsi_ignore",
            "module.dynamodb_table.aws_dynamodb_table.this"
          ],
          "create_before_destroy": true
        },
        {
          "index_key": "GET /todos/{id}",
          "schema_version": 0,
          "attributes": {
            "api_id": "d5kuodgoui",
            "api_key_required": false,
            "authorization_scopes": null,
            "authorization_type": "NONE",
            "authorizer_id": "",
            "id": "wmqhfj2",
            "model_selection_expression": "",
            "operation_name": "",
            "region": "us-west-2",
            "request_models": null,
            "request_parameter": [],
            "route_key": "GET /todos/{id}",
            "route_response_selection_expression": "",
            "target": "integrations/rj4e4kj"
          },
          "sensitive_attributes": [],
          "private": "bnVsbA==",
          "dependencies": [
            "module.backend.module.api_gateway.aws_apigatewayv2_api.this",
            "module.backend.module.api_gateway.aws_apigatewayv2_authorizer.this",
            "module.backend.module.api_gateway.aws_apigatewayv2_integration.this",
            "module.backend.module.api_gateway.aws_apigatewayv2_vpc_link.this",
            "module.backend.module.lambda_functions.aws_cloudwatch_log_group.lambda",
            "module.backend.module.lambda_functions.aws_iam_role.lambda",
            "module.backend.module.lambda_functions.aws_iam_role_policy.additional_inline",
            "module.backend.module.lambda_functions.aws_iam_role_policy.additional_json",
            "module.backend.module.lambda_functions.aws_iam_role_policy.additional_jsons",
            "module.backend.module.lambda_functions.aws_iam_role_policy.async",
            "module.backend.module.lambda_functions.aws_iam_role_policy.dead_letter",
            "module.backend.module.lambda_functions.aws_iam_role_policy.logs",
            "module.backend.module.lambda_functions.aws_iam_role_policy.tracing",
            "module.backend.module.lambda_functions.aws_iam_role_policy.vpc",
            "module.backend.module.lambda_functions.aws_iam_role_policy_attachment.additional_many",
            "module.backend.module.lambda_functions.aws_iam_role_policy_attachment.additional_one",
            "module.backend.module.lambda_functions.aws_lambda_event_source_mapping.this",
            "module.backend.module.lambda_functions.aws_lambda_function.this",
            "module.backend.module.lambda_functions.aws_lambda_function_event_invoke_config.this",
            "module.backend.module.lambda_functions.aws_lambda_function_recursion_config.this",
            "module.backend.module.lambda_functions.aws_lambda_function_url.this",
            "module.backend.module.lambda_functions.aws_lambda_layer_version.this",
            "module.backend.module.lambda_functions.aws_lambda_permission.current_version_triggers",
            "module.backend.module.lambda_functions.aws_lambda_permission.unqualified_alias_triggers",
            "module.backend.module.lambda_functions.aws_lambda_provisioned_concurrency_config.current_version",
            "module.backend.module.lambda_functions.aws_s3_object.lambda_package",
            "module.backend.module.lambda_functions.data.aws_arn.log_group_arn",
            "module.backend.module.lambda_functions.data.aws_caller_identity.current",
            "module.backend.module.lambda_functions.data.aws_cloudwatch_log_group.lambda",
            "module.backend.module.lambda_functions.data.aws_iam_policy.tracing",
            "module.backend.module.lambda_functions.data.aws_iam_policy.vpc",
            "module.backend.module.lambda_functions.data.aws_iam_policy_document.additional_inline",
            "module.backend.module.lambda_functions.data.aws_iam_policy_document.assume_role",
            "module.backend.module.lambda_functions.data.aws_iam_policy_document.async",
            "module.backend.module.lambda_functions.data.aws_iam_policy_document.dead_letter",
            "module.backend.module.lambda_functions.data.aws_iam_policy_document.logs",
            "module.backend.module.lambda_functions.data.aws_partition.current",
            "module.backend.module.lambda_functions.data.aws_region.current",
            "module.backend.module.lambda_functions.data.external.archive_prepare",
            "module.backend.module.lambda_functions.local_file.archive_plan",
            "module.backend.module.lambda_functions.null_resource.archive",
            "module.backend.module.lambda_functions.null_resource.sam_metadata_aws_lambda_function",
            "module.backend.module.lambda_functions.null_resource.sam_metadata_aws_lambda_layer_version",
            "module.dynamodb_table.aws_dynamodb_table.autoscaled",
            "module.dynamodb_table.aws_dynamodb_table.autoscaled_gsi_ignore",
            "module.dynamodb_table.aws_dynamodb_table.this"
          ],
          "create_before_destroy": true
        },
        {
          "index_key": "POST /todos",
          "schema_version": 0,
          "attributes": {
            "api_id": "d5kuodgoui",
            "api_key_required": false,
            "authorization_scopes": null,
            "authorization_type": "NONE",
            "authorizer_id": "",
            "id": "sn89190",
            "model_selection_expression": "",
            "operation_name": "",
            "region": "us-west-2",
            "request_models": null,
            "request_parameter": [],
            "route_key": "POST /todos",
            "route_response_selection_expression": "",
            "target": "integrations/pdmk51o"
          },
          "sensitive_attributes": [],
          "private": "bnVsbA==",
          "dependencies": [
            "module.backend.module.api_gateway.aws_apigatewayv2_api.this",
            "module.backend.module.api_gateway.aws_apigatewayv2_authorizer.this",
            "module.backend.module.api_gateway.aws_apigatewayv2_integration.this",
            "module.backend.module.api_gateway.aws_apigatewayv2_vpc_link.this",
            "module.backend.module.lambda_functions.aws_cloudwatch_log_group.lambda",
            "module.backend.module.lambda_functions.aws_iam_role.lambda",
            "module.backend.module.lambda_functions.aws_iam_role_policy.additional_inline",
            "module.backend.module.lambda_functions.aws_iam_role_policy.additional_json",
            "module.backend.module.lambda_functions.aws_iam_role_policy.additional_jsons",
            "module.backend.module.lambda_functions.aws_iam_role_policy.async",
            "module.backend.module.lambda_functions.aws_iam_role_policy.dead_letter",
            "module.backend.module.lambda_functions.aws_iam_role_policy.logs",
            "module.backend.module.lambda_functions.aws_iam_role_policy.tracing",
            "module.backend.module.lambda_functions.aws_iam_role_policy.vpc",
            "module.backend.module.lambda_functions.aws_iam_role_policy_attachment.additional_many",
            "module.backend.module.lambda_functions.aws_iam_role_policy_attachment.additional_one",
            "module.backend.module.lambda_functions.aws_lambda_event_source_mapping.this",
            "module.backend.module.lambda_functions.aws_lambda_function.this",
            "module.backend.module.lambda_functions.aws_lambda_function_event_invoke_config.this",
            "module.backend.module.lambda_functions.aws_lambda_function_recursion_config.this",
            "module.backend.module.lambda_functions.aws_lambda_function_url.this",
            "module.backend.module.lambda_functions.aws_lambda_layer_version.this",
            "module.backend.module.lambda_functions.aws_lambda_permission.current_version_triggers",
            "module.backend.module.lambda_functions.aws_lambda_permission.unqualified_alias_triggers",
            "module.backend.module.lambda_functions.aws_lambda_provisioned_concurrency_config.current_version",
            "module.backend.module.lambda_functions.aws_s3_object.lambda_package",
            "module.backend.module.lambda_functions.data.aws_arn.log_group_arn",
            "module.backend.module.lambda_functions.data.aws_caller_identity.current",
            "module.backend.module.lambda_functions.data.aws_cloudwatch_log_group.lambda",
            "module.backend.module.lambda_functions.data.aws_iam_policy.tracing",
            "module.backend.module.lambda_functions.data.aws_iam_policy.vpc",
            "module.backend.module.lambda_functions.data.aws_iam_policy_document.additional_inline",
            "module.backend.module.lambda_functions.data.aws_iam_policy_document.assume_role",
            "module.backend.module.lambda_functions.data.aws_iam_policy_document.async",
            "module.backend.module.lambda_functions.data.aws_iam_policy_document.dead_letter",
            "module.backend.module.lambda_functions.data.aws_iam_policy_document.logs",
            "module.backend.module.lambda_functions.data.aws_partition.current",
            "module.backend.module.lambda_functions.data.aws_region.current",
            "module.backend.module.lambda_functions.data.external.archive_prepare",
            "module.backend.module.lambda_functions.local_file.archive_plan",
            "module.backend.module.lambda_functions.null_resource.archive",
            "module.backend.module.lambda_functions.null_resource.sam_metadata_aws_lambda_function",
            "module.backend.module.lambda_functions.null_resource.sam_metadata_aws_lambda_layer_version",
            "module.dynamodb_table.aws_dynamodb_table.autoscaled",
            "module.dynamodb_table.aws_dynamodb_table.autoscaled_gsi_ignore",
            "module.dynamodb_table.aws_dynamodb_table.this"
          ],
          "create_before_destroy": true
        },
        {
          "index_key": "PUT /todos/{id}",
          "schema_version": 0,
          "attributes": {
            "api_id": "d5kuodgoui",
            "api_key_required": false,
            "authorization_scopes": null,
            "authorization_type": "NONE",
            "authorizer_id": "",
            "id": "04bxcxd",
            "model_selection_expression": "",
            "operation_name": "",
            "region": "us-west-2",
            "request_models": null,
            "request_parameter": [],
            "route_key": "PUT /todos/{id}",
            "route_response_selection_expression": "",
            "target": "integrations/5uh5uu5"
          },
          "sensitive_attributes": [],
          "private": "bnVsbA==",
          "dependencies": [
            "module.backend.module.api_gateway.aws_apigatewayv2_api.this",
            "module.backend.module.api_gateway.aws_apigatewayv2_authorizer.this",
            "module.backend.module.api_gateway.aws_apigatewayv2_integration.this",
            "module.backend.module.api_gateway.aws_apigatewayv2_vpc_link.this",
            "module.backend.module.lambda_functions.aws_cloudwatch_log_group.lambda",
            "module.backend.module.lambda_functions.aws_iam_role.lambda",
            "module.backend.module.lambda_functions.aws_iam_role_policy.additional_inline",
            "module.backend.module.lambda_functions.aws_iam_role_policy.additional_json",
            "module.backend.module.lambda_functions.aws_iam_role_policy.additional_jsons",
            "module.backend.module.lambda_functions.aws_iam_role_policy.async",
            "module.backend.module.lambda_functions.aws_iam_role_policy.dead_letter",
            "module.backend.module.lambda_functions.aws_iam_role_policy.logs",
            "module.backend.module.lambda_functions.aws_iam_role_policy.tracing",
            "module.backend.module.lambda_functions.aws_iam_role_policy.vpc",
            "module.backend.module.lambda_functions.aws_iam_role_policy_attachment.additional_many",
            "module.backend.module.lambda_functions.aws_iam_role_policy_attachment.additional_one",
            "module.backend.module.lambda_functions.aws_lambda_event_source_mapping.this",
            "module.backend.module.lambda_functions.aws_lambda_function.this",
            "module.backend.module.lambda_functions.aws_lambda_function_event_invoke_config.this",
            "module.backend.module.lambda_functions.aws_lambda_function_recursion_config.this",
            "module.backend.module.lambda_functions.aws_lambda_function_url.this",
            "module.backend.module.lambda_functions.aws_lambda_layer_version.this",
            "module.backend.module.lambda_functions.aws_lambda_permission.current_version_triggers",
            "module.backend.module.lambda_functions.aws_lambda_permission.unqualified_alias_triggers",
            "module.backend.module.lambda_functions.aws_lambda_provisioned_concurrency_config.current_version",
            "module.backend.module.lambda_functions.aws_s3_object.lambda_package",
            "module.backend.module.lambda_functions.data.aws_arn.log_group_arn",
            "module.backend.module.lambda_functions.data.aws_caller_identity.current",
            "module.backend.module.lambda_functions.data.aws_cloudwatch_log_group.lambda",
            "module.backend.module.lambda_functions.data.aws_iam_policy.tracing",
            "module.backend.module.lambda_functions.data.aws_iam_policy.vpc",
            "module.backend.module.lambda_functions.data.aws_iam_policy_document.additional_inline",
            "module.backend.module.lambda_functions.data.aws_iam_policy_document.assume_role",
            "module.backend.module.lambda_functions.data.aws_iam_policy_document.async",
            "module.backend.module.lambda_functions.data.aws_iam_policy_document.dead_letter",
            "module.backend.module.lambda_functions.data.aws_iam_policy_document.logs",
            "module.backend.module.lambda_functions.data.aws_partition.current",
            "module.backend.module.lambda_functions.data.aws_region.current",
            "module.backend.module.lambda_functions.data.external.archive_prepare",
            "module.backend.module.lambda_functions.local_file.archive_plan",
            "module.backend.module.lambda_functions.null_resource.archive",
            "module.backend.module.lambda_functions.null_resource.sam_metadata_aws_lambda_function",
            "module.backend.module.lambda_functions.null_resource.sam_metadata_aws_lambda_layer_version",
            "module.dynamodb_table.aws_dynamodb_table.autoscaled",
            "module.dynamodb_table.aws_dynamodb_table.autoscaled_gsi_ignore",
            "module.dynamodb_table.aws_dynamodb_table.this"
          ],
          "create_before_destroy": true
        }
      ]
    },
    {
      "module": "module.backend.module.api_gateway",
      "mode": "managed",
      "type": "aws_apigatewayv2_stage",
      "name": "this",
      "provider": "provider[\"registry.terraform.io/hashicorp/aws\"]",
      "instances": [
        {
          "index_key": 0,
          "schema_version": 0,
          "attributes": {
            "access_log_settings": [
              {
                "destination_arn": "arn:aws:logs:us-west-2:958948421283:log-group:/aws/apigateway/serverless-todo-prod-http/default",
                "format": "{\"context\":{\"domainName\":\"$context.domainName\",\"error\":{\"message\":\"$context.error.message\",\"responseType\":\"$context.error.responseType\"},\"identity\":{\"sourceIP\":\"$context.identity.sourceIp\"},\"integration\":{\"error\":\"$context.integration.error\",\"integrationStatus\":\"$context.integration.integrationStatus\"},\"integrationErrorMessage\":\"$context.integrationErrorMessage\",\"protocol\":\"$context.protocol\",\"requestId\":\"$context.requestId\",\"requestTime\":\"$context.requestTime\",\"responseLength\":\"$context.responseLength\",\"routeKey\":\"$context.routeKey\",\"stage\":\"$context.stage\",\"status\":\"$context.status\"}}"
              }
            ],
            "api_id": "d5kuodgoui",
            "arn": "arn:aws:apigateway:us-west-2::/apis/d5kuodgoui/stages/$default",
            "auto_deploy": true,
            "client_certificate_id": "",
            "default_route_settings": [
              {
                "data_trace_enabled": false,
                "detailed_metrics_enabled": true,
                "logging_level": "",
                "throttling_burst_limit": 500,
                "throttling_rate_limit": 1000
              }
            ],
            "deployment_id": "",
            "description": "",
            "execution_arn": "arn:aws:execute-api:us-west-2:958948421283:d5kuodgoui/$default",
            "id": "$default",
            "invoke_url": "https://d5kuodgoui.execute-api.us-west-2.amazonaws.com/",
            "name": "$default",
            "region": "us-west-2",
            "route_settings": [
              {
                "data_trace_enabled": false,
                "detailed_metrics_enabled": true,
                "logging_level": "",
                "route_key": "DELETE /todos/{id}",
                "throttling_burst_limit": 500,
                "throttling_rate_limit": 1000
              },
              {
                "data_trace_enabled": false,
                "detailed_metrics_enabled": true,
                "logging_level": "",
                "route_key": "GET /todos",
                "throttling_burst_limit": 500,
                "throttling_rate_limit": 1000
              },
              {
                "data_trace_enabled": false,
                "detailed_metrics_enabled": true,
                "logging_level": "",
                "route_key": "GET /todos/{id}",
                "throttling_burst_limit": 500,
                "throttling_rate_limit": 1000
              },
              {
                "data_trace_enabled": false,
                "detailed_metrics_enabled": true,
                "logging_level": "",
                "route_key": "POST /todos",
                "throttling_burst_limit": 500,
                "throttling_rate_limit": 1000
              },
              {
                "data_trace_enabled": false,
                "detailed_metrics_enabled": true,
                "logging_level": "",
                "route_key": "PUT /todos/{id}",
                "throttling_burst_limit": 500,
                "throttling_rate_limit": 1000
              }
            ],
            "stage_variables": null,
            "tags": null,
            "tags_all": {
              "Environment": "prod",
              "Project": "serverless-todo"
            }
          },
          "sensitive_attributes": [],
          "private": "bnVsbA==",
          "dependencies": [
            "module.backend.module.api_gateway.aws_apigatewayv2_api.this",
            "module.backend.module.api_gateway.aws_apigatewayv2_authorizer.this",
            "module.backend.module.api_gateway.aws_apigatewayv2_deployment.this",
            "module.backend.module.api_gateway.aws_apigatewayv2_integration.this",
            "module.backend.module.api_gateway.aws_apigatewayv2_route.this",
            "module.backend.module.api_gateway.aws_apigatewayv2_route_response.this",
            "module.backend.module.api_gateway.aws_apigatewayv2_vpc_link.this",
            "module.backend.module.api_gateway.aws_cloudwatch_log_group.this",
            "module.backend.module.lambda_functions.aws_cloudwatch_log_group.lambda",
            "module.backend.module.lambda_functions.aws_iam_role.lambda",
            "module.backend.module.lambda_functions.aws_iam_role_policy.additional_inline",
            "module.backend.module.lambda_functions.aws_iam_role_policy.additional_json",
            "module.backend.module.lambda_functions.aws_iam_role_policy.additional_jsons",
            "module.backend.module.lambda_functions.aws_iam_role_policy.async",
            "module.backend.module.lambda_functions.aws_iam_role_policy.dead_letter",
            "module.backend.module.lambda_functions.aws_iam_role_policy.logs",
            "module.backend.module.lambda_functions.aws_iam_role_policy.tracing",
            "module.backend.module.lambda_functions.aws_iam_role_policy.vpc",
            "module.backend.module.lambda_functions.aws_iam_role_policy_attachment.additional_many",
            "module.backend.module.lambda_functions.aws_iam_role_policy_attachment.additional_one",
            "module.backend.module.lambda_functions.aws_lambda_event_source_mapping.this",
            "module.backend.module.lambda_functions.aws_lambda_function.this",
            "module.backend.module.lambda_functions.aws_lambda_function_event_invoke_config.this",
            "module.backend.module.lambda_functions.aws_lambda_function_recursion_config.this",
            "module.backend.module.lambda_functions.aws_lambda_function_url.this",
            "module.backend.module.lambda_functions.aws_lambda_layer_version.this",
            "module.backend.module.lambda_functions.aws_lambda_permission.current_version_triggers",
            "module.backend.module.lambda_functions.aws_lambda_permission.unqualified_alias_triggers",
            "module.backend.module.lambda_functions.aws_lambda_provisioned_concurrency_config.current_version",
            "module.backend.module.lambda_functions.aws_s3_object.lambda_package",
            "module.backend.module.lambda_functions.data.aws_arn.log_group_arn",
            "module.backend.module.lambda_functions.data.aws_caller_identity.current",
            "module.backend.module.lambda_functions.data.aws_cloudwatch_log_group.lambda",
            "module.backend.module.lambda_functions.data.aws_iam_policy.tracing",
            "module.backend.module.lambda_functions.data.aws_iam_policy.vpc",
            "module.backend.module.lambda_functions.data.aws_iam_policy_document.additional_inline",
            "module.backend.module.lambda_functions.data.aws_iam_policy_document.assume_role",
            "module.backend.module.lambda_functions.data.aws_iam_policy_document.async",
            "module.backend.module.lambda_functions.data.aws_iam_policy_document.dead_letter",
            "module.backend.module.lambda_functions.data.aws_iam_policy_document.logs",
            "module.backend.module.lambda_functions.data.aws_partition.current",
            "module.backend.module.lambda_functions.data.aws_region.current",
            "module.backend.module.lambda_functions.data.external.archive_prepare",
            "module.backend.module.lambda_functions.local_file.archive_plan",
            "module.backend.module.lambda_functions.null_resource.archive",
            "module.backend.module.lambda_functions.null_resource.sam_metadata_aws_lambda_function",
            "module.backend.module.lambda_functions.null_resource.sam_metadata_aws_lambda_layer_version",
            "module.dynamodb_table.aws_dynamodb_table.autoscaled",
            "module.dynamodb_table.aws_dynamodb_table.autoscaled_gsi_ignore",
            "module.dynamodb_table.aws_dynamodb_table.this"
          ]
        }
      ]
    },
    {
      "module": "module.backend.module.api_gateway",
      "mode": "managed",
      "type": "aws_cloudwatch_log_group",
      "name": "this",
      "provider": "provider[\"registry.terraform.io/hashicorp/aws\"]",
      "instances": [
        {
          "index_key": "this",
          "schema_version": 0,
          "attributes": {
            "arn": "arn:aws:logs:us-west-2:958948421283:log-group:/aws/apigateway/serverless-todo-prod-http/default",
            "id": "/aws/apigateway/serverless-todo-prod-http/default",
            "kms_key_id": "",
            "log_group_class": "STANDARD",
            "name": "/aws/apigateway/serverless-todo-prod-http/default",
            "name_prefix": "",
            "region": "us-west-2",
            "retention_in_days": 30,
            "skip_destroy": false,
            "tags": null,
            "tags_all": {
              "Environment": "prod",
              "Project": "serverless-todo"
            }
          },
          "sensitive_attributes": [],
          "private": "bnVsbA=="
        }
      ]
    },
    {
      "module": "module.backend.module.lambda_functions[\"DELETE /todos/{id}\"]",
      "mode": "data",
      "type": "aws_caller_identity",
      "name": "current",
      "provider": "provider[\"registry.terraform.io/hashicorp/aws\"]",
      "instances": [
        {
          "schema_version": 0,
          "attributes": {
            "account_id": "958948421283",
            "arn": "arn:aws:iam::958948421283:user/cli-user",
            "id": "958948421283",
            "user_id": "AIDA56ROHV2RRL33TY4LX"
          },
          "sensitive_attributes": []
        }
      ]
    },
    {
      "module": "module.backend.module.lambda_functions[\"DELETE /todos/{id}\"]",
      "mode": "data",
      "type": "aws_iam_policy_document",
      "name": "assume_role",
      "provider": "provider[\"registry.terraform.io/hashicorp/aws\"]",
      "instances": [
        {
          "index_key": 0,
          "schema_version": 0,
          "attributes": {
            "id": "1604711841",
            "json": "{\n  \"Version\": \"2012-10-17\",\n  \"Statement\": [\n    {\n      \"Effect\": \"Allow\",\n      \"Action\": \"sts:AssumeRole\",\n      \"Principal\": {\n        \"Service\": \"lambda.amazonaws.com\"\n      }\n    }\n  ]\n}",
            "minified_json": "{\"Version\":\"2012-10-17\",\"Statement\":[{\"Effect\":\"Allow\",\"Action\":\"sts:AssumeRole\",\"Principal\":{\"Service\":\"lambda.amazonaws.com\"}}]}",
            "override_json": null,
            "override_policy_documents": null,
            "policy_id": null,
            "source_json": null,
            "source_policy_documents": null,
            "statement": [
              {
                "actions": [
                  "sts:AssumeRole"
                ],
                "condition": [],
                "effect": "Allow",
                "not_actions": [],
                "not_principals": [],
                "not_resources": [],
                "principals": [
                  {
                    "identifiers": [
                      "lambda.amazonaws.com"
                    ],
                    "type": "Service"
                  }
                ],
                "resources": [],
                "sid": ""
              }
            ],
            "version": "2012-10-17"
          },
          "sensitive_attributes": []
        }
      ]
    },
    {
      "module": "module.backend.module.lambda_functions[\"DELETE /todos/{id}\"]",
      "mode": "data",
      "type": "aws_iam_policy_document",
      "name": "logs",
      "provider": "provider[\"registry.terraform.io/hashicorp/aws\"]",
      "instances": [
        {
          "index_key": 0,
          "schema_version": 0,
          "attributes": {
            "id": "285651480",
            "json": "{\n  \"Version\": \"2012-10-17\",\n  \"Statement\": [\n    {\n      \"Effect\": \"Allow\",\n      \"Action\": [\n        \"logs:PutLogEvents\",\n        \"logs:CreateLogStream\",\n        \"logs:CreateLogGroup\"\n      ],\n      \"Resource\": [\n        \"arn:aws:logs:us-west-2:958948421283:log-group:/aws/lambda/serverless-todo-prod-delete:*:*\",\n        \"arn:aws:logs:us-west-2:958948421283:log-group:/aws/lambda/serverless-todo-prod-delete:*\"\n      ]\n    }\n  ]\n}",
            "minified_json": "{\"Version\":\"2012-10-17\",\"Statement\":[{\"Effect\":\"Allow\",\"Action\":[\"logs:PutLogEvents\",\"logs:CreateLogStream\",\"logs:CreateLogGroup\"],\"Resource\":[\"arn:aws:logs:us-west-2:958948421283:log-group:/aws/lambda/serverless-todo-prod-delete:*:*\",\"arn:aws:logs:us-west-2:958948421283:log-group:/aws/lambda/serverless-todo-prod-delete:*\"]}]}",
            "override_json": null,
            "override_policy_documents": null,
            "policy_id": null,
            "source_json": null,
            "source_policy_documents": null,
            "statement": [
              {
                "actions": [
                  "logs:CreateLogGroup",
                  "logs:CreateLogStream",
                  "logs:PutLogEvents"
                ],
                "condition": [],
                "effect": "Allow",
                "not_actions": [],
                "not_principals": [],
                "not_resources": [],
                "principals": [],
                "resources": [
                  "arn:aws:logs:us-west-2:958948421283:log-group:/aws/lambda/serverless-todo-prod-delete:*",
                  "arn:aws:logs:us-west-2:958948421283:log-group:/aws/lambda/serverless-todo-prod-delete:*:*"
                ],
                "sid": ""
              }
            ],
            "version": "2012-10-17"
          },
          "sensitive_attributes": []
        }
      ]
    },
    {
      "module": "module.backend.module.lambda_functions[\"DELETE /todos/{id}\"]",
      "mode": "data",
      "type": "aws_partition",
      "name": "current",
      "provider": "provider[\"registry.terraform.io/hashicorp/aws\"]",
      "instances": [
        {
          "schema_version": 0,
          "attributes": {
            "dns_suffix": "amazonaws.com",
            "id": "aws",
            "partition": "aws",
            "reverse_dns_prefix": "com.amazonaws"
          },
          "sensitive_attributes": []
        }
      ]
    },
    {
      "module": "module.backend.module.lambda_functions[\"DELETE /todos/{id}\"]",
      "mode": "data",
      "type": "aws_region",
      "name": "current",
      "provider": "provider[\"registry.terraform.io/hashicorp/aws\"]",
      "instances": [
        {
          "schema_version": 0,
          "attributes": {
            "description": "US West (Oregon)",
            "endpoint": "ec2.us-west-2.amazonaws.com",
            "id": "us-west-2",
            "name": "us-west-2",
            "region": "us-west-2"
          },
          "sensitive_attributes": []
        }
      ]
    },
    {
      "module": "module.backend.module.lambda_functions[\"DELETE /todos/{id}\"]",
      "mode": "data",
      "type": "external",
      "name": "archive_prepare",
      "provider": "provider[\"registry.terraform.io/hashicorp/external\"]",
      "instances": [
        {
          "index_key": 0,
          "schema_version": 0,
          "attributes": {
            "id": "-",
            "program": [
              "python.exe",
              ".terraform/modules/backend.lambda_functions/package.py",
              "prepare"
            ],
            "query": {
              "artifacts_dir": "./.terraform/lambda-builds/",
              "docker": null,
              "hash_extra": "",
              "hash_extra_paths": "[]",
              "paths": "{\"cwd\":\"E:/Internal/Desktop/devops/serverless-todo-app/infra\",\"module\":\".terraform/modules/backend.lambda_functions\",\"root\":\".\"}",
              "recreate_missing_package": "true",
              "runtime": "nodejs18.x",
              "source_path": "[\"./../src/backend/functions/delete.mjs\",{\"npm_requirements\":\"./../src/backend/package.json\"}]"
            },
            "result": {
              "build_plan": "{\"filename\": \"./.terraform/lambda-builds/f214d14fadc1c21ae6fc63678dc12b4d3008d5ca0cef6ef0666a30f82c5fc538.zip\", \"runtime\": \"nodejs18.x\", \"artifacts_dir\": \"./.terraform/lambda-builds/\", \"build_plan\": [[[\"zip\", \"./../src/backend/functions/delete.mjs\", null]], [[\"npm\", \"nodejs18.x\", \"./../src/backend/package.json\", null, null]]]}",
              "build_plan_filename": "./.terraform/lambda-builds/f214d14fadc1c21ae6fc63678dc12b4d3008d5ca0cef6ef0666a30f82c5fc538.plan.json",
              "filename": "./.terraform/lambda-builds/f214d14fadc1c21ae6fc63678dc12b4d3008d5ca0cef6ef0666a30f82c5fc538.zip",
              "timestamp": "1758414865484202000",
              "was_missing": "true"
            },
            "working_dir": null
          },
          "sensitive_attributes": []
        }
      ]
    },
    {
      "module": "module.backend.module.lambda_functions[\"DELETE /todos/{id}\"]",
      "mode": "managed",
      "type": "aws_cloudwatch_log_group",
      "name": "lambda",
      "provider": "provider[\"registry.terraform.io/hashicorp/aws\"]",
      "instances": [
        {
          "index_key": 0,
          "schema_version": 0,
          "attributes": {
            "arn": "arn:aws:logs:us-west-2:958948421283:log-group:/aws/lambda/serverless-todo-prod-delete",
            "id": "/aws/lambda/serverless-todo-prod-delete",
            "kms_key_id": "",
            "log_group_class": "STANDARD",
            "name": "/aws/lambda/serverless-todo-prod-delete",
            "name_prefix": "",
            "region": "us-west-2",
            "retention_in_days": 0,
            "skip_destroy": false,
            "tags": null,
            "tags_all": {
              "Environment": "prod",
              "Project": "serverless-todo"
            }
          },
          "sensitive_attributes": [],
          "private": "bnVsbA==",
          "create_before_destroy": true
        }
      ]
    },
    {
      "module": "module.backend.module.lambda_functions[\"DELETE /todos/{id}\"]",
      "mode": "managed",
      "type": "aws_iam_role",
      "name": "lambda",
      "provider": "provider[\"registry.terraform.io/hashicorp/aws\"]",
      "instances": [
        {
          "index_key": 0,
          "schema_version": 0,
          "attributes": {
            "arn": "arn:aws:iam::958948421283:role/serverless-todo-prod-delete",
            "assume_role_policy": "{\"Statement\":[{\"Action\":\"sts:AssumeRole\",\"Effect\":\"Allow\",\"Principal\":{\"Service\":\"lambda.amazonaws.com\"}}],\"Version\":\"2012-10-17\"}",
            "create_date": "2025-09-21T00:34:30Z",
            "description": "",
            "force_detach_policies": true,
            "id": "serverless-todo-prod-delete",
            "inline_policy": [],
            "managed_policy_arns": [],
            "max_session_duration": 3600,
            "name": "serverless-todo-prod-delete",
            "name_prefix": "",
            "path": "/",
            "permissions_boundary": "",
            "tags": null,
            "tags_all": {
              "Environment": "prod",
              "Project": "serverless-todo"
            },
            "unique_id": "AROA56ROHV2RWB3F2TEVK"
          },
          "sensitive_attributes": [],
          "private": "bnVsbA==",
          "dependencies": [
            "module.backend.module.lambda_functions.data.aws_iam_policy_document.assume_role"
          ],
          "create_before_destroy": true
        }
      ]
    },
    {
      "module": "module.backend.module.lambda_functions[\"DELETE /todos/{id}\"]",
      "mode": "managed",
      "type": "aws_iam_role_policy",
      "name": "additional_json",
      "provider": "provider[\"registry.terraform.io/hashicorp/aws\"]",
      "instances": [
        {
          "index_key": 0,
          "schema_version": 0,
          "attributes": {
            "id": "serverless-todo-prod-delete:serverless-todo-prod-delete",
            "name": "serverless-todo-prod-delete",
            "name_prefix": "",
            "policy": "{\"Id\":\"PolicyForDynamoDB\",\"Statement\":[{\"Action\":[\"dynamodb:GetItem\",\"dynamodb:PutItem\",\"dynamodb:UpdateItem\",\"dynamodb:DeleteItem\",\"dynamodb:Query\",\"dynamodb:Scan\"],\"Effect\":\"Allow\",\"Resource\":\"arn:aws:dynamodb:us-west-2:958948421283:table/serverless-todo-prod-dynamodb\",\"Sid\":\"AllowDynamoDBAccess\"}],\"Version\":\"2008-10-17\"}",
            "role": "serverless-todo-prod-delete"
          },
          "sensitive_attributes": [],
          "private": "bnVsbA==",
          "dependencies": [
            "module.backend.module.lambda_functions.aws_iam_role.lambda",
            "module.backend.module.lambda_functions.data.aws_iam_policy_document.assume_role",
            "module.dynamodb_table.aws_dynamodb_table.autoscaled",
            "module.dynamodb_table.aws_dynamodb_table.autoscaled_gsi_ignore",
            "module.dynamodb_table.aws_dynamodb_table.this"
          ],
          "create_before_destroy": true
        }
      ]
    },
    {
      "module": "module.backend.module.lambda_functions[\"DELETE /todos/{id}\"]",
      "mode": "managed",
      "type": "aws_iam_role_policy",
      "name": "logs",
      "provider": "provider[\"registry.terraform.io/hashicorp/aws\"]",
      "instances": [
        {
          "index_key": 0,
          "schema_version": 0,
          "attributes": {
            "id": "serverless-todo-prod-delete:serverless-todo-prod-delete-logs",
            "name": "serverless-todo-prod-delete-logs",
            "name_prefix": "",
            "policy": "{\"Version\":\"2012-10-17\",\"Statement\":[{\"Action\":[\"logs:PutLogEvents\",\"logs:CreateLogStream\",\"logs:CreateLogGroup\"],\"Effect\":\"Allow\",\"Resource\":[\"arn:aws:logs:us-west-2:958948421283:log-group:/aws/lambda/serverless-todo-prod-delete:*:*\",\"arn:aws:logs:us-west-2:958948421283:log-group:/aws/lambda/serverless-todo-prod-delete:*\"]}]}",
            "role": "serverless-todo-prod-delete"
          },
          "sensitive_attributes": [],
          "private": "bnVsbA==",
          "dependencies": [
            "module.backend.module.lambda_functions.aws_cloudwatch_log_group.lambda",
            "module.backend.module.lambda_functions.aws_iam_role.lambda",
            "module.backend.module.lambda_functions.data.aws_arn.log_group_arn",
            "module.backend.module.lambda_functions.data.aws_cloudwatch_log_group.lambda",
            "module.backend.module.lambda_functions.data.aws_iam_policy_document.assume_role",
            "module.backend.module.lambda_functions.data.aws_iam_policy_document.logs"
          ],
          "create_before_destroy": true
        }
      ]
    },
    {
      "module": "module.backend.module.lambda_functions[\"DELETE /todos/{id}\"]",
      "mode": "managed",
      "type": "aws_lambda_function",
      "name": "this",
      "provider": "provider[\"registry.terraform.io/hashicorp/aws\"]",
      "instances": [
        {
          "index_key": 0,
          "schema_version": 0,
          "attributes": {
            "architectures": [
              "x86_64"
            ],
            "arn": "arn:aws:lambda:us-west-2:958948421283:function:serverless-todo-prod-delete",
            "code_sha256": "/m+gczTMuloulPcnSx+yq4EeInkprwv96Dy1DK9hDtA=",
            "code_signing_config_arn": "",
            "dead_letter_config": [],
            "description": "",
            "environment": [
              {
                "variables": {
                  "DYNAMODB_TABLE": "serverless-todo-prod-dynamodb",
                  "ENVIRONMENT": "prod"
                }
              }
            ],
            "ephemeral_storage": [
              {
                "size": 512
              }
            ],
            "file_system_config": [],
            "filename": "./.terraform/lambda-builds/f214d14fadc1c21ae6fc63678dc12b4d3008d5ca0cef6ef0666a30f82c5fc538.zip",
            "function_name": "serverless-todo-prod-delete",
            "handler": "delete.handler",
            "id": "serverless-todo-prod-delete",
            "image_config": [],
            "image_uri": "",
            "invoke_arn": "arn:aws:apigateway:us-west-2:lambda:path/2015-03-31/functions/arn:aws:lambda:us-west-2:958948421283:function:serverless-todo-prod-delete/invocations",
            "kms_key_arn": "",
            "last_modified": "2025-09-21T00:35:09.234+0000",
            "layers": null,
            "logging_config": [
              {
                "application_log_level": "",
                "log_format": "Text",
                "log_group": "/aws/lambda/serverless-todo-prod-delete",
                "system_log_level": ""
              }
            ],
            "memory_size": 128,
            "package_type": "Zip",
            "publish": true,
            "qualified_arn": "arn:aws:lambda:us-west-2:958948421283:function:serverless-todo-prod-delete:2",
            "qualified_invoke_arn": "arn:aws:apigateway:us-west-2:lambda:path/2015-03-31/functions/arn:aws:lambda:us-west-2:958948421283:function:serverless-todo-prod-delete:2/invocations",
            "region": "us-west-2",
            "replace_security_groups_on_destroy": null,
            "replacement_security_group_ids": null,
            "reserved_concurrent_executions": -1,
            "role": "arn:aws:iam::958948421283:role/serverless-todo-prod-delete",
            "runtime": "nodejs18.x",
            "s3_bucket": null,
            "s3_key": null,
            "s3_object_version": null,
            "signing_job_arn": "",
            "signing_profile_version_arn": "",
            "skip_destroy": false,
            "snap_start": [],
            "source_code_hash": "",
            "source_code_size": 82060,
            "source_kms_key_arn": "",
            "tags": {
              "terraform-aws-modules": "lambda"
            },
            "tags_all": {
              "Environment": "prod",
              "Project": "serverless-todo",
              "terraform-aws-modules": "lambda"
            },
            "timeout": 3,
            "timeouts": null,
            "tracing_config": [
              {
                "mode": "PassThrough"
              }
            ],
            "version": "2",
            "vpc_config": []
          },
          "sensitive_attributes": [],
          "private": "eyJlMmJmYjczMC1lY2FhLTExZTYtOGY4OC0zNDM2M2JjN2M0YzAiOnsiY3JlYXRlIjo2MDAwMDAwMDAwMDAsImRlbGV0ZSI6NjAwMDAwMDAwMDAwLCJ1cGRhdGUiOjYwMDAwMDAwMDAwMH19",
          "dependencies": [
            "module.backend.module.lambda_functions.aws_cloudwatch_log_group.lambda",
            "module.backend.module.lambda_functions.aws_iam_role.lambda",
            "module.backend.module.lambda_functions.aws_iam_role_policy.additional_inline",
            "module.backend.module.lambda_functions.aws_iam_role_policy.additional_json",
            "module.backend.module.lambda_functions.aws_iam_role_policy.additional_jsons",
            "module.backend.module.lambda_functions.aws_iam_role_policy.async",
            "module.backend.module.lambda_functions.aws_iam_role_policy.dead_letter",
            "module.backend.module.lambda_functions.aws_iam_role_policy.logs",
            "module.backend.module.lambda_functions.aws_iam_role_policy.tracing",
            "module.backend.module.lambda_functions.aws_iam_role_policy.vpc",
            "module.backend.module.lambda_functions.aws_iam_role_policy_attachment.additional_many",
            "module.backend.module.lambda_functions.aws_iam_role_policy_attachment.additional_one",
            "module.backend.module.lambda_functions.aws_s3_object.lambda_package",
            "module.backend.module.lambda_functions.data.aws_arn.log_group_arn",
            "module.backend.module.lambda_functions.data.aws_cloudwatch_log_group.lambda",
            "module.backend.module.lambda_functions.data.aws_iam_policy.tracing",
            "module.backend.module.lambda_functions.data.aws_iam_policy.vpc",
            "module.backend.module.lambda_functions.data.aws_iam_policy_document.additional_inline",
            "module.backend.module.lambda_functions.data.aws_iam_policy_document.assume_role",
            "module.backend.module.lambda_functions.data.aws_iam_policy_document.async",
            "module.backend.module.lambda_functions.data.aws_iam_policy_document.dead_letter",
            "module.backend.module.lambda_functions.data.aws_iam_policy_document.logs",
            "module.backend.module.lambda_functions.data.aws_partition.current",
            "module.backend.module.lambda_functions.data.external.archive_prepare",
            "module.backend.module.lambda_functions.local_file.archive_plan",
            "module.backend.module.lambda_functions.null_resource.archive",
            "module.dynamodb_table.aws_dynamodb_table.autoscaled",
            "module.dynamodb_table.aws_dynamodb_table.autoscaled_gsi_ignore",
            "module.dynamodb_table.aws_dynamodb_table.this"
          ],
          "create_before_destroy": true
        }
      ]
    },
    {
      "module": "module.backend.module.lambda_functions[\"DELETE /todos/{id}\"]",
      "mode": "managed",
      "type": "aws_lambda_permission",
      "name": "current_version_triggers",
      "provider": "provider[\"registry.terraform.io/hashicorp/aws\"]",
      "instances": [
        {
          "index_key": "apigw",
          "schema_version": 0,
          "attributes": {
            "action": "lambda:InvokeFunction",
            "event_source_token": null,
            "function_name": "serverless-todo-prod-delete",
            "function_url_auth_type": null,
            "id": "apigw20250921003523582700000004",
            "principal": "apigateway.amazonaws.com",
            "principal_org_id": null,
            "qualifier": "2",
            "region": "us-west-2",
            "source_account": null,
            "source_arn": "arn:aws:execute-api:us-west-2:958948421283:d5kuodgoui/*/*",
            "statement_id": "apigw20250921003523582700000004",
            "statement_id_prefix": "apigw"
          },
          "sensitive_attributes": [],
          "private": "bnVsbA==",
          "dependencies": [
            "module.backend.module.api_gateway.aws_apigatewayv2_api.this",
            "module.backend.module.lambda_functions.aws_cloudwatch_log_group.lambda",
            "module.backend.module.lambda_functions.aws_iam_role.lambda",
            "module.backend.module.lambda_functions.aws_iam_role_policy.additional_inline",
            "module.backend.module.lambda_functions.aws_iam_role_policy.additional_json",
            "module.backend.module.lambda_functions.aws_iam_role_policy.additional_jsons",
            "module.backend.module.lambda_functions.aws_iam_role_policy.async",
            "module.backend.module.lambda_functions.aws_iam_role_policy.dead_letter",
            "module.backend.module.lambda_functions.aws_iam_role_policy.logs",
            "module.backend.module.lambda_functions.aws_iam_role_policy.tracing",
            "module.backend.module.lambda_functions.aws_iam_role_policy.vpc",
            "module.backend.module.lambda_functions.aws_iam_role_policy_attachment.additional_many",
            "module.backend.module.lambda_functions.aws_iam_role_policy_attachment.additional_one",
            "module.backend.module.lambda_functions.aws_lambda_function.this",
            "module.backend.module.lambda_functions.aws_s3_object.lambda_package",
            "module.backend.module.lambda_functions.data.aws_arn.log_group_arn",
            "module.backend.module.lambda_functions.data.aws_cloudwatch_log_group.lambda",
            "module.backend.module.lambda_functions.data.aws_iam_policy.tracing",
            "module.backend.module.lambda_functions.data.aws_iam_policy.vpc",
            "module.backend.module.lambda_functions.data.aws_iam_policy_document.additional_inline",
            "module.backend.module.lambda_functions.data.aws_iam_policy_document.assume_role",
            "module.backend.module.lambda_functions.data.aws_iam_policy_document.async",
            "module.backend.module.lambda_functions.data.aws_iam_policy_document.dead_letter",
            "module.backend.module.lambda_functions.data.aws_iam_policy_document.logs",
            "module.backend.module.lambda_functions.data.aws_partition.current",
            "module.backend.module.lambda_functions.data.external.archive_prepare",
            "module.backend.module.lambda_functions.local_file.archive_plan",
            "module.backend.module.lambda_functions.null_resource.archive",
            "module.dynamodb_table.aws_dynamodb_table.autoscaled",
            "module.dynamodb_table.aws_dynamodb_table.autoscaled_gsi_ignore",
            "module.dynamodb_table.aws_dynamodb_table.this"
          ],
          "create_before_destroy": true
        }
      ]
    },
    {
      "module": "module.backend.module.lambda_functions[\"DELETE /todos/{id}\"]",
      "mode": "managed",
      "type": "aws_lambda_permission",
      "name": "unqualified_alias_triggers",
      "provider": "provider[\"registry.terraform.io/hashicorp/aws\"]",
      "instances": [
        {
          "index_key": "apigw",
          "schema_version": 0,
          "attributes": {
            "action": "lambda:InvokeFunction",
            "event_source_token": null,
            "function_name": "serverless-todo-prod-delete",
            "function_url_auth_type": null,
            "id": "apigw20250921003523585200000009",
            "principal": "apigateway.amazonaws.com",
            "principal_org_id": null,
            "qualifier": "",
            "region": "us-west-2",
            "source_account": null,
            "source_arn": "arn:aws:execute-api:us-west-2:958948421283:d5kuodgoui/*/*",
            "statement_id": "apigw20250921003523585200000009",
            "statement_id_prefix": "apigw"
          },
          "sensitive_attributes": [],
          "private": "bnVsbA==",
          "dependencies": [
            "module.backend.module.api_gateway.aws_apigatewayv2_api.this",
            "module.backend.module.lambda_functions.aws_cloudwatch_log_group.lambda",
            "module.backend.module.lambda_functions.aws_iam_role.lambda",
            "module.backend.module.lambda_functions.aws_iam_role_policy.additional_inline",
            "module.backend.module.lambda_functions.aws_iam_role_policy.additional_json",
            "module.backend.module.lambda_functions.aws_iam_role_policy.additional_jsons",
            "module.backend.module.lambda_functions.aws_iam_role_policy.async",
            "module.backend.module.lambda_functions.aws_iam_role_policy.dead_letter",
            "module.backend.module.lambda_functions.aws_iam_role_policy.logs",
            "module.backend.module.lambda_functions.aws_iam_role_policy.tracing",
            "module.backend.module.lambda_functions.aws_iam_role_policy.vpc",
            "module.backend.module.lambda_functions.aws_iam_role_policy_attachment.additional_many",
            "module.backend.module.lambda_functions.aws_iam_role_policy_attachment.additional_one",
            "module.backend.module.lambda_functions.aws_lambda_function.this",
            "module.backend.module.lambda_functions.aws_s3_object.lambda_package",
            "module.backend.module.lambda_functions.data.aws_arn.log_group_arn",
            "module.backend.module.lambda_functions.data.aws_cloudwatch_log_group.lambda",
            "module.backend.module.lambda_functions.data.aws_iam_policy.tracing",
            "module.backend.module.lambda_functions.data.aws_iam_policy.vpc",
            "module.backend.module.lambda_functions.data.aws_iam_policy_document.additional_inline",
            "module.backend.module.lambda_functions.data.aws_iam_policy_document.assume_role",
            "module.backend.module.lambda_functions.data.aws_iam_policy_document.async",
            "module.backend.module.lambda_functions.data.aws_iam_policy_document.dead_letter",
            "module.backend.module.lambda_functions.data.aws_iam_policy_document.logs",
            "module.backend.module.lambda_functions.data.aws_partition.current",
            "module.backend.module.lambda_functions.data.external.archive_prepare",
            "module.backend.module.lambda_functions.local_file.archive_plan",
            "module.backend.module.lambda_functions.null_resource.archive",
            "module.dynamodb_table.aws_dynamodb_table.autoscaled",
            "module.dynamodb_table.aws_dynamodb_table.autoscaled_gsi_ignore",
            "module.dynamodb_table.aws_dynamodb_table.this"
          ],
          "create_before_destroy": true
        }
      ]
    },
    {
      "module": "module.backend.module.lambda_functions[\"DELETE /todos/{id}\"]",
      "mode": "managed",
      "type": "local_file",
      "name": "archive_plan",
      "provider": "provider[\"registry.terraform.io/hashicorp/local\"]",
      "instances": [
        {
          "index_key": 0,
          "schema_version": 0,
          "attributes": {
            "content": "{\"filename\": \"./.terraform/lambda-builds/f214d14fadc1c21ae6fc63678dc12b4d3008d5ca0cef6ef0666a30f82c5fc538.zip\", \"runtime\": \"nodejs18.x\", \"artifacts_dir\": \"./.terraform/lambda-builds/\", \"build_plan\": [[[\"zip\", \"./../src/backend/functions/delete.mjs\", null]], [[\"npm\", \"nodejs18.x\", \"./../src/backend/package.json\", null, null]]]}",
            "content_base64": null,
            "content_base64sha256": "lBZdretuSFfAtG9Gwg3Ki78lumyzWMTqsoPVQrsKccI=",
            "content_base64sha512": "exo1ThGy2gnCqSWUFs4k1SQwZ8qbsFOHp7J96rj6V2m6dLv+EK4wS23PmIjKbfrCjDKmTQR03eVp9n6X2mIPPg==",
            "content_md5": "02a1974475ca17e100f433ee97e71bc8",
            "content_sha1": "45a6b3103aacec10482ad9228c63c1b644c43901",
            "content_sha256": "94165dadeb6e4857c0b46f46c20dca8bbf25ba6cb358c4eab283d542bb0a71c2",
            "content_sha512": "7b1a354e11b2da09c2a9259416ce24d5243067ca9bb05387a7b27deab8fa5769ba74bbfe10ae304b6dcf9888ca6dfac28c32a64d0474dde569f67e97da620f3e",
            "directory_permission": "0755",
            "file_permission": "0644",
            "filename": "./.terraform/lambda-builds/f214d14fadc1c21ae6fc63678dc12b4d3008d5ca0cef6ef0666a30f82c5fc538.plan.json",
            "id": "45a6b3103aacec10482ad9228c63c1b644c43901",
            "sensitive_content": null,
            "source": null
          },
          "sensitive_attributes": [
            [
              {
                "type": "get_attr",
                "value": "sensitive_content"
              }
            ],
            [
              {
                "type": "get_attr",
                "value": "content"
              }
            ]
          ],
          "dependencies": [
            "module.backend.module.lambda_functions.data.external.archive_prepare"
          ],
          "create_before_destroy": true
        }
      ]
    },
    {
      "module": "module.backend.module.lambda_functions[\"DELETE /todos/{id}\"]",
      "mode": "managed",
      "type": "null_resource",
      "name": "archive",
      "provider": "provider[\"registry.terraform.io/hashicorp/null\"]",
      "instances": [
        {
          "index_key": 0,
          "schema_version": 0,
          "attributes": {
            "id": "1954285158",
            "triggers": {
              "filename": "./.terraform/lambda-builds/f214d14fadc1c21ae6fc63678dc12b4d3008d5ca0cef6ef0666a30f82c5fc538.zip",
              "timestamp": "1758414865484202000"
            }
          },
          "sensitive_attributes": [],
          "dependencies": [
            "module.backend.module.lambda_functions.data.external.archive_prepare",
            "module.backend.module.lambda_functions.local_file.archive_plan"
          ],
          "create_before_destroy": true
        }
      ]
    },
    {
      "module": "module.backend.module.lambda_functions[\"GET /todos\"]",
      "mode": "data",
      "type": "aws_caller_identity",
      "name": "current",
      "provider": "provider[\"registry.terraform.io/hashicorp/aws\"]",
      "instances": [
        {
          "schema_version": 0,
          "attributes": {
            "account_id": "958948421283",
            "arn": "arn:aws:iam::958948421283:user/cli-user",
            "id": "958948421283",
            "user_id": "AIDA56ROHV2RRL33TY4LX"
          },
          "sensitive_attributes": []
        }
      ]
    },
    {
      "module": "module.backend.module.lambda_functions[\"GET /todos\"]",
      "mode": "data",
      "type": "aws_iam_policy_document",
      "name": "assume_role",
      "provider": "provider[\"registry.terraform.io/hashicorp/aws\"]",
      "instances": [
        {
          "index_key": 0,
          "schema_version": 0,
          "attributes": {
            "id": "1604711841",
            "json": "{\n  \"Version\": \"2012-10-17\",\n  \"Statement\": [\n    {\n      \"Effect\": \"Allow\",\n      \"Action\": \"sts:AssumeRole\",\n      \"Principal\": {\n        \"Service\": \"lambda.amazonaws.com\"\n      }\n    }\n  ]\n}",
            "minified_json": "{\"Version\":\"2012-10-17\",\"Statement\":[{\"Effect\":\"Allow\",\"Action\":\"sts:AssumeRole\",\"Principal\":{\"Service\":\"lambda.amazonaws.com\"}}]}",
            "override_json": null,
            "override_policy_documents": null,
            "policy_id": null,
            "source_json": null,
            "source_policy_documents": null,
            "statement": [
              {
                "actions": [
                  "sts:AssumeRole"
                ],
                "condition": [],
                "effect": "Allow",
                "not_actions": [],
                "not_principals": [],
                "not_resources": [],
                "principals": [
                  {
                    "identifiers": [
                      "lambda.amazonaws.com"
                    ],
                    "type": "Service"
                  }
                ],
                "resources": [],
                "sid": ""
              }
            ],
            "version": "2012-10-17"
          },
          "sensitive_attributes": []
        }
      ]
    },
    {
      "module": "module.backend.module.lambda_functions[\"GET /todos\"]",
      "mode": "data",
      "type": "aws_iam_policy_document",
      "name": "logs",
      "provider": "provider[\"registry.terraform.io/hashicorp/aws\"]",
      "instances": [
        {
          "index_key": 0,
          "schema_version": 0,
          "attributes": {
            "id": "2143305872",
            "json": "{\n  \"Version\": \"2012-10-17\",\n  \"Statement\": [\n    {\n      \"Effect\": \"Allow\",\n      \"Action\": [\n        \"logs:PutLogEvents\",\n        \"logs:CreateLogStream\",\n        \"logs:CreateLogGroup\"\n      ],\n      \"Resource\": [\n        \"arn:aws:logs:us-west-2:958948421283:log-group:/aws/lambda/serverless-todo-prod-list:*:*\",\n        \"arn:aws:logs:us-west-2:958948421283:log-group:/aws/lambda/serverless-todo-prod-list:*\"\n      ]\n    }\n  ]\n}",
            "minified_json": "{\"Version\":\"2012-10-17\",\"Statement\":[{\"Effect\":\"Allow\",\"Action\":[\"logs:PutLogEvents\",\"logs:CreateLogStream\",\"logs:CreateLogGroup\"],\"Resource\":[\"arn:aws:logs:us-west-2:958948421283:log-group:/aws/lambda/serverless-todo-prod-list:*:*\",\"arn:aws:logs:us-west-2:958948421283:log-group:/aws/lambda/serverless-todo-prod-list:*\"]}]}",
            "override_json": null,
            "override_policy_documents": null,
            "policy_id": null,
            "source_json": null,
            "source_policy_documents": null,
            "statement": [
              {
                "actions": [
                  "logs:CreateLogGroup",
                  "logs:CreateLogStream",
                  "logs:PutLogEvents"
                ],
                "condition": [],
                "effect": "Allow",
                "not_actions": [],
                "not_principals": [],
                "not_resources": [],
                "principals": [],
                "resources": [
                  "arn:aws:logs:us-west-2:958948421283:log-group:/aws/lambda/serverless-todo-prod-list:*",
                  "arn:aws:logs:us-west-2:958948421283:log-group:/aws/lambda/serverless-todo-prod-list:*:*"
                ],
                "sid": ""
              }
            ],
            "version": "2012-10-17"
          },
          "sensitive_attributes": []
        }
      ]
    },
    {
      "module": "module.backend.module.lambda_functions[\"GET /todos\"]",
      "mode": "data",
      "type": "aws_partition",
      "name": "current",
      "provider": "provider[\"registry.terraform.io/hashicorp/aws\"]",
      "instances": [
        {
          "schema_version": 0,
          "attributes": {
            "dns_suffix": "amazonaws.com",
            "id": "aws",
            "partition": "aws",
            "reverse_dns_prefix": "com.amazonaws"
          },
          "sensitive_attributes": []
        }
      ]
    },
    {
      "module": "module.backend.module.lambda_functions[\"GET /todos\"]",
      "mode": "data",
      "type": "aws_region",
      "name": "current",
      "provider": "provider[\"registry.terraform.io/hashicorp/aws\"]",
      "instances": [
        {
          "schema_version": 0,
          "attributes": {
            "description": "US West (Oregon)",
            "endpoint": "ec2.us-west-2.amazonaws.com",
            "id": "us-west-2",
            "name": "us-west-2",
            "region": "us-west-2"
          },
          "sensitive_attributes": []
        }
      ]
    },
    {
      "module": "module.backend.module.lambda_functions[\"GET /todos\"]",
      "mode": "data",
      "type": "external",
      "name": "archive_prepare",
      "provider": "provider[\"registry.terraform.io/hashicorp/external\"]",
      "instances": [
        {
          "index_key": 0,
          "schema_version": 0,
          "attributes": {
            "id": "-",
            "program": [
              "python.exe",
              ".terraform/modules/backend.lambda_functions/package.py",
              "prepare"
            ],
            "query": {
              "artifacts_dir": "./.terraform/lambda-builds/",
              "docker": null,
              "hash_extra": "",
              "hash_extra_paths": "[]",
              "paths": "{\"cwd\":\"E:/Internal/Desktop/devops/serverless-todo-app/infra\",\"module\":\".terraform/modules/backend.lambda_functions\",\"root\":\".\"}",
              "recreate_missing_package": "true",
              "runtime": "nodejs18.x",
              "source_path": "[\"./../src/backend/functions/list.mjs\",{\"npm_requirements\":\"./../src/backend/package.json\"}]"
            },
            "result": {
              "build_plan": "{\"filename\": \"./.terraform/lambda-builds/fd02feb9333697791955f46b54d7aca893be6c34b35d169a0997c60511758246.zip\", \"runtime\": \"nodejs18.x\", \"artifacts_dir\": \"./.terraform/lambda-builds/\", \"build_plan\": [[[\"zip\", \"./../src/backend/functions/list.mjs\", null]], [[\"npm\", \"nodejs18.x\", \"./../src/backend/package.json\", null, null]]]}",
              "build_plan_filename": "./.terraform/lambda-builds/fd02feb9333697791955f46b54d7aca893be6c34b35d169a0997c60511758246.plan.json",
              "filename": "./.terraform/lambda-builds/fd02feb9333697791955f46b54d7aca893be6c34b35d169a0997c60511758246.zip",
              "timestamp": "1758414865485526000",
              "was_missing": "true"
            },
            "working_dir": null
          },
          "sensitive_attributes": []
        }
      ]
    },
    {
      "module": "module.backend.module.lambda_functions[\"GET /todos\"]",
      "mode": "managed",
      "type": "aws_cloudwatch_log_group",
      "name": "lambda",
      "provider": "provider[\"registry.terraform.io/hashicorp/aws\"]",
      "instances": [
        {
          "index_key": 0,
          "schema_version": 0,
          "attributes": {
            "arn": "arn:aws:logs:us-west-2:958948421283:log-group:/aws/lambda/serverless-todo-prod-list",
            "id": "/aws/lambda/serverless-todo-prod-list",
            "kms_key_id": "",
            "log_group_class": "STANDARD",
            "name": "/aws/lambda/serverless-todo-prod-list",
            "name_prefix": "",
            "region": "us-west-2",
            "retention_in_days": 0,
            "skip_destroy": false,
            "tags": null,
            "tags_all": {
              "Environment": "prod",
              "Project": "serverless-todo"
            }
          },
          "sensitive_attributes": [],
          "private": "bnVsbA==",
          "create_before_destroy": true
        }
      ]
    },
    {
      "module": "module.backend.module.lambda_functions[\"GET /todos\"]",
      "mode": "managed",
      "type": "aws_iam_role",
      "name": "lambda",
      "provider": "provider[\"registry.terraform.io/hashicorp/aws\"]",
      "instances": [
        {
          "index_key": 0,
          "schema_version": 0,
          "attributes": {
            "arn": "arn:aws:iam::958948421283:role/serverless-todo-prod-list",
            "assume_role_policy": "{\"Statement\":[{\"Action\":\"sts:AssumeRole\",\"Effect\":\"Allow\",\"Principal\":{\"Service\":\"lambda.amazonaws.com\"}}],\"Version\":\"2012-10-17\"}",
            "create_date": "2025-09-21T00:34:31Z",
            "description": "",
            "force_detach_policies": true,
            "id": "serverless-todo-prod-list",
            "inline_policy": [],
            "managed_policy_arns": [],
            "max_session_duration": 3600,
            "name": "serverless-todo-prod-list",
            "name_prefix": "",
            "path": "/",
            "permissions_boundary": "",
            "tags": null,
            "tags_all": {
              "Environment": "prod",
              "Project": "serverless-todo"
            },
            "unique_id": "AROA56ROHV2R6ODJ7JZ47"
          },
          "sensitive_attributes": [],
          "private": "bnVsbA==",
          "dependencies": [
            "module.backend.module.lambda_functions.data.aws_iam_policy_document.assume_role"
          ],
          "create_before_destroy": true
        }
      ]
    },
    {
      "module": "module.backend.module.lambda_functions[\"GET /todos\"]",
      "mode": "managed",
      "type": "aws_iam_role_policy",
      "name": "additional_json",
      "provider": "provider[\"registry.terraform.io/hashicorp/aws\"]",
      "instances": [
        {
          "index_key": 0,
          "schema_version": 0,
          "attributes": {
            "id": "serverless-todo-prod-list:serverless-todo-prod-list",
            "name": "serverless-todo-prod-list",
            "name_prefix": "",
            "policy": "{\"Id\":\"PolicyForDynamoDB\",\"Statement\":[{\"Action\":[\"dynamodb:GetItem\",\"dynamodb:PutItem\",\"dynamodb:UpdateItem\",\"dynamodb:DeleteItem\",\"dynamodb:Query\",\"dynamodb:Scan\"],\"Effect\":\"Allow\",\"Resource\":\"arn:aws:dynamodb:us-west-2:958948421283:table/serverless-todo-prod-dynamodb\",\"Sid\":\"AllowDynamoDBAccess\"}],\"Version\":\"2008-10-17\"}",
            "role": "serverless-todo-prod-list"
          },
          "sensitive_attributes": [],
          "private": "bnVsbA==",
          "dependencies": [
            "module.backend.module.lambda_functions.aws_iam_role.lambda",
            "module.backend.module.lambda_functions.data.aws_iam_policy_document.assume_role",
            "module.dynamodb_table.aws_dynamodb_table.autoscaled",
            "module.dynamodb_table.aws_dynamodb_table.autoscaled_gsi_ignore",
            "module.dynamodb_table.aws_dynamodb_table.this"
          ],
          "create_before_destroy": true
        }
      ]
    },
    {
      "module": "module.backend.module.lambda_functions[\"GET /todos\"]",
      "mode": "managed",
      "type": "aws_iam_role_policy",
      "name": "logs",
      "provider": "provider[\"registry.terraform.io/hashicorp/aws\"]",
      "instances": [
        {
          "index_key": 0,
          "schema_version": 0,
          "attributes": {
            "id": "serverless-todo-prod-list:serverless-todo-prod-list-logs",
            "name": "serverless-todo-prod-list-logs",
            "name_prefix": "",
            "policy": "{\"Version\":\"2012-10-17\",\"Statement\":[{\"Action\":[\"logs:PutLogEvents\",\"logs:CreateLogStream\",\"logs:CreateLogGroup\"],\"Effect\":\"Allow\",\"Resource\":[\"arn:aws:logs:us-west-2:958948421283:log-group:/aws/lambda/serverless-todo-prod-list:*:*\",\"arn:aws:logs:us-west-2:958948421283:log-group:/aws/lambda/serverless-todo-prod-list:*\"]}]}",
            "role": "serverless-todo-prod-list"
          },
          "sensitive_attributes": [],
          "private": "bnVsbA==",
          "dependencies": [
            "module.backend.module.lambda_functions.aws_cloudwatch_log_group.lambda",
            "module.backend.module.lambda_functions.aws_iam_role.lambda",
            "module.backend.module.lambda_functions.data.aws_arn.log_group_arn",
            "module.backend.module.lambda_functions.data.aws_cloudwatch_log_group.lambda",
            "module.backend.module.lambda_functions.data.aws_iam_policy_document.assume_role",
            "module.backend.module.lambda_functions.data.aws_iam_policy_document.logs"
          ],
          "create_before_destroy": true
        }
      ]
    },
    {
      "module": "module.backend.module.lambda_functions[\"GET /todos\"]",
      "mode": "managed",
      "type": "aws_lambda_function",
      "name": "this",
      "provider": "provider[\"registry.terraform.io/hashicorp/aws\"]",
      "instances": [
        {
          "index_key": 0,
          "schema_version": 0,
          "attributes": {
            "architectures": [
              "x86_64"
            ],
            "arn": "arn:aws:lambda:us-west-2:958948421283:function:serverless-todo-prod-list",
            "code_sha256": "M47n3xtEMoViTpnIHLP3NqH5Bn/cdZvg5dmqChNCrjA=",
            "code_signing_config_arn": "",
            "dead_letter_config": [],
            "description": "",
            "environment": [
              {
                "variables": {
                  "DYNAMODB_TABLE": "serverless-todo-prod-dynamodb",
                  "ENVIRONMENT": "prod"
                }
              }
            ],
            "ephemeral_storage": [
              {
                "size": 512
              }
            ],
            "file_system_config": [],
            "filename": "./.terraform/lambda-builds/fd02feb9333697791955f46b54d7aca893be6c34b35d169a0997c60511758246.zip",
            "function_name": "serverless-todo-prod-list",
            "handler": "list.handler",
            "id": "serverless-todo-prod-list",
            "image_config": [],
            "image_uri": "",
            "invoke_arn": "arn:aws:apigateway:us-west-2:lambda:path/2015-03-31/functions/arn:aws:lambda:us-west-2:958948421283:function:serverless-todo-prod-list/invocations",
            "kms_key_arn": "",
            "last_modified": "2025-09-21T00:35:16.705+0000",
            "layers": null,
            "logging_config": [
              {
                "application_log_level": "",
                "log_format": "Text",
                "log_group": "/aws/lambda/serverless-todo-prod-list",
                "system_log_level": ""
              }
            ],
            "memory_size": 128,
            "package_type": "Zip",
            "publish": true,
            "qualified_arn": "arn:aws:lambda:us-west-2:958948421283:function:serverless-todo-prod-list:2",
            "qualified_invoke_arn": "arn:aws:apigateway:us-west-2:lambda:path/2015-03-31/functions/arn:aws:lambda:us-west-2:958948421283:function:serverless-todo-prod-list:2/invocations",
            "region": "us-west-2",
            "replace_security_groups_on_destroy": null,
            "replacement_security_group_ids": null,
            "reserved_concurrent_executions": -1,
            "role": "arn:aws:iam::958948421283:role/serverless-todo-prod-list",
            "runtime": "nodejs18.x",
            "s3_bucket": null,
            "s3_key": null,
            "s3_object_version": null,
            "signing_job_arn": "",
            "signing_profile_version_arn": "",
            "skip_destroy": false,
            "snap_start": [],
            "source_code_hash": "",
            "source_code_size": 82076,
            "source_kms_key_arn": "",
            "tags": {
              "terraform-aws-modules": "lambda"
            },
            "tags_all": {
              "Environment": "prod",
              "Project": "serverless-todo",
              "terraform-aws-modules": "lambda"
            },
            "timeout": 3,
            "timeouts": null,
            "tracing_config": [
              {
                "mode": "PassThrough"
              }
            ],
            "version": "2",
            "vpc_config": []
          },
          "sensitive_attributes": [],
          "private": "eyJlMmJmYjczMC1lY2FhLTExZTYtOGY4OC0zNDM2M2JjN2M0YzAiOnsiY3JlYXRlIjo2MDAwMDAwMDAwMDAsImRlbGV0ZSI6NjAwMDAwMDAwMDAwLCJ1cGRhdGUiOjYwMDAwMDAwMDAwMH19",
          "dependencies": [
            "module.backend.module.lambda_functions.aws_cloudwatch_log_group.lambda",
            "module.backend.module.lambda_functions.aws_iam_role.lambda",
            "module.backend.module.lambda_functions.aws_iam_role_policy.additional_inline",
            "module.backend.module.lambda_functions.aws_iam_role_policy.additional_json",
            "module.backend.module.lambda_functions.aws_iam_role_policy.additional_jsons",
            "module.backend.module.lambda_functions.aws_iam_role_policy.async",
            "module.backend.module.lambda_functions.aws_iam_role_policy.dead_letter",
            "module.backend.module.lambda_functions.aws_iam_role_policy.logs",
            "module.backend.module.lambda_functions.aws_iam_role_policy.tracing",
            "module.backend.module.lambda_functions.aws_iam_role_policy.vpc",
            "module.backend.module.lambda_functions.aws_iam_role_policy_attachment.additional_many",
            "module.backend.module.lambda_functions.aws_iam_role_policy_attachment.additional_one",
            "module.backend.module.lambda_functions.aws_s3_object.lambda_package",
            "module.backend.module.lambda_functions.data.aws_arn.log_group_arn",
            "module.backend.module.lambda_functions.data.aws_cloudwatch_log_group.lambda",
            "module.backend.module.lambda_functions.data.aws_iam_policy.tracing",
            "module.backend.module.lambda_functions.data.aws_iam_policy.vpc",
            "module.backend.module.lambda_functions.data.aws_iam_policy_document.additional_inline",
            "module.backend.module.lambda_functions.data.aws_iam_policy_document.assume_role",
            "module.backend.module.lambda_functions.data.aws_iam_policy_document.async",
            "module.backend.module.lambda_functions.data.aws_iam_policy_document.dead_letter",
            "module.backend.module.lambda_functions.data.aws_iam_policy_document.logs",
            "module.backend.module.lambda_functions.data.aws_partition.current",
            "module.backend.module.lambda_functions.data.external.archive_prepare",
            "module.backend.module.lambda_functions.local_file.archive_plan",
            "module.backend.module.lambda_functions.null_resource.archive",
            "module.dynamodb_table.aws_dynamodb_table.autoscaled",
            "module.dynamodb_table.aws_dynamodb_table.autoscaled_gsi_ignore",
            "module.dynamodb_table.aws_dynamodb_table.this"
          ],
          "create_before_destroy": true
        }
      ]
    },
    {
      "module": "module.backend.module.lambda_functions[\"GET /todos\"]",
      "mode": "managed",
      "type": "aws_lambda_permission",
      "name": "current_version_triggers",
      "provider": "provider[\"registry.terraform.io/hashicorp/aws\"]",
      "instances": [
        {
          "index_key": "apigw",
          "schema_version": 0,
          "attributes": {
            "action": "lambda:InvokeFunction",
            "event_source_token": null,
            "function_name": "serverless-todo-prod-list",
            "function_url_auth_type": null,
            "id": "apigw20250921003523583700000006",
            "principal": "apigateway.amazonaws.com",
            "principal_org_id": null,
            "qualifier": "2",
            "region": "us-west-2",
            "source_account": null,
            "source_arn": "arn:aws:execute-api:us-west-2:958948421283:d5kuodgoui/*/*",
            "statement_id": "apigw20250921003523583700000006",
            "statement_id_prefix": "apigw"
          },
          "sensitive_attributes": [],
          "private": "bnVsbA==",
          "dependencies": [
            "module.backend.module.api_gateway.aws_apigatewayv2_api.this",
            "module.backend.module.lambda_functions.aws_cloudwatch_log_group.lambda",
            "module.backend.module.lambda_functions.aws_iam_role.lambda",
            "module.backend.module.lambda_functions.aws_iam_role_policy.additional_inline",
            "module.backend.module.lambda_functions.aws_iam_role_policy.additional_json",
            "module.backend.module.lambda_functions.aws_iam_role_policy.additional_jsons",
            "module.backend.module.lambda_functions.aws_iam_role_policy.async",
            "module.backend.module.lambda_functions.aws_iam_role_policy.dead_letter",
            "module.backend.module.lambda_functions.aws_iam_role_policy.logs",
            "module.backend.module.lambda_functions.aws_iam_role_policy.tracing",
            "module.backend.module.lambda_functions.aws_iam_role_policy.vpc",
            "module.backend.module.lambda_functions.aws_iam_role_policy_attachment.additional_many",
            "module.backend.module.lambda_functions.aws_iam_role_policy_attachment.additional_one",
            "module.backend.module.lambda_functions.aws_lambda_function.this",
            "module.backend.module.lambda_functions.aws_s3_object.lambda_package",
            "module.backend.module.lambda_functions.data.aws_arn.log_group_arn",
            "module.backend.module.lambda_functions.data.aws_cloudwatch_log_group.lambda",
            "module.backend.module.lambda_functions.data.aws_iam_policy.tracing",
            "module.backend.module.lambda_functions.data.aws_iam_policy.vpc",
            "module.backend.module.lambda_functions.data.aws_iam_policy_document.additional_inline",
            "module.backend.module.lambda_functions.data.aws_iam_policy_document.assume_role",
            "module.backend.module.lambda_functions.data.aws_iam_policy_document.async",
            "module.backend.module.lambda_functions.data.aws_iam_policy_document.dead_letter",
            "module.backend.module.lambda_functions.data.aws_iam_policy_document.logs",
            "module.backend.module.lambda_functions.data.aws_partition.current",
            "module.backend.module.lambda_functions.data.external.archive_prepare",
            "module.backend.module.lambda_functions.local_file.archive_plan",
            "module.backend.module.lambda_functions.null_resource.archive",
            "module.dynamodb_table.aws_dynamodb_table.autoscaled",
            "module.dynamodb_table.aws_dynamodb_table.autoscaled_gsi_ignore",
            "module.dynamodb_table.aws_dynamodb_table.this"
          ],
          "create_before_destroy": true
        }
      ]
    },
    {
      "module": "module.backend.module.lambda_functions[\"GET /todos\"]",
      "mode": "managed",
      "type": "aws_lambda_permission",
      "name": "unqualified_alias_triggers",
      "provider": "provider[\"registry.terraform.io/hashicorp/aws\"]",
      "instances": [
        {
          "index_key": "apigw",
          "schema_version": 0,
          "attributes": {
            "action": "lambda:InvokeFunction",
            "event_source_token": null,
            "function_name": "serverless-todo-prod-list",
            "function_url_auth_type": null,
            "id": "apigw20250921003523583700000005",
            "principal": "apigateway.amazonaws.com",
            "principal_org_id": null,
            "qualifier": "",
            "region": "us-west-2",
            "source_account": null,
            "source_arn": "arn:aws:execute-api:us-west-2:958948421283:d5kuodgoui/*/*",
            "statement_id": "apigw20250921003523583700000005",
            "statement_id_prefix": "apigw"
          },
          "sensitive_attributes": [],
          "private": "bnVsbA==",
          "dependencies": [
            "module.backend.module.api_gateway.aws_apigatewayv2_api.this",
            "module.backend.module.lambda_functions.aws_cloudwatch_log_group.lambda",
            "module.backend.module.lambda_functions.aws_iam_role.lambda",
            "module.backend.module.lambda_functions.aws_iam_role_policy.additional_inline",
            "module.backend.module.lambda_functions.aws_iam_role_policy.additional_json",
            "module.backend.module.lambda_functions.aws_iam_role_policy.additional_jsons",
            "module.backend.module.lambda_functions.aws_iam_role_policy.async",
            "module.backend.module.lambda_functions.aws_iam_role_policy.dead_letter",
            "module.backend.module.lambda_functions.aws_iam_role_policy.logs",
            "module.backend.module.lambda_functions.aws_iam_role_policy.tracing",
            "module.backend.module.lambda_functions.aws_iam_role_policy.vpc",
            "module.backend.module.lambda_functions.aws_iam_role_policy_attachment.additional_many",
            "module.backend.module.lambda_functions.aws_iam_role_policy_attachment.additional_one",
            "module.backend.module.lambda_functions.aws_lambda_function.this",
            "module.backend.module.lambda_functions.aws_s3_object.lambda_package",
            "module.backend.module.lambda_functions.data.aws_arn.log_group_arn",
            "module.backend.module.lambda_functions.data.aws_cloudwatch_log_group.lambda",
            "module.backend.module.lambda_functions.data.aws_iam_policy.tracing",
            "module.backend.module.lambda_functions.data.aws_iam_policy.vpc",
            "module.backend.module.lambda_functions.data.aws_iam_policy_document.additional_inline",
            "module.backend.module.lambda_functions.data.aws_iam_policy_document.assume_role",
            "module.backend.module.lambda_functions.data.aws_iam_policy_document.async",
            "module.backend.module.lambda_functions.data.aws_iam_policy_document.dead_letter",
            "module.backend.module.lambda_functions.data.aws_iam_policy_document.logs",
            "module.backend.module.lambda_functions.data.aws_partition.current",
            "module.backend.module.lambda_functions.data.external.archive_prepare",
            "module.backend.module.lambda_functions.local_file.archive_plan",
            "module.backend.module.lambda_functions.null_resource.archive",
            "module.dynamodb_table.aws_dynamodb_table.autoscaled",
            "module.dynamodb_table.aws_dynamodb_table.autoscaled_gsi_ignore",
            "module.dynamodb_table.aws_dynamodb_table.this"
          ],
          "create_before_destroy": true
        }
      ]
    },
    {
      "module": "module.backend.module.lambda_functions[\"GET /todos\"]",
      "mode": "managed",
      "type": "local_file",
      "name": "archive_plan",
      "provider": "provider[\"registry.terraform.io/hashicorp/local\"]",
      "instances": [
        {
          "index_key": 0,
          "schema_version": 0,
          "attributes": {
            "content": "{\"filename\": \"./.terraform/lambda-builds/fd02feb9333697791955f46b54d7aca893be6c34b35d169a0997c60511758246.zip\", \"runtime\": \"nodejs18.x\", \"artifacts_dir\": \"./.terraform/lambda-builds/\", \"build_plan\": [[[\"zip\", \"./../src/backend/functions/list.mjs\", null]], [[\"npm\", \"nodejs18.x\", \"./../src/backend/package.json\", null, null]]]}",
            "content_base64": null,
            "content_base64sha256": "jjtXydfYddUwigpQqzyNVzn3qD9kTIJMyRnL1Zq1TrA=",
            "content_base64sha512": "l5ZiN8j3QuUMPvv7iZdhVUPW/PQfxvGETBrct5TWMDZzkLKIjJXXyND0myQX9yT+Ib4ekvxd1e6/KsH1EUyfZw==",
            "content_md5": "23abfe601ff196da79bce3f59dd77d9e",
            "content_sha1": "27daf1948cc4f14a85aa9741e1024ad201e5eb6f",
            "content_sha256": "8e3b57c9d7d875d5308a0a50ab3c8d5739f7a83f644c824cc919cbd59ab54eb0",
            "content_sha512": "97966237c8f742e50c3efbfb8997615543d6fcf41fc6f1844c1adcb794d630367390b2888c95d7c8d0f49b2417f724fe21be1e92fc5dd5eebf2ac1f5114c9f67",
            "directory_permission": "0755",
            "file_permission": "0644",
            "filename": "./.terraform/lambda-builds/fd02feb9333697791955f46b54d7aca893be6c34b35d169a0997c60511758246.plan.json",
            "id": "27daf1948cc4f14a85aa9741e1024ad201e5eb6f",
            "sensitive_content": null,
            "source": null
          },
          "sensitive_attributes": [
            [
              {
                "type": "get_attr",
                "value": "sensitive_content"
              }
            ],
            [
              {
                "type": "get_attr",
                "value": "content"
              }
            ]
          ],
          "dependencies": [
            "module.backend.module.lambda_functions.data.external.archive_prepare"
          ],
          "create_before_destroy": true
        }
      ]
    },
    {
      "module": "module.backend.module.lambda_functions[\"GET /todos\"]",
      "mode": "managed",
      "type": "null_resource",
      "name": "archive",
      "provider": "provider[\"registry.terraform.io/hashicorp/null\"]",
      "instances": [
        {
          "index_key": 0,
          "schema_version": 0,
          "attributes": {
            "id": "1089196628",
            "triggers": {
              "filename": "./.terraform/lambda-builds/fd02feb9333697791955f46b54d7aca893be6c34b35d169a0997c60511758246.zip",
              "timestamp": "1758414865485526000"
            }
          },
          "sensitive_attributes": [],
          "dependencies": [
            "module.backend.module.lambda_functions.data.external.archive_prepare",
            "module.backend.module.lambda_functions.local_file.archive_plan"
          ],
          "create_before_destroy": true
        }
      ]
    },
    {
      "module": "module.backend.module.lambda_functions[\"GET /todos/{id}\"]",
      "mode": "data",
      "type": "aws_caller_identity",
      "name": "current",
      "provider": "provider[\"registry.terraform.io/hashicorp/aws\"]",
      "instances": [
        {
          "schema_version": 0,
          "attributes": {
            "account_id": "958948421283",
            "arn": "arn:aws:iam::958948421283:user/cli-user",
            "id": "958948421283",
            "user_id": "AIDA56ROHV2RRL33TY4LX"
          },
          "sensitive_attributes": []
        }
      ]
    },
    {
      "module": "module.backend.module.lambda_functions[\"GET /todos/{id}\"]",
      "mode": "data",
      "type": "aws_iam_policy_document",
      "name": "assume_role",
      "provider": "provider[\"registry.terraform.io/hashicorp/aws\"]",
      "instances": [
        {
          "index_key": 0,
          "schema_version": 0,
          "attributes": {
            "id": "1604711841",
            "json": "{\n  \"Version\": \"2012-10-17\",\n  \"Statement\": [\n    {\n      \"Effect\": \"Allow\",\n      \"Action\": \"sts:AssumeRole\",\n      \"Principal\": {\n        \"Service\": \"lambda.amazonaws.com\"\n      }\n    }\n  ]\n}",
            "minified_json": "{\"Version\":\"2012-10-17\",\"Statement\":[{\"Effect\":\"Allow\",\"Action\":\"sts:AssumeRole\",\"Principal\":{\"Service\":\"lambda.amazonaws.com\"}}]}",
            "override_json": null,
            "override_policy_documents": null,
            "policy_id": null,
            "source_json": null,
            "source_policy_documents": null,
            "statement": [
              {
                "actions": [
                  "sts:AssumeRole"
                ],
                "condition": [],
                "effect": "Allow",
                "not_actions": [],
                "not_principals": [],
                "not_resources": [],
                "principals": [
                  {
                    "identifiers": [
                      "lambda.amazonaws.com"
                    ],
                    "type": "Service"
                  }
                ],
                "resources": [],
                "sid": ""
              }
            ],
            "version": "2012-10-17"
          },
          "sensitive_attributes": []
        }
      ]
    },
    {
      "module": "module.backend.module.lambda_functions[\"GET /todos/{id}\"]",
      "mode": "data",
      "type": "aws_iam_policy_document",
      "name": "logs",
      "provider": "provider[\"registry.terraform.io/hashicorp/aws\"]",
      "instances": [
        {
          "index_key": 0,
          "schema_version": 0,
          "attributes": {
            "id": "662566735",
            "json": "{\n  \"Version\": \"2012-10-17\",\n  \"Statement\": [\n    {\n      \"Effect\": \"Allow\",\n      \"Action\": [\n        \"logs:PutLogEvents\",\n        \"logs:CreateLogStream\",\n        \"logs:CreateLogGroup\"\n      ],\n      \"Resource\": [\n        \"arn:aws:logs:us-west-2:958948421283:log-group:/aws/lambda/serverless-todo-prod-get:*:*\",\n        \"arn:aws:logs:us-west-2:958948421283:log-group:/aws/lambda/serverless-todo-prod-get:*\"\n      ]\n    }\n  ]\n}",
            "minified_json": "{\"Version\":\"2012-10-17\",\"Statement\":[{\"Effect\":\"Allow\",\"Action\":[\"logs:PutLogEvents\",\"logs:CreateLogStream\",\"logs:CreateLogGroup\"],\"Resource\":[\"arn:aws:logs:us-west-2:958948421283:log-group:/aws/lambda/serverless-todo-prod-get:*:*\",\"arn:aws:logs:us-west-2:958948421283:log-group:/aws/lambda/serverless-todo-prod-get:*\"]}]}",
            "override_json": null,
            "override_policy_documents": null,
            "policy_id": null,
            "source_json": null,
            "source_policy_documents": null,
            "statement": [
              {
                "actions": [
                  "logs:CreateLogGroup",
                  "logs:CreateLogStream",
                  "logs:PutLogEvents"
                ],
                "condition": [],
                "effect": "Allow",
                "not_actions": [],
                "not_principals": [],
                "not_resources": [],
                "principals": [],
                "resources": [
                  "arn:aws:logs:us-west-2:958948421283:log-group:/aws/lambda/serverless-todo-prod-get:*",
                  "arn:aws:logs:us-west-2:958948421283:log-group:/aws/lambda/serverless-todo-prod-get:*:*"
                ],
                "sid": ""
              }
            ],
            "version": "2012-10-17"
          },
          "sensitive_attributes": []
        }
      ]
    },
    {
      "module": "module.backend.module.lambda_functions[\"GET /todos/{id}\"]",
      "mode": "data",
      "type": "aws_partition",
      "name": "current",
      "provider": "provider[\"registry.terraform.io/hashicorp/aws\"]",
      "instances": [
        {
          "schema_version": 0,
          "attributes": {
            "dns_suffix": "amazonaws.com",
            "id": "aws",
            "partition": "aws",
            "reverse_dns_prefix": "com.amazonaws"
          },
          "sensitive_attributes": []
        }
      ]
    },
    {
      "module": "module.backend.module.lambda_functions[\"GET /todos/{id}\"]",
      "mode": "data",
      "type": "aws_region",
      "name": "current",
      "provider": "provider[\"registry.terraform.io/hashicorp/aws\"]",
      "instances": [
        {
          "schema_version": 0,
          "attributes": {
            "description": "US West (Oregon)",
            "endpoint": "ec2.us-west-2.amazonaws.com",
            "id": "us-west-2",
            "name": "us-west-2",
            "region": "us-west-2"
          },
          "sensitive_attributes": []
        }
      ]
    },
    {
      "module": "module.backend.module.lambda_functions[\"GET /todos/{id}\"]",
      "mode": "data",
      "type": "external",
      "name": "archive_prepare",
      "provider": "provider[\"registry.terraform.io/hashicorp/external\"]",
      "instances": [
        {
          "index_key": 0,
          "schema_version": 0,
          "attributes": {
            "id": "-",
            "program": [
              "python.exe",
              ".terraform/modules/backend.lambda_functions/package.py",
              "prepare"
            ],
            "query": {
              "artifacts_dir": "./.terraform/lambda-builds/",
              "docker": null,
              "hash_extra": "",
              "hash_extra_paths": "[]",
              "paths": "{\"cwd\":\"E:/Internal/Desktop/devops/serverless-todo-app/infra\",\"module\":\".terraform/modules/backend.lambda_functions\",\"root\":\".\"}",
              "recreate_missing_package": "true",
              "runtime": "nodejs18.x",
              "source_path": "[\"./../src/backend/functions/get.mjs\",{\"npm_requirements\":\"./../src/backend/package.json\"}]"
            },
            "result": {
              "build_plan": "{\"filename\": \"./.terraform/lambda-builds/1715540c17874fd93fb23d3a714ac6d33e3b6d222d28aa5bbfeb881116845ad2.zip\", \"runtime\": \"nodejs18.x\", \"artifacts_dir\": \"./.terraform/lambda-builds/\", \"build_plan\": [[[\"zip\", \"./../src/backend/functions/get.mjs\", null]], [[\"npm\", \"nodejs18.x\", \"./../src/backend/package.json\", null, null]]]}",
              "build_plan_filename": "./.terraform/lambda-builds/1715540c17874fd93fb23d3a714ac6d33e3b6d222d28aa5bbfeb881116845ad2.plan.json",
              "filename": "./.terraform/lambda-builds/1715540c17874fd93fb23d3a714ac6d33e3b6d222d28aa5bbfeb881116845ad2.zip",
              "timestamp": "1758414865484799000",
              "was_missing": "true"
            },
            "working_dir": null
          },
          "sensitive_attributes": []
        }
      ]
    },
    {
      "module": "module.backend.module.lambda_functions[\"GET /todos/{id}\"]",
      "mode": "managed",
      "type": "aws_cloudwatch_log_group",
      "name": "lambda",
      "provider": "provider[\"registry.terraform.io/hashicorp/aws\"]",
      "instances": [
        {
          "index_key": 0,
          "schema_version": 0,
          "attributes": {
            "arn": "arn:aws:logs:us-west-2:958948421283:log-group:/aws/lambda/serverless-todo-prod-get",
            "id": "/aws/lambda/serverless-todo-prod-get",
            "kms_key_id": "",
            "log_group_class": "STANDARD",
            "name": "/aws/lambda/serverless-todo-prod-get",
            "name_prefix": "",
            "region": "us-west-2",
            "retention_in_days": 0,
            "skip_destroy": false,
            "tags": null,
            "tags_all": {
              "Environment": "prod",
              "Project": "serverless-todo"
            }
          },
          "sensitive_attributes": [],
          "private": "bnVsbA==",
          "create_before_destroy": true
        }
      ]
    },
    {
      "module": "module.backend.module.lambda_functions[\"GET /todos/{id}\"]",
      "mode": "managed",
      "type": "aws_iam_role",
      "name": "lambda",
      "provider": "provider[\"registry.terraform.io/hashicorp/aws\"]",
      "instances": [
        {
          "index_key": 0,
          "schema_version": 0,
          "attributes": {
            "arn": "arn:aws:iam::958948421283:role/serverless-todo-prod-get",
            "assume_role_policy": "{\"Statement\":[{\"Action\":\"sts:AssumeRole\",\"Effect\":\"Allow\",\"Principal\":{\"Service\":\"lambda.amazonaws.com\"}}],\"Version\":\"2012-10-17\"}",
            "create_date": "2025-09-21T00:34:30Z",
            "description": "",
            "force_detach_policies": true,
            "id": "serverless-todo-prod-get",
            "inline_policy": [],
            "managed_policy_arns": [],
            "max_session_duration": 3600,
            "name": "serverless-todo-prod-get",
            "name_prefix": "",
            "path": "/",
            "permissions_boundary": "",
            "tags": null,
            "tags_all": {
              "Environment": "prod",
              "Project": "serverless-todo"
            },
            "unique_id": "AROA56ROHV2RZU7P6GWAQ"
          },
          "sensitive_attributes": [],
          "private": "bnVsbA==",
          "dependencies": [
            "module.backend.module.lambda_functions.data.aws_iam_policy_document.assume_role"
          ],
          "create_before_destroy": true
        }
      ]
    },
    {
      "module": "module.backend.module.lambda_functions[\"GET /todos/{id}\"]",
      "mode": "managed",
      "type": "aws_iam_role_policy",
      "name": "additional_json",
      "provider": "provider[\"registry.terraform.io/hashicorp/aws\"]",
      "instances": [
        {
          "index_key": 0,
          "schema_version": 0,
          "attributes": {
            "id": "serverless-todo-prod-get:serverless-todo-prod-get",
            "name": "serverless-todo-prod-get",
            "name_prefix": "",
            "policy": "{\"Id\":\"PolicyForDynamoDB\",\"Statement\":[{\"Action\":[\"dynamodb:GetItem\",\"dynamodb:PutItem\",\"dynamodb:UpdateItem\",\"dynamodb:DeleteItem\",\"dynamodb:Query\",\"dynamodb:Scan\"],\"Effect\":\"Allow\",\"Resource\":\"arn:aws:dynamodb:us-west-2:958948421283:table/serverless-todo-prod-dynamodb\",\"Sid\":\"AllowDynamoDBAccess\"}],\"Version\":\"2008-10-17\"}",
            "role": "serverless-todo-prod-get"
          },
          "sensitive_attributes": [],
          "private": "bnVsbA==",
          "dependencies": [
            "module.backend.module.lambda_functions.aws_iam_role.lambda",
            "module.backend.module.lambda_functions.data.aws_iam_policy_document.assume_role",
            "module.dynamodb_table.aws_dynamodb_table.autoscaled",
            "module.dynamodb_table.aws_dynamodb_table.autoscaled_gsi_ignore",
            "module.dynamodb_table.aws_dynamodb_table.this"
          ],
          "create_before_destroy": true
        }
      ]
    },
    {
      "module": "module.backend.module.lambda_functions[\"GET /todos/{id}\"]",
      "mode": "managed",
      "type": "aws_iam_role_policy",
      "name": "logs",
      "provider": "provider[\"registry.terraform.io/hashicorp/aws\"]",
      "instances": [
        {
          "index_key": 0,
          "schema_version": 0,
          "attributes": {
            "id": "serverless-todo-prod-get:serverless-todo-prod-get-logs",
            "name": "serverless-todo-prod-get-logs",
            "name_prefix": "",
            "policy": "{\"Version\":\"2012-10-17\",\"Statement\":[{\"Action\":[\"logs:PutLogEvents\",\"logs:CreateLogStream\",\"logs:CreateLogGroup\"],\"Effect\":\"Allow\",\"Resource\":[\"arn:aws:logs:us-west-2:958948421283:log-group:/aws/lambda/serverless-todo-prod-get:*:*\",\"arn:aws:logs:us-west-2:958948421283:log-group:/aws/lambda/serverless-todo-prod-get:*\"]}]}",
            "role": "serverless-todo-prod-get"
          },
          "sensitive_attributes": [],
          "private": "bnVsbA==",
          "dependencies": [
            "module.backend.module.lambda_functions.aws_cloudwatch_log_group.lambda",
            "module.backend.module.lambda_functions.aws_iam_role.lambda",
            "module.backend.module.lambda_functions.data.aws_arn.log_group_arn",
            "module.backend.module.lambda_functions.data.aws_cloudwatch_log_group.lambda",
            "module.backend.module.lambda_functions.data.aws_iam_policy_document.assume_role",
            "module.backend.module.lambda_functions.data.aws_iam_policy_document.logs"
          ],
          "create_before_destroy": true
        }
      ]
    },
    {
      "module": "module.backend.module.lambda_functions[\"GET /todos/{id}\"]",
      "mode": "managed",
      "type": "aws_lambda_function",
      "name": "this",
      "provider": "provider[\"registry.terraform.io/hashicorp/aws\"]",
      "instances": [
        {
          "index_key": 0,
          "schema_version": 0,
          "attributes": {
            "architectures": [
              "x86_64"
            ],
            "arn": "arn:aws:lambda:us-west-2:958948421283:function:serverless-todo-prod-get",
            "code_sha256": "Eyeg7jrJIM1kQGxAXOyKxeSUDUdb1fivzSj3oG7/wD4=",
            "code_signing_config_arn": "",
            "dead_letter_config": [],
            "description": "",
            "environment": [
              {
                "variables": {
                  "DYNAMODB_TABLE": "serverless-todo-prod-dynamodb",
                  "ENVIRONMENT": "prod"
                }
              }
            ],
            "ephemeral_storage": [
              {
                "size": 512
              }
            ],
            "file_system_config": [],
            "filename": "./.terraform/lambda-builds/1715540c17874fd93fb23d3a714ac6d33e3b6d222d28aa5bbfeb881116845ad2.zip",
            "function_name": "serverless-todo-prod-get",
            "handler": "get.handler",
            "id": "serverless-todo-prod-get",
            "image_config": [],
            "image_uri": "",
            "invoke_arn": "arn:aws:apigateway:us-west-2:lambda:path/2015-03-31/functions/arn:aws:lambda:us-west-2:958948421283:function:serverless-todo-prod-get/invocations",
            "kms_key_arn": "",
            "last_modified": "2025-09-21T00:35:01.716+0000",
            "layers": null,
            "logging_config": [
              {
                "application_log_level": "",
                "log_format": "Text",
                "log_group": "/aws/lambda/serverless-todo-prod-get",
                "system_log_level": ""
              }
            ],
            "memory_size": 128,
            "package_type": "Zip",
            "publish": true,
            "qualified_arn": "arn:aws:lambda:us-west-2:958948421283:function:serverless-todo-prod-get:2",
            "qualified_invoke_arn": "arn:aws:apigateway:us-west-2:lambda:path/2015-03-31/functions/arn:aws:lambda:us-west-2:958948421283:function:serverless-todo-prod-get:2/invocations",
            "region": "us-west-2",
            "replace_security_groups_on_destroy": null,
            "replacement_security_group_ids": null,
            "reserved_concurrent_executions": -1,
            "role": "arn:aws:iam::958948421283:role/serverless-todo-prod-get",
            "runtime": "nodejs18.x",
            "s3_bucket": null,
            "s3_key": null,
            "s3_object_version": null,
            "signing_job_arn": "",
            "signing_profile_version_arn": "",
            "skip_destroy": false,
            "snap_start": [],
            "source_code_hash": "",
            "source_code_size": 82067,
            "source_kms_key_arn": "",
            "tags": {
              "terraform-aws-modules": "lambda"
            },
            "tags_all": {
              "Environment": "prod",
              "Project": "serverless-todo",
              "terraform-aws-modules": "lambda"
            },
            "timeout": 3,
            "timeouts": null,
            "tracing_config": [
              {
                "mode": "PassThrough"
              }
            ],
            "version": "2",
            "vpc_config": []
          },
          "sensitive_attributes": [],
          "private": "eyJlMmJmYjczMC1lY2FhLTExZTYtOGY4OC0zNDM2M2JjN2M0YzAiOnsiY3JlYXRlIjo2MDAwMDAwMDAwMDAsImRlbGV0ZSI6NjAwMDAwMDAwMDAwLCJ1cGRhdGUiOjYwMDAwMDAwMDAwMH19",
          "dependencies": [
            "module.backend.module.lambda_functions.aws_cloudwatch_log_group.lambda",
            "module.backend.module.lambda_functions.aws_iam_role.lambda",
            "module.backend.module.lambda_functions.aws_iam_role_policy.additional_inline",
            "module.backend.module.lambda_functions.aws_iam_role_policy.additional_json",
            "module.backend.module.lambda_functions.aws_iam_role_policy.additional_jsons",
            "module.backend.module.lambda_functions.aws_iam_role_policy.async",
            "module.backend.module.lambda_functions.aws_iam_role_policy.dead_letter",
            "module.backend.module.lambda_functions.aws_iam_role_policy.logs",
            "module.backend.module.lambda_functions.aws_iam_role_policy.tracing",
            "module.backend.module.lambda_functions.aws_iam_role_policy.vpc",
            "module.backend.module.lambda_functions.aws_iam_role_policy_attachment.additional_many",
            "module.backend.module.lambda_functions.aws_iam_role_policy_attachment.additional_one",
            "module.backend.module.lambda_functions.aws_s3_object.lambda_package",
            "module.backend.module.lambda_functions.data.aws_arn.log_group_arn",
            "module.backend.module.lambda_functions.data.aws_cloudwatch_log_group.lambda",
            "module.backend.module.lambda_functions.data.aws_iam_policy.tracing",
            "module.backend.module.lambda_functions.data.aws_iam_policy.vpc",
            "module.backend.module.lambda_functions.data.aws_iam_policy_document.additional_inline",
            "module.backend.module.lambda_functions.data.aws_iam_policy_document.assume_role",
            "module.backend.module.lambda_functions.data.aws_iam_policy_document.async",
            "module.backend.module.lambda_functions.data.aws_iam_policy_document.dead_letter",
            "module.backend.module.lambda_functions.data.aws_iam_policy_document.logs",
            "module.backend.module.lambda_functions.data.aws_partition.current",
            "module.backend.module.lambda_functions.data.external.archive_prepare",
            "module.backend.module.lambda_functions.local_file.archive_plan",
            "module.backend.module.lambda_functions.null_resource.archive",
            "module.dynamodb_table.aws_dynamodb_table.autoscaled",
            "module.dynamodb_table.aws_dynamodb_table.autoscaled_gsi_ignore",
            "module.dynamodb_table.aws_dynamodb_table.this"
          ],
          "create_before_destroy": true
        }
      ]
    },
    {
      "module": "module.backend.module.lambda_functions[\"GET /todos/{id}\"]",
      "mode": "managed",
      "type": "aws_lambda_permission",
      "name": "current_version_triggers",
      "provider": "provider[\"registry.terraform.io/hashicorp/aws\"]",
      "instances": [
        {
          "index_key": "apigw",
          "schema_version": 0,
          "attributes": {
            "action": "lambda:InvokeFunction",
            "event_source_token": null,
            "function_name": "serverless-todo-prod-get",
            "function_url_auth_type": null,
            "id": "apigw20250921003523578900000001",
            "principal": "apigateway.amazonaws.com",
            "principal_org_id": null,
            "qualifier": "2",
            "region": "us-west-2",
            "source_account": null,
            "source_arn": "arn:aws:execute-api:us-west-2:958948421283:d5kuodgoui/*/*",
            "statement_id": "apigw20250921003523578900000001",
            "statement_id_prefix": "apigw"
          },
          "sensitive_attributes": [],
          "private": "bnVsbA==",
          "dependencies": [
            "module.backend.module.api_gateway.aws_apigatewayv2_api.this",
            "module.backend.module.lambda_functions.aws_cloudwatch_log_group.lambda",
            "module.backend.module.lambda_functions.aws_iam_role.lambda",
            "module.backend.module.lambda_functions.aws_iam_role_policy.additional_inline",
            "module.backend.module.lambda_functions.aws_iam_role_policy.additional_json",
            "module.backend.module.lambda_functions.aws_iam_role_policy.additional_jsons",
            "module.backend.module.lambda_functions.aws_iam_role_policy.async",
            "module.backend.module.lambda_functions.aws_iam_role_policy.dead_letter",
            "module.backend.module.lambda_functions.aws_iam_role_policy.logs",
            "module.backend.module.lambda_functions.aws_iam_role_policy.tracing",
            "module.backend.module.lambda_functions.aws_iam_role_policy.vpc",
            "module.backend.module.lambda_functions.aws_iam_role_policy_attachment.additional_many",
            "module.backend.module.lambda_functions.aws_iam_role_policy_attachment.additional_one",
            "module.backend.module.lambda_functions.aws_lambda_function.this",
            "module.backend.module.lambda_functions.aws_s3_object.lambda_package",
            "module.backend.module.lambda_functions.data.aws_arn.log_group_arn",
            "module.backend.module.lambda_functions.data.aws_cloudwatch_log_group.lambda",
            "module.backend.module.lambda_functions.data.aws_iam_policy.tracing",
            "module.backend.module.lambda_functions.data.aws_iam_policy.vpc",
            "module.backend.module.lambda_functions.data.aws_iam_policy_document.additional_inline",
            "module.backend.module.lambda_functions.data.aws_iam_policy_document.assume_role",
            "module.backend.module.lambda_functions.data.aws_iam_policy_document.async",
            "module.backend.module.lambda_functions.data.aws_iam_policy_document.dead_letter",
            "module.backend.module.lambda_functions.data.aws_iam_policy_document.logs",
            "module.backend.module.lambda_functions.data.aws_partition.current",
            "module.backend.module.lambda_functions.data.external.archive_prepare",
            "module.backend.module.lambda_functions.local_file.archive_plan",
            "module.backend.module.lambda_functions.null_resource.archive",
            "module.dynamodb_table.aws_dynamodb_table.autoscaled",
            "module.dynamodb_table.aws_dynamodb_table.autoscaled_gsi_ignore",
            "module.dynamodb_table.aws_dynamodb_table.this"
          ],
          "create_before_destroy": true
        }
      ]
    },
    {
      "module": "module.backend.module.lambda_functions[\"GET /todos/{id}\"]",
      "mode": "managed",
      "type": "aws_lambda_permission",
      "name": "unqualified_alias_triggers",
      "provider": "provider[\"registry.terraform.io/hashicorp/aws\"]",
      "instances": [
        {
          "index_key": "apigw",
          "schema_version": 0,
          "attributes": {
            "action": "lambda:InvokeFunction",
            "event_source_token": null,
            "function_name": "serverless-todo-prod-get",
            "function_url_auth_type": null,
            "id": "apigw20250921003523585200000007",
            "principal": "apigateway.amazonaws.com",
            "principal_org_id": null,
            "qualifier": "",
            "region": "us-west-2",
            "source_account": null,
            "source_arn": "arn:aws:execute-api:us-west-2:958948421283:d5kuodgoui/*/*",
            "statement_id": "apigw20250921003523585200000007",
            "statement_id_prefix": "apigw"
          },
          "sensitive_attributes": [],
          "private": "bnVsbA==",
          "dependencies": [
            "module.backend.module.api_gateway.aws_apigatewayv2_api.this",
            "module.backend.module.lambda_functions.aws_cloudwatch_log_group.lambda",
            "module.backend.module.lambda_functions.aws_iam_role.lambda",
            "module.backend.module.lambda_functions.aws_iam_role_policy.additional_inline",
            "module.backend.module.lambda_functions.aws_iam_role_policy.additional_json",
            "module.backend.module.lambda_functions.aws_iam_role_policy.additional_jsons",
            "module.backend.module.lambda_functions.aws_iam_role_policy.async",
            "module.backend.module.lambda_functions.aws_iam_role_policy.dead_letter",
            "module.backend.module.lambda_functions.aws_iam_role_policy.logs",
            "module.backend.module.lambda_functions.aws_iam_role_policy.tracing",
            "module.backend.module.lambda_functions.aws_iam_role_policy.vpc",
            "module.backend.module.lambda_functions.aws_iam_role_policy_attachment.additional_many",
            "module.backend.module.lambda_functions.aws_iam_role_policy_attachment.additional_one",
            "module.backend.module.lambda_functions.aws_lambda_function.this",
            "module.backend.module.lambda_functions.aws_s3_object.lambda_package",
            "module.backend.module.lambda_functions.data.aws_arn.log_group_arn",
            "module.backend.module.lambda_functions.data.aws_cloudwatch_log_group.lambda",
            "module.backend.module.lambda_functions.data.aws_iam_policy.tracing",
            "module.backend.module.lambda_functions.data.aws_iam_policy.vpc",
            "module.backend.module.lambda_functions.data.aws_iam_policy_document.additional_inline",
            "module.backend.module.lambda_functions.data.aws_iam_policy_document.assume_role",
            "module.backend.module.lambda_functions.data.aws_iam_policy_document.async",
            "module.backend.module.lambda_functions.data.aws_iam_policy_document.dead_letter",
            "module.backend.module.lambda_functions.data.aws_iam_policy_document.logs",
            "module.backend.module.lambda_functions.data.aws_partition.current",
            "module.backend.module.lambda_functions.data.external.archive_prepare",
            "module.backend.module.lambda_functions.local_file.archive_plan",
            "module.backend.module.lambda_functions.null_resource.archive",
            "module.dynamodb_table.aws_dynamodb_table.autoscaled",
            "module.dynamodb_table.aws_dynamodb_table.autoscaled_gsi_ignore",
            "module.dynamodb_table.aws_dynamodb_table.this"
          ],
          "create_before_destroy": true
        }
      ]
    },
    {
      "module": "module.backend.module.lambda_functions[\"GET /todos/{id}\"]",
      "mode": "managed",
      "type": "local_file",
      "name": "archive_plan",
      "provider": "provider[\"registry.terraform.io/hashicorp/local\"]",
      "instances": [
        {
          "index_key": 0,
          "schema_version": 0,
          "attributes": {
            "content": "{\"filename\": \"./.terraform/lambda-builds/1715540c17874fd93fb23d3a714ac6d33e3b6d222d28aa5bbfeb881116845ad2.zip\", \"runtime\": \"nodejs18.x\", \"artifacts_dir\": \"./.terraform/lambda-builds/\", \"build_plan\": [[[\"zip\", \"./../src/backend/functions/get.mjs\", null]], [[\"npm\", \"nodejs18.x\", \"./../src/backend/package.json\", null, null]]]}",
            "content_base64": null,
            "content_base64sha256": "O8csIgrrWz9s6vb5vr1vcMUY7mEmwyT8xJDm+YHE30o=",
            "content_base64sha512": "qszDRlsyPnU0l6pIgRvlCku/uQ6zSdIWf3ftfliesMPFX4HwNH6hn/3gp/y15bZGG5QuyB254QPN1VvtYmzOYw==",
            "content_md5": "1f3fd431b5180250386d1924367a0239",
            "content_sha1": "caa4a7011722b5e56fa9dc3ff3c6ade12bcb8b2d",
            "content_sha256": "3bc72c220aeb5b3f6ceaf6f9bebd6f70c518ee6126c324fcc490e6f981c4df4a",
            "content_sha512": "aaccc3465b323e753497aa48811be50a4bbfb90eb349d2167f77ed7e589eb0c3c55f81f0347ea19ffde0a7fcb5e5b6461b942ec81db9e103cdd55bed626cce63",
            "directory_permission": "0755",
            "file_permission": "0644",
            "filename": "./.terraform/lambda-builds/1715540c17874fd93fb23d3a714ac6d33e3b6d222d28aa5bbfeb881116845ad2.plan.json",
            "id": "caa4a7011722b5e56fa9dc3ff3c6ade12bcb8b2d",
            "sensitive_content": null,
            "source": null
          },
          "sensitive_attributes": [
            [
              {
                "type": "get_attr",
                "value": "content"
              }
            ],
            [
              {
                "type": "get_attr",
                "value": "sensitive_content"
              }
            ]
          ],
          "dependencies": [
            "module.backend.module.lambda_functions.data.external.archive_prepare"
          ],
          "create_before_destroy": true
        }
      ]
    },
    {
      "module": "module.backend.module.lambda_functions[\"GET /todos/{id}\"]",
      "mode": "managed",
      "type": "null_resource",
      "name": "archive",
      "provider": "provider[\"registry.terraform.io/hashicorp/null\"]",
      "instances": [
        {
          "index_key": 0,
          "schema_version": 0,
          "attributes": {
            "id": "1088992179",
            "triggers": {
              "filename": "./.terraform/lambda-builds/1715540c17874fd93fb23d3a714ac6d33e3b6d222d28aa5bbfeb881116845ad2.zip",
              "timestamp": "1758414865484799000"
            }
          },
          "sensitive_attributes": [],
          "dependencies": [
            "module.backend.module.lambda_functions.data.external.archive_prepare",
            "module.backend.module.lambda_functions.local_file.archive_plan"
          ],
          "create_before_destroy": true
        }
      ]
    },
    {
      "module": "module.backend.module.lambda_functions[\"POST /todos\"]",
      "mode": "data",
      "type": "aws_caller_identity",
      "name": "current",
      "provider": "provider[\"registry.terraform.io/hashicorp/aws\"]",
      "instances": [
        {
          "schema_version": 0,
          "attributes": {
            "account_id": "958948421283",
            "arn": "arn:aws:iam::958948421283:user/cli-user",
            "id": "958948421283",
            "user_id": "AIDA56ROHV2RRL33TY4LX"
          },
          "sensitive_attributes": []
        }
      ]
    },
    {
      "module": "module.backend.module.lambda_functions[\"POST /todos\"]",
      "mode": "data",
      "type": "aws_iam_policy_document",
      "name": "assume_role",
      "provider": "provider[\"registry.terraform.io/hashicorp/aws\"]",
      "instances": [
        {
          "index_key": 0,
          "schema_version": 0,
          "attributes": {
            "id": "1604711841",
            "json": "{\n  \"Version\": \"2012-10-17\",\n  \"Statement\": [\n    {\n      \"Effect\": \"Allow\",\n      \"Action\": \"sts:AssumeRole\",\n      \"Principal\": {\n        \"Service\": \"lambda.amazonaws.com\"\n      }\n    }\n  ]\n}",
            "minified_json": "{\"Version\":\"2012-10-17\",\"Statement\":[{\"Effect\":\"Allow\",\"Action\":\"sts:AssumeRole\",\"Principal\":{\"Service\":\"lambda.amazonaws.com\"}}]}",
            "override_json": null,
            "override_policy_documents": null,
            "policy_id": null,
            "source_json": null,
            "source_policy_documents": null,
            "statement": [
              {
                "actions": [
                  "sts:AssumeRole"
                ],
                "condition": [],
                "effect": "Allow",
                "not_actions": [],
                "not_principals": [],
                "not_resources": [],
                "principals": [
                  {
                    "identifiers": [
                      "lambda.amazonaws.com"
                    ],
                    "type": "Service"
                  }
                ],
                "resources": [],
                "sid": ""
              }
            ],
            "version": "2012-10-17"
          },
          "sensitive_attributes": []
        }
      ]
    },
    {
      "module": "module.backend.module.lambda_functions[\"POST /todos\"]",
      "mode": "data",
      "type": "aws_iam_policy_document",
      "name": "logs",
      "provider": "provider[\"registry.terraform.io/hashicorp/aws\"]",
      "instances": [
        {
          "index_key": 0,
          "schema_version": 0,
          "attributes": {
            "id": "1208444847",
            "json": "{\n  \"Version\": \"2012-10-17\",\n  \"Statement\": [\n    {\n      \"Effect\": \"Allow\",\n      \"Action\": [\n        \"logs:PutLogEvents\",\n        \"logs:CreateLogStream\",\n        \"logs:CreateLogGroup\"\n      ],\n      \"Resource\": [\n        \"arn:aws:logs:us-west-2:958948421283:log-group:/aws/lambda/serverless-todo-prod-create:*:*\",\n        \"arn:aws:logs:us-west-2:958948421283:log-group:/aws/lambda/serverless-todo-prod-create:*\"\n      ]\n    }\n  ]\n}",
            "minified_json": "{\"Version\":\"2012-10-17\",\"Statement\":[{\"Effect\":\"Allow\",\"Action\":[\"logs:PutLogEvents\",\"logs:CreateLogStream\",\"logs:CreateLogGroup\"],\"Resource\":[\"arn:aws:logs:us-west-2:958948421283:log-group:/aws/lambda/serverless-todo-prod-create:*:*\",\"arn:aws:logs:us-west-2:958948421283:log-group:/aws/lambda/serverless-todo-prod-create:*\"]}]}",
            "override_json": null,
            "override_policy_documents": null,
            "policy_id": null,
            "source_json": null,
            "source_policy_documents": null,
            "statement": [
              {
                "actions": [
                  "logs:CreateLogGroup",
                  "logs:CreateLogStream",
                  "logs:PutLogEvents"
                ],
                "condition": [],
                "effect": "Allow",
                "not_actions": [],
                "not_principals": [],
                "not_resources": [],
                "principals": [],
                "resources": [
                  "arn:aws:logs:us-west-2:958948421283:log-group:/aws/lambda/serverless-todo-prod-create:*",
                  "arn:aws:logs:us-west-2:958948421283:log-group:/aws/lambda/serverless-todo-prod-create:*:*"
                ],
                "sid": ""
              }
            ],
            "version": "2012-10-17"
          },
          "sensitive_attributes": []
        }
      ]
    },
    {
      "module": "module.backend.module.lambda_functions[\"POST /todos\"]",
      "mode": "data",
      "type": "aws_partition",
      "name": "current",
      "provider": "provider[\"registry.terraform.io/hashicorp/aws\"]",
      "instances": [
        {
          "schema_version": 0,
          "attributes": {
            "dns_suffix": "amazonaws.com",
            "id": "aws",
            "partition": "aws",
            "reverse_dns_prefix": "com.amazonaws"
          },
          "sensitive_attributes": []
        }
      ]
    },
    {
      "module": "module.backend.module.lambda_functions[\"POST /todos\"]",
      "mode": "data",
      "type": "aws_region",
      "name": "current",
      "provider": "provider[\"registry.terraform.io/hashicorp/aws\"]",
      "instances": [
        {
          "schema_version": 0,
          "attributes": {
            "description": "US West (Oregon)",
            "endpoint": "ec2.us-west-2.amazonaws.com",
            "id": "us-west-2",
            "name": "us-west-2",
            "region": "us-west-2"
          },
          "sensitive_attributes": []
        }
      ]
    },
    {
      "module": "module.backend.module.lambda_functions[\"POST /todos\"]",
      "mode": "data",
      "type": "external",
      "name": "archive_prepare",
      "provider": "provider[\"registry.terraform.io/hashicorp/external\"]",
      "instances": [
        {
          "index_key": 0,
          "schema_version": 0,
          "attributes": {
            "id": "-",
            "program": [
              "python.exe",
              ".terraform/modules/backend.lambda_functions/package.py",
              "prepare"
            ],
            "query": {
              "artifacts_dir": "./.terraform/lambda-builds/",
              "docker": null,
              "hash_extra": "",
              "hash_extra_paths": "[]",
              "paths": "{\"cwd\":\"E:/Internal/Desktop/devops/serverless-todo-app/infra\",\"module\":\".terraform/modules/backend.lambda_functions\",\"root\":\".\"}",
              "recreate_missing_package": "true",
              "runtime": "nodejs18.x",
              "source_path": "[\"./../src/backend/functions/create.mjs\",{\"npm_requirements\":\"./../src/backend/package.json\"}]"
            },
            "result": {
              "build_plan": "{\"filename\": \"./.terraform/lambda-builds/45413da4be18ec3281374cfcf173d4a4aafd8c771f259ca2fb6de352ee02b926.zip\", \"runtime\": \"nodejs18.x\", \"artifacts_dir\": \"./.terraform/lambda-builds/\", \"build_plan\": [[[\"zip\", \"./../src/backend/functions/create.mjs\", null]], [[\"npm\", \"nodejs18.x\", \"./../src/backend/package.json\", null, null]]]}",
              "build_plan_filename": "./.terraform/lambda-builds/45413da4be18ec3281374cfcf173d4a4aafd8c771f259ca2fb6de352ee02b926.plan.json",
              "filename": "./.terraform/lambda-builds/45413da4be18ec3281374cfcf173d4a4aafd8c771f259ca2fb6de352ee02b926.zip",
              "timestamp": "1758414865485415000",
              "was_missing": "true"
            },
            "working_dir": null
          },
          "sensitive_attributes": []
        }
      ]
    },
    {
      "module": "module.backend.module.lambda_functions[\"POST /todos\"]",
      "mode": "managed",
      "type": "aws_cloudwatch_log_group",
      "name": "lambda",
      "provider": "provider[\"registry.terraform.io/hashicorp/aws\"]",
      "instances": [
        {
          "index_key": 0,
          "schema_version": 0,
          "attributes": {
            "arn": "arn:aws:logs:us-west-2:958948421283:log-group:/aws/lambda/serverless-todo-prod-create",
            "id": "/aws/lambda/serverless-todo-prod-create",
            "kms_key_id": "",
            "log_group_class": "STANDARD",
            "name": "/aws/lambda/serverless-todo-prod-create",
            "name_prefix": "",
            "region": "us-west-2",
            "retention_in_days": 0,
            "skip_destroy": false,
            "tags": null,
            "tags_all": {
              "Environment": "prod",
              "Project": "serverless-todo"
            }
          },
          "sensitive_attributes": [],
          "private": "bnVsbA==",
          "create_before_destroy": true
        }
      ]
    },
    {
      "module": "module.backend.module.lambda_functions[\"POST /todos\"]",
      "mode": "managed",
      "type": "aws_iam_role",
      "name": "lambda",
      "provider": "provider[\"registry.terraform.io/hashicorp/aws\"]",
      "instances": [
        {
          "index_key": 0,
          "schema_version": 0,
          "attributes": {
            "arn": "arn:aws:iam::958948421283:role/serverless-todo-prod-create",
            "assume_role_policy": "{\"Statement\":[{\"Action\":\"sts:AssumeRole\",\"Effect\":\"Allow\",\"Principal\":{\"Service\":\"lambda.amazonaws.com\"}}],\"Version\":\"2012-10-17\"}",
            "create_date": "2025-09-21T00:34:32Z",
            "description": "",
            "force_detach_policies": true,
            "id": "serverless-todo-prod-create",
            "inline_policy": [],
            "managed_policy_arns": [],
            "max_session_duration": 3600,
            "name": "serverless-todo-prod-create",
            "name_prefix": "",
            "path": "/",
            "permissions_boundary": "",
            "tags": null,
            "tags_all": {
              "Environment": "prod",
              "Project": "serverless-todo"
            },
            "unique_id": "AROA56ROHV2RTW5HHR5EL"
          },
          "sensitive_attributes": [],
          "private": "bnVsbA==",
          "dependencies": [
            "module.backend.module.lambda_functions.data.aws_iam_policy_document.assume_role"
          ],
          "create_before_destroy": true
        }
      ]
    },
    {
      "module": "module.backend.module.lambda_functions[\"POST /todos\"]",
      "mode": "managed",
      "type": "aws_iam_role_policy",
      "name": "additional_json",
      "provider": "provider[\"registry.terraform.io/hashicorp/aws\"]",
      "instances": [
        {
          "index_key": 0,
          "schema_version": 0,
          "attributes": {
            "id": "serverless-todo-prod-create:serverless-todo-prod-create",
            "name": "serverless-todo-prod-create",
            "name_prefix": "",
            "policy": "{\"Id\":\"PolicyForDynamoDB\",\"Statement\":[{\"Action\":[\"dynamodb:GetItem\",\"dynamodb:PutItem\",\"dynamodb:UpdateItem\",\"dynamodb:DeleteItem\",\"dynamodb:Query\",\"dynamodb:Scan\"],\"Effect\":\"Allow\",\"Resource\":\"arn:aws:dynamodb:us-west-2:958948421283:table/serverless-todo-prod-dynamodb\",\"Sid\":\"AllowDynamoDBAccess\"}],\"Version\":\"2008-10-17\"}",
            "role": "serverless-todo-prod-create"
          },
          "sensitive_attributes": [],
          "private": "bnVsbA==",
          "dependencies": [
            "module.backend.module.lambda_functions.aws_iam_role.lambda",
            "module.backend.module.lambda_functions.data.aws_iam_policy_document.assume_role",
            "module.dynamodb_table.aws_dynamodb_table.autoscaled",
            "module.dynamodb_table.aws_dynamodb_table.autoscaled_gsi_ignore",
            "module.dynamodb_table.aws_dynamodb_table.this"
          ],
          "create_before_destroy": true
        }
      ]
    },
    {
      "module": "module.backend.module.lambda_functions[\"POST /todos\"]",
      "mode": "managed",
      "type": "aws_iam_role_policy",
      "name": "logs",
      "provider": "provider[\"registry.terraform.io/hashicorp/aws\"]",
      "instances": [
        {
          "index_key": 0,
          "schema_version": 0,
          "attributes": {
            "id": "serverless-todo-prod-create:serverless-todo-prod-create-logs",
            "name": "serverless-todo-prod-create-logs",
            "name_prefix": "",
            "policy": "{\"Version\":\"2012-10-17\",\"Statement\":[{\"Action\":[\"logs:PutLogEvents\",\"logs:CreateLogStream\",\"logs:CreateLogGroup\"],\"Effect\":\"Allow\",\"Resource\":[\"arn:aws:logs:us-west-2:958948421283:log-group:/aws/lambda/serverless-todo-prod-create:*:*\",\"arn:aws:logs:us-west-2:958948421283:log-group:/aws/lambda/serverless-todo-prod-create:*\"]}]}",
            "role": "serverless-todo-prod-create"
          },
          "sensitive_attributes": [],
          "private": "bnVsbA==",
          "dependencies": [
            "module.backend.module.lambda_functions.aws_cloudwatch_log_group.lambda",
            "module.backend.module.lambda_functions.aws_iam_role.lambda",
            "module.backend.module.lambda_functions.data.aws_arn.log_group_arn",
            "module.backend.module.lambda_functions.data.aws_cloudwatch_log_group.lambda",
            "module.backend.module.lambda_functions.data.aws_iam_policy_document.assume_role",
            "module.backend.module.lambda_functions.data.aws_iam_policy_document.logs"
          ],
          "create_before_destroy": true
        }
      ]
    },
    {
      "module": "module.backend.module.lambda_functions[\"POST /todos\"]",
      "mode": "managed",
      "type": "aws_lambda_function",
      "name": "this",
      "provider": "provider[\"registry.terraform.io/hashicorp/aws\"]",
      "instances": [
        {
          "index_key": 0,
          "schema_version": 0,
          "attributes": {
            "architectures": [
              "x86_64"
            ],
            "arn": "arn:aws:lambda:us-west-2:958948421283:function:serverless-todo-prod-create",
            "code_sha256": "HdsV+f+ieavqoPYQmSkIOMNxFXac/ADqQX+50XtHhSQ=",
            "code_signing_config_arn": "",
            "dead_letter_config": [],
            "description": "",
            "environment": [
              {
                "variables": {
                  "DYNAMODB_TABLE": "serverless-todo-prod-dynamodb",
                  "ENVIRONMENT": "prod"
                }
              }
            ],
            "ephemeral_storage": [
              {
                "size": 512
              }
            ],
            "file_system_config": [],
            "filename": "./.terraform/lambda-builds/45413da4be18ec3281374cfcf173d4a4aafd8c771f259ca2fb6de352ee02b926.zip",
            "function_name": "serverless-todo-prod-create",
            "handler": "create.handler",
            "id": "serverless-todo-prod-create",
            "image_config": [],
            "image_uri": "",
            "invoke_arn": "arn:aws:apigateway:us-west-2:lambda:path/2015-03-31/functions/arn:aws:lambda:us-west-2:958948421283:function:serverless-todo-prod-create/invocations",
            "kms_key_arn": "",
            "last_modified": "2025-09-21T00:34:53.830+0000",
            "layers": null,
            "logging_config": [
              {
                "application_log_level": "",
                "log_format": "Text",
                "log_group": "/aws/lambda/serverless-todo-prod-create",
                "system_log_level": ""
              }
            ],
            "memory_size": 128,
            "package_type": "Zip",
            "publish": true,
            "qualified_arn": "arn:aws:lambda:us-west-2:958948421283:function:serverless-todo-prod-create:2",
            "qualified_invoke_arn": "arn:aws:apigateway:us-west-2:lambda:path/2015-03-31/functions/arn:aws:lambda:us-west-2:958948421283:function:serverless-todo-prod-create:2/invocations",
            "region": "us-west-2",
            "replace_security_groups_on_destroy": null,
            "replacement_security_group_ids": null,
            "reserved_concurrent_executions": -1,
            "role": "arn:aws:iam::958948421283:role/serverless-todo-prod-create",
            "runtime": "nodejs18.x",
            "s3_bucket": null,
            "s3_key": null,
            "s3_object_version": null,
            "signing_job_arn": "",
            "signing_profile_version_arn": "",
            "skip_destroy": false,
            "snap_start": [],
            "source_code_hash": "",
            "source_code_size": 82188,
            "source_kms_key_arn": "",
            "tags": {
              "terraform-aws-modules": "lambda"
            },
            "tags_all": {
              "Environment": "prod",
              "Project": "serverless-todo",
              "terraform-aws-modules": "lambda"
            },
            "timeout": 3,
            "timeouts": null,
            "tracing_config": [
              {
                "mode": "PassThrough"
              }
            ],
            "version": "2",
            "vpc_config": []
          },
          "sensitive_attributes": [],
          "private": "eyJlMmJmYjczMC1lY2FhLTExZTYtOGY4OC0zNDM2M2JjN2M0YzAiOnsiY3JlYXRlIjo2MDAwMDAwMDAwMDAsImRlbGV0ZSI6NjAwMDAwMDAwMDAwLCJ1cGRhdGUiOjYwMDAwMDAwMDAwMH19",
          "dependencies": [
            "module.backend.module.lambda_functions.aws_cloudwatch_log_group.lambda",
            "module.backend.module.lambda_functions.aws_iam_role.lambda",
            "module.backend.module.lambda_functions.aws_iam_role_policy.additional_inline",
            "module.backend.module.lambda_functions.aws_iam_role_policy.additional_json",
            "module.backend.module.lambda_functions.aws_iam_role_policy.additional_jsons",
            "module.backend.module.lambda_functions.aws_iam_role_policy.async",
            "module.backend.module.lambda_functions.aws_iam_role_policy.dead_letter",
            "module.backend.module.lambda_functions.aws_iam_role_policy.logs",
            "module.backend.module.lambda_functions.aws_iam_role_policy.tracing",
            "module.backend.module.lambda_functions.aws_iam_role_policy.vpc",
            "module.backend.module.lambda_functions.aws_iam_role_policy_attachment.additional_many",
            "module.backend.module.lambda_functions.aws_iam_role_policy_attachment.additional_one",
            "module.backend.module.lambda_functions.aws_s3_object.lambda_package",
            "module.backend.module.lambda_functions.data.aws_arn.log_group_arn",
            "module.backend.module.lambda_functions.data.aws_cloudwatch_log_group.lambda",
            "module.backend.module.lambda_functions.data.aws_iam_policy.tracing",
            "module.backend.module.lambda_functions.data.aws_iam_policy.vpc",
            "module.backend.module.lambda_functions.data.aws_iam_policy_document.additional_inline",
            "module.backend.module.lambda_functions.data.aws_iam_policy_document.assume_role",
            "module.backend.module.lambda_functions.data.aws_iam_policy_document.async",
            "module.backend.module.lambda_functions.data.aws_iam_policy_document.dead_letter",
            "module.backend.module.lambda_functions.data.aws_iam_policy_document.logs",
            "module.backend.module.lambda_functions.data.aws_partition.current",
            "module.backend.module.lambda_functions.data.external.archive_prepare",
            "module.backend.module.lambda_functions.local_file.archive_plan",
            "module.backend.module.lambda_functions.null_resource.archive",
            "module.dynamodb_table.aws_dynamodb_table.autoscaled",
            "module.dynamodb_table.aws_dynamodb_table.autoscaled_gsi_ignore",
            "module.dynamodb_table.aws_dynamodb_table.this"
          ],
          "create_before_destroy": true
        }
      ]
    },
    {
      "module": "module.backend.module.lambda_functions[\"POST /todos\"]",
      "mode": "managed",
      "type": "aws_lambda_permission",
      "name": "current_version_triggers",
      "provider": "provider[\"registry.terraform.io/hashicorp/aws\"]",
      "instances": [
        {
          "index_key": "apigw",
          "schema_version": 0,
          "attributes": {
            "action": "lambda:InvokeFunction",
            "event_source_token": null,
            "function_name": "serverless-todo-prod-create",
            "function_url_auth_type": null,
            "id": "apigw2025092100352358520000000a",
            "principal": "apigateway.amazonaws.com",
            "principal_org_id": null,
            "qualifier": "2",
            "region": "us-west-2",
            "source_account": null,
            "source_arn": "arn:aws:execute-api:us-west-2:958948421283:d5kuodgoui/*/*",
            "statement_id": "apigw2025092100352358520000000a",
            "statement_id_prefix": "apigw"
          },
          "sensitive_attributes": [],
          "private": "bnVsbA==",
          "dependencies": [
            "module.backend.module.api_gateway.aws_apigatewayv2_api.this",
            "module.backend.module.lambda_functions.aws_cloudwatch_log_group.lambda",
            "module.backend.module.lambda_functions.aws_iam_role.lambda",
            "module.backend.module.lambda_functions.aws_iam_role_policy.additional_inline",
            "module.backend.module.lambda_functions.aws_iam_role_policy.additional_json",
            "module.backend.module.lambda_functions.aws_iam_role_policy.additional_jsons",
            "module.backend.module.lambda_functions.aws_iam_role_policy.async",
            "module.backend.module.lambda_functions.aws_iam_role_policy.dead_letter",
            "module.backend.module.lambda_functions.aws_iam_role_policy.logs",
            "module.backend.module.lambda_functions.aws_iam_role_policy.tracing",
            "module.backend.module.lambda_functions.aws_iam_role_policy.vpc",
            "module.backend.module.lambda_functions.aws_iam_role_policy_attachment.additional_many",
            "module.backend.module.lambda_functions.aws_iam_role_policy_attachment.additional_one",
            "module.backend.module.lambda_functions.aws_lambda_function.this",
            "module.backend.module.lambda_functions.aws_s3_object.lambda_package",
            "module.backend.module.lambda_functions.data.aws_arn.log_group_arn",
            "module.backend.module.lambda_functions.data.aws_cloudwatch_log_group.lambda",
            "module.backend.module.lambda_functions.data.aws_iam_policy.tracing",
            "module.backend.module.lambda_functions.data.aws_iam_policy.vpc",
            "module.backend.module.lambda_functions.data.aws_iam_policy_document.additional_inline",
            "module.backend.module.lambda_functions.data.aws_iam_policy_document.assume_role",
            "module.backend.module.lambda_functions.data.aws_iam_policy_document.async",
            "module.backend.module.lambda_functions.data.aws_iam_policy_document.dead_letter",
            "module.backend.module.lambda_functions.data.aws_iam_policy_document.logs",
            "module.backend.module.lambda_functions.data.aws_partition.current",
            "module.backend.module.lambda_functions.data.external.archive_prepare",
            "module.backend.module.lambda_functions.local_file.archive_plan",
            "module.backend.module.lambda_functions.null_resource.archive",
            "module.dynamodb_table.aws_dynamodb_table.autoscaled",
            "module.dynamodb_table.aws_dynamodb_table.autoscaled_gsi_ignore",
            "module.dynamodb_table.aws_dynamodb_table.this"
          ],
          "create_before_destroy": true
        }
      ]
    },
    {
      "module": "module.backend.module.lambda_functions[\"POST /todos\"]",
      "mode": "managed",
      "type": "aws_lambda_permission",
      "name": "unqualified_alias_triggers",
      "provider": "provider[\"registry.terraform.io/hashicorp/aws\"]",
      "instances": [
        {
          "index_key": "apigw",
          "schema_version": 0,
          "attributes": {
            "action": "lambda:InvokeFunction",
            "event_source_token": null,
            "function_name": "serverless-todo-prod-create",
            "function_url_auth_type": null,
            "id": "apigw20250921003523585200000008",
            "principal": "apigateway.amazonaws.com",
            "principal_org_id": null,
            "qualifier": "",
            "region": "us-west-2",
            "source_account": null,
            "source_arn": "arn:aws:execute-api:us-west-2:958948421283:d5kuodgoui/*/*",
            "statement_id": "apigw20250921003523585200000008",
            "statement_id_prefix": "apigw"
          },
          "sensitive_attributes": [],
          "private": "bnVsbA==",
          "dependencies": [
            "module.backend.module.api_gateway.aws_apigatewayv2_api.this",
            "module.backend.module.lambda_functions.aws_cloudwatch_log_group.lambda",
            "module.backend.module.lambda_functions.aws_iam_role.lambda",
            "module.backend.module.lambda_functions.aws_iam_role_policy.additional_inline",
            "module.backend.module.lambda_functions.aws_iam_role_policy.additional_json",
            "module.backend.module.lambda_functions.aws_iam_role_policy.additional_jsons",
            "module.backend.module.lambda_functions.aws_iam_role_policy.async",
            "module.backend.module.lambda_functions.aws_iam_role_policy.dead_letter",
            "module.backend.module.lambda_functions.aws_iam_role_policy.logs",
            "module.backend.module.lambda_functions.aws_iam_role_policy.tracing",
            "module.backend.module.lambda_functions.aws_iam_role_policy.vpc",
            "module.backend.module.lambda_functions.aws_iam_role_policy_attachment.additional_many",
            "module.backend.module.lambda_functions.aws_iam_role_policy_attachment.additional_one",
            "module.backend.module.lambda_functions.aws_lambda_function.this",
            "module.backend.module.lambda_functions.aws_s3_object.lambda_package",
            "module.backend.module.lambda_functions.data.aws_arn.log_group_arn",
            "module.backend.module.lambda_functions.data.aws_cloudwatch_log_group.lambda",
            "module.backend.module.lambda_functions.data.aws_iam_policy.tracing",
            "module.backend.module.lambda_functions.data.aws_iam_policy.vpc",
            "module.backend.module.lambda_functions.data.aws_iam_policy_document.additional_inline",
            "module.backend.module.lambda_functions.data.aws_iam_policy_document.assume_role",
            "module.backend.module.lambda_functions.data.aws_iam_policy_document.async",
            "module.backend.module.lambda_functions.data.aws_iam_policy_document.dead_letter",
            "module.backend.module.lambda_functions.data.aws_iam_policy_document.logs",
            "module.backend.module.lambda_functions.data.aws_partition.current",
            "module.backend.module.lambda_functions.data.external.archive_prepare",
            "module.backend.module.lambda_functions.local_file.archive_plan",
            "module.backend.module.lambda_functions.null_resource.archive",
            "module.dynamodb_table.aws_dynamodb_table.autoscaled",
            "module.dynamodb_table.aws_dynamodb_table.autoscaled_gsi_ignore",
            "module.dynamodb_table.aws_dynamodb_table.this"
          ],
          "create_before_destroy": true
        }
      ]
    },
    {
      "module": "module.backend.module.lambda_functions[\"POST /todos\"]",
      "mode": "managed",
      "type": "local_file",
      "name": "archive_plan",
      "provider": "provider[\"registry.terraform.io/hashicorp/local\"]",
      "instances": [
        {
          "index_key": 0,
          "schema_version": 0,
          "attributes": {
            "content": "{\"filename\": \"./.terraform/lambda-builds/45413da4be18ec3281374cfcf173d4a4aafd8c771f259ca2fb6de352ee02b926.zip\", \"runtime\": \"nodejs18.x\", \"artifacts_dir\": \"./.terraform/lambda-builds/\", \"build_plan\": [[[\"zip\", \"./../src/backend/functions/create.mjs\", null]], [[\"npm\", \"nodejs18.x\", \"./../src/backend/package.json\", null, null]]]}",
            "content_base64": null,
            "content_base64sha256": "bKbMv2hvQMdZphy6VTp3hhcnnhMl2eyKsv3BIntU+is=",
            "content_base64sha512": "ImxZtv7eMuGtqt1DgqxWnc1O+4834TM4Dpx21nlsEnbvd1BSmkNveE7r5xPGM70wG6tP5Im1embYx6XaXdHw+Q==",
            "content_md5": "aeba2441c59ed7434c1b9bb827652a4c",
            "content_sha1": "accca45fc72dbd595a52e0914ab1e00cfde91d72",
            "content_sha256": "6ca6ccbf686f40c759a61cba553a778617279e1325d9ec8ab2fdc1227b54fa2b",
            "content_sha512": "226c59b6fede32e1adaadd4382ac569dcd4efb8f37e133380e9c76d6796c1276ef7750529a436f784eebe713c633bd301bab4fe489b57a66d8c7a5da5dd1f0f9",
            "directory_permission": "0755",
            "file_permission": "0644",
            "filename": "./.terraform/lambda-builds/45413da4be18ec3281374cfcf173d4a4aafd8c771f259ca2fb6de352ee02b926.plan.json",
            "id": "accca45fc72dbd595a52e0914ab1e00cfde91d72",
            "sensitive_content": null,
            "source": null
          },
          "sensitive_attributes": [
            [
              {
                "type": "get_attr",
                "value": "sensitive_content"
              }
            ],
            [
              {
                "type": "get_attr",
                "value": "content"
              }
            ]
          ],
          "dependencies": [
            "module.backend.module.lambda_functions.data.external.archive_prepare"
          ],
          "create_before_destroy": true
        }
      ]
    },
    {
      "module": "module.backend.module.lambda_functions[\"POST /todos\"]",
      "mode": "managed",
      "type": "null_resource",
      "name": "archive",
      "provider": "provider[\"registry.terraform.io/hashicorp/null\"]",
      "instances": [
        {
          "index_key": 0,
          "schema_version": 0,
          "attributes": {
            "id": "1483594497",
            "triggers": {
              "filename": "./.terraform/lambda-builds/45413da4be18ec3281374cfcf173d4a4aafd8c771f259ca2fb6de352ee02b926.zip",
              "timestamp": "1758414865485415000"
            }
          },
          "sensitive_attributes": [],
          "dependencies": [
            "module.backend.module.lambda_functions.data.external.archive_prepare",
            "module.backend.module.lambda_functions.local_file.archive_plan"
          ],
          "create_before_destroy": true
        }
      ]
    },
    {
      "module": "module.backend.module.lambda_functions[\"PUT /todos/{id}\"]",
      "mode": "data",
      "type": "aws_caller_identity",
      "name": "current",
      "provider": "provider[\"registry.terraform.io/hashicorp/aws\"]",
      "instances": [
        {
          "schema_version": 0,
          "attributes": {
            "account_id": "958948421283",
            "arn": "arn:aws:iam::958948421283:user/cli-user",
            "id": "958948421283",
            "user_id": "AIDA56ROHV2RRL33TY4LX"
          },
          "sensitive_attributes": []
        }
      ]
    },
    {
      "module": "module.backend.module.lambda_functions[\"PUT /todos/{id}\"]",
      "mode": "data",
      "type": "aws_iam_policy_document",
      "name": "assume_role",
      "provider": "provider[\"registry.terraform.io/hashicorp/aws\"]",
      "instances": [
        {
          "index_key": 0,
          "schema_version": 0,
          "attributes": {
            "id": "1604711841",
            "json": "{\n  \"Version\": \"2012-10-17\",\n  \"Statement\": [\n    {\n      \"Effect\": \"Allow\",\n      \"Action\": \"sts:AssumeRole\",\n      \"Principal\": {\n        \"Service\": \"lambda.amazonaws.com\"\n      }\n    }\n  ]\n}",
            "minified_json": "{\"Version\":\"2012-10-17\",\"Statement\":[{\"Effect\":\"Allow\",\"Action\":\"sts:AssumeRole\",\"Principal\":{\"Service\":\"lambda.amazonaws.com\"}}]}",
            "override_json": null,
            "override_policy_documents": null,
            "policy_id": null,
            "source_json": null,
            "source_policy_documents": null,
            "statement": [
              {
                "actions": [
                  "sts:AssumeRole"
                ],
                "condition": [],
                "effect": "Allow",
                "not_actions": [],
                "not_principals": [],
                "not_resources": [],
                "principals": [
                  {
                    "identifiers": [
                      "lambda.amazonaws.com"
                    ],
                    "type": "Service"
                  }
                ],
                "resources": [],
                "sid": ""
              }
            ],
            "version": "2012-10-17"
          },
          "sensitive_attributes": []
        }
      ]
    },
    {
      "module": "module.backend.module.lambda_functions[\"PUT /todos/{id}\"]",
      "mode": "data",
      "type": "aws_iam_policy_document",
      "name": "logs",
      "provider": "provider[\"registry.terraform.io/hashicorp/aws\"]",
      "instances": [
        {
          "index_key": 0,
          "schema_version": 0,
          "attributes": {
            "id": "498007414",
            "json": "{\n  \"Version\": \"2012-10-17\",\n  \"Statement\": [\n    {\n      \"Effect\": \"Allow\",\n      \"Action\": [\n        \"logs:PutLogEvents\",\n        \"logs:CreateLogStream\",\n        \"logs:CreateLogGroup\"\n      ],\n      \"Resource\": [\n        \"arn:aws:logs:us-west-2:958948421283:log-group:/aws/lambda/serverless-todo-prod-update:*:*\",\n        \"arn:aws:logs:us-west-2:958948421283:log-group:/aws/lambda/serverless-todo-prod-update:*\"\n      ]\n    }\n  ]\n}",
            "minified_json": "{\"Version\":\"2012-10-17\",\"Statement\":[{\"Effect\":\"Allow\",\"Action\":[\"logs:PutLogEvents\",\"logs:CreateLogStream\",\"logs:CreateLogGroup\"],\"Resource\":[\"arn:aws:logs:us-west-2:958948421283:log-group:/aws/lambda/serverless-todo-prod-update:*:*\",\"arn:aws:logs:us-west-2:958948421283:log-group:/aws/lambda/serverless-todo-prod-update:*\"]}]}",
            "override_json": null,
            "override_policy_documents": null,
            "policy_id": null,
            "source_json": null,
            "source_policy_documents": null,
            "statement": [
              {
                "actions": [
                  "logs:CreateLogGroup",
                  "logs:CreateLogStream",
                  "logs:PutLogEvents"
                ],
                "condition": [],
                "effect": "Allow",
                "not_actions": [],
                "not_principals": [],
                "not_resources": [],
                "principals": [],
                "resources": [
                  "arn:aws:logs:us-west-2:958948421283:log-group:/aws/lambda/serverless-todo-prod-update:*",
                  "arn:aws:logs:us-west-2:958948421283:log-group:/aws/lambda/serverless-todo-prod-update:*:*"
                ],
                "sid": ""
              }
            ],
            "version": "2012-10-17"
          },
          "sensitive_attributes": []
        }
      ]
    },
    {
      "module": "module.backend.module.lambda_functions[\"PUT /todos/{id}\"]",
      "mode": "data",
      "type": "aws_partition",
      "name": "current",
      "provider": "provider[\"registry.terraform.io/hashicorp/aws\"]",
      "instances": [
        {
          "schema_version": 0,
          "attributes": {
            "dns_suffix": "amazonaws.com",
            "id": "aws",
            "partition": "aws",
            "reverse_dns_prefix": "com.amazonaws"
          },
          "sensitive_attributes": []
        }
      ]
    },
    {
      "module": "module.backend.module.lambda_functions[\"PUT /todos/{id}\"]",
      "mode": "data",
      "type": "aws_region",
      "name": "current",
      "provider": "provider[\"registry.terraform.io/hashicorp/aws\"]",
      "instances": [
        {
          "schema_version": 0,
          "attributes": {
            "description": "US West (Oregon)",
            "endpoint": "ec2.us-west-2.amazonaws.com",
            "id": "us-west-2",
            "name": "us-west-2",
            "region": "us-west-2"
          },
          "sensitive_attributes": []
        }
      ]
    },
    {
      "module": "module.backend.module.lambda_functions[\"PUT /todos/{id}\"]",
      "mode": "data",
      "type": "external",
      "name": "archive_prepare",
      "provider": "provider[\"registry.terraform.io/hashicorp/external\"]",
      "instances": [
        {
          "index_key": 0,
          "schema_version": 0,
          "attributes": {
            "id": "-",
            "program": [
              "python.exe",
              ".terraform/modules/backend.lambda_functions/package.py",
              "prepare"
            ],
            "query": {
              "artifacts_dir": "./.terraform/lambda-builds/",
              "docker": null,
              "hash_extra": "",
              "hash_extra_paths": "[]",
              "paths": "{\"cwd\":\"E:/Internal/Desktop/devops/serverless-todo-app/infra\",\"module\":\".terraform/modules/backend.lambda_functions\",\"root\":\".\"}",
              "recreate_missing_package": "true",
              "runtime": "nodejs18.x",
              "source_path": "[\"./../src/backend/functions/update.mjs\",{\"npm_requirements\":\"./../src/backend/package.json\"}]"
            },
            "result": {
              "build_plan": "{\"filename\": \"./.terraform/lambda-builds/5312ea5a2fdaf536ab9a99341744c2a4ea6c15ac4aefeda212d175f2f595d349.zip\", \"runtime\": \"nodejs18.x\", \"artifacts_dir\": \"./.terraform/lambda-builds/\", \"build_plan\": [[[\"zip\", \"./../src/backend/functions/update.mjs\", null]], [[\"npm\", \"nodejs18.x\", \"./../src/backend/package.json\", null, null]]]}",
              "build_plan_filename": "./.terraform/lambda-builds/5312ea5a2fdaf536ab9a99341744c2a4ea6c15ac4aefeda212d175f2f595d349.plan.json",
              "filename": "./.terraform/lambda-builds/5312ea5a2fdaf536ab9a99341744c2a4ea6c15ac4aefeda212d175f2f595d349.zip",
              "timestamp": "1758414865483828000",
              "was_missing": "true"
            },
            "working_dir": null
          },
          "sensitive_attributes": []
        }
      ]
    },
    {
      "module": "module.backend.module.lambda_functions[\"PUT /todos/{id}\"]",
      "mode": "managed",
      "type": "aws_cloudwatch_log_group",
      "name": "lambda",
      "provider": "provider[\"registry.terraform.io/hashicorp/aws\"]",
      "instances": [
        {
          "index_key": 0,
          "schema_version": 0,
          "attributes": {
            "arn": "arn:aws:logs:us-west-2:958948421283:log-group:/aws/lambda/serverless-todo-prod-update",
            "id": "/aws/lambda/serverless-todo-prod-update",
            "kms_key_id": "",
            "log_group_class": "STANDARD",
            "name": "/aws/lambda/serverless-todo-prod-update",
            "name_prefix": "",
            "region": "us-west-2",
            "retention_in_days": 0,
            "skip_destroy": false,
            "tags": null,
            "tags_all": {
              "Environment": "prod",
              "Project": "serverless-todo"
            }
          },
          "sensitive_attributes": [],
          "private": "bnVsbA==",
          "create_before_destroy": true
        }
      ]
    },
    {
      "module": "module.backend.module.lambda_functions[\"PUT /todos/{id}\"]",
      "mode": "managed",
      "type": "aws_iam_role",
      "name": "lambda",
      "provider": "provider[\"registry.terraform.io/hashicorp/aws\"]",
      "instances": [
        {
          "index_key": 0,
          "schema_version": 0,
          "attributes": {
            "arn": "arn:aws:iam::958948421283:role/serverless-todo-prod-update",
            "assume_role_policy": "{\"Statement\":[{\"Action\":\"sts:AssumeRole\",\"Effect\":\"Allow\",\"Principal\":{\"Service\":\"lambda.amazonaws.com\"}}],\"Version\":\"2012-10-17\"}",
            "create_date": "2025-09-21T00:34:32Z",
            "description": "",
            "force_detach_policies": true,
            "id": "serverless-todo-prod-update",
            "inline_policy": [],
            "managed_policy_arns": [],
            "max_session_duration": 3600,
            "name": "serverless-todo-prod-update",
            "name_prefix": "",
            "path": "/",
            "permissions_boundary": "",
            "tags": null,
            "tags_all": {
              "Environment": "prod",
              "Project": "serverless-todo"
            },
            "unique_id": "AROA56ROHV2RZAABOLAKD"
          },
          "sensitive_attributes": [],
          "private": "bnVsbA==",
          "dependencies": [
            "module.backend.module.lambda_functions.data.aws_iam_policy_document.assume_role"
          ],
          "create_before_destroy": true
        }
      ]
    },
    {
      "module": "module.backend.module.lambda_functions[\"PUT /todos/{id}\"]",
      "mode": "managed",
      "type": "aws_iam_role_policy",
      "name": "additional_json",
      "provider": "provider[\"registry.terraform.io/hashicorp/aws\"]",
      "instances": [
        {
          "index_key": 0,
          "schema_version": 0,
          "attributes": {
            "id": "serverless-todo-prod-update:serverless-todo-prod-update",
            "name": "serverless-todo-prod-update",
            "name_prefix": "",
            "policy": "{\"Id\":\"PolicyForDynamoDB\",\"Statement\":[{\"Action\":[\"dynamodb:GetItem\",\"dynamodb:PutItem\",\"dynamodb:UpdateItem\",\"dynamodb:DeleteItem\",\"dynamodb:Query\",\"dynamodb:Scan\"],\"Effect\":\"Allow\",\"Resource\":\"arn:aws:dynamodb:us-west-2:958948421283:table/serverless-todo-prod-dynamodb\",\"Sid\":\"AllowDynamoDBAccess\"}],\"Version\":\"2008-10-17\"}",
            "role": "serverless-todo-prod-update"
          },
          "sensitive_attributes": [],
          "private": "bnVsbA==",
          "dependencies": [
            "module.backend.module.lambda_functions.aws_iam_role.lambda",
            "module.backend.module.lambda_functions.data.aws_iam_policy_document.assume_role",
            "module.dynamodb_table.aws_dynamodb_table.autoscaled",
            "module.dynamodb_table.aws_dynamodb_table.autoscaled_gsi_ignore",
            "module.dynamodb_table.aws_dynamodb_table.this"
          ],
          "create_before_destroy": true
        }
      ]
    },
    {
      "module": "module.backend.module.lambda_functions[\"PUT /todos/{id}\"]",
      "mode": "managed",
      "type": "aws_iam_role_policy",
      "name": "logs",
      "provider": "provider[\"registry.terraform.io/hashicorp/aws\"]",
      "instances": [
        {
          "index_key": 0,
          "schema_version": 0,
          "attributes": {
            "id": "serverless-todo-prod-update:serverless-todo-prod-update-logs",
            "name": "serverless-todo-prod-update-logs",
            "name_prefix": "",
            "policy": "{\"Version\":\"2012-10-17\",\"Statement\":[{\"Action\":[\"logs:PutLogEvents\",\"logs:CreateLogStream\",\"logs:CreateLogGroup\"],\"Effect\":\"Allow\",\"Resource\":[\"arn:aws:logs:us-west-2:958948421283:log-group:/aws/lambda/serverless-todo-prod-update:*:*\",\"arn:aws:logs:us-west-2:958948421283:log-group:/aws/lambda/serverless-todo-prod-update:*\"]}]}",
            "role": "serverless-todo-prod-update"
          },
          "sensitive_attributes": [],
          "private": "bnVsbA==",
          "dependencies": [
            "module.backend.module.lambda_functions.aws_cloudwatch_log_group.lambda",
            "module.backend.module.lambda_functions.aws_iam_role.lambda",
            "module.backend.module.lambda_functions.data.aws_arn.log_group_arn",
            "module.backend.module.lambda_functions.data.aws_cloudwatch_log_group.lambda",
            "module.backend.module.lambda_functions.data.aws_iam_policy_document.assume_role",
            "module.backend.module.lambda_functions.data.aws_iam_policy_document.logs"
          ],
          "create_before_destroy": true
        }
      ]
    },
    {
      "module": "module.backend.module.lambda_functions[\"PUT /todos/{id}\"]",
      "mode": "managed",
      "type": "aws_lambda_function",
      "name": "this",
      "provider": "provider[\"registry.terraform.io/hashicorp/aws\"]",
      "instances": [
        {
          "index_key": 0,
          "schema_version": 0,
          "attributes": {
            "architectures": [
              "x86_64"
            ],
            "arn": "arn:aws:lambda:us-west-2:958948421283:function:serverless-todo-prod-update",
            "code_sha256": "4+v/GebpOduuUgNLBNQFf9jijH+Eb4arU8mamyNGg7c=",
            "code_signing_config_arn": "",
            "dead_letter_config": [],
            "description": "",
            "environment": [
              {
                "variables": {
                  "DYNAMODB_TABLE": "serverless-todo-prod-dynamodb",
                  "ENVIRONMENT": "prod"
                }
              }
            ],
            "ephemeral_storage": [
              {
                "size": 512
              }
            ],
            "file_system_config": [],
            "filename": "./.terraform/lambda-builds/5312ea5a2fdaf536ab9a99341744c2a4ea6c15ac4aefeda212d175f2f595d349.zip",
            "function_name": "serverless-todo-prod-update",
            "handler": "update.handler",
            "id": "serverless-todo-prod-update",
            "image_config": [],
            "image_uri": "",
            "invoke_arn": "arn:aws:apigateway:us-west-2:lambda:path/2015-03-31/functions/arn:aws:lambda:us-west-2:958948421283:function:serverless-todo-prod-update/invocations",
            "kms_key_arn": "",
            "last_modified": "2025-09-21T00:34:45.599+0000",
            "layers": null,
            "logging_config": [
              {
                "application_log_level": "",
                "log_format": "Text",
                "log_group": "/aws/lambda/serverless-todo-prod-update",
                "system_log_level": ""
              }
            ],
            "memory_size": 128,
            "package_type": "Zip",
            "publish": true,
            "qualified_arn": "arn:aws:lambda:us-west-2:958948421283:function:serverless-todo-prod-update:2",
            "qualified_invoke_arn": "arn:aws:apigateway:us-west-2:lambda:path/2015-03-31/functions/arn:aws:lambda:us-west-2:958948421283:function:serverless-todo-prod-update:2/invocations",
            "region": "us-west-2",
            "replace_security_groups_on_destroy": null,
            "replacement_security_group_ids": null,
            "reserved_concurrent_executions": -1,
            "role": "arn:aws:iam::958948421283:role/serverless-todo-prod-update",
            "runtime": "nodejs18.x",
            "s3_bucket": null,
            "s3_key": null,
            "s3_object_version": null,
            "signing_job_arn": "",
            "signing_profile_version_arn": "",
            "skip_destroy": false,
            "snap_start": [],
            "source_code_hash": "",
            "source_code_size": 82297,
            "source_kms_key_arn": "",
            "tags": {
              "terraform-aws-modules": "lambda"
            },
            "tags_all": {
              "Environment": "prod",
              "Project": "serverless-todo",
              "terraform-aws-modules": "lambda"
            },
            "timeout": 3,
            "timeouts": null,
            "tracing_config": [
              {
                "mode": "PassThrough"
              }
            ],
            "version": "2",
            "vpc_config": []
          },
          "sensitive_attributes": [],
          "private": "eyJlMmJmYjczMC1lY2FhLTExZTYtOGY4OC0zNDM2M2JjN2M0YzAiOnsiY3JlYXRlIjo2MDAwMDAwMDAwMDAsImRlbGV0ZSI6NjAwMDAwMDAwMDAwLCJ1cGRhdGUiOjYwMDAwMDAwMDAwMH19",
          "dependencies": [
            "module.backend.module.lambda_functions.aws_cloudwatch_log_group.lambda",
            "module.backend.module.lambda_functions.aws_iam_role.lambda",
            "module.backend.module.lambda_functions.aws_iam_role_policy.additional_inline",
            "module.backend.module.lambda_functions.aws_iam_role_policy.additional_json",
            "module.backend.module.lambda_functions.aws_iam_role_policy.additional_jsons",
            "module.backend.module.lambda_functions.aws_iam_role_policy.async",
            "module.backend.module.lambda_functions.aws_iam_role_policy.dead_letter",
            "module.backend.module.lambda_functions.aws_iam_role_policy.logs",
            "module.backend.module.lambda_functions.aws_iam_role_policy.tracing",
            "module.backend.module.lambda_functions.aws_iam_role_policy.vpc",
            "module.backend.module.lambda_functions.aws_iam_role_policy_attachment.additional_many",
            "module.backend.module.lambda_functions.aws_iam_role_policy_attachment.additional_one",
            "module.backend.module.lambda_functions.aws_s3_object.lambda_package",
            "module.backend.module.lambda_functions.data.aws_arn.log_group_arn",
            "module.backend.module.lambda_functions.data.aws_cloudwatch_log_group.lambda",
            "module.backend.module.lambda_functions.data.aws_iam_policy.tracing",
            "module.backend.module.lambda_functions.data.aws_iam_policy.vpc",
            "module.backend.module.lambda_functions.data.aws_iam_policy_document.additional_inline",
            "module.backend.module.lambda_functions.data.aws_iam_policy_document.assume_role",
            "module.backend.module.lambda_functions.data.aws_iam_policy_document.async",
            "module.backend.module.lambda_functions.data.aws_iam_policy_document.dead_letter",
            "module.backend.module.lambda_functions.data.aws_iam_policy_document.logs",
            "module.backend.module.lambda_functions.data.aws_partition.current",
            "module.backend.module.lambda_functions.data.external.archive_prepare",
            "module.backend.module.lambda_functions.local_file.archive_plan",
            "module.backend.module.lambda_functions.null_resource.archive",
            "module.dynamodb_table.aws_dynamodb_table.autoscaled",
            "module.dynamodb_table.aws_dynamodb_table.autoscaled_gsi_ignore",
            "module.dynamodb_table.aws_dynamodb_table.this"
          ],
          "create_before_destroy": true
        }
      ]
    },
    {
      "module": "module.backend.module.lambda_functions[\"PUT /todos/{id}\"]",
      "mode": "managed",
      "type": "aws_lambda_permission",
      "name": "current_version_triggers",
      "provider": "provider[\"registry.terraform.io/hashicorp/aws\"]",
      "instances": [
        {
          "index_key": "apigw",
          "schema_version": 0,
          "attributes": {
            "action": "lambda:InvokeFunction",
            "event_source_token": null,
            "function_name": "serverless-todo-prod-update",
            "function_url_auth_type": null,
            "id": "apigw20250921003523578900000002",
            "principal": "apigateway.amazonaws.com",
            "principal_org_id": null,
            "qualifier": "2",
            "region": "us-west-2",
            "source_account": null,
            "source_arn": "arn:aws:execute-api:us-west-2:958948421283:d5kuodgoui/*/*",
            "statement_id": "apigw20250921003523578900000002",
            "statement_id_prefix": "apigw"
          },
          "sensitive_attributes": [],
          "private": "bnVsbA==",
          "dependencies": [
            "module.backend.module.api_gateway.aws_apigatewayv2_api.this",
            "module.backend.module.lambda_functions.aws_cloudwatch_log_group.lambda",
            "module.backend.module.lambda_functions.aws_iam_role.lambda",
            "module.backend.module.lambda_functions.aws_iam_role_policy.additional_inline",
            "module.backend.module.lambda_functions.aws_iam_role_policy.additional_json",
            "module.backend.module.lambda_functions.aws_iam_role_policy.additional_jsons",
            "module.backend.module.lambda_functions.aws_iam_role_policy.async",
            "module.backend.module.lambda_functions.aws_iam_role_policy.dead_letter",
            "module.backend.module.lambda_functions.aws_iam_role_policy.logs",
            "module.backend.module.lambda_functions.aws_iam_role_policy.tracing",
            "module.backend.module.lambda_functions.aws_iam_role_policy.vpc",
            "module.backend.module.lambda_functions.aws_iam_role_policy_attachment.additional_many",
            "module.backend.module.lambda_functions.aws_iam_role_policy_attachment.additional_one",
            "module.backend.module.lambda_functions.aws_lambda_function.this",
            "module.backend.module.lambda_functions.aws_s3_object.lambda_package",
            "module.backend.module.lambda_functions.data.aws_arn.log_group_arn",
            "module.backend.module.lambda_functions.data.aws_cloudwatch_log_group.lambda",
            "module.backend.module.lambda_functions.data.aws_iam_policy.tracing",
            "module.backend.module.lambda_functions.data.aws_iam_policy.vpc",
            "module.backend.module.lambda_functions.data.aws_iam_policy_document.additional_inline",
            "module.backend.module.lambda_functions.data.aws_iam_policy_document.assume_role",
            "module.backend.module.lambda_functions.data.aws_iam_policy_document.async",
            "module.backend.module.lambda_functions.data.aws_iam_policy_document.dead_letter",
            "module.backend.module.lambda_functions.data.aws_iam_policy_document.logs",
            "module.backend.module.lambda_functions.data.aws_partition.current",
            "module.backend.module.lambda_functions.data.external.archive_prepare",
            "module.backend.module.lambda_functions.local_file.archive_plan",
            "module.backend.module.lambda_functions.null_resource.archive",
            "module.dynamodb_table.aws_dynamodb_table.autoscaled",
            "module.dynamodb_table.aws_dynamodb_table.autoscaled_gsi_ignore",
            "module.dynamodb_table.aws_dynamodb_table.this"
          ],
          "create_before_destroy": true
        }
      ]
    },
    {
      "module": "module.backend.module.lambda_functions[\"PUT /todos/{id}\"]",
      "mode": "managed",
      "type": "aws_lambda_permission",
      "name": "unqualified_alias_triggers",
      "provider": "provider[\"registry.terraform.io/hashicorp/aws\"]",
      "instances": [
        {
          "index_key": "apigw",
          "schema_version": 0,
          "attributes": {
            "action": "lambda:InvokeFunction",
            "event_source_token": null,
            "function_name": "serverless-todo-prod-update",
            "function_url_auth_type": null,
            "id": "apigw20250921003523580900000003",
            "principal": "apigateway.amazonaws.com",
            "principal_org_id": null,
            "qualifier": "",
            "region": "us-west-2",
            "source_account": null,
            "source_arn": "arn:aws:execute-api:us-west-2:958948421283:d5kuodgoui/*/*",
            "statement_id": "apigw20250921003523580900000003",
            "statement_id_prefix": "apigw"
          },
          "sensitive_attributes": [],
          "private": "bnVsbA==",
          "dependencies": [
            "module.backend.module.api_gateway.aws_apigatewayv2_api.this",
            "module.backend.module.lambda_functions.aws_cloudwatch_log_group.lambda",
            "module.backend.module.lambda_functions.aws_iam_role.lambda",
            "module.backend.module.lambda_functions.aws_iam_role_policy.additional_inline",
            "module.backend.module.lambda_functions.aws_iam_role_policy.additional_json",
            "module.backend.module.lambda_functions.aws_iam_role_policy.additional_jsons",
            "module.backend.module.lambda_functions.aws_iam_role_policy.async",
            "module.backend.module.lambda_functions.aws_iam_role_policy.dead_letter",
            "module.backend.module.lambda_functions.aws_iam_role_policy.logs",
            "module.backend.module.lambda_functions.aws_iam_role_policy.tracing",
            "module.backend.module.lambda_functions.aws_iam_role_policy.vpc",
            "module.backend.module.lambda_functions.aws_iam_role_policy_attachment.additional_many",
            "module.backend.module.lambda_functions.aws_iam_role_policy_attachment.additional_one",
            "module.backend.module.lambda_functions.aws_lambda_function.this",
            "module.backend.module.lambda_functions.aws_s3_object.lambda_package",
            "module.backend.module.lambda_functions.data.aws_arn.log_group_arn",
            "module.backend.module.lambda_functions.data.aws_cloudwatch_log_group.lambda",
            "module.backend.module.lambda_functions.data.aws_iam_policy.tracing",
            "module.backend.module.lambda_functions.data.aws_iam_policy.vpc",
            "module.backend.module.lambda_functions.data.aws_iam_policy_document.additional_inline",
            "module.backend.module.lambda_functions.data.aws_iam_policy_document.assume_role",
            "module.backend.module.lambda_functions.data.aws_iam_policy_document.async",
            "module.backend.module.lambda_functions.data.aws_iam_policy_document.dead_letter",
            "module.backend.module.lambda_functions.data.aws_iam_policy_document.logs",
            "module.backend.module.lambda_functions.data.aws_partition.current",
            "module.backend.module.lambda_functions.data.external.archive_prepare",
            "module.backend.module.lambda_functions.local_file.archive_plan",
            "module.backend.module.lambda_functions.null_resource.archive",
            "module.dynamodb_table.aws_dynamodb_table.autoscaled",
            "module.dynamodb_table.aws_dynamodb_table.autoscaled_gsi_ignore",
            "module.dynamodb_table.aws_dynamodb_table.this"
          ],
          "create_before_destroy": true
        }
      ]
    },
    {
      "module": "module.backend.module.lambda_functions[\"PUT /todos/{id}\"]",
      "mode": "managed",
      "type": "local_file",
      "name": "archive_plan",
      "provider": "provider[\"registry.terraform.io/hashicorp/local\"]",
      "instances": [
        {
          "index_key": 0,
          "schema_version": 0,
          "attributes": {
            "content": "{\"filename\": \"./.terraform/lambda-builds/5312ea5a2fdaf536ab9a99341744c2a4ea6c15ac4aefeda212d175f2f595d349.zip\", \"runtime\": \"nodejs18.x\", \"artifacts_dir\": \"./.terraform/lambda-builds/\", \"build_plan\": [[[\"zip\", \"./../src/backend/functions/update.mjs\", null]], [[\"npm\", \"nodejs18.x\", \"./../src/backend/package.json\", null, null]]]}",
            "content_base64": null,
            "content_base64sha256": "jCQx1FjxjdSnv56guC7qzYcR4cBgUMyiIUtgWTu1W1I=",
            "content_base64sha512": "OtFXTLhRNXRMqnOYHkfkgLvcyPZUbUJrFM1uRBtI+LO+wqezBgBcucn50jaGsnVgnQCxzZgP/QiqtqR1jyrkxg==",
            "content_md5": "150bad8cd571391b419f6c1ed3a12acb",
            "content_sha1": "7704d42308bfeb9363f2b4c470ed01e9b6cd42f9",
            "content_sha256": "8c2431d458f18dd4a7bf9ea0b82eeacd8711e1c06050cca2214b60593bb55b52",
            "content_sha512": "3ad1574cb85135744caa73981e47e480bbdcc8f6546d426b14cd6e441b48f8b3bec2a7b306005cb9c9f9d23686b275609d00b1cd980ffd08aab6a4758f2ae4c6",
            "directory_permission": "0755",
            "file_permission": "0644",
            "filename": "./.terraform/lambda-builds/5312ea5a2fdaf536ab9a99341744c2a4ea6c15ac4aefeda212d175f2f595d349.plan.json",
            "id": "7704d42308bfeb9363f2b4c470ed01e9b6cd42f9",
            "sensitive_content": null,
            "source": null
          },
          "sensitive_attributes": [
            [
              {
                "type": "get_attr",
                "value": "sensitive_content"
              }
            ],
            [
              {
                "type": "get_attr",
                "value": "content"
              }
            ]
          ],
          "dependencies": [
            "module.backend.module.lambda_functions.data.external.archive_prepare"
          ],
          "create_before_destroy": true
        }
      ]
    },
    {
      "module": "module.backend.module.lambda_functions[\"PUT /todos/{id}\"]",
      "mode": "managed",
      "type": "null_resource",
      "name": "archive",
      "provider": "provider[\"registry.terraform.io/hashicorp/null\"]",
      "instances": [
        {
          "index_key": 0,
          "schema_version": 0,
          "attributes": {
            "id": "918674430",
            "triggers": {
              "filename": "./.terraform/lambda-builds/5312ea5a2fdaf536ab9a99341744c2a4ea6c15ac4aefeda212d175f2f595d349.zip",
              "timestamp": "1758414865483828000"
            }
          },
          "sensitive_attributes": [],
          "dependencies": [
            "module.backend.module.lambda_functions.data.external.archive_prepare",
            "module.backend.module.lambda_functions.local_file.archive_plan"
          ],
          "create_before_destroy": true
        }
      ]
    },
    {
      "module": "module.dynamodb_table",
      "mode": "managed",
      "type": "aws_dynamodb_table",
      "name": "this",
      "provider": "provider[\"registry.terraform.io/hashicorp/aws\"]",
      "instances": [
        {
          "index_key": 0,
          "schema_version": 1,
          "attributes": {
            "arn": "arn:aws:dynamodb:us-west-2:958948421283:table/serverless-todo-prod-dynamodb",
            "attribute": [
              {
                "name": "id",
                "type": "S"
              }
            ],
            "billing_mode": "PAY_PER_REQUEST",
            "deletion_protection_enabled": false,
            "global_secondary_index": [],
            "hash_key": "id",
            "id": "serverless-todo-prod-dynamodb",
            "import_table": [],
            "local_secondary_index": [],
            "name": "serverless-todo-prod-dynamodb",
            "on_demand_throughput": [],
            "point_in_time_recovery": [
              {
                "enabled": false,
                "recovery_period_in_days": 0
              }
            ],
            "range_key": null,
            "read_capacity": 0,
            "region": "us-west-2",
            "replica": [],
            "restore_date_time": null,
            "restore_source_name": null,
            "restore_source_table_arn": null,
            "restore_to_latest_time": null,
            "server_side_encryption": [],
            "stream_arn": "",
            "stream_enabled": false,
            "stream_label": "",
            "stream_view_type": "",
            "table_class": "STANDARD",
            "tags": {
              "Name": "serverless-todo-prod-dynamodb"
            },
            "tags_all": {
              "Environment": "prod",
              "Name": "serverless-todo-prod-dynamodb",
              "Project": "serverless-todo"
            },
            "timeouts": {
              "create": "10m",
              "delete": "10m",
              "update": "60m"
            },
            "ttl": [
              {
                "attribute_name": "",
                "enabled": false
              }
            ],
            "warm_throughput": [],
            "write_capacity": 0
          },
          "sensitive_attributes": [],
          "private": "eyJlMmJmYjczMC1lY2FhLTExZTYtOGY4OC0zNDM2M2JjN2M0YzAiOnsiY3JlYXRlIjo2MDAwMDAwMDAwMDAsImRlbGV0ZSI6NjAwMDAwMDAwMDAwLCJ1cGRhdGUiOjM2MDAwMDAwMDAwMDB9LCJzY2hlbWFfdmVyc2lvbiI6IjEifQ==",
          "create_before_destroy": true
        }
      ]
    }
  ],
  "check_results": [
    {
      "object_kind": "var",
      "config_addr": "module.backend.module.api_gateway.module.acm.var.validation_method",
      "status": "pass",
      "objects": [
        {
          "object_addr": "module.backend.module.api_gateway.module.acm.var.validation_method",
          "status": "pass"
        }
      ]
    }
  ]
}
